{
  "version": 4,
  "terraform_version": "1.15.2",
  "serial": 1329,
  "lineage": "8e545170-3f9a-a8f5-7e55-ec1bb169ca45",
  "outputs": {
    "alb_url": {
      "value": "cloud-design-alb-2085979927.eu-north-1.elb.amazonaws.com",
      "type": "string"
    }
  },
  "resources": [
    {
      "mode": "data",
      "type": "aws_region",
      "name": "current",
      "provider": "provider[\"registry.terraform.io/hashicorp/aws\"]",
      "instances": [
        {
          "schema_version": 0,
          "attributes": {
            "description": "Europe (Stockholm)",
            "endpoint": "ec2.eu-north-1.amazonaws.com",
            "id": "eu-north-1",
            "name": "eu-north-1"
          },
          "sensitive_attributes": [],
          "identity_schema_version": 0
        }
      ]
    },
    {
      "mode": "data",
      "type": "aws_ssm_parameter",
      "name": "ecs_ami",
      "provider": "provider[\"registry.terraform.io/hashicorp/aws\"]",
      "instances": [
        {
          "schema_version": 0,
          "attributes": {
            "arn": "arn:aws:ssm:eu-north-1::parameter/aws/service/ecs/optimized-ami/amazon-linux-2/recommended/image_id",
            "id": "/aws/service/ecs/optimized-ami/amazon-linux-2/recommended/image_id",
            "insecure_value": "ami-06ecc22887c26614d",
            "name": "/aws/service/ecs/optimized-ami/amazon-linux-2/recommended/image_id",
            "type": "String",
            "value": "ami-06ecc22887c26614d",
            "version": 243,
            "with_decryption": true
          },
          "sensitive_attributes": [
            [
              {
                "type": "get_attr",
                "value": "value"
              }
            ]
          ],
          "identity_schema_version": 0
        }
      ]
    },
    {
      "mode": "managed",
      "type": "aws_acm_certificate",
      "name": "alb_cert",
      "provider": "provider[\"registry.terraform.io/hashicorp/aws\"]",
      "instances": [
        {
          "schema_version": 0,
          "attributes": {
            "arn": "arn:aws:acm:eu-north-1:011237053542:certificate/756f21e3-d179-40a2-b45b-231d268501a5",
            "certificate_authority_arn": "",
            "certificate_body": "-----BEGIN CERTIFICATE-----\nMIIDODCCAiCgAwIBAgIRAKeqjFS21G4rVpBN0GB61O4wDQYJKoZIhvcNAQELBQAw\nPDEZMBcGA1UEChMQQ2xvdWQgRGVzaWduIEFwcDEfMB0GA1UEAxMWYXBpLmNsb3Vk\nLWRlc2lnbi5sb2NhbDAeFw0yNjA1MjYwODQ0MTBaFw0zNjA1MjMwODQ0MTBaMDwx\nGTAXBgNVBAoTEENsb3VkIERlc2lnbiBBcHAxHzAdBgNVBAMTFmFwaS5jbG91ZC1k\nZXNpZ24ubG9jYWwwggEiMA0GCSqGSIb3DQEBAQUAA4IBDwAwggEKAoIBAQC5Gi2M\n+ZsRQlIlkTJ4goNUm1jE+B1v4rRYJG+kTaj52hhtkY12CyJuN3EhpjlFChVudBBs\n1qy6sFP0U1MXw5hHySkQzFbVfCJDabLJ1KDAR3En7SzFv3I9zm2tCYJjLzPtG5Bw\nJKv/jWP3QyJvxap2ArP7hXUBLYN8jtzNDkiTMo3MUdvoz+Pucsc3cg8aMzB2EPFW\nw8LvNAIIGM8FEFI8Yr446Y5dperpG3ydByFWWmQexa6S7JLd5cepBg6zG7kvvnQY\nQBZXpdA1X0Z/NZ7yLA3QNO74Qv/wDnO/86fPAosyMDd6A5CMKulfiwPs/o8hfq+1\n3cF5fKkoymutsbl9AgMBAAGjNTAzMA4GA1UdDwEB/wQEAwIFoDATBgNVHSUEDDAK\nBggrBgEFBQcDATAMBgNVHRMBAf8EAjAAMA0GCSqGSIb3DQEBCwUAA4IBAQCxcFhY\nnIpagkikcpqonWiE6ZWrNwFWhjyyBMsN+lFZXwTKHNvwqGhI2TwjX2p+w5pCGFmO\noGnA4ncynkvUwSAwpImxzY1IR8/4JhCL//jP76L/5PhrwGFa2ozm7BJXP/SD1CwU\nVFcPz/MHTdWQP7Se/CyRDxbjywh2Vn2ZHcywV/v7UfT0QR6C00Eietd1S6tC+qcg\nwIcBZf8uR2LZ+s4ZKqfPrfGiRd+zoaPthW6V31CTS57a3vnK3ABHVnLFgVV9CXxl\n4NJGmv8/2DYRVBfYJ5HVZLWoEGkJU3/oj3J5/LlUoDgP8AZDvFxrqA82US6tVy3d\nOejs6gH+1xiRHENP\n-----END CERTIFICATE-----\n",
            "certificate_chain": null,
            "domain_name": "api.cloud-design.local",
            "domain_validation_options": [],
            "early_renewal_duration": "",
            "id": "arn:aws:acm:eu-north-1:011237053542:certificate/756f21e3-d179-40a2-b45b-231d268501a5",
            "key_algorithm": "RSA_2048",
            "not_after": "2036-05-23T08:44:10Z",
            "not_before": "2026-05-26T08:44:10Z",
            "options": [
              {
                "certificate_transparency_logging_preference": "DISABLED"
              }
            ],
            "pending_renewal": false,
            "private_key": "-----BEGIN RSA PRIVATE KEY-----\nMIIEowIBAAKCAQEAuRotjPmbEUJSJZEyeIKDVJtYxPgdb+K0WCRvpE2o+doYbZGN\ndgsibjdxIaY5RQoVbnQQbNasurBT9FNTF8OYR8kpEMxW1XwiQ2myydSgwEdxJ+0s\nxb9yPc5trQmCYy8z7RuQcCSr/41j90Mib8WqdgKz+4V1AS2DfI7czQ5IkzKNzFHb\n6M/j7nLHN3IPGjMwdhDxVsPC7zQCCBjPBRBSPGK+OOmOXaXq6Rt8nQchVlpkHsWu\nkuyS3eXHqQYOsxu5L750GEAWV6XQNV9GfzWe8iwN0DTu+EL/8A5zv/OnzwKLMjA3\negOQjCrpX4sD7P6PIX6vtd3BeXypKMprrbG5fQIDAQABAoIBACEEZF+jHl/jvpdo\n4OHSFe7/jsQDpeyROa4HQcrC94MpvfW9YshNkCSsywc/iTOhatU66rsfR8w9K5yH\nSGkSwJT9cs/GQy7tZ4cy0Wti/BGQLMT8b2IOligkLDgTXCipANAofIkkYXHCHLS8\nSuY5EgDe1o/k7Ev7fFq5ePUyuQtYSXpvLNC+/84umuJ9klKwDT2GWKBu79Sqn9+F\n9HGpSwGZ56E211BuFlLrov0agqjCVLbSbaDQjkW9GQ4PCJ416td764tbX8Ia/lRC\nLLDZxK/Vw8EFOhPeIqtmzLpjuGB0MINh5p2bAbttyV9N2aThiMd+AcZSNV2pU7jL\nIOoSbZkCgYEA1YPlyC+iVOgiKrXJAA2zccMb6V212moDKsvGy7pHgNJnGZsIRWk1\ngkTc1TObgPC3kjHyexKjY4KwGZbWERI/XMWUWnMFEdzwRd07HDY1kPTfprnff2FD\nM5pKBotUAiKHtc12k22LTY+YKMery2kOYuB9i6UqG9mAzA7gAY97+rsCgYEA3e74\n3FIJlp6iwNW+JtNVkaPbGW5mJ9xtOf9FAWrOf0XfldUOKp5jjzSl41rvKFGOBwbn\nVqTPOisAcqfMxe8HWQL1m4XOovPLYtrS5hzirR3f1g3yYmH0fIuE6p4JLxCLzlnx\nFtq5L1sDNVXMMQ2+u3OHv6EEVHhJnmxpp4pcpScCgYEAhFjYosib98NYAl9h8w2L\nEFYfQ/0ZTwRtaCad2ARkc/53d9C4RMYdK91hgSoXFsqfDxi0tALuki0c2Q+9KyHD\ncs7p0VMAbn0j1jp2fFtBwtN2mlMWrU9tp1vYzMuqTBR5SIDOIj5BndcHOyfhXhmF\nmFaMm3XKby7X/iSuR2lYMScCgYAA21RQnWx2DWS5c9nJEpXI+yX0Yi24x6wQRkEA\n8WWcritfy7PDTFs8CUr+prI3qKDwvAEWn4pBQjs9NhKfTP3tRQqnsAuNK33Egu2/\nf6sMWgosLF+cK56jAHLh6PxGFz1C7av1l6CRYzuO8CbapZ/v31FN1xRKMzCtkOOT\nhwA2jwKBgCZxxvhmErgwDJd7UloRAsD0pJbqnTJLZNVW9kzPuwlMXkVt0I9bGgav\nFdAhhO49rr0NpRtxFn06mIanpBGVRZyhJM5PGD0845DzdiGGPqFHeud0z2/Sto8t\ncX7rrTsTuPwD1bOCOq8zIqT8M4fV29kg+SgYgFg5AEy/eT1VmxiN\n-----END RSA PRIVATE KEY-----\n",
            "renewal_eligibility": "INELIGIBLE",
            "renewal_summary": [],
            "status": "ISSUED",
            "subject_alternative_names": [
              "api.cloud-design.local"
            ],
            "tags": {},
            "tags_all": {
              "Owner": "Team",
              "Project": "CloudDesign"
            },
            "type": "IMPORTED",
            "validation_emails": [],
            "validation_method": "NONE",
            "validation_option": []
          },
          "sensitive_attributes": [
            [
              {
                "type": "get_attr",
                "value": "private_key"
              }
            ]
          ],
          "identity_schema_version": 0,
          "private": "bnVsbA==",
          "dependencies": [
            "tls_private_key.alb_cert",
            "tls_self_signed_cert.alb_cert"
          ]
        }
      ]
    },
    {
      "mode": "managed",
      "type": "aws_appautoscaling_policy",
      "name": "api_gateway_cpu",
      "provider": "provider[\"registry.terraform.io/hashicorp/aws\"]",
      "instances": [
        {
          "schema_version": 0,
          "attributes": {
            "alarm_arns": [
              "arn:aws:cloudwatch:eu-north-1:011237053542:alarm:TargetTracking-service/cloud-design-cluster-v2/api-gateway-service-AlarmHigh-7fcd6fdb-b1b3-4037-85f6-7103b4de5cff",
              "arn:aws:cloudwatch:eu-north-1:011237053542:alarm:TargetTracking-service/cloud-design-cluster-v2/api-gateway-service-AlarmLow-1566391b-6198-476a-87af-32d68ab433b9"
            ],
            "arn": "arn:aws:autoscaling:eu-north-1:011237053542:scalingPolicy:efba6b4b-ef13-42c7-823a-10f00e423c0b:resource/ecs/service/cloud-design-cluster-v2/api-gateway-service:policyName/api-gateway-cpu-scaling",
            "id": "api-gateway-cpu-scaling",
            "name": "api-gateway-cpu-scaling",
            "policy_type": "TargetTrackingScaling",
            "resource_id": "service/cloud-design-cluster-v2/api-gateway-service",
            "scalable_dimension": "ecs:service:DesiredCount",
            "service_namespace": "ecs",
            "step_scaling_policy_configuration": [],
            "target_tracking_scaling_policy_configuration": [
              {
                "customized_metric_specification": [],
                "disable_scale_in": false,
                "predefined_metric_specification": [
                  {
                    "predefined_metric_type": "ECSServiceAverageCPUUtilization",
                    "resource_label": ""
                  }
                ],
                "scale_in_cooldown": 300,
                "scale_out_cooldown": 60,
                "target_value": 70
              }
            ]
          },
          "sensitive_attributes": [],
          "identity_schema_version": 0,
          "private": "bnVsbA==",
          "dependencies": [
            "aws_acm_certificate.alb_cert",
            "aws_appautoscaling_target.api_gateway",
            "aws_cloudwatch_log_group.ecs_logs",
            "aws_cognito_user_pool.main",
            "aws_cognito_user_pool_client.main",
            "aws_ecr_repository.api_gateway",
            "aws_ecr_repository.billing_app",
            "aws_ecr_repository.inventory_app",
            "aws_ecs_cluster.main",
            "aws_ecs_service.api_gateway_service",
            "aws_ecs_service.billing_service",
            "aws_ecs_service.inventory_service",
            "aws_ecs_service.rabbitmq_service",
            "aws_ecs_task_definition.api_gateway",
            "aws_ecs_task_definition.billing_stack",
            "aws_ecs_task_definition.inventory_stack",
            "aws_ecs_task_definition.rabbitmq",
            "aws_efs_access_point.billing_db",
            "aws_efs_access_point.inventory_db",
            "aws_efs_file_system.db_data",
            "aws_efs_mount_target.private_1",
            "aws_efs_mount_target.private_2",
            "aws_iam_role.ecs_execution_role",
            "aws_lb.main",
            "aws_lb_listener.http",
            "aws_lb_listener.https",
            "aws_lb_target_group.api_gateway",
            "aws_security_group.alb_sg",
            "aws_security_group.ecs_sg",
            "aws_security_group.efs_sg",
            "aws_service_discovery_private_dns_namespace.local",
            "aws_service_discovery_service.billing",
            "aws_service_discovery_service.inventory",
            "aws_service_discovery_service.rabbitmq",
            "aws_ssm_parameter.billing_db_password",
            "aws_ssm_parameter.inventory_db_password",
            "aws_ssm_parameter.rabbitmq_password",
            "aws_subnet.private_1",
            "aws_subnet.private_2",
            "aws_subnet.public_1",
            "aws_subnet.public_2",
            "aws_vpc.main",
            "data.aws_region.current",
            "random_password.billing_db_password",
            "random_password.inventory_db_password",
            "random_password.rabbitmq_password",
            "tls_private_key.alb_cert",
            "tls_self_signed_cert.alb_cert"
          ]
        }
      ]
    },
    {
      "mode": "managed",
      "type": "aws_appautoscaling_policy",
      "name": "billing_cpu",
      "provider": "provider[\"registry.terraform.io/hashicorp/aws\"]",
      "instances": [
        {
          "schema_version": 0,
          "attributes": {
            "alarm_arns": [
              "arn:aws:cloudwatch:eu-north-1:011237053542:alarm:TargetTracking-service/cloud-design-cluster-v2/billing-service-AlarmHigh-536b3c32-1185-4946-94eb-f66f7a1c527b",
              "arn:aws:cloudwatch:eu-north-1:011237053542:alarm:TargetTracking-service/cloud-design-cluster-v2/billing-service-AlarmLow-f6768b80-28d7-475c-b061-566ed22cbf1f"
            ],
            "arn": "arn:aws:autoscaling:eu-north-1:011237053542:scalingPolicy:6bb09a3b-7979-45b5-b303-fd3253a1f4d4:resource/ecs/service/cloud-design-cluster-v2/billing-service:policyName/billing-cpu-scaling",
            "id": "billing-cpu-scaling",
            "name": "billing-cpu-scaling",
            "policy_type": "TargetTrackingScaling",
            "resource_id": "service/cloud-design-cluster-v2/billing-service",
            "scalable_dimension": "ecs:service:DesiredCount",
            "service_namespace": "ecs",
            "step_scaling_policy_configuration": [],
            "target_tracking_scaling_policy_configuration": [
              {
                "customized_metric_specification": [],
                "disable_scale_in": false,
                "predefined_metric_specification": [
                  {
                    "predefined_metric_type": "ECSServiceAverageCPUUtilization",
                    "resource_label": ""
                  }
                ],
                "scale_in_cooldown": 300,
                "scale_out_cooldown": 60,
                "target_value": 70
              }
            ]
          },
          "sensitive_attributes": [],
          "identity_schema_version": 0,
          "private": "bnVsbA==",
          "dependencies": [
            "aws_appautoscaling_target.billing",
            "aws_cloudwatch_log_group.ecs_logs",
            "aws_ecr_repository.billing_app",
            "aws_ecs_cluster.main",
            "aws_ecs_service.billing_service",
            "aws_ecs_task_definition.billing_stack",
            "aws_efs_access_point.billing_db",
            "aws_efs_file_system.db_data",
            "aws_efs_mount_target.private_1",
            "aws_efs_mount_target.private_2",
            "aws_iam_role.ecs_execution_role",
            "aws_security_group.alb_sg",
            "aws_security_group.ecs_sg",
            "aws_security_group.efs_sg",
            "aws_service_discovery_private_dns_namespace.local",
            "aws_service_discovery_service.billing",
            "aws_ssm_parameter.billing_db_password",
            "aws_ssm_parameter.rabbitmq_password",
            "aws_subnet.private_1",
            "aws_subnet.private_2",
            "aws_vpc.main",
            "data.aws_region.current",
            "random_password.billing_db_password",
            "random_password.rabbitmq_password"
          ]
        }
      ]
    },
    {
      "mode": "managed",
      "type": "aws_appautoscaling_policy",
      "name": "inventory_cpu",
      "provider": "provider[\"registry.terraform.io/hashicorp/aws\"]",
      "instances": [
        {
          "schema_version": 0,
          "attributes": {
            "alarm_arns": [
              "arn:aws:cloudwatch:eu-north-1:011237053542:alarm:TargetTracking-service/cloud-design-cluster-v2/inventory-service-AlarmHigh-7e977268-0e39-4434-ac4d-1fd7c0a4f66e",
              "arn:aws:cloudwatch:eu-north-1:011237053542:alarm:TargetTracking-service/cloud-design-cluster-v2/inventory-service-AlarmLow-fb1e563f-c417-44f6-8d76-e49e464648a3"
            ],
            "arn": "arn:aws:autoscaling:eu-north-1:011237053542:scalingPolicy:faca48fd-d458-4c93-8151-8743348e3367:resource/ecs/service/cloud-design-cluster-v2/inventory-service:policyName/inventory-cpu-scaling",
            "id": "inventory-cpu-scaling",
            "name": "inventory-cpu-scaling",
            "policy_type": "TargetTrackingScaling",
            "resource_id": "service/cloud-design-cluster-v2/inventory-service",
            "scalable_dimension": "ecs:service:DesiredCount",
            "service_namespace": "ecs",
            "step_scaling_policy_configuration": [],
            "target_tracking_scaling_policy_configuration": [
              {
                "customized_metric_specification": [],
                "disable_scale_in": false,
                "predefined_metric_specification": [
                  {
                    "predefined_metric_type": "ECSServiceAverageCPUUtilization",
                    "resource_label": ""
                  }
                ],
                "scale_in_cooldown": 300,
                "scale_out_cooldown": 60,
                "target_value": 70
              }
            ]
          },
          "sensitive_attributes": [],
          "identity_schema_version": 0,
          "private": "bnVsbA==",
          "dependencies": [
            "aws_appautoscaling_target.inventory",
            "aws_cloudwatch_log_group.ecs_logs",
            "aws_ecr_repository.inventory_app",
            "aws_ecs_cluster.main",
            "aws_ecs_service.inventory_service",
            "aws_ecs_task_definition.inventory_stack",
            "aws_efs_access_point.inventory_db",
            "aws_efs_file_system.db_data",
            "aws_efs_mount_target.private_1",
            "aws_efs_mount_target.private_2",
            "aws_iam_role.ecs_execution_role",
            "aws_security_group.alb_sg",
            "aws_security_group.ecs_sg",
            "aws_security_group.efs_sg",
            "aws_service_discovery_private_dns_namespace.local",
            "aws_service_discovery_service.inventory",
            "aws_ssm_parameter.inventory_db_password",
            "aws_subnet.private_1",
            "aws_subnet.private_2",
            "aws_vpc.main",
            "data.aws_region.current",
            "random_password.inventory_db_password"
          ]
        }
      ]
    },
    {
      "mode": "managed",
      "type": "aws_appautoscaling_target",
      "name": "api_gateway",
      "provider": "provider[\"registry.terraform.io/hashicorp/aws\"]",
      "instances": [
        {
          "schema_version": 0,
          "attributes": {
            "arn": "arn:aws:application-autoscaling:eu-north-1:011237053542:scalable-target/0ec5efba6b4bef1342c7823a10f00e423c0b",
            "id": "service/cloud-design-cluster-v2/api-gateway-service",
            "max_capacity": 5,
            "min_capacity": 1,
            "resource_id": "service/cloud-design-cluster-v2/api-gateway-service",
            "role_arn": "arn:aws:iam::011237053542:role/aws-service-role/ecs.application-autoscaling.amazonaws.com/AWSServiceRoleForApplicationAutoScaling_ECSService",
            "scalable_dimension": "ecs:service:DesiredCount",
            "service_namespace": "ecs",
            "suspended_state": [
              {
                "dynamic_scaling_in_suspended": false,
                "dynamic_scaling_out_suspended": false,
                "scheduled_scaling_suspended": false
              }
            ],
            "tags": {},
            "tags_all": {
              "Owner": "Team",
              "Project": "CloudDesign"
            }
          },
          "sensitive_attributes": [],
          "identity_schema_version": 0,
          "private": "bnVsbA==",
          "dependencies": [
            "aws_acm_certificate.alb_cert",
            "aws_cloudwatch_log_group.ecs_logs",
            "aws_cognito_user_pool.main",
            "aws_cognito_user_pool_client.main",
            "aws_ecr_repository.api_gateway",
            "aws_ecr_repository.billing_app",
            "aws_ecr_repository.inventory_app",
            "aws_ecs_cluster.main",
            "aws_ecs_service.api_gateway_service",
            "aws_ecs_service.billing_service",
            "aws_ecs_service.inventory_service",
            "aws_ecs_service.rabbitmq_service",
            "aws_ecs_task_definition.api_gateway",
            "aws_ecs_task_definition.billing_stack",
            "aws_ecs_task_definition.inventory_stack",
            "aws_ecs_task_definition.rabbitmq",
            "aws_efs_access_point.billing_db",
            "aws_efs_access_point.inventory_db",
            "aws_efs_file_system.db_data",
            "aws_efs_mount_target.private_1",
            "aws_efs_mount_target.private_2",
            "aws_iam_role.ecs_execution_role",
            "aws_lb.main",
            "aws_lb_listener.http",
            "aws_lb_listener.https",
            "aws_lb_target_group.api_gateway",
            "aws_security_group.alb_sg",
            "aws_security_group.ecs_sg",
            "aws_security_group.efs_sg",
            "aws_service_discovery_private_dns_namespace.local",
            "aws_service_discovery_service.billing",
            "aws_service_discovery_service.inventory",
            "aws_service_discovery_service.rabbitmq",
            "aws_ssm_parameter.billing_db_password",
            "aws_ssm_parameter.inventory_db_password",
            "aws_ssm_parameter.rabbitmq_password",
            "aws_subnet.private_1",
            "aws_subnet.private_2",
            "aws_subnet.public_1",
            "aws_subnet.public_2",
            "aws_vpc.main",
            "data.aws_region.current",
            "random_password.billing_db_password",
            "random_password.inventory_db_password",
            "random_password.rabbitmq_password",
            "tls_private_key.alb_cert",
            "tls_self_signed_cert.alb_cert"
          ]
        }
      ]
    },
    {
      "mode": "managed",
      "type": "aws_appautoscaling_target",
      "name": "billing",
      "provider": "provider[\"registry.terraform.io/hashicorp/aws\"]",
      "instances": [
        {
          "schema_version": 0,
          "attributes": {
            "arn": "arn:aws:application-autoscaling:eu-north-1:011237053542:scalable-target/0ec56bb09a3b797945b5b303fd3253a1f4d4",
            "id": "service/cloud-design-cluster-v2/billing-service",
            "max_capacity": 5,
            "min_capacity": 1,
            "resource_id": "service/cloud-design-cluster-v2/billing-service",
            "role_arn": "arn:aws:iam::011237053542:role/aws-service-role/ecs.application-autoscaling.amazonaws.com/AWSServiceRoleForApplicationAutoScaling_ECSService",
            "scalable_dimension": "ecs:service:DesiredCount",
            "service_namespace": "ecs",
            "suspended_state": [
              {
                "dynamic_scaling_in_suspended": false,
                "dynamic_scaling_out_suspended": false,
                "scheduled_scaling_suspended": false
              }
            ],
            "tags": {},
            "tags_all": {
              "Owner": "Team",
              "Project": "CloudDesign"
            }
          },
          "sensitive_attributes": [],
          "identity_schema_version": 0,
          "private": "bnVsbA==",
          "dependencies": [
            "aws_cloudwatch_log_group.ecs_logs",
            "aws_ecr_repository.billing_app",
            "aws_ecs_cluster.main",
            "aws_ecs_service.billing_service",
            "aws_ecs_task_definition.billing_stack",
            "aws_efs_access_point.billing_db",
            "aws_efs_file_system.db_data",
            "aws_efs_mount_target.private_1",
            "aws_efs_mount_target.private_2",
            "aws_iam_role.ecs_execution_role",
            "aws_security_group.alb_sg",
            "aws_security_group.ecs_sg",
            "aws_security_group.efs_sg",
            "aws_service_discovery_private_dns_namespace.local",
            "aws_service_discovery_service.billing",
            "aws_ssm_parameter.billing_db_password",
            "aws_ssm_parameter.rabbitmq_password",
            "aws_subnet.private_1",
            "aws_subnet.private_2",
            "aws_vpc.main",
            "data.aws_region.current",
            "random_password.billing_db_password",
            "random_password.rabbitmq_password"
          ]
        }
      ]
    },
    {
      "mode": "managed",
      "type": "aws_appautoscaling_target",
      "name": "inventory",
      "provider": "provider[\"registry.terraform.io/hashicorp/aws\"]",
      "instances": [
        {
          "schema_version": 0,
          "attributes": {
            "arn": "arn:aws:application-autoscaling:eu-north-1:011237053542:scalable-target/0ec5faca48fdd4584c9381518743348e3367",
            "id": "service/cloud-design-cluster-v2/inventory-service",
            "max_capacity": 5,
            "min_capacity": 1,
            "resource_id": "service/cloud-design-cluster-v2/inventory-service",
            "role_arn": "arn:aws:iam::011237053542:role/aws-service-role/ecs.application-autoscaling.amazonaws.com/AWSServiceRoleForApplicationAutoScaling_ECSService",
            "scalable_dimension": "ecs:service:DesiredCount",
            "service_namespace": "ecs",
            "suspended_state": [
              {
                "dynamic_scaling_in_suspended": false,
                "dynamic_scaling_out_suspended": false,
                "scheduled_scaling_suspended": false
              }
            ],
            "tags": {},
            "tags_all": {
              "Owner": "Team",
              "Project": "CloudDesign"
            }
          },
          "sensitive_attributes": [],
          "identity_schema_version": 0,
          "private": "bnVsbA==",
          "dependencies": [
            "aws_cloudwatch_log_group.ecs_logs",
            "aws_ecr_repository.inventory_app",
            "aws_ecs_cluster.main",
            "aws_ecs_service.inventory_service",
            "aws_ecs_task_definition.inventory_stack",
            "aws_efs_access_point.inventory_db",
            "aws_efs_file_system.db_data",
            "aws_efs_mount_target.private_1",
            "aws_efs_mount_target.private_2",
            "aws_iam_role.ecs_execution_role",
            "aws_security_group.alb_sg",
            "aws_security_group.ecs_sg",
            "aws_security_group.efs_sg",
            "aws_service_discovery_private_dns_namespace.local",
            "aws_service_discovery_service.inventory",
            "aws_ssm_parameter.inventory_db_password",
            "aws_subnet.private_1",
            "aws_subnet.private_2",
            "aws_vpc.main",
            "data.aws_region.current",
            "random_password.inventory_db_password"
          ]
        }
      ]
    },
    {
      "mode": "managed",
      "type": "aws_autoscaling_group",
      "name": "ecs_asg",
      "provider": "provider[\"registry.terraform.io/hashicorp/aws\"]",
      "instances": [
        {
          "schema_version": 1,
          "attributes": {
            "arn": "arn:aws:autoscaling:eu-north-1:011237053542:autoScalingGroup:052d1626-49c8-4425-9665-a121003d4741:autoScalingGroupName/terraform-20260529070102648800000008",
            "availability_zone_distribution": [
              {
                "capacity_distribution_strategy": "balanced-best-effort"
              }
            ],
            "availability_zones": [
              "eu-north-1a",
              "eu-north-1b"
            ],
            "capacity_rebalance": false,
            "capacity_reservation_specification": [
              {
                "capacity_reservation_preference": "default",
                "capacity_reservation_target": []
              }
            ],
            "context": "",
            "default_cooldown": 300,
            "default_instance_warmup": 0,
            "desired_capacity": 3,
            "desired_capacity_type": "",
            "enabled_metrics": [],
            "force_delete": false,
            "force_delete_warm_pool": false,
            "health_check_grace_period": 300,
            "health_check_type": "EC2",
            "id": "terraform-20260529070102648800000008",
            "ignore_failed_scaling_activities": false,
            "initial_lifecycle_hook": [],
            "instance_maintenance_policy": [],
            "instance_refresh": [],
            "launch_configuration": "",
            "launch_template": [
              {
                "id": "lt-0f52064f88526d0ca",
                "name": "ecs-template20260526084428390400000007",
                "version": "$Latest"
              }
            ],
            "load_balancers": [],
            "max_instance_lifetime": 0,
            "max_size": 8,
            "metrics_granularity": "1Minute",
            "min_elb_capacity": null,
            "min_size": 3,
            "mixed_instances_policy": [],
            "name": "terraform-20260529070102648800000008",
            "name_prefix": "terraform-",
            "placement_group": "",
            "predicted_capacity": 0,
            "protect_from_scale_in": false,
            "service_linked_role_arn": "arn:aws:iam::011237053542:role/aws-service-role/autoscaling.amazonaws.com/AWSServiceRoleForAutoScaling",
            "suspended_processes": [],
            "tag": [
              {
                "key": "AmazonECSManaged",
                "propagate_at_launch": true,
                "value": "true"
              },
              {
                "key": "Name",
                "propagate_at_launch": true,
                "value": "ecs-instance"
              }
            ],
            "target_group_arns": [],
            "termination_policies": [],
            "timeouts": null,
            "traffic_source": [],
            "vpc_zone_identifier": [
              "subnet-034b0cce8112bb590",
              "subnet-0373a48fa0a894a50"
            ],
            "wait_for_capacity_timeout": "10m",
            "wait_for_elb_capacity": null,
            "warm_pool": [],
            "warm_pool_size": 0
          },
          "sensitive_attributes": [],
          "identity_schema_version": 0,
          "private": "eyJlMmJmYjczMC1lY2FhLTExZTYtOGY4OC0zNDM2M2JjN2M0YzAiOnsiZGVsZXRlIjo2MDAwMDAwMDAwMDAsInVwZGF0ZSI6NjAwMDAwMDAwMDAwfSwic2NoZW1hX3ZlcnNpb24iOiIxIn0=",
          "dependencies": [
            "aws_ecs_cluster.main",
            "aws_iam_instance_profile.ecs_instance_profile",
            "aws_iam_role.ecs_instance_role",
            "aws_launch_template.ecs_lt",
            "aws_security_group.alb_sg",
            "aws_security_group.ecs_sg",
            "aws_subnet.private_1",
            "aws_subnet.private_2",
            "aws_vpc.main",
            "data.aws_ssm_parameter.ecs_ami"
          ]
        }
      ]
    },
    {
      "mode": "managed",
      "type": "aws_cloudwatch_dashboard",
      "name": "main",
      "provider": "provider[\"registry.terraform.io/hashicorp/aws\"]",
      "instances": [
        {
          "schema_version": 0,
          "attributes": {
            "dashboard_arn": "arn:aws:cloudwatch::011237053542:dashboard/cloud-design-dashboard",
            "dashboard_body": "{\"widgets\":[{\"height\":6,\"properties\":{\"metrics\":[[\"AWS/ECS\",\"CPUUtilization\",\"ClusterName\",\"cloud-design-cluster-v2\"]],\"period\":300,\"region\":\"eu-north-1\",\"stat\":\"Average\",\"title\":\"ECS Cluster CPU Utilization\"},\"type\":\"metric\",\"width\":12,\"x\":0,\"y\":0},{\"height\":6,\"properties\":{\"metrics\":[[\"AWS/ECS\",\"MemoryUtilization\",\"ClusterName\",\"cloud-design-cluster-v2\"]],\"period\":300,\"region\":\"eu-north-1\",\"stat\":\"Average\",\"title\":\"ECS Cluster Memory Utilization\"},\"type\":\"metric\",\"width\":12,\"x\":12,\"y\":0},{\"height\":6,\"properties\":{\"metrics\":[[\"AWS/ECS\",\"CPUUtilization\",\"ServiceName\",\"api-gateway-service\",\"ClusterName\",\"cloud-design-cluster-v2\"],[\".\",\"CPUUtilization\",\"ServiceName\",\"billing-service\",\"ClusterName\",\"cloud-design-cluster-v2\"],[\".\",\"CPUUtilization\",\"ServiceName\",\"inventory-service\",\"ClusterName\",\"cloud-design-cluster-v2\"]],\"period\":300,\"region\":\"eu-north-1\",\"stat\":\"Average\",\"title\":\"ECS Services CPU Utilization\"},\"type\":\"metric\",\"width\":12,\"x\":0,\"y\":6},{\"height\":6,\"properties\":{\"metrics\":[[\"AWS/ECS\",\"MemoryUtilization\",\"ServiceName\",\"api-gateway-service\",\"ClusterName\",\"cloud-design-cluster-v2\"],[\".\",\"MemoryUtilization\",\"ServiceName\",\"billing-service\",\"ClusterName\",\"cloud-design-cluster-v2\"],[\".\",\"MemoryUtilization\",\"ServiceName\",\"inventory-service\",\"ClusterName\",\"cloud-design-cluster-v2\"]],\"period\":300,\"region\":\"eu-north-1\",\"stat\":\"Average\",\"title\":\"ECS Services Memory Utilization\"},\"type\":\"metric\",\"width\":12,\"x\":12,\"y\":6}]}",
            "dashboard_name": "cloud-design-dashboard",
            "id": "cloud-design-dashboard"
          },
          "sensitive_attributes": [],
          "identity_schema_version": 0,
          "private": "bnVsbA==",
          "dependencies": [
            "aws_ecs_cluster.main"
          ]
        }
      ]
    },
    {
      "mode": "managed",
      "type": "aws_cloudwatch_log_group",
      "name": "ecs_logs",
      "provider": "provider[\"registry.terraform.io/hashicorp/aws\"]",
      "instances": [
        {
          "schema_version": 0,
          "attributes": {
            "arn": "arn:aws:logs:eu-north-1:011237053542:log-group:/ecs/cloud-design",
            "id": "/ecs/cloud-design",
            "kms_key_id": "",
            "log_group_class": "STANDARD",
            "name": "/ecs/cloud-design",
            "name_prefix": "",
            "retention_in_days": 7,
            "skip_destroy": false,
            "tags": {},
            "tags_all": {
              "Owner": "Team",
              "Project": "CloudDesign"
            }
          },
          "sensitive_attributes": [],
          "identity_schema_version": 0,
          "private": "bnVsbA=="
        }
      ]
    },
    {
      "mode": "managed",
      "type": "aws_cognito_user",
      "name": "test_user",
      "provider": "provider[\"registry.terraform.io/hashicorp/aws\"]",
      "instances": [
        {
          "schema_version": 0,
          "attributes": {
            "attributes": {
              "email": "audit-user@example.com",
              "email_verified": "true",
              "sub": "605c19bc-90a1-701a-6999-508fc669e661"
            },
            "client_metadata": null,
            "creation_date": "2026-05-29T07:00:58Z",
            "desired_delivery_mediums": null,
            "enabled": true,
            "force_alias_creation": null,
            "id": "eu-north-1_N4Hud5gbN/audit-user@example.com",
            "last_modified_date": "2026-05-29T08:51:07Z",
            "message_action": "SUPPRESS",
            "mfa_setting_list": [],
            "password": null,
            "preferred_mfa_setting": "",
            "status": "CONFIRMED",
            "sub": "605c19bc-90a1-701a-6999-508fc669e661",
            "temporary_password": "TempPass123!",
            "user_pool_id": "eu-north-1_N4Hud5gbN",
            "username": "audit-user@example.com",
            "validation_data": null
          },
          "sensitive_attributes": [
            [
              {
                "type": "get_attr",
                "value": "password"
              }
            ],
            [
              {
                "type": "get_attr",
                "value": "temporary_password"
              }
            ]
          ],
          "identity_schema_version": 0,
          "private": "bnVsbA==",
          "dependencies": [
            "aws_cognito_user_pool.main"
          ]
        }
      ]
    },
    {
      "mode": "managed",
      "type": "aws_cognito_user_pool",
      "name": "main",
      "provider": "provider[\"registry.terraform.io/hashicorp/aws\"]",
      "instances": [
        {
          "schema_version": 0,
          "attributes": {
            "account_recovery_setting": [
              {
                "recovery_mechanism": [
                  {
                    "name": "verified_email",
                    "priority": 1
                  },
                  {
                    "name": "verified_phone_number",
                    "priority": 2
                  }
                ]
              }
            ],
            "admin_create_user_config": [
              {
                "allow_admin_create_user_only": false,
                "invite_message_template": []
              }
            ],
            "alias_attributes": null,
            "arn": "arn:aws:cognito-idp:eu-north-1:011237053542:userpool/eu-north-1_N4Hud5gbN",
            "auto_verified_attributes": [
              "email"
            ],
            "creation_date": "2026-05-29T07:00:57Z",
            "custom_domain": "",
            "deletion_protection": "INACTIVE",
            "device_configuration": [],
            "domain": "",
            "email_configuration": [
              {
                "configuration_set": "",
                "email_sending_account": "COGNITO_DEFAULT",
                "from_email_address": "",
                "reply_to_email_address": "",
                "source_arn": ""
              }
            ],
            "email_mfa_configuration": [],
            "email_verification_message": "",
            "email_verification_subject": "",
            "endpoint": "cognito-idp.eu-north-1.amazonaws.com/eu-north-1_N4Hud5gbN",
            "estimated_number_of_users": 1,
            "id": "eu-north-1_N4Hud5gbN",
            "lambda_config": [],
            "last_modified_date": "2026-05-29T07:00:57Z",
            "mfa_configuration": "OFF",
            "name": "cloud-design-user-pool",
            "password_policy": [
              {
                "minimum_length": 8,
                "password_history_size": 0,
                "require_lowercase": true,
                "require_numbers": true,
                "require_symbols": false,
                "require_uppercase": true,
                "temporary_password_validity_days": 7
              }
            ],
            "schema": [],
            "sign_in_policy": [
              {
                "allowed_first_auth_factors": [
                  "PASSWORD"
                ]
              }
            ],
            "sms_authentication_message": "",
            "sms_configuration": [],
            "sms_verification_message": "",
            "software_token_mfa_configuration": [],
            "tags": {},
            "tags_all": {
              "Owner": "Team",
              "Project": "CloudDesign"
            },
            "user_attribute_update_settings": [],
            "user_pool_add_ons": [],
            "user_pool_tier": "ESSENTIALS",
            "username_attributes": [],
            "username_configuration": [],
            "verification_message_template": [
              {
                "default_email_option": "CONFIRM_WITH_CODE",
                "email_message": "",
                "email_message_by_link": "",
                "email_subject": "",
                "email_subject_by_link": "",
                "sms_message": ""
              }
            ],
            "web_authn_configuration": []
          },
          "sensitive_attributes": [],
          "identity_schema_version": 0,
          "private": "bnVsbA=="
        }
      ]
    },
    {
      "mode": "managed",
      "type": "aws_cognito_user_pool_client",
      "name": "main",
      "provider": "provider[\"registry.terraform.io/hashicorp/aws\"]",
      "instances": [
        {
          "schema_version": 0,
          "attributes": {
            "access_token_validity": 0,
            "allowed_oauth_flows": [],
            "allowed_oauth_flows_user_pool_client": false,
            "allowed_oauth_scopes": [],
            "analytics_configuration": [],
            "auth_session_validity": 3,
            "callback_urls": [],
            "client_secret": "",
            "default_redirect_uri": "",
            "enable_propagate_additional_user_context_data": false,
            "enable_token_revocation": true,
            "explicit_auth_flows": [
              "ALLOW_REFRESH_TOKEN_AUTH",
              "ALLOW_USER_PASSWORD_AUTH",
              "ALLOW_USER_SRP_AUTH"
            ],
            "generate_secret": false,
            "id": "4cfjb923qutvl08238riap4cja",
            "id_token_validity": 0,
            "logout_urls": [],
            "name": "cloud-design-app-client",
            "prevent_user_existence_errors": "ENABLED",
            "read_attributes": [],
            "refresh_token_rotation": [],
            "refresh_token_validity": 30,
            "supported_identity_providers": [],
            "token_validity_units": [],
            "user_pool_id": "eu-north-1_N4Hud5gbN",
            "write_attributes": []
          },
          "sensitive_attributes": [
            [
              {
                "type": "get_attr",
                "value": "client_secret"
              }
            ]
          ],
          "identity_schema_version": 0,
          "dependencies": [
            "aws_cognito_user_pool.main"
          ]
        }
      ]
    },
    {
      "mode": "managed",
      "type": "aws_ecr_repository",
      "name": "api_gateway",
      "provider": "provider[\"registry.terraform.io/hashicorp/aws\"]",
      "instances": [
        {
          "schema_version": 0,
          "attributes": {
            "arn": "arn:aws:ecr:eu-north-1:011237053542:repository/cloud-design-api-gateway",
            "encryption_configuration": [
              {
                "encryption_type": "AES256",
                "kms_key": ""
              }
            ],
            "force_delete": true,
            "id": "cloud-design-api-gateway",
            "image_scanning_configuration": [
              {
                "scan_on_push": true
              }
            ],
            "image_tag_mutability": "MUTABLE",
            "name": "cloud-design-api-gateway",
            "registry_id": "011237053542",
            "repository_url": "011237053542.dkr.ecr.eu-north-1.amazonaws.com/cloud-design-api-gateway",
            "tags": {
              "Name": "api-gateway-repo"
            },
            "tags_all": {
              "Name": "api-gateway-repo",
              "Owner": "Team",
              "Project": "CloudDesign"
            },
            "timeouts": null
          },
          "sensitive_attributes": [],
          "identity_schema_version": 0,
          "private": "eyJlMmJmYjczMC1lY2FhLTExZTYtOGY4OC0zNDM2M2JjN2M0YzAiOnsiZGVsZXRlIjoxMjAwMDAwMDAwMDAwfX0="
        }
      ]
    },
    {
      "mode": "managed",
      "type": "aws_ecr_repository",
      "name": "billing_app",
      "provider": "provider[\"registry.terraform.io/hashicorp/aws\"]",
      "instances": [
        {
          "schema_version": 0,
          "attributes": {
            "arn": "arn:aws:ecr:eu-north-1:011237053542:repository/cloud-design-billing-app",
            "encryption_configuration": [
              {
                "encryption_type": "AES256",
                "kms_key": ""
              }
            ],
            "force_delete": true,
            "id": "cloud-design-billing-app",
            "image_scanning_configuration": [
              {
                "scan_on_push": true
              }
            ],
            "image_tag_mutability": "MUTABLE",
            "name": "cloud-design-billing-app",
            "registry_id": "011237053542",
            "repository_url": "011237053542.dkr.ecr.eu-north-1.amazonaws.com/cloud-design-billing-app",
            "tags": {
              "Name": "billing-app-repo"
            },
            "tags_all": {
              "Name": "billing-app-repo",
              "Owner": "Team",
              "Project": "CloudDesign"
            },
            "timeouts": null
          },
          "sensitive_attributes": [],
          "identity_schema_version": 0,
          "private": "eyJlMmJmYjczMC1lY2FhLTExZTYtOGY4OC0zNDM2M2JjN2M0YzAiOnsiZGVsZXRlIjoxMjAwMDAwMDAwMDAwfX0="
        }
      ]
    },
    {
      "mode": "managed",
      "type": "aws_ecr_repository",
      "name": "inventory_app",
      "provider": "provider[\"registry.terraform.io/hashicorp/aws\"]",
      "instances": [
        {
          "schema_version": 0,
          "attributes": {
            "arn": "arn:aws:ecr:eu-north-1:011237053542:repository/cloud-design-inventory-app",
            "encryption_configuration": [
              {
                "encryption_type": "AES256",
                "kms_key": ""
              }
            ],
            "force_delete": true,
            "id": "cloud-design-inventory-app",
            "image_scanning_configuration": [
              {
                "scan_on_push": true
              }
            ],
            "image_tag_mutability": "MUTABLE",
            "name": "cloud-design-inventory-app",
            "registry_id": "011237053542",
            "repository_url": "011237053542.dkr.ecr.eu-north-1.amazonaws.com/cloud-design-inventory-app",
            "tags": {
              "Name": "inventory-app-repo"
            },
            "tags_all": {
              "Name": "inventory-app-repo",
              "Owner": "Team",
              "Project": "CloudDesign"
            },
            "timeouts": null
          },
          "sensitive_attributes": [],
          "identity_schema_version": 0,
          "private": "eyJlMmJmYjczMC1lY2FhLTExZTYtOGY4OC0zNDM2M2JjN2M0YzAiOnsiZGVsZXRlIjoxMjAwMDAwMDAwMDAwfX0="
        }
      ]
    },
    {
      "mode": "managed",
      "type": "aws_ecs_capacity_provider",
      "name": "ec2",
      "provider": "provider[\"registry.terraform.io/hashicorp/aws\"]",
      "instances": [
        {
          "schema_version": 0,
          "attributes": {
            "arn": "arn:aws:ecs:eu-north-1:011237053542:capacity-provider/ec2-capacity-provider",
            "auto_scaling_group_provider": [
              {
                "auto_scaling_group_arn": "arn:aws:autoscaling:eu-north-1:011237053542:autoScalingGroup:052d1626-49c8-4425-9665-a121003d4741:autoScalingGroupName/terraform-20260529070102648800000008",
                "managed_draining": "ENABLED",
                "managed_scaling": [
                  {
                    "instance_warmup_period": 300,
                    "maximum_scaling_step_size": 10000,
                    "minimum_scaling_step_size": 1,
                    "status": "DISABLED",
                    "target_capacity": 100
                  }
                ],
                "managed_termination_protection": "DISABLED"
              }
            ],
            "id": "arn:aws:ecs:eu-north-1:011237053542:capacity-provider/ec2-capacity-provider",
            "name": "ec2-capacity-provider",
            "tags": {},
            "tags_all": {
              "Owner": "Team",
              "Project": "CloudDesign"
            }
          },
          "sensitive_attributes": [],
          "identity_schema_version": 0,
          "private": "bnVsbA==",
          "dependencies": [
            "aws_autoscaling_group.ecs_asg",
            "aws_ecs_cluster.main",
            "aws_iam_instance_profile.ecs_instance_profile",
            "aws_iam_role.ecs_instance_role",
            "aws_launch_template.ecs_lt",
            "aws_security_group.alb_sg",
            "aws_security_group.ecs_sg",
            "aws_subnet.private_1",
            "aws_subnet.private_2",
            "aws_vpc.main",
            "data.aws_ssm_parameter.ecs_ami"
          ]
        }
      ]
    },
    {
      "mode": "managed",
      "type": "aws_ecs_cluster",
      "name": "main",
      "provider": "provider[\"registry.terraform.io/hashicorp/aws\"]",
      "instances": [
        {
          "schema_version": 0,
          "attributes": {
            "arn": "arn:aws:ecs:eu-north-1:011237053542:cluster/cloud-design-cluster-v2",
            "configuration": [],
            "id": "arn:aws:ecs:eu-north-1:011237053542:cluster/cloud-design-cluster-v2",
            "name": "cloud-design-cluster-v2",
            "service_connect_defaults": [],
            "setting": [
              {
                "name": "containerInsights",
                "value": "disabled"
              }
            ],
            "tags": {},
            "tags_all": {
              "Owner": "Team",
              "Project": "CloudDesign"
            }
          },
          "sensitive_attributes": [],
          "identity_schema_version": 0,
          "private": "bnVsbA=="
        }
      ]
    },
    {
      "mode": "managed",
      "type": "aws_ecs_cluster_capacity_providers",
      "name": "main",
      "provider": "provider[\"registry.terraform.io/hashicorp/aws\"]",
      "instances": [
        {
          "schema_version": 0,
          "attributes": {
            "capacity_providers": [
              "ec2-capacity-provider"
            ],
            "cluster_name": "cloud-design-cluster-v2",
            "default_capacity_provider_strategy": [],
            "id": "cloud-design-cluster-v2"
          },
          "sensitive_attributes": [],
          "identity_schema_version": 0,
          "private": "bnVsbA==",
          "dependencies": [
            "aws_autoscaling_group.ecs_asg",
            "aws_ecs_capacity_provider.ec2",
            "aws_ecs_cluster.main",
            "aws_iam_instance_profile.ecs_instance_profile",
            "aws_iam_role.ecs_instance_role",
            "aws_launch_template.ecs_lt",
            "aws_security_group.alb_sg",
            "aws_security_group.ecs_sg",
            "aws_subnet.private_1",
            "aws_subnet.private_2",
            "aws_vpc.main",
            "data.aws_ssm_parameter.ecs_ami"
          ]
        }
      ]
    },
    {
      "mode": "managed",
      "type": "aws_ecs_service",
      "name": "api_gateway_service",
      "provider": "provider[\"registry.terraform.io/hashicorp/aws\"]",
      "instances": [
        {
          "schema_version": 1,
          "attributes": {
            "alarms": [],
            "availability_zone_rebalancing": "DISABLED",
            "capacity_provider_strategy": [],
            "cluster": "arn:aws:ecs:eu-north-1:011237053542:cluster/cloud-design-cluster-v2",
            "deployment_circuit_breaker": [
              {
                "enable": false,
                "rollback": false
              }
            ],
            "deployment_controller": [
              {
                "type": "ECS"
              }
            ],
            "deployment_maximum_percent": 100,
            "deployment_minimum_healthy_percent": 0,
            "desired_count": 1,
            "enable_ecs_managed_tags": false,
            "enable_execute_command": false,
            "force_delete": null,
            "force_new_deployment": null,
            "health_check_grace_period_seconds": 0,
            "iam_role": "/aws-service-role/ecs.amazonaws.com/AWSServiceRoleForECS",
            "id": "arn:aws:ecs:eu-north-1:011237053542:service/cloud-design-cluster-v2/api-gateway-service",
            "launch_type": "EC2",
            "load_balancer": [
              {
                "container_name": "api-gateway",
                "container_port": 3000,
                "elb_name": "",
                "target_group_arn": "arn:aws:elasticloadbalancing:eu-north-1:011237053542:targetgroup/api-gateway-tg-final/6f0d753abff9ee64"
              }
            ],
            "name": "api-gateway-service",
            "network_configuration": [
              {
                "assign_public_ip": false,
                "security_groups": [
                  "sg-0fe196a7107f7a416"
                ],
                "subnets": [
                  "subnet-034b0cce8112bb590",
                  "subnet-0373a48fa0a894a50"
                ]
              }
            ],
            "ordered_placement_strategy": [],
            "placement_constraints": [],
            "platform_version": "",
            "propagate_tags": "NONE",
            "scheduling_strategy": "REPLICA",
            "service_connect_configuration": [],
            "service_registries": [],
            "tags": {},
            "tags_all": {
              "Owner": "Team",
              "Project": "CloudDesign"
            },
            "task_definition": "arn:aws:ecs:eu-north-1:011237053542:task-definition/api-gateway-task:21",
            "timeouts": null,
            "triggers": {},
            "volume_configuration": [],
            "vpc_lattice_configurations": [],
            "wait_for_steady_state": false
          },
          "sensitive_attributes": [],
          "identity_schema_version": 0,
          "private": "eyJlMmJmYjczMC1lY2FhLTExZTYtOGY4OC0zNDM2M2JjN2M0YzAiOnsiY3JlYXRlIjoxMjAwMDAwMDAwMDAwLCJkZWxldGUiOjEyMDAwMDAwMDAwMDAsInVwZGF0ZSI6MTIwMDAwMDAwMDAwMH0sInNjaGVtYV92ZXJzaW9uIjoiMSJ9",
          "dependencies": [
            "aws_acm_certificate.alb_cert",
            "aws_cloudwatch_log_group.ecs_logs",
            "aws_cognito_user_pool.main",
            "aws_cognito_user_pool_client.main",
            "aws_ecr_repository.api_gateway",
            "aws_ecr_repository.billing_app",
            "aws_ecr_repository.inventory_app",
            "aws_ecs_cluster.main",
            "aws_ecs_service.billing_service",
            "aws_ecs_service.inventory_service",
            "aws_ecs_service.rabbitmq_service",
            "aws_ecs_task_definition.api_gateway",
            "aws_ecs_task_definition.billing_stack",
            "aws_ecs_task_definition.inventory_stack",
            "aws_ecs_task_definition.rabbitmq",
            "aws_efs_access_point.billing_db",
            "aws_efs_access_point.inventory_db",
            "aws_efs_file_system.db_data",
            "aws_efs_mount_target.private_1",
            "aws_efs_mount_target.private_2",
            "aws_iam_role.ecs_execution_role",
            "aws_lb.main",
            "aws_lb_listener.http",
            "aws_lb_listener.https",
            "aws_lb_target_group.api_gateway",
            "aws_security_group.alb_sg",
            "aws_security_group.ecs_sg",
            "aws_security_group.efs_sg",
            "aws_service_discovery_private_dns_namespace.local",
            "aws_service_discovery_service.billing",
            "aws_service_discovery_service.inventory",
            "aws_service_discovery_service.rabbitmq",
            "aws_ssm_parameter.billing_db_password",
            "aws_ssm_parameter.inventory_db_password",
            "aws_ssm_parameter.rabbitmq_password",
            "aws_subnet.private_1",
            "aws_subnet.private_2",
            "aws_subnet.public_1",
            "aws_subnet.public_2",
            "aws_vpc.main",
            "data.aws_region.current",
            "random_password.billing_db_password",
            "random_password.inventory_db_password",
            "random_password.rabbitmq_password",
            "tls_private_key.alb_cert",
            "tls_self_signed_cert.alb_cert"
          ]
        }
      ]
    },
    {
      "mode": "managed",
      "type": "aws_ecs_service",
      "name": "billing_service",
      "provider": "provider[\"registry.terraform.io/hashicorp/aws\"]",
      "instances": [
        {
          "schema_version": 1,
          "attributes": {
            "alarms": [],
            "availability_zone_rebalancing": "DISABLED",
            "capacity_provider_strategy": [],
            "cluster": "arn:aws:ecs:eu-north-1:011237053542:cluster/cloud-design-cluster-v2",
            "deployment_circuit_breaker": [
              {
                "enable": false,
                "rollback": false
              }
            ],
            "deployment_controller": [
              {
                "type": "ECS"
              }
            ],
            "deployment_maximum_percent": 100,
            "deployment_minimum_healthy_percent": 0,
            "desired_count": 1,
            "enable_ecs_managed_tags": false,
            "enable_execute_command": false,
            "force_delete": null,
            "force_new_deployment": null,
            "health_check_grace_period_seconds": 0,
            "iam_role": "/aws-service-role/ecs.amazonaws.com/AWSServiceRoleForECS",
            "id": "arn:aws:ecs:eu-north-1:011237053542:service/cloud-design-cluster-v2/billing-service",
            "launch_type": "EC2",
            "load_balancer": [],
            "name": "billing-service",
            "network_configuration": [
              {
                "assign_public_ip": false,
                "security_groups": [
                  "sg-0fe196a7107f7a416"
                ],
                "subnets": [
                  "subnet-034b0cce8112bb590",
                  "subnet-0373a48fa0a894a50"
                ]
              }
            ],
            "ordered_placement_strategy": [],
            "placement_constraints": [],
            "platform_version": "",
            "propagate_tags": "NONE",
            "scheduling_strategy": "REPLICA",
            "service_connect_configuration": [],
            "service_registries": [
              {
                "container_name": "",
                "container_port": 0,
                "port": 0,
                "registry_arn": "arn:aws:servicediscovery:eu-north-1:011237053542:service/srv-rpq2pqbmlonzz5kv"
              }
            ],
            "tags": {},
            "tags_all": {
              "Owner": "Team",
              "Project": "CloudDesign"
            },
            "task_definition": "arn:aws:ecs:eu-north-1:011237053542:task-definition/billing-stack-task:37",
            "timeouts": null,
            "triggers": {},
            "volume_configuration": [],
            "vpc_lattice_configurations": [],
            "wait_for_steady_state": false
          },
          "sensitive_attributes": [],
          "identity_schema_version": 0,
          "private": "eyJlMmJmYjczMC1lY2FhLTExZTYtOGY4OC0zNDM2M2JjN2M0YzAiOnsiY3JlYXRlIjoxMjAwMDAwMDAwMDAwLCJkZWxldGUiOjEyMDAwMDAwMDAwMDAsInVwZGF0ZSI6MTIwMDAwMDAwMDAwMH0sInNjaGVtYV92ZXJzaW9uIjoiMSJ9",
          "dependencies": [
            "aws_cloudwatch_log_group.ecs_logs",
            "aws_ecr_repository.billing_app",
            "aws_ecs_cluster.main",
            "aws_ecs_task_definition.billing_stack",
            "aws_efs_access_point.billing_db",
            "aws_efs_file_system.db_data",
            "aws_efs_mount_target.private_1",
            "aws_efs_mount_target.private_2",
            "aws_iam_role.ecs_execution_role",
            "aws_security_group.alb_sg",
            "aws_security_group.ecs_sg",
            "aws_security_group.efs_sg",
            "aws_service_discovery_private_dns_namespace.local",
            "aws_service_discovery_service.billing",
            "aws_ssm_parameter.billing_db_password",
            "aws_ssm_parameter.rabbitmq_password",
            "aws_subnet.private_1",
            "aws_subnet.private_2",
            "aws_vpc.main",
            "data.aws_region.current",
            "random_password.billing_db_password",
            "random_password.rabbitmq_password"
          ]
        }
      ]
    },
    {
      "mode": "managed",
      "type": "aws_ecs_service",
      "name": "inventory_service",
      "provider": "provider[\"registry.terraform.io/hashicorp/aws\"]",
      "instances": [
        {
          "schema_version": 1,
          "attributes": {
            "alarms": [],
            "availability_zone_rebalancing": "DISABLED",
            "capacity_provider_strategy": [],
            "cluster": "arn:aws:ecs:eu-north-1:011237053542:cluster/cloud-design-cluster-v2",
            "deployment_circuit_breaker": [
              {
                "enable": false,
                "rollback": false
              }
            ],
            "deployment_controller": [
              {
                "type": "ECS"
              }
            ],
            "deployment_maximum_percent": 100,
            "deployment_minimum_healthy_percent": 0,
            "desired_count": 1,
            "enable_ecs_managed_tags": false,
            "enable_execute_command": false,
            "force_delete": null,
            "force_new_deployment": null,
            "health_check_grace_period_seconds": 0,
            "iam_role": "/aws-service-role/ecs.amazonaws.com/AWSServiceRoleForECS",
            "id": "arn:aws:ecs:eu-north-1:011237053542:service/cloud-design-cluster-v2/inventory-service",
            "launch_type": "EC2",
            "load_balancer": [],
            "name": "inventory-service",
            "network_configuration": [
              {
                "assign_public_ip": false,
                "security_groups": [
                  "sg-0fe196a7107f7a416"
                ],
                "subnets": [
                  "subnet-034b0cce8112bb590",
                  "subnet-0373a48fa0a894a50"
                ]
              }
            ],
            "ordered_placement_strategy": [],
            "placement_constraints": [],
            "platform_version": "",
            "propagate_tags": "NONE",
            "scheduling_strategy": "REPLICA",
            "service_connect_configuration": [],
            "service_registries": [
              {
                "container_name": "",
                "container_port": 0,
                "port": 0,
                "registry_arn": "arn:aws:servicediscovery:eu-north-1:011237053542:service/srv-ardp2bynxegbxajh"
              }
            ],
            "tags": {},
            "tags_all": {
              "Owner": "Team",
              "Project": "CloudDesign"
            },
            "task_definition": "arn:aws:ecs:eu-north-1:011237053542:task-definition/inventory-stack-task:32",
            "timeouts": null,
            "triggers": {},
            "volume_configuration": [],
            "vpc_lattice_configurations": [],
            "wait_for_steady_state": false
          },
          "sensitive_attributes": [],
          "identity_schema_version": 0,
          "private": "eyJlMmJmYjczMC1lY2FhLTExZTYtOGY4OC0zNDM2M2JjN2M0YzAiOnsiY3JlYXRlIjoxMjAwMDAwMDAwMDAwLCJkZWxldGUiOjEyMDAwMDAwMDAwMDAsInVwZGF0ZSI6MTIwMDAwMDAwMDAwMH0sInNjaGVtYV92ZXJzaW9uIjoiMSJ9",
          "dependencies": [
            "aws_cloudwatch_log_group.ecs_logs",
            "aws_ecr_repository.inventory_app",
            "aws_ecs_cluster.main",
            "aws_ecs_task_definition.inventory_stack",
            "aws_efs_access_point.inventory_db",
            "aws_efs_file_system.db_data",
            "aws_efs_mount_target.private_1",
            "aws_efs_mount_target.private_2",
            "aws_iam_role.ecs_execution_role",
            "aws_security_group.alb_sg",
            "aws_security_group.ecs_sg",
            "aws_security_group.efs_sg",
            "aws_service_discovery_private_dns_namespace.local",
            "aws_service_discovery_service.inventory",
            "aws_ssm_parameter.inventory_db_password",
            "aws_subnet.private_1",
            "aws_subnet.private_2",
            "aws_vpc.main",
            "data.aws_region.current",
            "random_password.inventory_db_password"
          ]
        }
      ]
    },
    {
      "mode": "managed",
      "type": "aws_ecs_service",
      "name": "rabbitmq_service",
      "provider": "provider[\"registry.terraform.io/hashicorp/aws\"]",
      "instances": [
        {
          "schema_version": 1,
          "attributes": {
            "alarms": [],
            "availability_zone_rebalancing": "DISABLED",
            "capacity_provider_strategy": [],
            "cluster": "arn:aws:ecs:eu-north-1:011237053542:cluster/cloud-design-cluster-v2",
            "deployment_circuit_breaker": [
              {
                "enable": false,
                "rollback": false
              }
            ],
            "deployment_controller": [
              {
                "type": "ECS"
              }
            ],
            "deployment_maximum_percent": 100,
            "deployment_minimum_healthy_percent": 0,
            "desired_count": 1,
            "enable_ecs_managed_tags": false,
            "enable_execute_command": false,
            "force_delete": null,
            "force_new_deployment": null,
            "health_check_grace_period_seconds": 0,
            "iam_role": "/aws-service-role/ecs.amazonaws.com/AWSServiceRoleForECS",
            "id": "arn:aws:ecs:eu-north-1:011237053542:service/cloud-design-cluster-v2/rabbitmq-service",
            "launch_type": "EC2",
            "load_balancer": [],
            "name": "rabbitmq-service",
            "network_configuration": [
              {
                "assign_public_ip": false,
                "security_groups": [
                  "sg-0fe196a7107f7a416"
                ],
                "subnets": [
                  "subnet-034b0cce8112bb590",
                  "subnet-0373a48fa0a894a50"
                ]
              }
            ],
            "ordered_placement_strategy": [],
            "placement_constraints": [],
            "platform_version": "",
            "propagate_tags": "NONE",
            "scheduling_strategy": "REPLICA",
            "service_connect_configuration": [],
            "service_registries": [
              {
                "container_name": "",
                "container_port": 0,
                "port": 0,
                "registry_arn": "arn:aws:servicediscovery:eu-north-1:011237053542:service/srv-7iacpp5ga7th4pds"
              }
            ],
            "tags": {},
            "tags_all": {
              "Owner": "Team",
              "Project": "CloudDesign"
            },
            "task_definition": "arn:aws:ecs:eu-north-1:011237053542:task-definition/rabbitmq-task:2",
            "timeouts": null,
            "triggers": {},
            "volume_configuration": [],
            "vpc_lattice_configurations": [],
            "wait_for_steady_state": false
          },
          "sensitive_attributes": [],
          "identity_schema_version": 0,
          "private": "eyJlMmJmYjczMC1lY2FhLTExZTYtOGY4OC0zNDM2M2JjN2M0YzAiOnsiY3JlYXRlIjoxMjAwMDAwMDAwMDAwLCJkZWxldGUiOjEyMDAwMDAwMDAwMDAsInVwZGF0ZSI6MTIwMDAwMDAwMDAwMH0sInNjaGVtYV92ZXJzaW9uIjoiMSJ9",
          "dependencies": [
            "aws_cloudwatch_log_group.ecs_logs",
            "aws_ecs_cluster.main",
            "aws_ecs_task_definition.rabbitmq",
            "aws_iam_role.ecs_execution_role",
            "aws_security_group.alb_sg",
            "aws_security_group.ecs_sg",
            "aws_service_discovery_private_dns_namespace.local",
            "aws_service_discovery_service.rabbitmq",
            "aws_ssm_parameter.rabbitmq_password",
            "aws_subnet.private_1",
            "aws_subnet.private_2",
            "aws_vpc.main",
            "data.aws_region.current",
            "random_password.rabbitmq_password"
          ]
        }
      ]
    },
    {
      "mode": "managed",
      "type": "aws_ecs_task_definition",
      "name": "api_gateway",
      "provider": "provider[\"registry.terraform.io/hashicorp/aws\"]",
      "instances": [
        {
          "schema_version": 1,
          "attributes": {
            "arn": "arn:aws:ecs:eu-north-1:011237053542:task-definition/api-gateway-task:21",
            "arn_without_revision": "arn:aws:ecs:eu-north-1:011237053542:task-definition/api-gateway-task",
            "container_definitions": "[{\"environment\":[{\"name\":\"BILLING_SERVICE_URL\",\"value\":\"http://billing-app.local:8080\"},{\"name\":\"COGNITO_APP_CLIENT_ID\",\"value\":\"4cfjb923qutvl08238riap4cja\"},{\"name\":\"COGNITO_REGION\",\"value\":\"eu-north-1\"},{\"name\":\"COGNITO_USER_POOL_ID\",\"value\":\"eu-north-1_N4Hud5gbN\"},{\"name\":\"GATEWAY_PORT\",\"value\":\"3000\"},{\"name\":\"INVENTORY_SERVICE_URL\",\"value\":\"http://inventory-app.local:8080\"},{\"name\":\"RABBITMQ_HOST\",\"value\":\"rabbitmq.local\"},{\"name\":\"RABBITMQ_PORT\",\"value\":\"5672\"},{\"name\":\"RABBITMQ_USER\",\"value\":\"rabbitmq_user\"}],\"essential\":true,\"healthCheck\":{\"command\":[\"CMD-SHELL\",\"curl -f http://localhost:3000/health || exit 1\"],\"interval\":15,\"retries\":3,\"startPeriod\":180,\"timeout\":5},\"image\":\"011237053542.dkr.ecr.eu-north-1.amazonaws.com/cloud-design-api-gateway:v1\",\"logConfiguration\":{\"logDriver\":\"awslogs\",\"options\":{\"awslogs-group\":\"/ecs/cloud-design\",\"awslogs-region\":\"eu-north-1\",\"awslogs-stream-prefix\":\"api-gateway\"}},\"memory\":1024,\"mountPoints\":[],\"name\":\"api-gateway\",\"portMappings\":[{\"containerPort\":3000,\"hostPort\":3000,\"protocol\":\"tcp\"}],\"secrets\":[{\"name\":\"RABBITMQ_PASSWORD\",\"valueFrom\":\"arn:aws:ssm:eu-north-1:011237053542:parameter/cloud-design/rabbitmq/password\"}],\"systemControls\":[],\"volumesFrom\":[]}]",
            "cpu": "256",
            "enable_fault_injection": false,
            "ephemeral_storage": [],
            "execution_role_arn": "arn:aws:iam::011237053542:role/ecs_execution_role",
            "family": "api-gateway-task",
            "id": "api-gateway-task",
            "inference_accelerator": [],
            "ipc_mode": "",
            "memory": "1024",
            "network_mode": "awsvpc",
            "pid_mode": "",
            "placement_constraints": [],
            "proxy_configuration": [],
            "requires_compatibilities": [
              "EC2"
            ],
            "revision": 21,
            "runtime_platform": [],
            "skip_destroy": false,
            "tags": null,
            "tags_all": {
              "Owner": "Team",
              "Project": "CloudDesign"
            },
            "task_role_arn": "",
            "track_latest": false,
            "volume": []
          },
          "sensitive_attributes": [],
          "identity_schema_version": 0,
          "private": "eyJzY2hlbWFfdmVyc2lvbiI6IjEifQ==",
          "dependencies": [
            "aws_cloudwatch_log_group.ecs_logs",
            "aws_cognito_user_pool.main",
            "aws_cognito_user_pool_client.main",
            "aws_ecr_repository.api_gateway",
            "aws_iam_role.ecs_execution_role",
            "aws_ssm_parameter.rabbitmq_password",
            "data.aws_region.current",
            "random_password.rabbitmq_password"
          ]
        }
      ]
    },
    {
      "mode": "managed",
      "type": "aws_ecs_task_definition",
      "name": "billing_stack",
      "provider": "provider[\"registry.terraform.io/hashicorp/aws\"]",
      "instances": [
        {
          "schema_version": 1,
          "attributes": {
            "arn": "arn:aws:ecs:eu-north-1:011237053542:task-definition/billing-stack-task:37",
            "arn_without_revision": "arn:aws:ecs:eu-north-1:011237053542:task-definition/billing-stack-task",
            "container_definitions": "[{\"dependsOn\":[{\"condition\":\"HEALTHY\",\"containerName\":\"billing-database\"}],\"environment\":[{\"name\":\"BILLING_DB_HOST\",\"value\":\"localhost\"},{\"name\":\"BILLING_DB_NAME\",\"value\":\"billing\"},{\"name\":\"BILLING_DB_PORT\",\"value\":\"5432\"},{\"name\":\"BILLING_DB_USER\",\"value\":\"billinguser\"},{\"name\":\"RABBITMQ_HOST\",\"value\":\"rabbitmq.local\"},{\"name\":\"RABBITMQ_PORT\",\"value\":\"5672\"},{\"name\":\"RABBITMQ_QUEUE\",\"value\":\"billing_queue\"},{\"name\":\"RABBITMQ_USER\",\"value\":\"rabbitmq_user\"}],\"essential\":true,\"image\":\"011237053542.dkr.ecr.eu-north-1.amazonaws.com/cloud-design-billing-app:v1\",\"logConfiguration\":{\"logDriver\":\"awslogs\",\"options\":{\"awslogs-stream-prefix\":\"billing-app\",\"awslogs-group\":\"/ecs/cloud-design\",\"awslogs-region\":\"eu-north-1\"}},\"memory\":256,\"mountPoints\":[],\"name\":\"billing-app\",\"portMappings\":[],\"secrets\":[{\"name\":\"BILLING_DB_PASSWORD\",\"valueFrom\":\"arn:aws:ssm:eu-north-1:011237053542:parameter/cloud-design/billing-db/password\"},{\"name\":\"RABBITMQ_PASSWORD\",\"valueFrom\":\"arn:aws:ssm:eu-north-1:011237053542:parameter/cloud-design/rabbitmq/password\"}],\"systemControls\":[],\"volumesFrom\":[]},{\"environment\":[{\"name\":\"PGDATA\",\"value\":\"/data/billing/pgdata\"},{\"name\":\"POSTGRES_DB\",\"value\":\"billing\"},{\"name\":\"POSTGRES_USER\",\"value\":\"billinguser\"}],\"essential\":true,\"healthCheck\":{\"command\":[\"CMD-SHELL\",\"pg_isready -U billinguser -d billing\"],\"interval\":10,\"retries\":5,\"startPeriod\":60,\"timeout\":5},\"image\":\"postgres:13-alpine\",\"logConfiguration\":{\"logDriver\":\"awslogs\",\"options\":{\"awslogs-stream-prefix\":\"billing-db\",\"awslogs-group\":\"/ecs/cloud-design\",\"awslogs-region\":\"eu-north-1\"}},\"memory\":256,\"mountPoints\":[{\"containerPath\":\"/data/billing\",\"readOnly\":false,\"sourceVolume\":\"billing-db-data\"}],\"name\":\"billing-database\",\"portMappings\":[],\"secrets\":[{\"name\":\"POSTGRES_PASSWORD\",\"valueFrom\":\"arn:aws:ssm:eu-north-1:011237053542:parameter/cloud-design/billing-db/password\"}],\"systemControls\":[],\"volumesFrom\":[]}]",
            "cpu": "512",
            "enable_fault_injection": false,
            "ephemeral_storage": [],
            "execution_role_arn": "arn:aws:iam::011237053542:role/ecs_execution_role",
            "family": "billing-stack-task",
            "id": "billing-stack-task",
            "inference_accelerator": [],
            "ipc_mode": "",
            "memory": "1024",
            "network_mode": "awsvpc",
            "pid_mode": "",
            "placement_constraints": [],
            "proxy_configuration": [],
            "requires_compatibilities": [
              "EC2"
            ],
            "revision": 37,
            "runtime_platform": [],
            "skip_destroy": false,
            "tags": {},
            "tags_all": {
              "Owner": "Team",
              "Project": "CloudDesign"
            },
            "task_role_arn": "",
            "track_latest": false,
            "volume": [
              {
                "configure_at_launch": false,
                "docker_volume_configuration": [],
                "efs_volume_configuration": [
                  {
                    "authorization_config": [
                      {
                        "access_point_id": "fsap-0bdbdde50df49fef3",
                        "iam": "DISABLED"
                      }
                    ],
                    "file_system_id": "fs-04d237aa90c720a2f",
                    "root_directory": "/",
                    "transit_encryption": "ENABLED",
                    "transit_encryption_port": 0
                  }
                ],
                "fsx_windows_file_server_volume_configuration": [],
                "host_path": "",
                "name": "billing-db-data"
              }
            ]
          },
          "sensitive_attributes": [],
          "identity_schema_version": 0,
          "private": "eyJzY2hlbWFfdmVyc2lvbiI6IjEifQ==",
          "dependencies": [
            "aws_cloudwatch_log_group.ecs_logs",
            "aws_ecr_repository.billing_app",
            "aws_efs_access_point.billing_db",
            "aws_efs_file_system.db_data",
            "aws_iam_role.ecs_execution_role",
            "aws_ssm_parameter.billing_db_password",
            "aws_ssm_parameter.rabbitmq_password",
            "data.aws_region.current",
            "random_password.billing_db_password",
            "random_password.rabbitmq_password"
          ]
        }
      ]
    },
    {
      "mode": "managed",
      "type": "aws_ecs_task_definition",
      "name": "inventory_stack",
      "provider": "provider[\"registry.terraform.io/hashicorp/aws\"]",
      "instances": [
        {
          "schema_version": 1,
          "attributes": {
            "arn": "arn:aws:ecs:eu-north-1:011237053542:task-definition/inventory-stack-task:32",
            "arn_without_revision": "arn:aws:ecs:eu-north-1:011237053542:task-definition/inventory-stack-task",
            "container_definitions": "[{\"dependsOn\":[{\"condition\":\"HEALTHY\",\"containerName\":\"inventory-database\"}],\"environment\":[{\"name\":\"INVENTORY_DB_HOST\",\"value\":\"localhost\"},{\"name\":\"INVENTORY_DB_NAME\",\"value\":\"inventory\"},{\"name\":\"INVENTORY_DB_PORT\",\"value\":\"5432\"},{\"name\":\"INVENTORY_DB_USER\",\"value\":\"inventoryuser\"},{\"name\":\"INVENTORY_PORT\",\"value\":\"8080\"}],\"essential\":true,\"image\":\"011237053542.dkr.ecr.eu-north-1.amazonaws.com/cloud-design-inventory-app:v1\",\"logConfiguration\":{\"logDriver\":\"awslogs\",\"options\":{\"awslogs-group\":\"/ecs/cloud-design\",\"awslogs-region\":\"eu-north-1\",\"awslogs-stream-prefix\":\"inventory-app\"}},\"memory\":512,\"mountPoints\":[],\"name\":\"inventory-app\",\"portMappings\":[{\"containerPort\":8080,\"hostPort\":8080,\"protocol\":\"tcp\"}],\"secrets\":[{\"name\":\"INVENTORY_DB_PASSWORD\",\"valueFrom\":\"arn:aws:ssm:eu-north-1:011237053542:parameter/cloud-design/inventory-db/password\"}],\"systemControls\":[],\"volumesFrom\":[]},{\"environment\":[{\"name\":\"PGDATA\",\"value\":\"/data/inventory/pgdata\"},{\"name\":\"POSTGRES_DB\",\"value\":\"inventory\"},{\"name\":\"POSTGRES_USER\",\"value\":\"inventoryuser\"}],\"essential\":true,\"healthCheck\":{\"command\":[\"CMD-SHELL\",\"pg_isready -U inventoryuser -d inventory -h localhost\"],\"interval\":10,\"retries\":10,\"startPeriod\":120,\"timeout\":5},\"image\":\"postgres:13-alpine\",\"logConfiguration\":{\"logDriver\":\"awslogs\",\"options\":{\"awslogs-group\":\"/ecs/cloud-design\",\"awslogs-region\":\"eu-north-1\",\"awslogs-stream-prefix\":\"inventory-db\"}},\"memory\":512,\"mountPoints\":[{\"containerPath\":\"/data/inventory\",\"readOnly\":false,\"sourceVolume\":\"inventory-db-data\"}],\"name\":\"inventory-database\",\"portMappings\":[],\"secrets\":[{\"name\":\"POSTGRES_PASSWORD\",\"valueFrom\":\"arn:aws:ssm:eu-north-1:011237053542:parameter/cloud-design/inventory-db/password\"}],\"systemControls\":[],\"volumesFrom\":[]}]",
            "cpu": "512",
            "enable_fault_injection": false,
            "ephemeral_storage": [],
            "execution_role_arn": "arn:aws:iam::011237053542:role/ecs_execution_role",
            "family": "inventory-stack-task",
            "id": "inventory-stack-task",
            "inference_accelerator": [],
            "ipc_mode": "",
            "memory": "1024",
            "network_mode": "awsvpc",
            "pid_mode": "",
            "placement_constraints": [],
            "proxy_configuration": [],
            "requires_compatibilities": [
              "EC2"
            ],
            "revision": 32,
            "runtime_platform": [],
            "skip_destroy": false,
            "tags": {},
            "tags_all": {
              "Owner": "Team",
              "Project": "CloudDesign"
            },
            "task_role_arn": "",
            "track_latest": false,
            "volume": [
              {
                "configure_at_launch": false,
                "docker_volume_configuration": [],
                "efs_volume_configuration": [
                  {
                    "authorization_config": [
                      {
                        "access_point_id": "fsap-069ce91bf4ff74455",
                        "iam": "DISABLED"
                      }
                    ],
                    "file_system_id": "fs-04d237aa90c720a2f",
                    "root_directory": "/",
                    "transit_encryption": "ENABLED",
                    "transit_encryption_port": 0
                  }
                ],
                "fsx_windows_file_server_volume_configuration": [],
                "host_path": "",
                "name": "inventory-db-data"
              }
            ]
          },
          "sensitive_attributes": [],
          "identity_schema_version": 0,
          "private": "eyJzY2hlbWFfdmVyc2lvbiI6IjEifQ==",
          "dependencies": [
            "aws_cloudwatch_log_group.ecs_logs",
            "aws_ecr_repository.inventory_app",
            "aws_efs_access_point.inventory_db",
            "aws_efs_file_system.db_data",
            "aws_iam_role.ecs_execution_role",
            "aws_ssm_parameter.inventory_db_password",
            "data.aws_region.current",
            "random_password.inventory_db_password"
          ]
        }
      ]
    },
    {
      "mode": "managed",
      "type": "aws_ecs_task_definition",
      "name": "rabbitmq",
      "provider": "provider[\"registry.terraform.io/hashicorp/aws\"]",
      "instances": [
        {
          "schema_version": 1,
          "attributes": {
            "arn": "arn:aws:ecs:eu-north-1:011237053542:task-definition/rabbitmq-task:2",
            "arn_without_revision": "arn:aws:ecs:eu-north-1:011237053542:task-definition/rabbitmq-task",
            "container_definitions": "[{\"environment\":[{\"name\":\"RABBITMQ_DEFAULT_USER\",\"value\":\"rabbitmq_user\"}],\"essential\":true,\"healthCheck\":{\"command\":[\"CMD\",\"rabbitmq-diagnostics\",\"ping\"],\"interval\":15,\"retries\":5,\"startPeriod\":60,\"timeout\":10},\"image\":\"rabbitmq:3-management-alpine\",\"logConfiguration\":{\"logDriver\":\"awslogs\",\"options\":{\"awslogs-group\":\"/ecs/cloud-design\",\"awslogs-region\":\"eu-north-1\",\"awslogs-stream-prefix\":\"rabbitmq\"}},\"memory\":512,\"mountPoints\":[],\"name\":\"rabbitmq\",\"portMappings\":[{\"containerPort\":5672,\"hostPort\":5672,\"protocol\":\"tcp\"},{\"containerPort\":15672,\"hostPort\":15672,\"protocol\":\"tcp\"}],\"secrets\":[{\"name\":\"RABBITMQ_DEFAULT_PASS\",\"valueFrom\":\"arn:aws:ssm:eu-north-1:011237053542:parameter/cloud-design/rabbitmq/password\"}],\"systemControls\":[],\"volumesFrom\":[]}]",
            "cpu": "256",
            "enable_fault_injection": false,
            "ephemeral_storage": [],
            "execution_role_arn": "arn:aws:iam::011237053542:role/ecs_execution_role",
            "family": "rabbitmq-task",
            "id": "rabbitmq-task",
            "inference_accelerator": [],
            "ipc_mode": "",
            "memory": "512",
            "network_mode": "awsvpc",
            "pid_mode": "",
            "placement_constraints": [],
            "proxy_configuration": [],
            "requires_compatibilities": [
              "EC2"
            ],
            "revision": 2,
            "runtime_platform": [],
            "skip_destroy": false,
            "tags": {},
            "tags_all": {
              "Owner": "Team",
              "Project": "CloudDesign"
            },
            "task_role_arn": "",
            "track_latest": false,
            "volume": []
          },
          "sensitive_attributes": [],
          "identity_schema_version": 0,
          "private": "eyJzY2hlbWFfdmVyc2lvbiI6IjEifQ==",
          "dependencies": [
            "aws_cloudwatch_log_group.ecs_logs",
            "aws_iam_role.ecs_execution_role",
            "aws_ssm_parameter.rabbitmq_password",
            "data.aws_region.current",
            "random_password.rabbitmq_password"
          ]
        }
      ]
    },
    {
      "mode": "managed",
      "type": "aws_efs_access_point",
      "name": "billing_db",
      "provider": "provider[\"registry.terraform.io/hashicorp/aws\"]",
      "instances": [
        {
          "schema_version": 0,
          "attributes": {
            "arn": "arn:aws:elasticfilesystem:eu-north-1:011237053542:access-point/fsap-0bdbdde50df49fef3",
            "file_system_arn": "arn:aws:elasticfilesystem:eu-north-1:011237053542:file-system/fs-04d237aa90c720a2f",
            "file_system_id": "fs-04d237aa90c720a2f",
            "id": "fsap-0bdbdde50df49fef3",
            "owner_id": "011237053542",
            "posix_user": [
              {
                "gid": 70,
                "secondary_gids": [],
                "uid": 70
              }
            ],
            "root_directory": [
              {
                "creation_info": [
                  {
                    "owner_gid": 70,
                    "owner_uid": 70,
                    "permissions": "0755"
                  }
                ],
                "path": "/billing-db-data-v5"
              }
            ],
            "tags": {
              "Name": "billing-db-access-point"
            },
            "tags_all": {
              "Name": "billing-db-access-point",
              "Owner": "Team",
              "Project": "CloudDesign"
            }
          },
          "sensitive_attributes": [],
          "identity_schema_version": 0,
          "private": "bnVsbA==",
          "dependencies": [
            "aws_efs_file_system.db_data"
          ]
        }
      ]
    },
    {
      "mode": "managed",
      "type": "aws_efs_access_point",
      "name": "inventory_db",
      "provider": "provider[\"registry.terraform.io/hashicorp/aws\"]",
      "instances": [
        {
          "schema_version": 0,
          "attributes": {
            "arn": "arn:aws:elasticfilesystem:eu-north-1:011237053542:access-point/fsap-069ce91bf4ff74455",
            "file_system_arn": "arn:aws:elasticfilesystem:eu-north-1:011237053542:file-system/fs-04d237aa90c720a2f",
            "file_system_id": "fs-04d237aa90c720a2f",
            "id": "fsap-069ce91bf4ff74455",
            "owner_id": "011237053542",
            "posix_user": [
              {
                "gid": 70,
                "secondary_gids": [],
                "uid": 70
              }
            ],
            "root_directory": [
              {
                "creation_info": [
                  {
                    "owner_gid": 70,
                    "owner_uid": 70,
                    "permissions": "0755"
                  }
                ],
                "path": "/inventory-db-data-v5"
              }
            ],
            "tags": {
              "Name": "inventory-db-access-point"
            },
            "tags_all": {
              "Name": "inventory-db-access-point",
              "Owner": "Team",
              "Project": "CloudDesign"
            }
          },
          "sensitive_attributes": [],
          "identity_schema_version": 0,
          "private": "bnVsbA==",
          "dependencies": [
            "aws_efs_file_system.db_data"
          ]
        }
      ]
    },
    {
      "mode": "managed",
      "type": "aws_efs_file_system",
      "name": "db_data",
      "provider": "provider[\"registry.terraform.io/hashicorp/aws\"]",
      "instances": [
        {
          "schema_version": 0,
          "attributes": {
            "arn": "arn:aws:elasticfilesystem:eu-north-1:011237053542:file-system/fs-04d237aa90c720a2f",
            "availability_zone_id": "",
            "availability_zone_name": "",
            "creation_token": "cloud-design-db-data",
            "dns_name": "fs-04d237aa90c720a2f.efs.eu-north-1.amazonaws.com",
            "encrypted": true,
            "id": "fs-04d237aa90c720a2f",
            "kms_key_id": "arn:aws:kms:eu-north-1:011237053542:key/582e756b-044b-4e85-b67e-ac7a303b150c",
            "lifecycle_policy": [],
            "name": "cloud-design-db-efs",
            "number_of_mount_targets": 2,
            "owner_id": "011237053542",
            "performance_mode": "generalPurpose",
            "protection": [
              {
                "replication_overwrite": "ENABLED"
              }
            ],
            "provisioned_throughput_in_mibps": 0,
            "size_in_bytes": [
              {
                "value": 106579968,
                "value_in_ia": 0,
                "value_in_standard": 106579968
              }
            ],
            "tags": {
              "Name": "cloud-design-db-efs"
            },
            "tags_all": {
              "Name": "cloud-design-db-efs",
              "Owner": "Team",
              "Project": "CloudDesign"
            },
            "throughput_mode": "bursting"
          },
          "sensitive_attributes": [],
          "identity_schema_version": 0,
          "private": "bnVsbA=="
        }
      ]
    },
    {
      "mode": "managed",
      "type": "aws_efs_mount_target",
      "name": "private_1",
      "provider": "provider[\"registry.terraform.io/hashicorp/aws\"]",
      "instances": [
        {
          "schema_version": 0,
          "attributes": {
            "availability_zone_id": "eun1-az1",
            "availability_zone_name": "eu-north-1a",
            "dns_name": "fs-04d237aa90c720a2f.efs.eu-north-1.amazonaws.com",
            "file_system_arn": "arn:aws:elasticfilesystem:eu-north-1:011237053542:file-system/fs-04d237aa90c720a2f",
            "file_system_id": "fs-04d237aa90c720a2f",
            "id": "fsmt-02cf234d1afd46eb0",
            "ip_address": "10.0.3.134",
            "mount_target_dns_name": "eu-north-1a.fs-04d237aa90c720a2f.efs.eu-north-1.amazonaws.com",
            "network_interface_id": "eni-06f81e5de4e1d8e15",
            "owner_id": "011237053542",
            "security_groups": [
              "sg-0d8cf0fc1d3fa5e93"
            ],
            "subnet_id": "subnet-0373a48fa0a894a50",
            "timeouts": null
          },
          "sensitive_attributes": [],
          "identity_schema_version": 0,
          "private": "eyJlMmJmYjczMC1lY2FhLTExZTYtOGY4OC0zNDM2M2JjN2M0YzAiOnsiY3JlYXRlIjoxODAwMDAwMDAwMDAwLCJkZWxldGUiOjYwMDAwMDAwMDAwMH19",
          "dependencies": [
            "aws_efs_file_system.db_data",
            "aws_security_group.alb_sg",
            "aws_security_group.ecs_sg",
            "aws_security_group.efs_sg",
            "aws_subnet.private_1",
            "aws_vpc.main"
          ]
        }
      ]
    },
    {
      "mode": "managed",
      "type": "aws_efs_mount_target",
      "name": "private_2",
      "provider": "provider[\"registry.terraform.io/hashicorp/aws\"]",
      "instances": [
        {
          "schema_version": 0,
          "attributes": {
            "availability_zone_id": "eun1-az2",
            "availability_zone_name": "eu-north-1b",
            "dns_name": "fs-04d237aa90c720a2f.efs.eu-north-1.amazonaws.com",
            "file_system_arn": "arn:aws:elasticfilesystem:eu-north-1:011237053542:file-system/fs-04d237aa90c720a2f",
            "file_system_id": "fs-04d237aa90c720a2f",
            "id": "fsmt-0b744872c016268a8",
            "ip_address": "10.0.4.82",
            "mount_target_dns_name": "eu-north-1b.fs-04d237aa90c720a2f.efs.eu-north-1.amazonaws.com",
            "network_interface_id": "eni-0b1ddaf5348fb41a4",
            "owner_id": "011237053542",
            "security_groups": [
              "sg-0d8cf0fc1d3fa5e93"
            ],
            "subnet_id": "subnet-034b0cce8112bb590",
            "timeouts": null
          },
          "sensitive_attributes": [],
          "identity_schema_version": 0,
          "private": "eyJlMmJmYjczMC1lY2FhLTExZTYtOGY4OC0zNDM2M2JjN2M0YzAiOnsiY3JlYXRlIjoxODAwMDAwMDAwMDAwLCJkZWxldGUiOjYwMDAwMDAwMDAwMH19",
          "dependencies": [
            "aws_efs_file_system.db_data",
            "aws_security_group.alb_sg",
            "aws_security_group.ecs_sg",
            "aws_security_group.efs_sg",
            "aws_subnet.private_2",
            "aws_vpc.main"
          ]
        }
      ]
    },
    {
      "mode": "managed",
      "type": "aws_eip",
      "name": "nat",
      "provider": "provider[\"registry.terraform.io/hashicorp/aws\"]",
      "instances": [
        {
          "schema_version": 0,
          "attributes": {
            "address": null,
            "allocation_id": "eipalloc-00f571b4953712f2b",
            "arn": "arn:aws:ec2:eu-north-1:011237053542:elastic-ip/eipalloc-00f571b4953712f2b",
            "associate_with_private_ip": null,
            "association_id": "eipassoc-0730d9470c65787fa",
            "carrier_ip": "",
            "customer_owned_ip": "",
            "customer_owned_ipv4_pool": "",
            "domain": "vpc",
            "id": "eipalloc-00f571b4953712f2b",
            "instance": "",
            "ipam_pool_id": null,
            "network_border_group": "eu-north-1",
            "network_interface": "eni-06dafe345060ee14b",
            "private_dns": "ip-10-0-1-90.eu-north-1.compute.internal",
            "private_ip": "10.0.1.90",
            "ptr_record": "",
            "public_dns": "ec2-13-62-254-120.eu-north-1.compute.amazonaws.com",
            "public_ip": "13.62.254.120",
            "public_ipv4_pool": "amazon",
            "tags": {},
            "tags_all": {
              "Owner": "Team",
              "Project": "CloudDesign"
            },
            "timeouts": null,
            "vpc": true
          },
          "sensitive_attributes": [],
          "identity_schema_version": 0,
          "private": "eyJlMmJmYjczMC1lY2FhLTExZTYtOGY4OC0zNDM2M2JjN2M0YzAiOnsiZGVsZXRlIjoxODAwMDAwMDAwMDAsInJlYWQiOjkwMDAwMDAwMDAwMCwidXBkYXRlIjozMDAwMDAwMDAwMDB9fQ=="
        }
      ]
    },
    {
      "mode": "managed",
      "type": "aws_iam_instance_profile",
      "name": "ecs_instance_profile",
      "provider": "provider[\"registry.terraform.io/hashicorp/aws\"]",
      "instances": [
        {
          "schema_version": 0,
          "attributes": {
            "arn": "arn:aws:iam::011237053542:instance-profile/ecs_instance_profile",
            "create_date": "2026-05-26T08:44:12Z",
            "id": "ecs_instance_profile",
            "name": "ecs_instance_profile",
            "name_prefix": "",
            "path": "/",
            "role": "ecs_instance_role",
            "tags": {},
            "tags_all": {
              "Owner": "Team",
              "Project": "CloudDesign"
            },
            "unique_id": "AIPAQFHOH2RTMQV3N62X7"
          },
          "sensitive_attributes": [],
          "identity_schema_version": 0,
          "private": "bnVsbA==",
          "dependencies": [
            "aws_iam_role.ecs_instance_role"
          ]
        }
      ]
    },
    {
      "mode": "managed",
      "type": "aws_iam_role",
      "name": "ecs_execution_role",
      "provider": "provider[\"registry.terraform.io/hashicorp/aws\"]",
      "instances": [
        {
          "schema_version": 0,
          "attributes": {
            "arn": "arn:aws:iam::011237053542:role/ecs_execution_role",
            "assume_role_policy": "{\"Statement\":[{\"Action\":\"sts:AssumeRole\",\"Effect\":\"Allow\",\"Principal\":{\"Service\":\"ecs-tasks.amazonaws.com\"}}],\"Version\":\"2012-10-17\"}",
            "create_date": "2026-05-26T08:44:11Z",
            "description": "",
            "force_detach_policies": false,
            "id": "ecs_execution_role",
            "inline_policy": [
              {
                "name": "ecs_execution_secrets_policy",
                "policy": "{\"Version\":\"2012-10-17\",\"Statement\":[{\"Action\":[\"ssm:GetParameters\",\"ssm:GetParameter\"],\"Effect\":\"Allow\",\"Resource\":[\"arn:aws:ssm:eu-north-1:011237053542:parameter/cloud-design/rabbitmq/password\",\"arn:aws:ssm:eu-north-1:011237053542:parameter/cloud-design/billing-db/password\",\"arn:aws:ssm:eu-north-1:011237053542:parameter/cloud-design/inventory-db/password\"]}]}"
              }
            ],
            "managed_policy_arns": [
              "arn:aws:iam::aws:policy/service-role/AmazonECSTaskExecutionRolePolicy"
            ],
            "max_session_duration": 3600,
            "name": "ecs_execution_role",
            "name_prefix": "",
            "path": "/",
            "permissions_boundary": "",
            "tags": {},
            "tags_all": {
              "Owner": "Team",
              "Project": "CloudDesign"
            },
            "unique_id": "AROAQFHOH2RTNT6WL6DAY"
          },
          "sensitive_attributes": [],
          "identity_schema_version": 0,
          "private": "bnVsbA=="
        }
      ]
    },
    {
      "mode": "managed",
      "type": "aws_iam_role",
      "name": "ecs_instance_role",
      "provider": "provider[\"registry.terraform.io/hashicorp/aws\"]",
      "instances": [
        {
          "schema_version": 0,
          "attributes": {
            "arn": "arn:aws:iam::011237053542:role/ecs_instance_role",
            "assume_role_policy": "{\"Statement\":[{\"Action\":\"sts:AssumeRole\",\"Effect\":\"Allow\",\"Principal\":{\"Service\":\"ec2.amazonaws.com\"}}],\"Version\":\"2012-10-17\"}",
            "create_date": "2026-05-26T08:44:11Z",
            "description": "",
            "force_detach_policies": false,
            "id": "ecs_instance_role",
            "inline_policy": [],
            "managed_policy_arns": [
              "arn:aws:iam::aws:policy/AmazonElasticFileSystemClientReadWriteAccess",
              "arn:aws:iam::aws:policy/AmazonSSMManagedInstanceCore",
              "arn:aws:iam::aws:policy/service-role/AmazonEC2ContainerServiceforEC2Role"
            ],
            "max_session_duration": 3600,
            "name": "ecs_instance_role",
            "name_prefix": "",
            "path": "/",
            "permissions_boundary": "",
            "tags": {},
            "tags_all": {
              "Owner": "Team",
              "Project": "CloudDesign"
            },
            "unique_id": "AROAQFHOH2RTO4KJ7CQFM"
          },
          "sensitive_attributes": [],
          "identity_schema_version": 0,
          "private": "bnVsbA=="
        }
      ]
    },
    {
      "mode": "managed",
      "type": "aws_iam_role_policy",
      "name": "ecs_execution_secrets",
      "provider": "provider[\"registry.terraform.io/hashicorp/aws\"]",
      "instances": [
        {
          "schema_version": 0,
          "attributes": {
            "id": "ecs_execution_role:ecs_execution_secrets_policy",
            "name": "ecs_execution_secrets_policy",
            "name_prefix": "",
            "policy": "{\"Version\":\"2012-10-17\",\"Statement\":[{\"Action\":[\"ssm:GetParameters\",\"ssm:GetParameter\"],\"Effect\":\"Allow\",\"Resource\":[\"arn:aws:ssm:eu-north-1:011237053542:parameter/cloud-design/rabbitmq/password\",\"arn:aws:ssm:eu-north-1:011237053542:parameter/cloud-design/billing-db/password\",\"arn:aws:ssm:eu-north-1:011237053542:parameter/cloud-design/inventory-db/password\"]}]}",
            "role": "ecs_execution_role"
          },
          "sensitive_attributes": [],
          "identity_schema_version": 0,
          "private": "bnVsbA==",
          "dependencies": [
            "aws_iam_role.ecs_execution_role",
            "aws_ssm_parameter.billing_db_password",
            "aws_ssm_parameter.inventory_db_password",
            "aws_ssm_parameter.rabbitmq_password",
            "random_password.billing_db_password",
            "random_password.inventory_db_password",
            "random_password.rabbitmq_password"
          ]
        }
      ]
    },
    {
      "mode": "managed",
      "type": "aws_iam_role_policy_attachment",
      "name": "ecs_execution_role_policy",
      "provider": "provider[\"registry.terraform.io/hashicorp/aws\"]",
      "instances": [
        {
          "schema_version": 0,
          "attributes": {
            "id": "ecs_execution_role-20260529070057345000000006",
            "policy_arn": "arn:aws:iam::aws:policy/service-role/AmazonECSTaskExecutionRolePolicy",
            "role": "ecs_execution_role"
          },
          "sensitive_attributes": [],
          "identity_schema_version": 0,
          "private": "bnVsbA==",
          "dependencies": [
            "aws_iam_role.ecs_execution_role"
          ]
        }
      ]
    },
    {
      "mode": "managed",
      "type": "aws_iam_role_policy_attachment",
      "name": "ecs_instance_efs_policy",
      "provider": "provider[\"registry.terraform.io/hashicorp/aws\"]",
      "instances": [
        {
          "schema_version": 0,
          "attributes": {
            "id": "ecs_instance_role-20260529070057302300000003",
            "policy_arn": "arn:aws:iam::aws:policy/AmazonElasticFileSystemClientReadWriteAccess",
            "role": "ecs_instance_role"
          },
          "sensitive_attributes": [],
          "identity_schema_version": 0,
          "private": "bnVsbA==",
          "dependencies": [
            "aws_iam_role.ecs_instance_role"
          ]
        }
      ]
    },
    {
      "mode": "managed",
      "type": "aws_iam_role_policy_attachment",
      "name": "ecs_instance_role_policy",
      "provider": "provider[\"registry.terraform.io/hashicorp/aws\"]",
      "instances": [
        {
          "schema_version": 0,
          "attributes": {
            "id": "ecs_instance_role-20260529070057317500000005",
            "policy_arn": "arn:aws:iam::aws:policy/service-role/AmazonEC2ContainerServiceforEC2Role",
            "role": "ecs_instance_role"
          },
          "sensitive_attributes": [],
          "identity_schema_version": 0,
          "private": "bnVsbA==",
          "dependencies": [
            "aws_iam_role.ecs_instance_role"
          ]
        }
      ]
    },
    {
      "mode": "managed",
      "type": "aws_iam_role_policy_attachment",
      "name": "ecs_instance_ssm_policy",
      "provider": "provider[\"registry.terraform.io/hashicorp/aws\"]",
      "instances": [
        {
          "schema_version": 0,
          "attributes": {
            "id": "ecs_instance_role-20260529070057310100000004",
            "policy_arn": "arn:aws:iam::aws:policy/AmazonSSMManagedInstanceCore",
            "role": "ecs_instance_role"
          },
          "sensitive_attributes": [],
          "identity_schema_version": 0,
          "private": "bnVsbA==",
          "dependencies": [
            "aws_iam_role.ecs_instance_role"
          ]
        }
      ]
    },
    {
      "mode": "managed",
      "type": "aws_internet_gateway",
      "name": "igw",
      "provider": "provider[\"registry.terraform.io/hashicorp/aws\"]",
      "instances": [
        {
          "schema_version": 0,
          "attributes": {
            "arn": "arn:aws:ec2:eu-north-1:011237053542:internet-gateway/igw-024e6a0d82b80cfce",
            "id": "igw-024e6a0d82b80cfce",
            "owner_id": "011237053542",
            "tags": {
              "Name": "cloud-design-igw"
            },
            "tags_all": {
              "Name": "cloud-design-igw",
              "Owner": "Team",
              "Project": "CloudDesign"
            },
            "timeouts": null,
            "vpc_id": "vpc-04547fdd51aeb6d73"
          },
          "sensitive_attributes": [],
          "identity_schema_version": 0,
          "private": "eyJlMmJmYjczMC1lY2FhLTExZTYtOGY4OC0zNDM2M2JjN2M0YzAiOnsiY3JlYXRlIjoxMjAwMDAwMDAwMDAwLCJkZWxldGUiOjEyMDAwMDAwMDAwMDAsInVwZGF0ZSI6MTIwMDAwMDAwMDAwMH19",
          "dependencies": [
            "aws_vpc.main"
          ]
        }
      ]
    },
    {
      "mode": "managed",
      "type": "aws_launch_template",
      "name": "ecs_lt",
      "provider": "provider[\"registry.terraform.io/hashicorp/aws\"]",
      "instances": [
        {
          "schema_version": 0,
          "attributes": {
            "arn": "arn:aws:ec2:eu-north-1:011237053542:launch-template/lt-0f52064f88526d0ca",
            "block_device_mappings": [],
            "capacity_reservation_specification": [],
            "cpu_options": [],
            "credit_specification": [],
            "default_version": 1,
            "description": "",
            "disable_api_stop": false,
            "disable_api_termination": false,
            "ebs_optimized": "",
            "elastic_gpu_specifications": [],
            "elastic_inference_accelerator": [],
            "enclave_options": [],
            "hibernation_options": [],
            "iam_instance_profile": [
              {
                "arn": "",
                "name": "ecs_instance_profile"
              }
            ],
            "id": "lt-0f52064f88526d0ca",
            "image_id": "ami-06ecc22887c26614d",
            "instance_initiated_shutdown_behavior": "",
            "instance_market_options": [],
            "instance_requirements": [],
            "instance_type": "t3.small",
            "kernel_id": "",
            "key_name": "",
            "latest_version": 2,
            "license_specification": [],
            "maintenance_options": [],
            "metadata_options": [],
            "monitoring": [],
            "name": "ecs-template20260526084428390400000007",
            "name_prefix": "ecs-template",
            "network_interfaces": [],
            "placement": [],
            "private_dns_name_options": [],
            "ram_disk_id": "",
            "security_group_names": [],
            "tag_specifications": [],
            "tags": {},
            "tags_all": {
              "Owner": "Team",
              "Project": "CloudDesign"
            },
            "update_default_version": null,
            "user_data": "IyEvYmluL2Jhc2gKZWNobyBFQ1NfQ0xVU1RFUj1jbG91ZC1kZXNpZ24tY2x1c3Rlci12MiA+PiAvZXRjL2Vjcy9lY3MuY29uZmlnCnl1bSBpbnN0YWxsIC15IGFtYXpvbi1lZnMtdXRpbHMK",
            "vpc_security_group_ids": [
              "sg-0fe196a7107f7a416"
            ]
          },
          "sensitive_attributes": [
            [
              {
                "type": "get_attr",
                "value": "image_id"
              }
            ]
          ],
          "identity_schema_version": 0,
          "private": "bnVsbA==",
          "dependencies": [
            "aws_ecs_cluster.main",
            "aws_iam_instance_profile.ecs_instance_profile",
            "aws_iam_role.ecs_instance_role",
            "aws_security_group.alb_sg",
            "aws_security_group.ecs_sg",
            "aws_vpc.main",
            "data.aws_ssm_parameter.ecs_ami"
          ]
        }
      ]
    },
    {
      "mode": "managed",
      "type": "aws_lb",
      "name": "main",
      "provider": "provider[\"registry.terraform.io/hashicorp/aws\"]",
      "instances": [
        {
          "schema_version": 0,
          "attributes": {
            "access_logs": [
              {
                "bucket": "",
                "enabled": false,
                "prefix": ""
              }
            ],
            "arn": "arn:aws:elasticloadbalancing:eu-north-1:011237053542:loadbalancer/app/cloud-design-alb/dfa9630fbd3cf227",
            "arn_suffix": "app/cloud-design-alb/dfa9630fbd3cf227",
            "client_keep_alive": 3600,
            "connection_logs": [
              {
                "bucket": "",
                "enabled": false,
                "prefix": ""
              }
            ],
            "customer_owned_ipv4_pool": "",
            "desync_mitigation_mode": "defensive",
            "dns_name": "cloud-design-alb-2085979927.eu-north-1.elb.amazonaws.com",
            "dns_record_client_routing_policy": null,
            "drop_invalid_header_fields": false,
            "enable_cross_zone_load_balancing": true,
            "enable_deletion_protection": false,
            "enable_http2": true,
            "enable_tls_version_and_cipher_suite_headers": false,
            "enable_waf_fail_open": false,
            "enable_xff_client_port": false,
            "enable_zonal_shift": false,
            "enforce_security_group_inbound_rules_on_private_link_traffic": "",
            "id": "arn:aws:elasticloadbalancing:eu-north-1:011237053542:loadbalancer/app/cloud-design-alb/dfa9630fbd3cf227",
            "idle_timeout": 60,
            "internal": false,
            "ip_address_type": "ipv4",
            "ipam_pools": [],
            "load_balancer_type": "application",
            "minimum_load_balancer_capacity": [],
            "name": "cloud-design-alb",
            "name_prefix": "",
            "preserve_host_header": false,
            "security_groups": [
              "sg-03a7991f2846e5379"
            ],
            "subnet_mapping": [
              {
                "allocation_id": "",
                "ipv6_address": "",
                "outpost_id": "",
                "private_ipv4_address": "",
                "subnet_id": "subnet-0020d66e8d7ff202d"
              },
              {
                "allocation_id": "",
                "ipv6_address": "",
                "outpost_id": "",
                "private_ipv4_address": "",
                "subnet_id": "subnet-007568904f4fd41da"
              }
            ],
            "subnets": [
              "subnet-0020d66e8d7ff202d",
              "subnet-007568904f4fd41da"
            ],
            "tags": {},
            "tags_all": {
              "Owner": "Team",
              "Project": "CloudDesign"
            },
            "timeouts": null,
            "vpc_id": "vpc-04547fdd51aeb6d73",
            "xff_header_processing_mode": "append",
            "zone_id": "Z23TAZ6LKFMNIO"
          },
          "sensitive_attributes": [],
          "identity_schema_version": 0,
          "private": "eyJlMmJmYjczMC1lY2FhLTExZTYtOGY4OC0zNDM2M2JjN2M0YzAiOnsiY3JlYXRlIjo2MDAwMDAwMDAwMDAsImRlbGV0ZSI6NjAwMDAwMDAwMDAwLCJ1cGRhdGUiOjYwMDAwMDAwMDAwMH19",
          "dependencies": [
            "aws_security_group.alb_sg",
            "aws_subnet.public_1",
            "aws_subnet.public_2",
            "aws_vpc.main"
          ]
        }
      ]
    },
    {
      "mode": "managed",
      "type": "aws_lb_listener",
      "name": "http",
      "provider": "provider[\"registry.terraform.io/hashicorp/aws\"]",
      "instances": [
        {
          "schema_version": 0,
          "attributes": {
            "alpn_policy": null,
            "arn": "arn:aws:elasticloadbalancing:eu-north-1:011237053542:listener/app/cloud-design-alb/dfa9630fbd3cf227/d68e094ef61c43ea",
            "certificate_arn": null,
            "default_action": [
              {
                "authenticate_cognito": [],
                "authenticate_oidc": [],
                "fixed_response": [],
                "forward": [],
                "order": 1,
                "redirect": [],
                "target_group_arn": "arn:aws:elasticloadbalancing:eu-north-1:011237053542:targetgroup/api-gateway-tg-final/6f0d753abff9ee64",
                "type": "forward"
              }
            ],
            "id": "arn:aws:elasticloadbalancing:eu-north-1:011237053542:listener/app/cloud-design-alb/dfa9630fbd3cf227/d68e094ef61c43ea",
            "load_balancer_arn": "arn:aws:elasticloadbalancing:eu-north-1:011237053542:loadbalancer/app/cloud-design-alb/dfa9630fbd3cf227",
            "mutual_authentication": [],
            "port": 80,
            "protocol": "HTTP",
            "routing_http_request_x_amzn_mtls_clientcert_header_name": null,
            "routing_http_request_x_amzn_mtls_clientcert_issuer_header_name": null,
            "routing_http_request_x_amzn_mtls_clientcert_leaf_header_name": null,
            "routing_http_request_x_amzn_mtls_clientcert_serial_number_header_name": null,
            "routing_http_request_x_amzn_mtls_clientcert_subject_header_name": null,
            "routing_http_request_x_amzn_mtls_clientcert_validity_header_name": null,
            "routing_http_request_x_amzn_tls_cipher_suite_header_name": null,
            "routing_http_request_x_amzn_tls_version_header_name": null,
            "routing_http_response_access_control_allow_credentials_header_value": "",
            "routing_http_response_access_control_allow_headers_header_value": "",
            "routing_http_response_access_control_allow_methods_header_value": "",
            "routing_http_response_access_control_allow_origin_header_value": "",
            "routing_http_response_access_control_expose_headers_header_value": "",
            "routing_http_response_access_control_max_age_header_value": "",
            "routing_http_response_content_security_policy_header_value": "",
            "routing_http_response_server_enabled": true,
            "routing_http_response_strict_transport_security_header_value": "",
            "routing_http_response_x_content_type_options_header_value": "",
            "routing_http_response_x_frame_options_header_value": "",
            "ssl_policy": "",
            "tags": {},
            "tags_all": {
              "Owner": "Team",
              "Project": "CloudDesign"
            },
            "tcp_idle_timeout_seconds": null,
            "timeouts": null
          },
          "sensitive_attributes": [],
          "identity_schema_version": 0,
          "private": "eyJlMmJmYjczMC1lY2FhLTExZTYtOGY4OC0zNDM2M2JjN2M0YzAiOnsiY3JlYXRlIjozMDAwMDAwMDAwMDAsInVwZGF0ZSI6MzAwMDAwMDAwMDAwfX0=",
          "dependencies": [
            "aws_lb.main",
            "aws_lb_target_group.api_gateway",
            "aws_security_group.alb_sg",
            "aws_subnet.public_1",
            "aws_subnet.public_2",
            "aws_vpc.main"
          ]
        }
      ]
    },
    {
      "mode": "managed",
      "type": "aws_lb_listener",
      "name": "https",
      "provider": "provider[\"registry.terraform.io/hashicorp/aws\"]",
      "instances": [
        {
          "schema_version": 0,
          "attributes": {
            "alpn_policy": null,
            "arn": "arn:aws:elasticloadbalancing:eu-north-1:011237053542:listener/app/cloud-design-alb/dfa9630fbd3cf227/5d7594c4ed81f90d",
            "certificate_arn": "arn:aws:acm:eu-north-1:011237053542:certificate/756f21e3-d179-40a2-b45b-231d268501a5",
            "default_action": [
              {
                "authenticate_cognito": [],
                "authenticate_oidc": [],
                "fixed_response": [],
                "forward": [],
                "order": 1,
                "redirect": [],
                "target_group_arn": "arn:aws:elasticloadbalancing:eu-north-1:011237053542:targetgroup/api-gateway-tg-final/6f0d753abff9ee64",
                "type": "forward"
              }
            ],
            "id": "arn:aws:elasticloadbalancing:eu-north-1:011237053542:listener/app/cloud-design-alb/dfa9630fbd3cf227/5d7594c4ed81f90d",
            "load_balancer_arn": "arn:aws:elasticloadbalancing:eu-north-1:011237053542:loadbalancer/app/cloud-design-alb/dfa9630fbd3cf227",
            "mutual_authentication": [
              {
                "advertise_trust_store_ca_names": "",
                "ignore_client_certificate_expiry": false,
                "mode": "off",
                "trust_store_arn": ""
              }
            ],
            "port": 443,
            "protocol": "HTTPS",
            "routing_http_request_x_amzn_mtls_clientcert_header_name": "",
            "routing_http_request_x_amzn_mtls_clientcert_issuer_header_name": "",
            "routing_http_request_x_amzn_mtls_clientcert_leaf_header_name": "",
            "routing_http_request_x_amzn_mtls_clientcert_serial_number_header_name": "",
            "routing_http_request_x_amzn_mtls_clientcert_subject_header_name": "",
            "routing_http_request_x_amzn_mtls_clientcert_validity_header_name": "",
            "routing_http_request_x_amzn_tls_cipher_suite_header_name": "",
            "routing_http_request_x_amzn_tls_version_header_name": "",
            "routing_http_response_access_control_allow_credentials_header_value": "",
            "routing_http_response_access_control_allow_headers_header_value": "",
            "routing_http_response_access_control_allow_methods_header_value": "",
            "routing_http_response_access_control_allow_origin_header_value": "",
            "routing_http_response_access_control_expose_headers_header_value": "",
            "routing_http_response_access_control_max_age_header_value": "",
            "routing_http_response_content_security_policy_header_value": "",
            "routing_http_response_server_enabled": true,
            "routing_http_response_strict_transport_security_header_value": "",
            "routing_http_response_x_content_type_options_header_value": "",
            "routing_http_response_x_frame_options_header_value": "",
            "ssl_policy": "ELBSecurityPolicy-2016-08",
            "tags": {},
            "tags_all": {
              "Owner": "Team",
              "Project": "CloudDesign"
            },
            "tcp_idle_timeout_seconds": null,
            "timeouts": null
          },
          "sensitive_attributes": [],
          "identity_schema_version": 0,
          "private": "eyJlMmJmYjczMC1lY2FhLTExZTYtOGY4OC0zNDM2M2JjN2M0YzAiOnsiY3JlYXRlIjozMDAwMDAwMDAwMDAsInVwZGF0ZSI6MzAwMDAwMDAwMDAwfX0=",
          "dependencies": [
            "aws_acm_certificate.alb_cert",
            "aws_lb.main",
            "aws_lb_target_group.api_gateway",
            "aws_security_group.alb_sg",
            "aws_subnet.public_1",
            "aws_subnet.public_2",
            "aws_vpc.main",
            "tls_private_key.alb_cert",
            "tls_self_signed_cert.alb_cert"
          ]
        }
      ]
    },
    {
      "mode": "managed",
      "type": "aws_lb_target_group",
      "name": "api_gateway",
      "provider": "provider[\"registry.terraform.io/hashicorp/aws\"]",
      "instances": [
        {
          "schema_version": 0,
          "attributes": {
            "arn": "arn:aws:elasticloadbalancing:eu-north-1:011237053542:targetgroup/api-gateway-tg-final/6f0d753abff9ee64",
            "arn_suffix": "targetgroup/api-gateway-tg-final/6f0d753abff9ee64",
            "connection_termination": null,
            "deregistration_delay": "300",
            "health_check": [
              {
                "enabled": true,
                "healthy_threshold": 3,
                "interval": 30,
                "matcher": "200",
                "path": "/health",
                "port": "traffic-port",
                "protocol": "HTTP",
                "timeout": 5,
                "unhealthy_threshold": 3
              }
            ],
            "id": "arn:aws:elasticloadbalancing:eu-north-1:011237053542:targetgroup/api-gateway-tg-final/6f0d753abff9ee64",
            "ip_address_type": "ipv4",
            "lambda_multi_value_headers_enabled": false,
            "load_balancer_arns": [
              "arn:aws:elasticloadbalancing:eu-north-1:011237053542:loadbalancer/app/cloud-design-alb/dfa9630fbd3cf227"
            ],
            "load_balancing_algorithm_type": "round_robin",
            "load_balancing_anomaly_mitigation": "off",
            "load_balancing_cross_zone_enabled": "use_load_balancer_configuration",
            "name": "api-gateway-tg-final",
            "name_prefix": "",
            "port": 3000,
            "preserve_client_ip": null,
            "protocol": "HTTP",
            "protocol_version": "HTTP1",
            "proxy_protocol_v2": false,
            "slow_start": 0,
            "stickiness": [
              {
                "cookie_duration": 86400,
                "cookie_name": "",
                "enabled": false,
                "type": "lb_cookie"
              }
            ],
            "tags": {},
            "tags_all": {
              "Owner": "Team",
              "Project": "CloudDesign"
            },
            "target_failover": [
              {
                "on_deregistration": null,
                "on_unhealthy": null
              }
            ],
            "target_group_health": [
              {
                "dns_failover": [
                  {
                    "minimum_healthy_targets_count": "1",
                    "minimum_healthy_targets_percentage": "off"
                  }
                ],
                "unhealthy_state_routing": [
                  {
                    "minimum_healthy_targets_count": 1,
                    "minimum_healthy_targets_percentage": "off"
                  }
                ]
              }
            ],
            "target_health_state": [
              {
                "enable_unhealthy_connection_termination": null,
                "unhealthy_draining_interval": null
              }
            ],
            "target_type": "ip",
            "vpc_id": "vpc-04547fdd51aeb6d73"
          },
          "sensitive_attributes": [],
          "identity_schema_version": 0,
          "private": "bnVsbA==",
          "dependencies": [
            "aws_vpc.main"
          ],
          "create_before_destroy": true
        }
      ]
    },
    {
      "mode": "managed",
      "type": "aws_nat_gateway",
      "name": "nat",
      "provider": "provider[\"registry.terraform.io/hashicorp/aws\"]",
      "instances": [
        {
          "schema_version": 0,
          "attributes": {
            "allocation_id": "eipalloc-00f571b4953712f2b",
            "association_id": "eipassoc-0730d9470c65787fa",
            "connectivity_type": "public",
            "id": "nat-00c5a0a761a6a7be2",
            "network_interface_id": "eni-06dafe345060ee14b",
            "private_ip": "10.0.1.90",
            "public_ip": "13.62.254.120",
            "secondary_allocation_ids": [],
            "secondary_private_ip_address_count": 0,
            "secondary_private_ip_addresses": [],
            "subnet_id": "subnet-0020d66e8d7ff202d",
            "tags": {
              "Name": "gw-NAT"
            },
            "tags_all": {
              "Name": "gw-NAT",
              "Owner": "Team",
              "Project": "CloudDesign"
            },
            "timeouts": null
          },
          "sensitive_attributes": [],
          "identity_schema_version": 0,
          "private": "eyJlMmJmYjczMC1lY2FhLTExZTYtOGY4OC0zNDM2M2JjN2M0YzAiOnsiY3JlYXRlIjo2MDAwMDAwMDAwMDAsImRlbGV0ZSI6MTgwMDAwMDAwMDAwMCwidXBkYXRlIjo2MDAwMDAwMDAwMDB9fQ==",
          "dependencies": [
            "aws_eip.nat",
            "aws_internet_gateway.igw",
            "aws_subnet.public_1",
            "aws_vpc.main"
          ]
        }
      ]
    },
    {
      "mode": "managed",
      "type": "aws_route_table",
      "name": "private",
      "provider": "provider[\"registry.terraform.io/hashicorp/aws\"]",
      "instances": [
        {
          "schema_version": 0,
          "attributes": {
            "arn": "arn:aws:ec2:eu-north-1:011237053542:route-table/rtb-051ac44ab958d0ce4",
            "id": "rtb-051ac44ab958d0ce4",
            "owner_id": "011237053542",
            "propagating_vgws": [],
            "route": [
              {
                "carrier_gateway_id": "",
                "cidr_block": "0.0.0.0/0",
                "core_network_arn": "",
                "destination_prefix_list_id": "",
                "egress_only_gateway_id": "",
                "gateway_id": "",
                "ipv6_cidr_block": "",
                "local_gateway_id": "",
                "nat_gateway_id": "nat-00c5a0a761a6a7be2",
                "network_interface_id": "",
                "transit_gateway_id": "",
                "vpc_endpoint_id": "",
                "vpc_peering_connection_id": ""
              }
            ],
            "tags": {
              "Name": "private-route-table"
            },
            "tags_all": {
              "Name": "private-route-table",
              "Owner": "Team",
              "Project": "CloudDesign"
            },
            "timeouts": null,
            "vpc_id": "vpc-04547fdd51aeb6d73"
          },
          "sensitive_attributes": [],
          "identity_schema_version": 0,
          "private": "eyJlMmJmYjczMC1lY2FhLTExZTYtOGY4OC0zNDM2M2JjN2M0YzAiOnsiY3JlYXRlIjozMDAwMDAwMDAwMDAsImRlbGV0ZSI6MzAwMDAwMDAwMDAwLCJ1cGRhdGUiOjEyMDAwMDAwMDAwMH19",
          "dependencies": [
            "aws_eip.nat",
            "aws_internet_gateway.igw",
            "aws_nat_gateway.nat",
            "aws_subnet.public_1",
            "aws_vpc.main"
          ]
        }
      ]
    },
    {
      "mode": "managed",
      "type": "aws_route_table",
      "name": "public",
      "provider": "provider[\"registry.terraform.io/hashicorp/aws\"]",
      "instances": [
        {
          "schema_version": 0,
          "attributes": {
            "arn": "arn:aws:ec2:eu-north-1:011237053542:route-table/rtb-01caa7a0dbacb97ee",
            "id": "rtb-01caa7a0dbacb97ee",
            "owner_id": "011237053542",
            "propagating_vgws": [],
            "route": [
              {
                "carrier_gateway_id": "",
                "cidr_block": "0.0.0.0/0",
                "core_network_arn": "",
                "destination_prefix_list_id": "",
                "egress_only_gateway_id": "",
                "gateway_id": "igw-024e6a0d82b80cfce",
                "ipv6_cidr_block": "",
                "local_gateway_id": "",
                "nat_gateway_id": "",
                "network_interface_id": "",
                "transit_gateway_id": "",
                "vpc_endpoint_id": "",
                "vpc_peering_connection_id": ""
              }
            ],
            "tags": {
              "Name": "public-route-table"
            },
            "tags_all": {
              "Name": "public-route-table",
              "Owner": "Team",
              "Project": "CloudDesign"
            },
            "timeouts": null,
            "vpc_id": "vpc-04547fdd51aeb6d73"
          },
          "sensitive_attributes": [],
          "identity_schema_version": 0,
          "private": "eyJlMmJmYjczMC1lY2FhLTExZTYtOGY4OC0zNDM2M2JjN2M0YzAiOnsiY3JlYXRlIjozMDAwMDAwMDAwMDAsImRlbGV0ZSI6MzAwMDAwMDAwMDAwLCJ1cGRhdGUiOjEyMDAwMDAwMDAwMH19",
          "dependencies": [
            "aws_internet_gateway.igw",
            "aws_vpc.main"
          ]
        }
      ]
    },
    {
      "mode": "managed",
      "type": "aws_route_table_association",
      "name": "private_1",
      "provider": "provider[\"registry.terraform.io/hashicorp/aws\"]",
      "instances": [
        {
          "schema_version": 0,
          "attributes": {
            "gateway_id": "",
            "id": "rtbassoc-0be169bd80c849dfc",
            "route_table_id": "rtb-051ac44ab958d0ce4",
            "subnet_id": "subnet-0373a48fa0a894a50",
            "timeouts": null
          },
          "sensitive_attributes": [],
          "identity_schema_version": 0,
          "private": "eyJlMmJmYjczMC1lY2FhLTExZTYtOGY4OC0zNDM2M2JjN2M0YzAiOnsiY3JlYXRlIjozMDAwMDAwMDAwMDAsImRlbGV0ZSI6MzAwMDAwMDAwMDAwLCJ1cGRhdGUiOjEyMDAwMDAwMDAwMH19",
          "dependencies": [
            "aws_eip.nat",
            "aws_internet_gateway.igw",
            "aws_nat_gateway.nat",
            "aws_route_table.private",
            "aws_subnet.private_1",
            "aws_subnet.public_1",
            "aws_vpc.main"
          ]
        }
      ]
    },
    {
      "mode": "managed",
      "type": "aws_route_table_association",
      "name": "private_2",
      "provider": "provider[\"registry.terraform.io/hashicorp/aws\"]",
      "instances": [
        {
          "schema_version": 0,
          "attributes": {
            "gateway_id": "",
            "id": "rtbassoc-091fe82ad920736a1",
            "route_table_id": "rtb-051ac44ab958d0ce4",
            "subnet_id": "subnet-034b0cce8112bb590",
            "timeouts": null
          },
          "sensitive_attributes": [],
          "identity_schema_version": 0,
          "private": "eyJlMmJmYjczMC1lY2FhLTExZTYtOGY4OC0zNDM2M2JjN2M0YzAiOnsiY3JlYXRlIjozMDAwMDAwMDAwMDAsImRlbGV0ZSI6MzAwMDAwMDAwMDAwLCJ1cGRhdGUiOjEyMDAwMDAwMDAwMH19",
          "dependencies": [
            "aws_eip.nat",
            "aws_internet_gateway.igw",
            "aws_nat_gateway.nat",
            "aws_route_table.private",
            "aws_subnet.private_2",
            "aws_subnet.public_1",
            "aws_vpc.main"
          ]
        }
      ]
    },
    {
      "mode": "managed",
      "type": "aws_route_table_association",
      "name": "public_1",
      "provider": "provider[\"registry.terraform.io/hashicorp/aws\"]",
      "instances": [
        {
          "schema_version": 0,
          "attributes": {
            "gateway_id": "",
            "id": "rtbassoc-0d1f11e6b853e9875",
            "route_table_id": "rtb-01caa7a0dbacb97ee",
            "subnet_id": "subnet-0020d66e8d7ff202d",
            "timeouts": null
          },
          "sensitive_attributes": [],
          "identity_schema_version": 0,
          "private": "eyJlMmJmYjczMC1lY2FhLTExZTYtOGY4OC0zNDM2M2JjN2M0YzAiOnsiY3JlYXRlIjozMDAwMDAwMDAwMDAsImRlbGV0ZSI6MzAwMDAwMDAwMDAwLCJ1cGRhdGUiOjEyMDAwMDAwMDAwMH19",
          "dependencies": [
            "aws_internet_gateway.igw",
            "aws_route_table.public",
            "aws_subnet.public_1",
            "aws_vpc.main"
          ]
        }
      ]
    },
    {
      "mode": "managed",
      "type": "aws_route_table_association",
      "name": "public_2",
      "provider": "provider[\"registry.terraform.io/hashicorp/aws\"]",
      "instances": [
        {
          "schema_version": 0,
          "attributes": {
            "gateway_id": "",
            "id": "rtbassoc-0dd3e5d7b93cfa0b0",
            "route_table_id": "rtb-01caa7a0dbacb97ee",
            "subnet_id": "subnet-007568904f4fd41da",
            "timeouts": null
          },
          "sensitive_attributes": [],
          "identity_schema_version": 0,
          "private": "eyJlMmJmYjczMC1lY2FhLTExZTYtOGY4OC0zNDM2M2JjN2M0YzAiOnsiY3JlYXRlIjozMDAwMDAwMDAwMDAsImRlbGV0ZSI6MzAwMDAwMDAwMDAwLCJ1cGRhdGUiOjEyMDAwMDAwMDAwMH19",
          "dependencies": [
            "aws_internet_gateway.igw",
            "aws_route_table.public",
            "aws_subnet.public_2",
            "aws_vpc.main"
          ]
        }
      ]
    },
    {
      "mode": "managed",
      "type": "aws_security_group",
      "name": "alb_sg",
      "provider": "provider[\"registry.terraform.io/hashicorp/aws\"]",
      "instances": [
        {
          "schema_version": 1,
          "attributes": {
            "arn": "arn:aws:ec2:eu-north-1:011237053542:security-group/sg-03a7991f2846e5379",
            "description": "Allow inbound HTTP traffic",
            "egress": [
              {
                "cidr_blocks": [
                  "0.0.0.0/0"
                ],
                "description": "",
                "from_port": 0,
                "ipv6_cidr_blocks": [],
                "prefix_list_ids": [],
                "protocol": "-1",
                "security_groups": [],
                "self": false,
                "to_port": 0
              }
            ],
            "id": "sg-03a7991f2846e5379",
            "ingress": [
              {
                "cidr_blocks": [
                  "0.0.0.0/0"
                ],
                "description": "",
                "from_port": 443,
                "ipv6_cidr_blocks": [],
                "prefix_list_ids": [],
                "protocol": "tcp",
                "security_groups": [],
                "self": false,
                "to_port": 443
              },
              {
                "cidr_blocks": [
                  "0.0.0.0/0"
                ],
                "description": "",
                "from_port": 80,
                "ipv6_cidr_blocks": [],
                "prefix_list_ids": [],
                "protocol": "tcp",
                "security_groups": [],
                "self": false,
                "to_port": 80
              }
            ],
            "name": "alb-security-group",
            "name_prefix": "",
            "owner_id": "011237053542",
            "revoke_rules_on_delete": false,
            "tags": {},
            "tags_all": {
              "Owner": "Team",
              "Project": "CloudDesign"
            },
            "timeouts": null,
            "vpc_id": "vpc-04547fdd51aeb6d73"
          },
          "sensitive_attributes": [],
          "identity_schema_version": 0,
          "private": "eyJlMmJmYjczMC1lY2FhLTExZTYtOGY4OC0zNDM2M2JjN2M0YzAiOnsiY3JlYXRlIjo2MDAwMDAwMDAwMDAsImRlbGV0ZSI6OTAwMDAwMDAwMDAwfSwic2NoZW1hX3ZlcnNpb24iOiIxIn0=",
          "dependencies": [
            "aws_vpc.main"
          ]
        }
      ]
    },
    {
      "mode": "managed",
      "type": "aws_security_group",
      "name": "ecs_sg",
      "provider": "provider[\"registry.terraform.io/hashicorp/aws\"]",
      "instances": [
        {
          "schema_version": 1,
          "attributes": {
            "arn": "arn:aws:ec2:eu-north-1:011237053542:security-group/sg-0fe196a7107f7a416",
            "description": "Allow inbound traffic from ALB",
            "egress": [
              {
                "cidr_blocks": [
                  "0.0.0.0/0"
                ],
                "description": "",
                "from_port": 0,
                "ipv6_cidr_blocks": [],
                "prefix_list_ids": [],
                "protocol": "-1",
                "security_groups": [],
                "self": false,
                "to_port": 0
              }
            ],
            "id": "sg-0fe196a7107f7a416",
            "ingress": [
              {
                "cidr_blocks": [],
                "description": "",
                "from_port": 0,
                "ipv6_cidr_blocks": [],
                "prefix_list_ids": [],
                "protocol": "tcp",
                "security_groups": [
                  "sg-03a7991f2846e5379"
                ],
                "self": false,
                "to_port": 65535
              },
              {
                "cidr_blocks": [],
                "description": "Allow internal east-west traffic between ECS tasks",
                "from_port": 0,
                "ipv6_cidr_blocks": [],
                "prefix_list_ids": [],
                "protocol": "tcp",
                "security_groups": [],
                "self": true,
                "to_port": 65535
              }
            ],
            "name": "ecs-security-group",
            "name_prefix": "",
            "owner_id": "011237053542",
            "revoke_rules_on_delete": false,
            "tags": {},
            "tags_all": {
              "Owner": "Team",
              "Project": "CloudDesign"
            },
            "timeouts": null,
            "vpc_id": "vpc-04547fdd51aeb6d73"
          },
          "sensitive_attributes": [],
          "identity_schema_version": 0,
          "private": "eyJlMmJmYjczMC1lY2FhLTExZTYtOGY4OC0zNDM2M2JjN2M0YzAiOnsiY3JlYXRlIjo2MDAwMDAwMDAwMDAsImRlbGV0ZSI6OTAwMDAwMDAwMDAwfSwic2NoZW1hX3ZlcnNpb24iOiIxIn0=",
          "dependencies": [
            "aws_security_group.alb_sg",
            "aws_vpc.main"
          ]
        }
      ]
    },
    {
      "mode": "managed",
      "type": "aws_security_group",
      "name": "efs_sg",
      "provider": "provider[\"registry.terraform.io/hashicorp/aws\"]",
      "instances": [
        {
          "schema_version": 1,
          "attributes": {
            "arn": "arn:aws:ec2:eu-north-1:011237053542:security-group/sg-0d8cf0fc1d3fa5e93",
            "description": "Allow NFS traffic from ECS tasks",
            "egress": [
              {
                "cidr_blocks": [
                  "0.0.0.0/0"
                ],
                "description": "",
                "from_port": 0,
                "ipv6_cidr_blocks": [],
                "prefix_list_ids": [],
                "protocol": "-1",
                "security_groups": [],
                "self": false,
                "to_port": 0
              }
            ],
            "id": "sg-0d8cf0fc1d3fa5e93",
            "ingress": [
              {
                "cidr_blocks": [],
                "description": "Allow NFS from ECS tasks",
                "from_port": 2049,
                "ipv6_cidr_blocks": [],
                "prefix_list_ids": [],
                "protocol": "tcp",
                "security_groups": [
                  "sg-0fe196a7107f7a416"
                ],
                "self": false,
                "to_port": 2049
              }
            ],
            "name": "efs-security-group",
            "name_prefix": "",
            "owner_id": "011237053542",
            "revoke_rules_on_delete": false,
            "tags": {},
            "tags_all": {
              "Owner": "Team",
              "Project": "CloudDesign"
            },
            "timeouts": null,
            "vpc_id": "vpc-04547fdd51aeb6d73"
          },
          "sensitive_attributes": [],
          "identity_schema_version": 0,
          "private": "eyJlMmJmYjczMC1lY2FhLTExZTYtOGY4OC0zNDM2M2JjN2M0YzAiOnsiY3JlYXRlIjo2MDAwMDAwMDAwMDAsImRlbGV0ZSI6OTAwMDAwMDAwMDAwfSwic2NoZW1hX3ZlcnNpb24iOiIxIn0=",
          "dependencies": [
            "aws_security_group.alb_sg",
            "aws_security_group.ecs_sg",
            "aws_vpc.main"
          ]
        }
      ]
    },
    {
      "mode": "managed",
      "type": "aws_service_discovery_private_dns_namespace",
      "name": "local",
      "provider": "provider[\"registry.terraform.io/hashicorp/aws\"]",
      "instances": [
        {
          "schema_version": 0,
          "attributes": {
            "arn": "arn:aws:servicediscovery:eu-north-1:011237053542:namespace/ns-6tkelbya3ebo7oip",
            "description": "Private DNS namespace for microservices",
            "hosted_zone": "Z08817541AROC843P6M55",
            "id": "ns-6tkelbya3ebo7oip",
            "name": "local",
            "tags": {},
            "tags_all": {
              "Owner": "Team",
              "Project": "CloudDesign"
            },
            "vpc": "vpc-04547fdd51aeb6d73"
          },
          "sensitive_attributes": [],
          "identity_schema_version": 0,
          "private": "bnVsbA==",
          "dependencies": [
            "aws_vpc.main"
          ]
        }
      ]
    },
    {
      "mode": "managed",
      "type": "aws_service_discovery_service",
      "name": "billing",
      "provider": "provider[\"registry.terraform.io/hashicorp/aws\"]",
      "instances": [
        {
          "schema_version": 0,
          "attributes": {
            "arn": "arn:aws:servicediscovery:eu-north-1:011237053542:service/srv-rpq2pqbmlonzz5kv",
            "description": "",
            "dns_config": [
              {
                "dns_records": [
                  {
                    "ttl": 10,
                    "type": "A"
                  }
                ],
                "namespace_id": "ns-6tkelbya3ebo7oip",
                "routing_policy": "MULTIVALUE"
              }
            ],
            "force_destroy": false,
            "health_check_config": [],
            "health_check_custom_config": [
              {
                "failure_threshold": 1
              }
            ],
            "id": "srv-rpq2pqbmlonzz5kv",
            "name": "billing-app",
            "namespace_id": "ns-6tkelbya3ebo7oip",
            "tags": {},
            "tags_all": {
              "Owner": "Team",
              "Project": "CloudDesign"
            },
            "type": "DNS_HTTP"
          },
          "sensitive_attributes": [],
          "identity_schema_version": 0,
          "private": "bnVsbA==",
          "dependencies": [
            "aws_service_discovery_private_dns_namespace.local",
            "aws_vpc.main"
          ]
        }
      ]
    },
    {
      "mode": "managed",
      "type": "aws_service_discovery_service",
      "name": "inventory",
      "provider": "provider[\"registry.terraform.io/hashicorp/aws\"]",
      "instances": [
        {
          "schema_version": 0,
          "attributes": {
            "arn": "arn:aws:servicediscovery:eu-north-1:011237053542:service/srv-ardp2bynxegbxajh",
            "description": "",
            "dns_config": [
              {
                "dns_records": [
                  {
                    "ttl": 10,
                    "type": "A"
                  }
                ],
                "namespace_id": "ns-6tkelbya3ebo7oip",
                "routing_policy": "MULTIVALUE"
              }
            ],
            "force_destroy": false,
            "health_check_config": [],
            "health_check_custom_config": [
              {
                "failure_threshold": 1
              }
            ],
            "id": "srv-ardp2bynxegbxajh",
            "name": "inventory-app",
            "namespace_id": "ns-6tkelbya3ebo7oip",
            "tags": {},
            "tags_all": {
              "Owner": "Team",
              "Project": "CloudDesign"
            },
            "type": "DNS_HTTP"
          },
          "sensitive_attributes": [],
          "identity_schema_version": 0,
          "private": "bnVsbA==",
          "dependencies": [
            "aws_service_discovery_private_dns_namespace.local",
            "aws_vpc.main"
          ]
        }
      ]
    },
    {
      "mode": "managed",
      "type": "aws_service_discovery_service",
      "name": "rabbitmq",
      "provider": "provider[\"registry.terraform.io/hashicorp/aws\"]",
      "instances": [
        {
          "schema_version": 0,
          "attributes": {
            "arn": "arn:aws:servicediscovery:eu-north-1:011237053542:service/srv-7iacpp5ga7th4pds",
            "description": "",
            "dns_config": [
              {
                "dns_records": [
                  {
                    "ttl": 10,
                    "type": "A"
                  }
                ],
                "namespace_id": "ns-6tkelbya3ebo7oip",
                "routing_policy": "MULTIVALUE"
              }
            ],
            "force_destroy": false,
            "health_check_config": [],
            "health_check_custom_config": [
              {
                "failure_threshold": 1
              }
            ],
            "id": "srv-7iacpp5ga7th4pds",
            "name": "rabbitmq",
            "namespace_id": "ns-6tkelbya3ebo7oip",
            "tags": {},
            "tags_all": {
              "Owner": "Team",
              "Project": "CloudDesign"
            },
            "type": "DNS_HTTP"
          },
          "sensitive_attributes": [],
          "identity_schema_version": 0,
          "private": "bnVsbA==",
          "dependencies": [
            "aws_service_discovery_private_dns_namespace.local",
            "aws_vpc.main"
          ]
        }
      ]
    },
    {
      "mode": "managed",
      "type": "aws_ssm_parameter",
      "name": "billing_db_password",
      "provider": "provider[\"registry.terraform.io/hashicorp/aws\"]",
      "instances": [
        {
          "schema_version": 0,
          "attributes": {
            "allowed_pattern": "",
            "arn": "arn:aws:ssm:eu-north-1:011237053542:parameter/cloud-design/billing-db/password",
            "data_type": "text",
            "description": "",
            "has_value_wo": null,
            "id": "/cloud-design/billing-db/password",
            "insecure_value": null,
            "key_id": "alias/aws/ssm",
            "name": "/cloud-design/billing-db/password",
            "overwrite": null,
            "tags": {},
            "tags_all": {
              "Owner": "Team",
              "Project": "CloudDesign"
            },
            "tier": "Standard",
            "type": "SecureString",
            "value": "dGEK7E688JrxsR3b",
            "value_wo": null,
            "value_wo_version": null,
            "version": 1
          },
          "sensitive_attributes": [
            [
              {
                "type": "get_attr",
                "value": "value"
              }
            ],
            [
              {
                "type": "get_attr",
                "value": "value_wo"
              }
            ]
          ],
          "identity_schema_version": 0,
          "private": "bnVsbA==",
          "dependencies": [
            "random_password.billing_db_password"
          ]
        }
      ]
    },
    {
      "mode": "managed",
      "type": "aws_ssm_parameter",
      "name": "inventory_db_password",
      "provider": "provider[\"registry.terraform.io/hashicorp/aws\"]",
      "instances": [
        {
          "schema_version": 0,
          "attributes": {
            "allowed_pattern": "",
            "arn": "arn:aws:ssm:eu-north-1:011237053542:parameter/cloud-design/inventory-db/password",
            "data_type": "text",
            "description": "",
            "has_value_wo": null,
            "id": "/cloud-design/inventory-db/password",
            "insecure_value": null,
            "key_id": "alias/aws/ssm",
            "name": "/cloud-design/inventory-db/password",
            "overwrite": null,
            "tags": {},
            "tags_all": {
              "Owner": "Team",
              "Project": "CloudDesign"
            },
            "tier": "Standard",
            "type": "SecureString",
            "value": "iyYXYOL2QxqIfvX2",
            "value_wo": null,
            "value_wo_version": null,
            "version": 1
          },
          "sensitive_attributes": [
            [
              {
                "type": "get_attr",
                "value": "value"
              }
            ],
            [
              {
                "type": "get_attr",
                "value": "value_wo"
              }
            ]
          ],
          "identity_schema_version": 0,
          "private": "bnVsbA==",
          "dependencies": [
            "random_password.inventory_db_password"
          ]
        }
      ]
    },
    {
      "mode": "managed",
      "type": "aws_ssm_parameter",
      "name": "rabbitmq_password",
      "provider": "provider[\"registry.terraform.io/hashicorp/aws\"]",
      "instances": [
        {
          "schema_version": 0,
          "attributes": {
            "allowed_pattern": "",
            "arn": "arn:aws:ssm:eu-north-1:011237053542:parameter/cloud-design/rabbitmq/password",
            "data_type": "text",
            "description": "",
            "has_value_wo": null,
            "id": "/cloud-design/rabbitmq/password",
            "insecure_value": null,
            "key_id": "alias/aws/ssm",
            "name": "/cloud-design/rabbitmq/password",
            "overwrite": null,
            "tags": {},
            "tags_all": {
              "Owner": "Team",
              "Project": "CloudDesign"
            },
            "tier": "Standard",
            "type": "SecureString",
            "value": "sH14FIJh9mLpHsQL",
            "value_wo": null,
            "value_wo_version": null,
            "version": 1
          },
          "sensitive_attributes": [
            [
              {
                "type": "get_attr",
                "value": "value"
              }
            ],
            [
              {
                "type": "get_attr",
                "value": "value_wo"
              }
            ]
          ],
          "identity_schema_version": 0,
          "private": "bnVsbA==",
          "dependencies": [
            "random_password.rabbitmq_password"
          ]
        }
      ]
    },
    {
      "mode": "managed",
      "type": "aws_subnet",
      "name": "private_1",
      "provider": "provider[\"registry.terraform.io/hashicorp/aws\"]",
      "instances": [
        {
          "schema_version": 1,
          "attributes": {
            "arn": "arn:aws:ec2:eu-north-1:011237053542:subnet/subnet-0373a48fa0a894a50",
            "assign_ipv6_address_on_creation": false,
            "availability_zone": "eu-north-1a",
            "availability_zone_id": "eun1-az1",
            "cidr_block": "10.0.3.0/24",
            "customer_owned_ipv4_pool": "",
            "enable_dns64": false,
            "enable_lni_at_device_index": 0,
            "enable_resource_name_dns_a_record_on_launch": false,
            "enable_resource_name_dns_aaaa_record_on_launch": false,
            "id": "subnet-0373a48fa0a894a50",
            "ipv6_cidr_block": "",
            "ipv6_cidr_block_association_id": "",
            "ipv6_native": false,
            "map_customer_owned_ip_on_launch": false,
            "map_public_ip_on_launch": false,
            "outpost_arn": "",
            "owner_id": "011237053542",
            "private_dns_hostname_type_on_launch": "ip-name",
            "tags": {
              "Name": "private-subnet-1"
            },
            "tags_all": {
              "Name": "private-subnet-1",
              "Owner": "Team",
              "Project": "CloudDesign"
            },
            "timeouts": null,
            "vpc_id": "vpc-04547fdd51aeb6d73"
          },
          "sensitive_attributes": [],
          "identity_schema_version": 0,
          "private": "eyJlMmJmYjczMC1lY2FhLTExZTYtOGY4OC0zNDM2M2JjN2M0YzAiOnsiY3JlYXRlIjo2MDAwMDAwMDAwMDAsImRlbGV0ZSI6MTIwMDAwMDAwMDAwMH0sInNjaGVtYV92ZXJzaW9uIjoiMSJ9",
          "dependencies": [
            "aws_vpc.main"
          ]
        }
      ]
    },
    {
      "mode": "managed",
      "type": "aws_subnet",
      "name": "private_2",
      "provider": "provider[\"registry.terraform.io/hashicorp/aws\"]",
      "instances": [
        {
          "schema_version": 1,
          "attributes": {
            "arn": "arn:aws:ec2:eu-north-1:011237053542:subnet/subnet-034b0cce8112bb590",
            "assign_ipv6_address_on_creation": false,
            "availability_zone": "eu-north-1b",
            "availability_zone_id": "eun1-az2",
            "cidr_block": "10.0.4.0/24",
            "customer_owned_ipv4_pool": "",
            "enable_dns64": false,
            "enable_lni_at_device_index": 0,
            "enable_resource_name_dns_a_record_on_launch": false,
            "enable_resource_name_dns_aaaa_record_on_launch": false,
            "id": "subnet-034b0cce8112bb590",
            "ipv6_cidr_block": "",
            "ipv6_cidr_block_association_id": "",
            "ipv6_native": false,
            "map_customer_owned_ip_on_launch": false,
            "map_public_ip_on_launch": false,
            "outpost_arn": "",
            "owner_id": "011237053542",
            "private_dns_hostname_type_on_launch": "ip-name",
            "tags": {
              "Name": "private-subnet-2"
            },
            "tags_all": {
              "Name": "private-subnet-2",
              "Owner": "Team",
              "Project": "CloudDesign"
            },
            "timeouts": null,
            "vpc_id": "vpc-04547fdd51aeb6d73"
          },
          "sensitive_attributes": [],
          "identity_schema_version": 0,
          "private": "eyJlMmJmYjczMC1lY2FhLTExZTYtOGY4OC0zNDM2M2JjN2M0YzAiOnsiY3JlYXRlIjo2MDAwMDAwMDAwMDAsImRlbGV0ZSI6MTIwMDAwMDAwMDAwMH0sInNjaGVtYV92ZXJzaW9uIjoiMSJ9",
          "dependencies": [
            "aws_vpc.main"
          ]
        }
      ]
    },
    {
      "mode": "managed",
      "type": "aws_subnet",
      "name": "public_1",
      "provider": "provider[\"registry.terraform.io/hashicorp/aws\"]",
      "instances": [
        {
          "schema_version": 1,
          "attributes": {
            "arn": "arn:aws:ec2:eu-north-1:011237053542:subnet/subnet-0020d66e8d7ff202d",
            "assign_ipv6_address_on_creation": false,
            "availability_zone": "eu-north-1a",
            "availability_zone_id": "eun1-az1",
            "cidr_block": "10.0.1.0/24",
            "customer_owned_ipv4_pool": "",
            "enable_dns64": false,
            "enable_lni_at_device_index": 0,
            "enable_resource_name_dns_a_record_on_launch": false,
            "enable_resource_name_dns_aaaa_record_on_launch": false,
            "id": "subnet-0020d66e8d7ff202d",
            "ipv6_cidr_block": "",
            "ipv6_cidr_block_association_id": "",
            "ipv6_native": false,
            "map_customer_owned_ip_on_launch": false,
            "map_public_ip_on_launch": true,
            "outpost_arn": "",
            "owner_id": "011237053542",
            "private_dns_hostname_type_on_launch": "ip-name",
            "tags": {
              "Name": "public-subnet-1"
            },
            "tags_all": {
              "Name": "public-subnet-1",
              "Owner": "Team",
              "Project": "CloudDesign"
            },
            "timeouts": null,
            "vpc_id": "vpc-04547fdd51aeb6d73"
          },
          "sensitive_attributes": [],
          "identity_schema_version": 0,
          "private": "eyJlMmJmYjczMC1lY2FhLTExZTYtOGY4OC0zNDM2M2JjN2M0YzAiOnsiY3JlYXRlIjo2MDAwMDAwMDAwMDAsImRlbGV0ZSI6MTIwMDAwMDAwMDAwMH0sInNjaGVtYV92ZXJzaW9uIjoiMSJ9",
          "dependencies": [
            "aws_vpc.main"
          ]
        }
      ]
    },
    {
      "mode": "managed",
      "type": "aws_subnet",
      "name": "public_2",
      "provider": "provider[\"registry.terraform.io/hashicorp/aws\"]",
      "instances": [
        {
          "schema_version": 1,
          "attributes": {
            "arn": "arn:aws:ec2:eu-north-1:011237053542:subnet/subnet-007568904f4fd41da",
            "assign_ipv6_address_on_creation": false,
            "availability_zone": "eu-north-1b",
            "availability_zone_id": "eun1-az2",
            "cidr_block": "10.0.2.0/24",
            "customer_owned_ipv4_pool": "",
            "enable_dns64": false,
            "enable_lni_at_device_index": 0,
            "enable_resource_name_dns_a_record_on_launch": false,
            "enable_resource_name_dns_aaaa_record_on_launch": false,
            "id": "subnet-007568904f4fd41da",
            "ipv6_cidr_block": "",
            "ipv6_cidr_block_association_id": "",
            "ipv6_native": false,
            "map_customer_owned_ip_on_launch": false,
            "map_public_ip_on_launch": true,
            "outpost_arn": "",
            "owner_id": "011237053542",
            "private_dns_hostname_type_on_launch": "ip-name",
            "tags": {
              "Name": "public-subnet-2"
            },
            "tags_all": {
              "Name": "public-subnet-2",
              "Owner": "Team",
              "Project": "CloudDesign"
            },
            "timeouts": null,
            "vpc_id": "vpc-04547fdd51aeb6d73"
          },
          "sensitive_attributes": [],
          "identity_schema_version": 0,
          "private": "eyJlMmJmYjczMC1lY2FhLTExZTYtOGY4OC0zNDM2M2JjN2M0YzAiOnsiY3JlYXRlIjo2MDAwMDAwMDAwMDAsImRlbGV0ZSI6MTIwMDAwMDAwMDAwMH0sInNjaGVtYV92ZXJzaW9uIjoiMSJ9",
          "dependencies": [
            "aws_vpc.main"
          ]
        }
      ]
    },
    {
      "mode": "managed",
      "type": "aws_vpc",
      "name": "main",
      "provider": "provider[\"registry.terraform.io/hashicorp/aws\"]",
      "instances": [
        {
          "schema_version": 1,
          "attributes": {
            "arn": "arn:aws:ec2:eu-north-1:011237053542:vpc/vpc-04547fdd51aeb6d73",
            "assign_generated_ipv6_cidr_block": false,
            "cidr_block": "10.0.0.0/16",
            "default_network_acl_id": "acl-0665d41d51a78b609",
            "default_route_table_id": "rtb-094cf30894fcfd781",
            "default_security_group_id": "sg-04a7822c7c85b24be",
            "dhcp_options_id": "dopt-017dcbbb710eff3ca",
            "enable_dns_hostnames": true,
            "enable_dns_support": true,
            "enable_network_address_usage_metrics": false,
            "id": "vpc-04547fdd51aeb6d73",
            "instance_tenancy": "default",
            "ipv4_ipam_pool_id": null,
            "ipv4_netmask_length": null,
            "ipv6_association_id": "",
            "ipv6_cidr_block": "",
            "ipv6_cidr_block_network_border_group": "",
            "ipv6_ipam_pool_id": "",
            "ipv6_netmask_length": 0,
            "main_route_table_id": "rtb-094cf30894fcfd781",
            "owner_id": "011237053542",
            "tags": {
              "Name": "cloud-design-vpc"
            },
            "tags_all": {
              "Name": "cloud-design-vpc",
              "Owner": "Team",
              "Project": "CloudDesign"
            }
          },
          "sensitive_attributes": [],
          "identity_schema_version": 0,
          "private": "eyJzY2hlbWFfdmVyc2lvbiI6IjEifQ==",
          "create_before_destroy": true
        }
      ]
    },
    {
      "mode": "managed",
      "type": "random_password",
      "name": "billing_db_password",
      "provider": "provider[\"registry.terraform.io/hashicorp/random\"]",
      "instances": [
        {
          "schema_version": 3,
          "attributes": {
            "bcrypt_hash": "$2a$10$Shxh9QyTo.JQPCoG4yNL.u.zrsDa7xkaRTr/1JfXpHQZsDpvc/jna",
            "id": "none",
            "keepers": null,
            "length": 16,
            "lower": true,
            "min_lower": 0,
            "min_numeric": 0,
            "min_special": 0,
            "min_upper": 0,
            "number": true,
            "numeric": true,
            "override_special": null,
            "result": "dGEK7E688JrxsR3b",
            "special": false,
            "upper": true
          },
          "sensitive_attributes": [
            [
              {
                "type": "get_attr",
                "value": "bcrypt_hash"
              }
            ],
            [
              {
                "type": "get_attr",
                "value": "result"
              }
            ]
          ],
          "identity_schema_version": 0
        }
      ]
    },
    {
      "mode": "managed",
      "type": "random_password",
      "name": "inventory_db_password",
      "provider": "provider[\"registry.terraform.io/hashicorp/random\"]",
      "instances": [
        {
          "schema_version": 3,
          "attributes": {
            "bcrypt_hash": "$2a$10$x07Tjy2c59fx1H.0qheQDuK8gJ7mQ5GaqNmW6IHfC/421FM/R7p8.",
            "id": "none",
            "keepers": null,
            "length": 16,
            "lower": true,
            "min_lower": 0,
            "min_numeric": 0,
            "min_special": 0,
            "min_upper": 0,
            "number": true,
            "numeric": true,
            "override_special": null,
            "result": "iyYXYOL2QxqIfvX2",
            "special": false,
            "upper": true
          },
          "sensitive_attributes": [
            [
              {
                "type": "get_attr",
                "value": "bcrypt_hash"
              }
            ],
            [
              {
                "type": "get_attr",
                "value": "result"
              }
            ]
          ],
          "identity_schema_version": 0
        }
      ]
    },
    {
      "mode": "managed",
      "type": "random_password",
      "name": "rabbitmq_password",
      "provider": "provider[\"registry.terraform.io/hashicorp/random\"]",
      "instances": [
        {
          "schema_version": 3,
          "attributes": {
            "bcrypt_hash": "$2a$10$gowN17yPn7jMJJVbuCI3SupuXRUKSyXzEgLUB4lEA8TSRtScy5E4K",
            "id": "none",
            "keepers": null,
            "length": 16,
            "lower": true,
            "min_lower": 0,
            "min_numeric": 0,
            "min_special": 0,
            "min_upper": 0,
            "number": true,
            "numeric": true,
            "override_special": null,
            "result": "sH14FIJh9mLpHsQL",
            "special": false,
            "upper": true
          },
          "sensitive_attributes": [
            [
              {
                "type": "get_attr",
                "value": "bcrypt_hash"
              }
            ],
            [
              {
                "type": "get_attr",
                "value": "result"
              }
            ]
          ],
          "identity_schema_version": 0
        }
      ]
    },
    {
      "mode": "managed",
      "type": "tls_private_key",
      "name": "alb_cert",
      "provider": "provider[\"registry.terraform.io/hashicorp/tls\"]",
      "instances": [
        {
          "schema_version": 1,
          "attributes": {
            "algorithm": "RSA",
            "ecdsa_curve": "P224",
            "id": "1bdb0b3eeb60a987069965703b8f63dbde84f205",
            "private_key_openssh": "-----BEGIN OPENSSH PRIVATE KEY-----\nb3BlbnNzaC1rZXktdjEAAAAABG5vbmUAAAAEbm9uZQAAAAAAAAABAAABFwAAAAdz\nc2gtcnNhAAAAAwEAAQAAAQEAuRotjPmbEUJSJZEyeIKDVJtYxPgdb+K0WCRvpE2o\n+doYbZGNdgsibjdxIaY5RQoVbnQQbNasurBT9FNTF8OYR8kpEMxW1XwiQ2myydSg\nwEdxJ+0sxb9yPc5trQmCYy8z7RuQcCSr/41j90Mib8WqdgKz+4V1AS2DfI7czQ5I\nkzKNzFHb6M/j7nLHN3IPGjMwdhDxVsPC7zQCCBjPBRBSPGK+OOmOXaXq6Rt8nQch\nVlpkHsWukuyS3eXHqQYOsxu5L750GEAWV6XQNV9GfzWe8iwN0DTu+EL/8A5zv/On\nzwKLMjA3egOQjCrpX4sD7P6PIX6vtd3BeXypKMprrbG5fQAAA7h9a1u9fWtbvQAA\nAAdzc2gtcnNhAAABAQC5Gi2M+ZsRQlIlkTJ4goNUm1jE+B1v4rRYJG+kTaj52hht\nkY12CyJuN3EhpjlFChVudBBs1qy6sFP0U1MXw5hHySkQzFbVfCJDabLJ1KDAR3En\n7SzFv3I9zm2tCYJjLzPtG5BwJKv/jWP3QyJvxap2ArP7hXUBLYN8jtzNDkiTMo3M\nUdvoz+Pucsc3cg8aMzB2EPFWw8LvNAIIGM8FEFI8Yr446Y5dperpG3ydByFWWmQe\nxa6S7JLd5cepBg6zG7kvvnQYQBZXpdA1X0Z/NZ7yLA3QNO74Qv/wDnO/86fPAosy\nMDd6A5CMKulfiwPs/o8hfq+13cF5fKkoymutsbl9AAAAAwEAAQAAAQAhBGRfox5f\n476XaODh0hXu/47EA6XskTmuB0HKwveDKb31vWLITZAkrMsHP4kzoWrVOuq7H0fM\nPSuch0hpEsCU/XLPxkMu7WeHMtFrYvwRkCzE/G9iDpYoJCw4E1woqQDQKHyJJGFx\nwhy0vErmORIA3taP5OxL+3xauXj1MrkLWEl6byzQvv/OLprifZJSsA09hligbu/U\nqp/fhfRxqUsBmeehNtdQbhZS66L9GoKowlS20m2g0I5FvRkODwieNerXe+uLW1/C\nGv5UQiyw2cSv1cPBBToT3iKrZsy6Y7hgdDCDYeadmwG7bclfTdmk4YjHfgHGUjVd\nqVO4yyDqEm2ZAAAAgCZxxvhmErgwDJd7UloRAsD0pJbqnTJLZNVW9kzPuwlMXkVt\n0I9bGgavFdAhhO49rr0NpRtxFn06mIanpBGVRZyhJM5PGD0845DzdiGGPqFHeud0\nz2/Sto8tcX7rrTsTuPwD1bOCOq8zIqT8M4fV29kg+SgYgFg5AEy/eT1VmxiNAAAA\ngQDVg+XIL6JU6CIqtckADbNxwxvpXbXaagMqy8bLukeA0mcZmwhFaTWCRNzVM5uA\n8LeSMfJ7EqNjgrAZltYREj9cxZRacwUR3PBF3TscNjWQ9N+mud9/YUMzmkoGi1QC\nIoe1zXaTbYtNj5gox6vLaQ5i4H2LpSob2YDMDuABj3v6uwAAAIEA3e743FIJlp6i\nwNW+JtNVkaPbGW5mJ9xtOf9FAWrOf0XfldUOKp5jjzSl41rvKFGOBwbnVqTPOisA\ncqfMxe8HWQL1m4XOovPLYtrS5hzirR3f1g3yYmH0fIuE6p4JLxCLzlnxFtq5L1sD\nNVXMMQ2+u3OHv6EEVHhJnmxpp4pcpScAAAAAAQID\n-----END OPENSSH PRIVATE KEY-----\n",
            "private_key_pem": "-----BEGIN RSA PRIVATE KEY-----\nMIIEowIBAAKCAQEAuRotjPmbEUJSJZEyeIKDVJtYxPgdb+K0WCRvpE2o+doYbZGN\ndgsibjdxIaY5RQoVbnQQbNasurBT9FNTF8OYR8kpEMxW1XwiQ2myydSgwEdxJ+0s\nxb9yPc5trQmCYy8z7RuQcCSr/41j90Mib8WqdgKz+4V1AS2DfI7czQ5IkzKNzFHb\n6M/j7nLHN3IPGjMwdhDxVsPC7zQCCBjPBRBSPGK+OOmOXaXq6Rt8nQchVlpkHsWu\nkuyS3eXHqQYOsxu5L750GEAWV6XQNV9GfzWe8iwN0DTu+EL/8A5zv/OnzwKLMjA3\negOQjCrpX4sD7P6PIX6vtd3BeXypKMprrbG5fQIDAQABAoIBACEEZF+jHl/jvpdo\n4OHSFe7/jsQDpeyROa4HQcrC94MpvfW9YshNkCSsywc/iTOhatU66rsfR8w9K5yH\nSGkSwJT9cs/GQy7tZ4cy0Wti/BGQLMT8b2IOligkLDgTXCipANAofIkkYXHCHLS8\nSuY5EgDe1o/k7Ev7fFq5ePUyuQtYSXpvLNC+/84umuJ9klKwDT2GWKBu79Sqn9+F\n9HGpSwGZ56E211BuFlLrov0agqjCVLbSbaDQjkW9GQ4PCJ416td764tbX8Ia/lRC\nLLDZxK/Vw8EFOhPeIqtmzLpjuGB0MINh5p2bAbttyV9N2aThiMd+AcZSNV2pU7jL\nIOoSbZkCgYEA1YPlyC+iVOgiKrXJAA2zccMb6V212moDKsvGy7pHgNJnGZsIRWk1\ngkTc1TObgPC3kjHyexKjY4KwGZbWERI/XMWUWnMFEdzwRd07HDY1kPTfprnff2FD\nM5pKBotUAiKHtc12k22LTY+YKMery2kOYuB9i6UqG9mAzA7gAY97+rsCgYEA3e74\n3FIJlp6iwNW+JtNVkaPbGW5mJ9xtOf9FAWrOf0XfldUOKp5jjzSl41rvKFGOBwbn\nVqTPOisAcqfMxe8HWQL1m4XOovPLYtrS5hzirR3f1g3yYmH0fIuE6p4JLxCLzlnx\nFtq5L1sDNVXMMQ2+u3OHv6EEVHhJnmxpp4pcpScCgYEAhFjYosib98NYAl9h8w2L\nEFYfQ/0ZTwRtaCad2ARkc/53d9C4RMYdK91hgSoXFsqfDxi0tALuki0c2Q+9KyHD\ncs7p0VMAbn0j1jp2fFtBwtN2mlMWrU9tp1vYzMuqTBR5SIDOIj5BndcHOyfhXhmF\nmFaMm3XKby7X/iSuR2lYMScCgYAA21RQnWx2DWS5c9nJEpXI+yX0Yi24x6wQRkEA\n8WWcritfy7PDTFs8CUr+prI3qKDwvAEWn4pBQjs9NhKfTP3tRQqnsAuNK33Egu2/\nf6sMWgosLF+cK56jAHLh6PxGFz1C7av1l6CRYzuO8CbapZ/v31FN1xRKMzCtkOOT\nhwA2jwKBgCZxxvhmErgwDJd7UloRAsD0pJbqnTJLZNVW9kzPuwlMXkVt0I9bGgav\nFdAhhO49rr0NpRtxFn06mIanpBGVRZyhJM5PGD0845DzdiGGPqFHeud0z2/Sto8t\ncX7rrTsTuPwD1bOCOq8zIqT8M4fV29kg+SgYgFg5AEy/eT1VmxiN\n-----END RSA PRIVATE KEY-----\n",
            "private_key_pem_pkcs8": "-----BEGIN PRIVATE KEY-----\nMIIEvQIBADANBgkqhkiG9w0BAQEFAASCBKcwggSjAgEAAoIBAQC5Gi2M+ZsRQlIl\nkTJ4goNUm1jE+B1v4rRYJG+kTaj52hhtkY12CyJuN3EhpjlFChVudBBs1qy6sFP0\nU1MXw5hHySkQzFbVfCJDabLJ1KDAR3En7SzFv3I9zm2tCYJjLzPtG5BwJKv/jWP3\nQyJvxap2ArP7hXUBLYN8jtzNDkiTMo3MUdvoz+Pucsc3cg8aMzB2EPFWw8LvNAII\nGM8FEFI8Yr446Y5dperpG3ydByFWWmQexa6S7JLd5cepBg6zG7kvvnQYQBZXpdA1\nX0Z/NZ7yLA3QNO74Qv/wDnO/86fPAosyMDd6A5CMKulfiwPs/o8hfq+13cF5fKko\nymutsbl9AgMBAAECggEAIQRkX6MeX+O+l2jg4dIV7v+OxAOl7JE5rgdBysL3gym9\n9b1iyE2QJKzLBz+JM6Fq1Trqux9HzD0rnIdIaRLAlP1yz8ZDLu1nhzLRa2L8EZAs\nxPxvYg6WKCQsOBNcKKkA0Ch8iSRhccIctLxK5jkSAN7Wj+TsS/t8Wrl49TK5C1hJ\nem8s0L7/zi6a4n2SUrANPYZYoG7v1Kqf34X0calLAZnnoTbXUG4WUuui/RqCqMJU\nttJtoNCORb0ZDg8InjXq13vri1tfwhr+VEIssNnEr9XDwQU6E94iq2bMumO4YHQw\ng2HmnZsBu23JX03ZpOGIx34BxlI1XalTuMsg6hJtmQKBgQDVg+XIL6JU6CIqtckA\nDbNxwxvpXbXaagMqy8bLukeA0mcZmwhFaTWCRNzVM5uA8LeSMfJ7EqNjgrAZltYR\nEj9cxZRacwUR3PBF3TscNjWQ9N+mud9/YUMzmkoGi1QCIoe1zXaTbYtNj5gox6vL\naQ5i4H2LpSob2YDMDuABj3v6uwKBgQDd7vjcUgmWnqLA1b4m01WRo9sZbmYn3G05\n/0UBas5/Rd+V1Q4qnmOPNKXjWu8oUY4HBudWpM86KwByp8zF7wdZAvWbhc6i88ti\n2tLmHOKtHd/WDfJiYfR8i4TqngkvEIvOWfEW2rkvWwM1VcwxDb67c4e/oQRUeEme\nbGmnilylJwKBgQCEWNiiyJv3w1gCX2HzDYsQVh9D/RlPBG1oJp3YBGRz/nd30LhE\nxh0r3WGBKhcWyp8PGLS0Au6SLRzZD70rIcNyzunRUwBufSPWOnZ8W0HC03aaUxat\nT22nW9jMy6pMFHlIgM4iPkGd1wc7J+FeGYWYVoybdcpvLtf+JK5HaVgxJwKBgADb\nVFCdbHYNZLlz2ckSlcj7JfRiLbjHrBBGQQDxZZyuK1/Ls8NMWzwJSv6msjeooPC8\nARafikFCOz02Ep9M/e1FCqewC40rfcSC7b9/qwxaCiwsX5wrnqMAcuHo/EYXPULt\nq/WXoJFjO47wJtqln+/fUU3XFEozMK2Q45OHADaPAoGAJnHG+GYSuDAMl3tSWhEC\nwPSkluqdMktk1Vb2TM+7CUxeRW3Qj1saBq8V0CGE7j2uvQ2lG3EWfTqYhqekEZVF\nnKEkzk8YPTzjkPN2IYY+oUd653TPb9K2jy1xfuutOxO4/APVs4I6rzMipPwzh9Xb\n2SD5KBiAWDkATL95PVWbGI0=\n-----END PRIVATE KEY-----\n",
            "public_key_fingerprint_md5": "c3:4a:a5:f8:cc:86:be:94:21:23:a0:b7:d1:a9:3e:70",
            "public_key_fingerprint_sha256": "SHA256:AfFyzgqcF+H74/h/adpBkXu4N9RR78H61oU5LSZutWg",
            "public_key_openssh": "ssh-rsa AAAAB3NzaC1yc2EAAAADAQABAAABAQC5Gi2M+ZsRQlIlkTJ4goNUm1jE+B1v4rRYJG+kTaj52hhtkY12CyJuN3EhpjlFChVudBBs1qy6sFP0U1MXw5hHySkQzFbVfCJDabLJ1KDAR3En7SzFv3I9zm2tCYJjLzPtG5BwJKv/jWP3QyJvxap2ArP7hXUBLYN8jtzNDkiTMo3MUdvoz+Pucsc3cg8aMzB2EPFWw8LvNAIIGM8FEFI8Yr446Y5dperpG3ydByFWWmQexa6S7JLd5cepBg6zG7kvvnQYQBZXpdA1X0Z/NZ7yLA3QNO74Qv/wDnO/86fPAosyMDd6A5CMKulfiwPs/o8hfq+13cF5fKkoymutsbl9\n",
            "public_key_pem": "-----BEGIN PUBLIC KEY-----\nMIIBIjANBgkqhkiG9w0BAQEFAAOCAQ8AMIIBCgKCAQEAuRotjPmbEUJSJZEyeIKD\nVJtYxPgdb+K0WCRvpE2o+doYbZGNdgsibjdxIaY5RQoVbnQQbNasurBT9FNTF8OY\nR8kpEMxW1XwiQ2myydSgwEdxJ+0sxb9yPc5trQmCYy8z7RuQcCSr/41j90Mib8Wq\ndgKz+4V1AS2DfI7czQ5IkzKNzFHb6M/j7nLHN3IPGjMwdhDxVsPC7zQCCBjPBRBS\nPGK+OOmOXaXq6Rt8nQchVlpkHsWukuyS3eXHqQYOsxu5L750GEAWV6XQNV9GfzWe\n8iwN0DTu+EL/8A5zv/OnzwKLMjA3egOQjCrpX4sD7P6PIX6vtd3BeXypKMprrbG5\nfQIDAQAB\n-----END PUBLIC KEY-----\n",
            "rsa_bits": 2048
          },
          "sensitive_attributes": [
            [
              {
                "type": "get_attr",
                "value": "private_key_openssh"
              }
            ],
            [
              {
                "type": "get_attr",
                "value": "private_key_pem"
              }
            ],
            [
              {
                "type": "get_attr",
                "value": "private_key_pem_pkcs8"
              }
            ]
          ],
          "identity_schema_version": 0
        }
      ]
    },
    {
      "mode": "managed",
      "type": "tls_self_signed_cert",
      "name": "alb_cert",
      "provider": "provider[\"registry.terraform.io/hashicorp/tls\"]",
      "instances": [
        {
          "schema_version": 0,
          "attributes": {
            "allowed_uses": [
              "key_encipherment",
              "digital_signature",
              "server_auth"
            ],
            "cert_pem": "-----BEGIN CERTIFICATE-----\nMIIDODCCAiCgAwIBAgIRAKeqjFS21G4rVpBN0GB61O4wDQYJKoZIhvcNAQELBQAw\nPDEZMBcGA1UEChMQQ2xvdWQgRGVzaWduIEFwcDEfMB0GA1UEAxMWYXBpLmNsb3Vk\nLWRlc2lnbi5sb2NhbDAeFw0yNjA1MjYwODQ0MTBaFw0zNjA1MjMwODQ0MTBaMDwx\nGTAXBgNVBAoTEENsb3VkIERlc2lnbiBBcHAxHzAdBgNVBAMTFmFwaS5jbG91ZC1k\nZXNpZ24ubG9jYWwwggEiMA0GCSqGSIb3DQEBAQUAA4IBDwAwggEKAoIBAQC5Gi2M\n+ZsRQlIlkTJ4goNUm1jE+B1v4rRYJG+kTaj52hhtkY12CyJuN3EhpjlFChVudBBs\n1qy6sFP0U1MXw5hHySkQzFbVfCJDabLJ1KDAR3En7SzFv3I9zm2tCYJjLzPtG5Bw\nJKv/jWP3QyJvxap2ArP7hXUBLYN8jtzNDkiTMo3MUdvoz+Pucsc3cg8aMzB2EPFW\nw8LvNAIIGM8FEFI8Yr446Y5dperpG3ydByFWWmQexa6S7JLd5cepBg6zG7kvvnQY\nQBZXpdA1X0Z/NZ7yLA3QNO74Qv/wDnO/86fPAosyMDd6A5CMKulfiwPs/o8hfq+1\n3cF5fKkoymutsbl9AgMBAAGjNTAzMA4GA1UdDwEB/wQEAwIFoDATBgNVHSUEDDAK\nBggrBgEFBQcDATAMBgNVHRMBAf8EAjAAMA0GCSqGSIb3DQEBCwUAA4IBAQCxcFhY\nnIpagkikcpqonWiE6ZWrNwFWhjyyBMsN+lFZXwTKHNvwqGhI2TwjX2p+w5pCGFmO\noGnA4ncynkvUwSAwpImxzY1IR8/4JhCL//jP76L/5PhrwGFa2ozm7BJXP/SD1CwU\nVFcPz/MHTdWQP7Se/CyRDxbjywh2Vn2ZHcywV/v7UfT0QR6C00Eietd1S6tC+qcg\nwIcBZf8uR2LZ+s4ZKqfPrfGiRd+zoaPthW6V31CTS57a3vnK3ABHVnLFgVV9CXxl\n4NJGmv8/2DYRVBfYJ5HVZLWoEGkJU3/oj3J5/LlUoDgP8AZDvFxrqA82US6tVy3d\nOejs6gH+1xiRHENP\n-----END CERTIFICATE-----\n",
            "dns_names": null,
            "early_renewal_hours": 0,
            "id": "222866612011125118224853459680364254446",
            "ip_addresses": null,
            "is_ca_certificate": false,
            "key_algorithm": "RSA",
            "max_path_length": null,
            "private_key_pem": "-----BEGIN RSA PRIVATE KEY-----\nMIIEowIBAAKCAQEAuRotjPmbEUJSJZEyeIKDVJtYxPgdb+K0WCRvpE2o+doYbZGN\ndgsibjdxIaY5RQoVbnQQbNasurBT9FNTF8OYR8kpEMxW1XwiQ2myydSgwEdxJ+0s\nxb9yPc5trQmCYy8z7RuQcCSr/41j90Mib8WqdgKz+4V1AS2DfI7czQ5IkzKNzFHb\n6M/j7nLHN3IPGjMwdhDxVsPC7zQCCBjPBRBSPGK+OOmOXaXq6Rt8nQchVlpkHsWu\nkuyS3eXHqQYOsxu5L750GEAWV6XQNV9GfzWe8iwN0DTu+EL/8A5zv/OnzwKLMjA3\negOQjCrpX4sD7P6PIX6vtd3BeXypKMprrbG5fQIDAQABAoIBACEEZF+jHl/jvpdo\n4OHSFe7/jsQDpeyROa4HQcrC94MpvfW9YshNkCSsywc/iTOhatU66rsfR8w9K5yH\nSGkSwJT9cs/GQy7tZ4cy0Wti/BGQLMT8b2IOligkLDgTXCipANAofIkkYXHCHLS8\nSuY5EgDe1o/k7Ev7fFq5ePUyuQtYSXpvLNC+/84umuJ9klKwDT2GWKBu79Sqn9+F\n9HGpSwGZ56E211BuFlLrov0agqjCVLbSbaDQjkW9GQ4PCJ416td764tbX8Ia/lRC\nLLDZxK/Vw8EFOhPeIqtmzLpjuGB0MINh5p2bAbttyV9N2aThiMd+AcZSNV2pU7jL\nIOoSbZkCgYEA1YPlyC+iVOgiKrXJAA2zccMb6V212moDKsvGy7pHgNJnGZsIRWk1\ngkTc1TObgPC3kjHyexKjY4KwGZbWERI/XMWUWnMFEdzwRd07HDY1kPTfprnff2FD\nM5pKBotUAiKHtc12k22LTY+YKMery2kOYuB9i6UqG9mAzA7gAY97+rsCgYEA3e74\n3FIJlp6iwNW+JtNVkaPbGW5mJ9xtOf9FAWrOf0XfldUOKp5jjzSl41rvKFGOBwbn\nVqTPOisAcqfMxe8HWQL1m4XOovPLYtrS5hzirR3f1g3yYmH0fIuE6p4JLxCLzlnx\nFtq5L1sDNVXMMQ2+u3OHv6EEVHhJnmxpp4pcpScCgYEAhFjYosib98NYAl9h8w2L\nEFYfQ/0ZTwRtaCad2ARkc/53d9C4RMYdK91hgSoXFsqfDxi0tALuki0c2Q+9KyHD\ncs7p0VMAbn0j1jp2fFtBwtN2mlMWrU9tp1vYzMuqTBR5SIDOIj5BndcHOyfhXhmF\nmFaMm3XKby7X/iSuR2lYMScCgYAA21RQnWx2DWS5c9nJEpXI+yX0Yi24x6wQRkEA\n8WWcritfy7PDTFs8CUr+prI3qKDwvAEWn4pBQjs9NhKfTP3tRQqnsAuNK33Egu2/\nf6sMWgosLF+cK56jAHLh6PxGFz1C7av1l6CRYzuO8CbapZ/v31FN1xRKMzCtkOOT\nhwA2jwKBgCZxxvhmErgwDJd7UloRAsD0pJbqnTJLZNVW9kzPuwlMXkVt0I9bGgav\nFdAhhO49rr0NpRtxFn06mIanpBGVRZyhJM5PGD0845DzdiGGPqFHeud0z2/Sto8t\ncX7rrTsTuPwD1bOCOq8zIqT8M4fV29kg+SgYgFg5AEy/eT1VmxiN\n-----END RSA PRIVATE KEY-----\n",
            "ready_for_renewal": false,
            "set_authority_key_id": false,
            "set_subject_key_id": false,
            "subject": [
              {
                "common_name": "api.cloud-design.local",
                "country": null,
                "email_address": null,
                "locality": null,
                "organization": "Cloud Design App",
                "organizational_unit": null,
                "postal_code": null,
                "province": null,
                "serial_number": null,
                "street_address": null
              }
            ],
            "uris": null,
            "validity_end_time": "2036-05-23T11:44:10.336652+03:00",
            "validity_period_hours": 87600,
            "validity_start_time": "2026-05-26T11:44:10.336652+03:00"
          },
          "sensitive_attributes": [
            [
              {
                "type": "get_attr",
                "value": "private_key_pem"
              }
            ]
          ],
          "identity_schema_version": 0,
          "dependencies": [
            "tls_private_key.alb_cert"
          ]
        }
      ]
    }
  ],
  "check_results": null
}
