{
  "version": 4,
  "terraform_version": "1.15.2",
  "serial": 623,
  "lineage": "8e545170-3f9a-a8f5-7e55-ec1bb169ca45",
  "outputs": {
    "alb_url": {
      "value": "cloud-design-alb-433299173.eu-north-1.elb.amazonaws.com",
      "type": "string"
    }
  },
  "resources": [
    {
      "mode": "data",
      "type": "aws_region",
      "name": "current",
      "provider": "provider[\"registry.terraform.io/hashicorp/aws\"]",
      "instances": [
        {
          "schema_version": 0,
          "attributes": {
            "description": "Europe (Stockholm)",
            "endpoint": "ec2.eu-north-1.amazonaws.com",
            "id": "eu-north-1",
            "name": "eu-north-1"
          },
          "sensitive_attributes": [],
          "identity_schema_version": 0
        }
      ]
    },
    {
      "mode": "data",
      "type": "aws_ssm_parameter",
      "name": "ecs_ami",
      "provider": "provider[\"registry.terraform.io/hashicorp/aws\"]",
      "instances": [
        {
          "schema_version": 0,
          "attributes": {
            "arn": "arn:aws:ssm:eu-north-1::parameter/aws/service/ecs/optimized-ami/amazon-linux-2/recommended/image_id",
            "id": "/aws/service/ecs/optimized-ami/amazon-linux-2/recommended/image_id",
            "insecure_value": "ami-08a0272d3bdbbfd24",
            "name": "/aws/service/ecs/optimized-ami/amazon-linux-2/recommended/image_id",
            "type": "String",
            "value": "ami-08a0272d3bdbbfd24",
            "version": 240,
            "with_decryption": true
          },
          "sensitive_attributes": [
            [
              {
                "type": "get_attr",
                "value": "value"
              }
            ]
          ],
          "identity_schema_version": 0
        }
      ]
    },
    {
      "mode": "managed",
      "type": "aws_acm_certificate",
      "name": "alb_cert",
      "provider": "provider[\"registry.terraform.io/hashicorp/aws\"]",
      "instances": [
        {
          "schema_version": 0,
          "attributes": {
            "arn": "arn:aws:acm:eu-north-1:011237053542:certificate/a09e9160-55b0-4588-b71e-2e9c71ebf686",
            "certificate_authority_arn": "",
            "certificate_body": "-----BEGIN CERTIFICATE-----\nMIIDNzCCAh+gAwIBAgIQARbkcvocdmAjMTVtTa6oFDANBgkqhkiG9w0BAQsFADA8\nMRkwFwYDVQQKExBDbG91ZCBEZXNpZ24gQXBwMR8wHQYDVQQDExZhcGkuY2xvdWQt\nZGVzaWduLmxvY2FsMB4XDTI2MDUxNTA3NTQxOFoXDTM2MDUxMjA3NTQxOFowPDEZ\nMBcGA1UEChMQQ2xvdWQgRGVzaWduIEFwcDEfMB0GA1UEAxMWYXBpLmNsb3VkLWRl\nc2lnbi5sb2NhbDCCASIwDQYJKoZIhvcNAQEBBQADggEPADCCAQoCggEBAMTPQdM3\ntcsLsoEOiKW+pA+wtNmml3//rQspwClefVhUwYTVp9/gMvguZXtCx6eAT8S5oUN9\no5Zv0AJTdxl5+JTRc+32v/88AziPKEd8/SuBsyAQ3JmN6ahbmeRh7Ir9vyhLMdR9\nCdwk5NiBfn/kdsLZdJRmIrpSvDt/e2mzOj81xA3gLFFttFWbjt1V6v4wwqp2Gyk2\nKVm/Icmb/01h8uYaGb8qtXUU5h9SPV36VhxOW4wN2jcdiVf/p5syidsamUQYyys6\nfZNwkw4AM6K5ydYLecQGqqQKiaheCOPo8KZFphDTEdYMvAX3hEIbggrqxRZoltaN\nqgrpRpWTH3feRg8CAwEAAaM1MDMwDgYDVR0PAQH/BAQDAgWgMBMGA1UdJQQMMAoG\nCCsGAQUFBwMBMAwGA1UdEwEB/wQCMAAwDQYJKoZIhvcNAQELBQADggEBACJezdpm\nCTlsQcrPI1Y3jPfz0Ykc+jnDrpF7GDv8Xbr7L3YHXhESssA61YPH95yGBLMh7S7E\nRegFscGWv7JjZNmLstwJMchq5vsd1dohFEPxB2xJlcKY+3FVISPTJ+ZqTjueWK9T\ndUg5HoMTMxKr3aiaDD3d9aWdNjz/mLQPTiqhdmFvoJeJw6otAdKBcqfkCzeihBd2\nVT04KmWV3KLAae5CsciTp9crDYIjF4hNm3e83GZl1QjINX8iXYMX42Im2Pa6JroE\nJbmqYMqLiKUlrhuzK3OKkB8t6GESbHrnZLinMihZavjHWfMjC15jKA/5EEXnkqxL\nSMHtzDwajJbh2Cs=\n-----END CERTIFICATE-----\n",
            "certificate_chain": null,
            "domain_name": "api.cloud-design.local",
            "domain_validation_options": [],
            "early_renewal_duration": "",
            "id": "arn:aws:acm:eu-north-1:011237053542:certificate/a09e9160-55b0-4588-b71e-2e9c71ebf686",
            "key_algorithm": "RSA_2048",
            "not_after": "2036-05-12T07:54:18Z",
            "not_before": "2026-05-15T07:54:18Z",
            "options": [
              {
                "certificate_transparency_logging_preference": "DISABLED"
              }
            ],
            "pending_renewal": false,
            "private_key": "-----BEGIN RSA PRIVATE KEY-----\nMIIEowIBAAKCAQEAxM9B0ze1ywuygQ6Ipb6kD7C02aaXf/+tCynAKV59WFTBhNWn\n3+Ay+C5le0LHp4BPxLmhQ32jlm/QAlN3GXn4lNFz7fa//zwDOI8oR3z9K4GzIBDc\nmY3pqFuZ5GHsiv2/KEsx1H0J3CTk2IF+f+R2wtl0lGYiulK8O397abM6PzXEDeAs\nUW20VZuO3VXq/jDCqnYbKTYpWb8hyZv/TWHy5hoZvyq1dRTmH1I9XfpWHE5bjA3a\nNx2JV/+nmzKJ2xqZRBjLKzp9k3CTDgAzornJ1gt5xAaqpAqJqF4I4+jwpkWmENMR\n1gy8BfeEQhuCCurFFmiW1o2qCulGlZMfd95GDwIDAQABAoIBAFnyXyMpUux5bBuP\niOQ3PMPu/rh6asMVFwEDE8/UX3T/R3JuM0seLC1BByBOZPEos0w1in5N7XXTpD1r\n6AK8u99H2rPnEdiUlOREiSQi+5HmtPbyvd9v/Fn1g1/dYT4kujiwJRX4D4mNUwmg\nJTBOOfjTaXRpOXXuWhjXKpAkWXqJSuNoWJfE1aFeUXmhhPO4yWtLJ3Z4Y7seuUBk\nkiUyZG6ZleGtXbyzxybywh4mW00cysS3hLSADQyN4foQ2mqusnBz0rN4mYznMPY5\nHbIXVXuLxjmsWDiyHw5MdXCorVkhNo8MU0287rzpMt0tHC9D3TMxAJJzQF/0jjCz\nVIN06AECgYEA4in3hsLwHgmttkfhwXPC6QUL0vUeKHbTynns1gUxliiAi+3qh6Z8\nCTvLsJmKWgnhRc/2+q4+/mVHqKKWIj2Aw3Ua/FQPBIf3SoYMjjljkcI+Klo8ftoi\ns5DYgcgl6azWgfhsRHoi7VB7lD58Nbj4aEAHXwTWW9LhXtvbguBkyuUCgYEA3sXu\nsq8PQBb45g3oI+OcXs7P3YXfcAkwXQ/58WdUYe3A5nknkYzOb84+im9OIEgZvEky\nsKmmMAl2gRdbIrsPvXlUwWBfU80bw1tIzyluOQKPe6yjuj3IdCx7plAEaWuibPti\nrfTv2su09xIeQsdHluWTGbRIGhbCCmpjU+sWGeMCgYA6/YNIrTQAQboDn4As+0rN\niLlqzvCM0WGwoFi8AiLK7cmJtgbEVxJnPieE6qeBkK4njXT4MdbQeA5W2AGc8LnT\nQYpGYo6AOg6wa4J+3k0wSZ/5YAwDclY2zAMM5u2so55XzDpBKjJN//4bzqiLQrHY\nT0sc56AZ10ldeq8o1eq0WQKBgFOVNfrqvbERLW+7dgbJJmlX9RurV+sEN5YjIWcW\nms1nVAHlIRh2GRpP6p0sJ8bq5mUDnbY04LqTQlgq+DGut7giZs9rJjkd8rW4cTfw\n1n8jW8xOONvuxF/6NKZwzUb0cGutYhfcl4Wi+pHcxWfOtyiBmFCDmK3ZLhKUWhIp\nWRB7AoGBAIeBSqDDXvL+r0yUKFwL/GGEpiolfKW3em4BgxyCSE2QJWooapjPDIdb\n17RBEc5+T3y6pSTvBZe88TQs5fc7gkFkRrv2In7//Yl9VFIPhYgJM3M6XVly37C4\nPFgvzhKJBBKZMdBLY+/3zWIfbQIFf9XBjMFTXI0EkSMQbNL0SylP\n-----END RSA PRIVATE KEY-----\n",
            "renewal_eligibility": "INELIGIBLE",
            "renewal_summary": [],
            "status": "ISSUED",
            "subject_alternative_names": [
              "api.cloud-design.local"
            ],
            "tags": {},
            "tags_all": {
              "Owner": "Team",
              "Project": "CloudDesign"
            },
            "type": "IMPORTED",
            "validation_emails": [],
            "validation_method": "NONE",
            "validation_option": []
          },
          "sensitive_attributes": [
            [
              {
                "type": "get_attr",
                "value": "private_key"
              }
            ]
          ],
          "identity_schema_version": 0,
          "private": "bnVsbA==",
          "dependencies": [
            "tls_private_key.alb_cert",
            "tls_self_signed_cert.alb_cert"
          ]
        }
      ]
    },
    {
      "mode": "managed",
      "type": "aws_appautoscaling_policy",
      "name": "api_gateway_cpu",
      "provider": "provider[\"registry.terraform.io/hashicorp/aws\"]",
      "instances": [
        {
          "schema_version": 0,
          "attributes": {
            "alarm_arns": [
              "arn:aws:cloudwatch:eu-north-1:011237053542:alarm:TargetTracking-service/cloud-design-cluster/api-gateway-service-AlarmHigh-ebf25c65-b687-4368-bc8b-fec9940db48e",
              "arn:aws:cloudwatch:eu-north-1:011237053542:alarm:TargetTracking-service/cloud-design-cluster/api-gateway-service-AlarmLow-eedd0925-4f21-45aa-99a1-63aa4f706eb6"
            ],
            "arn": "arn:aws:autoscaling:eu-north-1:011237053542:scalingPolicy:e55ca67e-032c-4bd9-9fac-c49dc03e3002:resource/ecs/service/cloud-design-cluster/api-gateway-service:policyName/api-gateway-cpu-scaling",
            "id": "api-gateway-cpu-scaling",
            "name": "api-gateway-cpu-scaling",
            "policy_type": "TargetTrackingScaling",
            "resource_id": "service/cloud-design-cluster/api-gateway-service",
            "scalable_dimension": "ecs:service:DesiredCount",
            "service_namespace": "ecs",
            "step_scaling_policy_configuration": [],
            "target_tracking_scaling_policy_configuration": [
              {
                "customized_metric_specification": [],
                "disable_scale_in": false,
                "predefined_metric_specification": [
                  {
                    "predefined_metric_type": "ECSServiceAverageCPUUtilization",
                    "resource_label": ""
                  }
                ],
                "scale_in_cooldown": 300,
                "scale_out_cooldown": 60,
                "target_value": 70
              }
            ]
          },
          "sensitive_attributes": [],
          "identity_schema_version": 0,
          "private": "bnVsbA==",
          "dependencies": [
            "aws_appautoscaling_target.api_gateway",
            "aws_cloudwatch_log_group.ecs_logs",
            "aws_ecr_repository.api_gateway",
            "aws_ecs_cluster.main",
            "aws_ecs_service.api_gateway_service",
            "aws_ecs_task_definition.api_gateway",
            "aws_iam_role.ecs_execution_role",
            "aws_lb_target_group.api_gateway",
            "aws_security_group.alb_sg",
            "aws_security_group.ecs_sg",
            "aws_ssm_parameter.rabbitmq_password",
            "aws_subnet.private_1",
            "aws_subnet.private_2",
            "aws_vpc.main",
            "data.aws_region.current",
            "random_password.rabbitmq_password"
          ]
        }
      ]
    },
    {
      "mode": "managed",
      "type": "aws_appautoscaling_policy",
      "name": "billing_cpu",
      "provider": "provider[\"registry.terraform.io/hashicorp/aws\"]",
      "instances": [
        {
          "schema_version": 0,
          "attributes": {
            "alarm_arns": [
              "arn:aws:cloudwatch:eu-north-1:011237053542:alarm:TargetTracking-service/cloud-design-cluster/billing-service-AlarmHigh-bd0dac2a-9ea4-4206-9aff-b37832eb4ef6",
              "arn:aws:cloudwatch:eu-north-1:011237053542:alarm:TargetTracking-service/cloud-design-cluster/billing-service-AlarmLow-84038f9f-bb65-43a5-a1b4-779f49a5d7e4"
            ],
            "arn": "arn:aws:autoscaling:eu-north-1:011237053542:scalingPolicy:7781729a-c150-43b5-b3ea-65173ec67fea:resource/ecs/service/cloud-design-cluster/billing-service:policyName/billing-cpu-scaling",
            "id": "billing-cpu-scaling",
            "name": "billing-cpu-scaling",
            "policy_type": "TargetTrackingScaling",
            "resource_id": "service/cloud-design-cluster/billing-service",
            "scalable_dimension": "ecs:service:DesiredCount",
            "service_namespace": "ecs",
            "step_scaling_policy_configuration": [],
            "target_tracking_scaling_policy_configuration": [
              {
                "customized_metric_specification": [],
                "disable_scale_in": false,
                "predefined_metric_specification": [
                  {
                    "predefined_metric_type": "ECSServiceAverageCPUUtilization",
                    "resource_label": ""
                  }
                ],
                "scale_in_cooldown": 300,
                "scale_out_cooldown": 60,
                "target_value": 70
              }
            ]
          },
          "sensitive_attributes": [],
          "identity_schema_version": 0,
          "private": "bnVsbA==",
          "dependencies": [
            "aws_appautoscaling_target.billing",
            "aws_cloudwatch_log_group.ecs_logs",
            "aws_ecr_repository.billing_app",
            "aws_ecs_cluster.main",
            "aws_ecs_service.billing_service",
            "aws_ecs_task_definition.billing_stack",
            "aws_efs_access_point.billing_db",
            "aws_efs_access_point.rabbitmq",
            "aws_efs_file_system.db_data",
            "aws_efs_mount_target.private_1",
            "aws_efs_mount_target.private_2",
            "aws_iam_role.ecs_execution_role",
            "aws_security_group.alb_sg",
            "aws_security_group.ecs_sg",
            "aws_security_group.efs_sg",
            "aws_service_discovery_private_dns_namespace.local",
            "aws_service_discovery_service.billing",
            "aws_ssm_parameter.billing_db_password",
            "aws_ssm_parameter.rabbitmq_password",
            "aws_subnet.private_1",
            "aws_subnet.private_2",
            "aws_vpc.main",
            "data.aws_region.current",
            "random_password.billing_db_password",
            "random_password.rabbitmq_password"
          ]
        }
      ]
    },
    {
      "mode": "managed",
      "type": "aws_appautoscaling_policy",
      "name": "inventory_cpu",
      "provider": "provider[\"registry.terraform.io/hashicorp/aws\"]",
      "instances": [
        {
          "schema_version": 0,
          "attributes": {
            "alarm_arns": [
              "arn:aws:cloudwatch:eu-north-1:011237053542:alarm:TargetTracking-service/cloud-design-cluster/inventory-service-AlarmHigh-63577119-e0c2-44d1-a59d-0df15c388b44",
              "arn:aws:cloudwatch:eu-north-1:011237053542:alarm:TargetTracking-service/cloud-design-cluster/inventory-service-AlarmLow-16d93a6b-7bc6-4bd9-a170-02f737b1dadc"
            ],
            "arn": "arn:aws:autoscaling:eu-north-1:011237053542:scalingPolicy:2f2cd09a-513a-437e-810f-61d0e1b717c1:resource/ecs/service/cloud-design-cluster/inventory-service:policyName/inventory-cpu-scaling",
            "id": "inventory-cpu-scaling",
            "name": "inventory-cpu-scaling",
            "policy_type": "TargetTrackingScaling",
            "resource_id": "service/cloud-design-cluster/inventory-service",
            "scalable_dimension": "ecs:service:DesiredCount",
            "service_namespace": "ecs",
            "step_scaling_policy_configuration": [],
            "target_tracking_scaling_policy_configuration": [
              {
                "customized_metric_specification": [],
                "disable_scale_in": false,
                "predefined_metric_specification": [
                  {
                    "predefined_metric_type": "ECSServiceAverageCPUUtilization",
                    "resource_label": ""
                  }
                ],
                "scale_in_cooldown": 300,
                "scale_out_cooldown": 60,
                "target_value": 70
              }
            ]
          },
          "sensitive_attributes": [],
          "identity_schema_version": 0,
          "private": "bnVsbA==",
          "dependencies": [
            "aws_appautoscaling_target.inventory",
            "aws_cloudwatch_log_group.ecs_logs",
            "aws_ecr_repository.inventory_app",
            "aws_ecs_cluster.main",
            "aws_ecs_service.inventory_service",
            "aws_ecs_task_definition.inventory_stack",
            "aws_efs_access_point.inventory_db",
            "aws_efs_file_system.db_data",
            "aws_efs_mount_target.private_1",
            "aws_efs_mount_target.private_2",
            "aws_iam_role.ecs_execution_role",
            "aws_security_group.alb_sg",
            "aws_security_group.ecs_sg",
            "aws_security_group.efs_sg",
            "aws_service_discovery_private_dns_namespace.local",
            "aws_service_discovery_service.inventory",
            "aws_ssm_parameter.inventory_db_password",
            "aws_subnet.private_1",
            "aws_subnet.private_2",
            "aws_vpc.main",
            "data.aws_region.current",
            "random_password.inventory_db_password"
          ]
        }
      ]
    },
    {
      "mode": "managed",
      "type": "aws_appautoscaling_target",
      "name": "api_gateway",
      "provider": "provider[\"registry.terraform.io/hashicorp/aws\"]",
      "instances": [
        {
          "schema_version": 0,
          "attributes": {
            "arn": "arn:aws:application-autoscaling:eu-north-1:011237053542:scalable-target/0ec5e55ca67e032c4bd99facc49dc03e3002",
            "id": "service/cloud-design-cluster/api-gateway-service",
            "max_capacity": 5,
            "min_capacity": 1,
            "resource_id": "service/cloud-design-cluster/api-gateway-service",
            "role_arn": "arn:aws:iam::011237053542:role/aws-service-role/ecs.application-autoscaling.amazonaws.com/AWSServiceRoleForApplicationAutoScaling_ECSService",
            "scalable_dimension": "ecs:service:DesiredCount",
            "service_namespace": "ecs",
            "suspended_state": [
              {
                "dynamic_scaling_in_suspended": false,
                "dynamic_scaling_out_suspended": false,
                "scheduled_scaling_suspended": false
              }
            ],
            "tags": {},
            "tags_all": {
              "Owner": "Team",
              "Project": "CloudDesign"
            }
          },
          "sensitive_attributes": [],
          "identity_schema_version": 0,
          "private": "bnVsbA==",
          "dependencies": [
            "aws_cloudwatch_log_group.ecs_logs",
            "aws_ecr_repository.api_gateway",
            "aws_ecs_cluster.main",
            "aws_ecs_service.api_gateway_service",
            "aws_ecs_task_definition.api_gateway",
            "aws_iam_role.ecs_execution_role",
            "aws_lb_target_group.api_gateway",
            "aws_security_group.alb_sg",
            "aws_security_group.ecs_sg",
            "aws_ssm_parameter.rabbitmq_password",
            "aws_subnet.private_1",
            "aws_subnet.private_2",
            "aws_vpc.main",
            "data.aws_region.current",
            "random_password.rabbitmq_password"
          ]
        }
      ]
    },
    {
      "mode": "managed",
      "type": "aws_appautoscaling_target",
      "name": "billing",
      "provider": "provider[\"registry.terraform.io/hashicorp/aws\"]",
      "instances": [
        {
          "schema_version": 0,
          "attributes": {
            "arn": "arn:aws:application-autoscaling:eu-north-1:011237053542:scalable-target/0ec57781729ac15043b5b3ea65173ec67fea",
            "id": "service/cloud-design-cluster/billing-service",
            "max_capacity": 5,
            "min_capacity": 1,
            "resource_id": "service/cloud-design-cluster/billing-service",
            "role_arn": "arn:aws:iam::011237053542:role/aws-service-role/ecs.application-autoscaling.amazonaws.com/AWSServiceRoleForApplicationAutoScaling_ECSService",
            "scalable_dimension": "ecs:service:DesiredCount",
            "service_namespace": "ecs",
            "suspended_state": [
              {
                "dynamic_scaling_in_suspended": false,
                "dynamic_scaling_out_suspended": false,
                "scheduled_scaling_suspended": false
              }
            ],
            "tags": {},
            "tags_all": {
              "Owner": "Team",
              "Project": "CloudDesign"
            }
          },
          "sensitive_attributes": [],
          "identity_schema_version": 0,
          "private": "bnVsbA==",
          "dependencies": [
            "aws_cloudwatch_log_group.ecs_logs",
            "aws_ecr_repository.billing_app",
            "aws_ecs_cluster.main",
            "aws_ecs_service.billing_service",
            "aws_ecs_task_definition.billing_stack",
            "aws_efs_access_point.billing_db",
            "aws_efs_access_point.rabbitmq",
            "aws_efs_file_system.db_data",
            "aws_efs_mount_target.private_1",
            "aws_efs_mount_target.private_2",
            "aws_iam_role.ecs_execution_role",
            "aws_security_group.alb_sg",
            "aws_security_group.ecs_sg",
            "aws_security_group.efs_sg",
            "aws_service_discovery_private_dns_namespace.local",
            "aws_service_discovery_service.billing",
            "aws_ssm_parameter.billing_db_password",
            "aws_ssm_parameter.rabbitmq_password",
            "aws_subnet.private_1",
            "aws_subnet.private_2",
            "aws_vpc.main",
            "data.aws_region.current",
            "random_password.billing_db_password",
            "random_password.rabbitmq_password"
          ]
        }
      ]
    },
    {
      "mode": "managed",
      "type": "aws_appautoscaling_target",
      "name": "inventory",
      "provider": "provider[\"registry.terraform.io/hashicorp/aws\"]",
      "instances": [
        {
          "schema_version": 0,
          "attributes": {
            "arn": "arn:aws:application-autoscaling:eu-north-1:011237053542:scalable-target/0ec52f2cd09a513a437e810f61d0e1b717c1",
            "id": "service/cloud-design-cluster/inventory-service",
            "max_capacity": 5,
            "min_capacity": 1,
            "resource_id": "service/cloud-design-cluster/inventory-service",
            "role_arn": "arn:aws:iam::011237053542:role/aws-service-role/ecs.application-autoscaling.amazonaws.com/AWSServiceRoleForApplicationAutoScaling_ECSService",
            "scalable_dimension": "ecs:service:DesiredCount",
            "service_namespace": "ecs",
            "suspended_state": [
              {
                "dynamic_scaling_in_suspended": false,
                "dynamic_scaling_out_suspended": false,
                "scheduled_scaling_suspended": false
              }
            ],
            "tags": {},
            "tags_all": {
              "Owner": "Team",
              "Project": "CloudDesign"
            }
          },
          "sensitive_attributes": [],
          "identity_schema_version": 0,
          "private": "bnVsbA==",
          "dependencies": [
            "aws_cloudwatch_log_group.ecs_logs",
            "aws_ecr_repository.inventory_app",
            "aws_ecs_cluster.main",
            "aws_ecs_service.inventory_service",
            "aws_ecs_task_definition.inventory_stack",
            "aws_efs_access_point.inventory_db",
            "aws_efs_file_system.db_data",
            "aws_efs_mount_target.private_1",
            "aws_efs_mount_target.private_2",
            "aws_iam_role.ecs_execution_role",
            "aws_security_group.alb_sg",
            "aws_security_group.ecs_sg",
            "aws_security_group.efs_sg",
            "aws_service_discovery_private_dns_namespace.local",
            "aws_service_discovery_service.inventory",
            "aws_ssm_parameter.inventory_db_password",
            "aws_subnet.private_1",
            "aws_subnet.private_2",
            "aws_vpc.main",
            "data.aws_region.current",
            "random_password.inventory_db_password"
          ]
        }
      ]
    },
    {
      "mode": "managed",
      "type": "aws_autoscaling_group",
      "name": "ecs_asg",
      "provider": "provider[\"registry.terraform.io/hashicorp/aws\"]",
      "instances": [
        {
          "schema_version": 1,
          "attributes": {
            "arn": "arn:aws:autoscaling:eu-north-1:011237053542:autoScalingGroup:7e91df81-9f3e-4c55-9fd8-ee25b3fc33c7:autoScalingGroupName/terraform-20260515075419674600000006",
            "availability_zone_distribution": [
              {
                "capacity_distribution_strategy": "balanced-best-effort"
              }
            ],
            "availability_zones": [
              "eu-north-1a",
              "eu-north-1b"
            ],
            "capacity_rebalance": false,
            "capacity_reservation_specification": [
              {
                "capacity_reservation_preference": "default",
                "capacity_reservation_target": []
              }
            ],
            "context": "",
            "default_cooldown": 300,
            "default_instance_warmup": 0,
            "desired_capacity": 3,
            "desired_capacity_type": "",
            "enabled_metrics": [],
            "force_delete": false,
            "force_delete_warm_pool": false,
            "health_check_grace_period": 300,
            "health_check_type": "EC2",
            "id": "terraform-20260515075419674600000006",
            "ignore_failed_scaling_activities": false,
            "initial_lifecycle_hook": [],
            "instance_maintenance_policy": [],
            "instance_refresh": [],
            "launch_configuration": "",
            "launch_template": [
              {
                "id": "lt-0f53ff139c677a72a",
                "name": "ecs-template20260514071442896900000007",
                "version": "$Latest"
              }
            ],
            "load_balancers": [],
            "max_instance_lifetime": 0,
            "max_size": 3,
            "metrics_granularity": "1Minute",
            "min_elb_capacity": null,
            "min_size": 3,
            "mixed_instances_policy": [],
            "name": "terraform-20260515075419674600000006",
            "name_prefix": "terraform-",
            "placement_group": "",
            "predicted_capacity": 0,
            "protect_from_scale_in": false,
            "service_linked_role_arn": "arn:aws:iam::011237053542:role/aws-service-role/autoscaling.amazonaws.com/AWSServiceRoleForAutoScaling",
            "suspended_processes": [],
            "tag": [
              {
                "key": "Name",
                "propagate_at_launch": true,
                "value": "ecs-instance"
              }
            ],
            "target_group_arns": [],
            "termination_policies": [],
            "timeouts": null,
            "traffic_source": [],
            "vpc_zone_identifier": [
              "subnet-0d8370cbf103861b6",
              "subnet-0fe706183805ce761"
            ],
            "wait_for_capacity_timeout": "10m",
            "wait_for_elb_capacity": null,
            "warm_pool": [],
            "warm_pool_size": 0
          },
          "sensitive_attributes": [],
          "identity_schema_version": 0,
          "private": "eyJlMmJmYjczMC1lY2FhLTExZTYtOGY4OC0zNDM2M2JjN2M0YzAiOnsiZGVsZXRlIjo2MDAwMDAwMDAwMDAsInVwZGF0ZSI6NjAwMDAwMDAwMDAwfSwic2NoZW1hX3ZlcnNpb24iOiIxIn0=",
          "dependencies": [
            "aws_ecs_cluster.main",
            "aws_iam_instance_profile.ecs_instance_profile",
            "aws_iam_role.ecs_instance_role",
            "aws_launch_template.ecs_lt",
            "aws_security_group.alb_sg",
            "aws_security_group.ecs_sg",
            "aws_subnet.private_1",
            "aws_subnet.private_2",
            "aws_vpc.main",
            "data.aws_ssm_parameter.ecs_ami"
          ]
        }
      ]
    },
    {
      "mode": "managed",
      "type": "aws_cloudwatch_dashboard",
      "name": "main",
      "provider": "provider[\"registry.terraform.io/hashicorp/aws\"]",
      "instances": [
        {
          "schema_version": 0,
          "attributes": {
            "dashboard_arn": "arn:aws:cloudwatch::011237053542:dashboard/cloud-design-dashboard",
            "dashboard_body": "{\"widgets\":[{\"height\":6,\"properties\":{\"metrics\":[[\"AWS/ECS\",\"CPUUtilization\",\"ClusterName\",\"cloud-design-cluster\"]],\"period\":300,\"region\":\"eu-north-1\",\"stat\":\"Average\",\"title\":\"ECS Cluster CPU Utilization\"},\"type\":\"metric\",\"width\":12,\"x\":0,\"y\":0},{\"height\":6,\"properties\":{\"metrics\":[[\"AWS/ECS\",\"MemoryUtilization\",\"ClusterName\",\"cloud-design-cluster\"]],\"period\":300,\"region\":\"eu-north-1\",\"stat\":\"Average\",\"title\":\"ECS Cluster Memory Utilization\"},\"type\":\"metric\",\"width\":12,\"x\":12,\"y\":0},{\"height\":6,\"properties\":{\"metrics\":[[\"AWS/ECS\",\"CPUUtilization\",\"ServiceName\",\"api-gateway-service\",\"ClusterName\",\"cloud-design-cluster\"],[\"AWS/ECS\",\"CPUUtilization\",\"ServiceName\",\"billing-service\",\"ClusterName\",\"cloud-design-cluster\"],[\"AWS/ECS\",\"CPUUtilization\",\"ServiceName\",\"inventory-service\",\"ClusterName\",\"cloud-design-cluster\"]],\"period\":300,\"region\":\"eu-north-1\",\"stat\":\"Average\",\"title\":\"ECS Services CPU Utilization\"},\"type\":\"metric\",\"width\":12,\"x\":0,\"y\":6}]}",
            "dashboard_name": "cloud-design-dashboard",
            "id": "cloud-design-dashboard"
          },
          "sensitive_attributes": [],
          "identity_schema_version": 0,
          "private": "bnVsbA==",
          "dependencies": [
            "aws_ecs_cluster.main"
          ]
        }
      ]
    },
    {
      "mode": "managed",
      "type": "aws_cloudwatch_log_group",
      "name": "ecs_logs",
      "provider": "provider[\"registry.terraform.io/hashicorp/aws\"]",
      "instances": [
        {
          "schema_version": 0,
          "attributes": {
            "arn": "arn:aws:logs:eu-north-1:011237053542:log-group:/ecs/cloud-design",
            "id": "/ecs/cloud-design",
            "kms_key_id": "",
            "log_group_class": "STANDARD",
            "name": "/ecs/cloud-design",
            "name_prefix": "",
            "retention_in_days": 7,
            "skip_destroy": false,
            "tags": {},
            "tags_all": {
              "Owner": "Team",
              "Project": "CloudDesign"
            }
          },
          "sensitive_attributes": [],
          "identity_schema_version": 0,
          "private": "bnVsbA=="
        }
      ]
    },
    {
      "mode": "managed",
      "type": "aws_cognito_user_pool",
      "name": "main",
      "provider": "provider[\"registry.terraform.io/hashicorp/aws\"]",
      "instances": [
        {
          "schema_version": 0,
          "attributes": {
            "account_recovery_setting": [
              {
                "recovery_mechanism": [
                  {
                    "name": "verified_email",
                    "priority": 1
                  },
                  {
                    "name": "verified_phone_number",
                    "priority": 2
                  }
                ]
              }
            ],
            "admin_create_user_config": [
              {
                "allow_admin_create_user_only": false,
                "invite_message_template": []
              }
            ],
            "alias_attributes": null,
            "arn": "arn:aws:cognito-idp:eu-north-1:011237053542:userpool/eu-north-1_pywSHzkPT",
            "auto_verified_attributes": [
              "email"
            ],
            "creation_date": "2026-05-15T07:54:19Z",
            "custom_domain": "",
            "deletion_protection": "INACTIVE",
            "device_configuration": [],
            "domain": "cloud-design-auth-domain-687640",
            "email_configuration": [
              {
                "configuration_set": "",
                "email_sending_account": "COGNITO_DEFAULT",
                "from_email_address": "",
                "reply_to_email_address": "",
                "source_arn": ""
              }
            ],
            "email_mfa_configuration": [],
            "email_verification_message": "",
            "email_verification_subject": "",
            "endpoint": "cognito-idp.eu-north-1.amazonaws.com/eu-north-1_pywSHzkPT",
            "estimated_number_of_users": 0,
            "id": "eu-north-1_pywSHzkPT",
            "lambda_config": [],
            "last_modified_date": "2026-05-15T07:54:19Z",
            "mfa_configuration": "OFF",
            "name": "cloud-design-user-pool",
            "password_policy": [
              {
                "minimum_length": 8,
                "password_history_size": 0,
                "require_lowercase": true,
                "require_numbers": true,
                "require_symbols": false,
                "require_uppercase": true,
                "temporary_password_validity_days": 7
              }
            ],
            "schema": [],
            "sign_in_policy": [
              {
                "allowed_first_auth_factors": [
                  "PASSWORD"
                ]
              }
            ],
            "sms_authentication_message": "",
            "sms_configuration": [],
            "sms_verification_message": "",
            "software_token_mfa_configuration": [],
            "tags": {},
            "tags_all": {
              "Owner": "Team",
              "Project": "CloudDesign"
            },
            "user_attribute_update_settings": [],
            "user_pool_add_ons": [],
            "user_pool_tier": "ESSENTIALS",
            "username_attributes": [],
            "username_configuration": [],
            "verification_message_template": [
              {
                "default_email_option": "CONFIRM_WITH_CODE",
                "email_message": "",
                "email_message_by_link": "",
                "email_subject": "",
                "email_subject_by_link": "",
                "sms_message": ""
              }
            ],
            "web_authn_configuration": []
          },
          "sensitive_attributes": [],
          "identity_schema_version": 0,
          "private": "bnVsbA=="
        }
      ]
    },
    {
      "mode": "managed",
      "type": "aws_cognito_user_pool_client",
      "name": "main",
      "provider": "provider[\"registry.terraform.io/hashicorp/aws\"]",
      "instances": [
        {
          "schema_version": 0,
          "attributes": {
            "access_token_validity": 0,
            "allowed_oauth_flows": [
              "code",
              "implicit"
            ],
            "allowed_oauth_flows_user_pool_client": true,
            "allowed_oauth_scopes": [
              "email",
              "openid",
              "profile"
            ],
            "analytics_configuration": [],
            "auth_session_validity": 3,
            "callback_urls": [
              "https://api.cloud-design.local/oauth2/idpresponse"
            ],
            "client_secret": "vndokssvh22qvu6dub6g2lsi7elgca6dmnuguv3vgf2s02bb7dp",
            "default_redirect_uri": "",
            "enable_propagate_additional_user_context_data": false,
            "enable_token_revocation": true,
            "explicit_auth_flows": [],
            "generate_secret": true,
            "id": "65re96pr8nod1176ufbfdef61a",
            "id_token_validity": 0,
            "logout_urls": [
              "https://api.cloud-design.local/"
            ],
            "name": "cloud-design-app-client",
            "prevent_user_existence_errors": "",
            "read_attributes": [],
            "refresh_token_rotation": [],
            "refresh_token_validity": 30,
            "supported_identity_providers": [
              "COGNITO"
            ],
            "token_validity_units": [],
            "user_pool_id": "eu-north-1_pywSHzkPT",
            "write_attributes": []
          },
          "sensitive_attributes": [
            [
              {
                "type": "get_attr",
                "value": "client_secret"
              }
            ]
          ],
          "identity_schema_version": 0,
          "dependencies": [
            "aws_cognito_user_pool.main"
          ]
        }
      ]
    },
    {
      "mode": "managed",
      "type": "aws_cognito_user_pool_domain",
      "name": "main",
      "provider": "provider[\"registry.terraform.io/hashicorp/aws\"]",
      "instances": [
        {
          "schema_version": 0,
          "attributes": {
            "aws_account_id": "011237053542",
            "certificate_arn": "",
            "cloudfront_distribution": "d28r1p267zi0bu.cloudfront.net",
            "cloudfront_distribution_arn": "d28r1p267zi0bu.cloudfront.net",
            "cloudfront_distribution_zone_id": "Z2FDTNDATAQYW2",
            "domain": "cloud-design-auth-domain-687640",
            "id": "cloud-design-auth-domain-687640",
            "managed_login_version": 1,
            "s3_bucket": "aws-cognito-prod-arn-assets",
            "user_pool_id": "eu-north-1_pywSHzkPT",
            "version": "20260515075420"
          },
          "sensitive_attributes": [],
          "identity_schema_version": 0,
          "private": "bnVsbA==",
          "dependencies": [
            "aws_cognito_user_pool.main",
            "random_integer.cognito_domain"
          ]
        }
      ]
    },
    {
      "mode": "managed",
      "type": "aws_ecr_repository",
      "name": "api_gateway",
      "provider": "provider[\"registry.terraform.io/hashicorp/aws\"]",
      "instances": [
        {
          "schema_version": 0,
          "attributes": {
            "arn": "arn:aws:ecr:eu-north-1:011237053542:repository/cloud-design-api-gateway",
            "encryption_configuration": [
              {
                "encryption_type": "AES256",
                "kms_key": ""
              }
            ],
            "force_delete": true,
            "id": "cloud-design-api-gateway",
            "image_scanning_configuration": [
              {
                "scan_on_push": true
              }
            ],
            "image_tag_mutability": "MUTABLE",
            "name": "cloud-design-api-gateway",
            "registry_id": "011237053542",
            "repository_url": "011237053542.dkr.ecr.eu-north-1.amazonaws.com/cloud-design-api-gateway",
            "tags": {
              "Name": "api-gateway-repo"
            },
            "tags_all": {
              "Name": "api-gateway-repo",
              "Owner": "Team",
              "Project": "CloudDesign"
            },
            "timeouts": null
          },
          "sensitive_attributes": [],
          "identity_schema_version": 0,
          "private": "eyJlMmJmYjczMC1lY2FhLTExZTYtOGY4OC0zNDM2M2JjN2M0YzAiOnsiZGVsZXRlIjoxMjAwMDAwMDAwMDAwfX0="
        }
      ]
    },
    {
      "mode": "managed",
      "type": "aws_ecr_repository",
      "name": "billing_app",
      "provider": "provider[\"registry.terraform.io/hashicorp/aws\"]",
      "instances": [
        {
          "schema_version": 0,
          "attributes": {
            "arn": "arn:aws:ecr:eu-north-1:011237053542:repository/cloud-design-billing-app",
            "encryption_configuration": [
              {
                "encryption_type": "AES256",
                "kms_key": ""
              }
            ],
            "force_delete": true,
            "id": "cloud-design-billing-app",
            "image_scanning_configuration": [
              {
                "scan_on_push": true
              }
            ],
            "image_tag_mutability": "MUTABLE",
            "name": "cloud-design-billing-app",
            "registry_id": "011237053542",
            "repository_url": "011237053542.dkr.ecr.eu-north-1.amazonaws.com/cloud-design-billing-app",
            "tags": {
              "Name": "billing-app-repo"
            },
            "tags_all": {
              "Name": "billing-app-repo",
              "Owner": "Team",
              "Project": "CloudDesign"
            },
            "timeouts": null
          },
          "sensitive_attributes": [],
          "identity_schema_version": 0,
          "private": "eyJlMmJmYjczMC1lY2FhLTExZTYtOGY4OC0zNDM2M2JjN2M0YzAiOnsiZGVsZXRlIjoxMjAwMDAwMDAwMDAwfX0="
        }
      ]
    },
    {
      "mode": "managed",
      "type": "aws_ecr_repository",
      "name": "inventory_app",
      "provider": "provider[\"registry.terraform.io/hashicorp/aws\"]",
      "instances": [
        {
          "schema_version": 0,
          "attributes": {
            "arn": "arn:aws:ecr:eu-north-1:011237053542:repository/cloud-design-inventory-app",
            "encryption_configuration": [
              {
                "encryption_type": "AES256",
                "kms_key": ""
              }
            ],
            "force_delete": true,
            "id": "cloud-design-inventory-app",
            "image_scanning_configuration": [
              {
                "scan_on_push": true
              }
            ],
            "image_tag_mutability": "MUTABLE",
            "name": "cloud-design-inventory-app",
            "registry_id": "011237053542",
            "repository_url": "011237053542.dkr.ecr.eu-north-1.amazonaws.com/cloud-design-inventory-app",
            "tags": {
              "Name": "inventory-app-repo"
            },
            "tags_all": {
              "Name": "inventory-app-repo",
              "Owner": "Team",
              "Project": "CloudDesign"
            },
            "timeouts": null
          },
          "sensitive_attributes": [],
          "identity_schema_version": 0,
          "private": "eyJlMmJmYjczMC1lY2FhLTExZTYtOGY4OC0zNDM2M2JjN2M0YzAiOnsiZGVsZXRlIjoxMjAwMDAwMDAwMDAwfX0="
        }
      ]
    },
    {
      "mode": "managed",
      "type": "aws_ecs_capacity_provider",
      "name": "ec2",
      "provider": "provider[\"registry.terraform.io/hashicorp/aws\"]",
      "instances": [
        {
          "schema_version": 0,
          "attributes": {
            "arn": "arn:aws:ecs:eu-north-1:011237053542:capacity-provider/ec2-capacity-provider",
            "auto_scaling_group_provider": [
              {
                "auto_scaling_group_arn": "arn:aws:autoscaling:eu-north-1:011237053542:autoScalingGroup:7e91df81-9f3e-4c55-9fd8-ee25b3fc33c7:autoScalingGroupName/terraform-20260515075419674600000006",
                "managed_draining": "ENABLED",
                "managed_scaling": [
                  {
                    "instance_warmup_period": 300,
                    "maximum_scaling_step_size": 10000,
                    "minimum_scaling_step_size": 1,
                    "status": "DISABLED",
                    "target_capacity": 100
                  }
                ],
                "managed_termination_protection": "DISABLED"
              }
            ],
            "id": "arn:aws:ecs:eu-north-1:011237053542:capacity-provider/ec2-capacity-provider",
            "name": "ec2-capacity-provider",
            "tags": {},
            "tags_all": {
              "Owner": "Team",
              "Project": "CloudDesign"
            }
          },
          "sensitive_attributes": [],
          "identity_schema_version": 0,
          "private": "bnVsbA==",
          "dependencies": [
            "aws_autoscaling_group.ecs_asg",
            "aws_ecs_cluster.main",
            "aws_iam_instance_profile.ecs_instance_profile",
            "aws_iam_role.ecs_instance_role",
            "aws_launch_template.ecs_lt",
            "aws_security_group.alb_sg",
            "aws_security_group.ecs_sg",
            "aws_subnet.private_1",
            "aws_subnet.private_2",
            "aws_vpc.main",
            "data.aws_ssm_parameter.ecs_ami"
          ]
        }
      ]
    },
    {
      "mode": "managed",
      "type": "aws_ecs_cluster",
      "name": "main",
      "provider": "provider[\"registry.terraform.io/hashicorp/aws\"]",
      "instances": [
        {
          "schema_version": 0,
          "attributes": {
            "arn": "arn:aws:ecs:eu-north-1:011237053542:cluster/cloud-design-cluster",
            "configuration": [],
            "id": "arn:aws:ecs:eu-north-1:011237053542:cluster/cloud-design-cluster",
            "name": "cloud-design-cluster",
            "service_connect_defaults": [],
            "setting": [
              {
                "name": "containerInsights",
                "value": "disabled"
              }
            ],
            "tags": {},
            "tags_all": {
              "Owner": "Team",
              "Project": "CloudDesign"
            }
          },
          "sensitive_attributes": [],
          "identity_schema_version": 0,
          "private": "bnVsbA=="
        }
      ]
    },
    {
      "mode": "managed",
      "type": "aws_ecs_cluster_capacity_providers",
      "name": "main",
      "provider": "provider[\"registry.terraform.io/hashicorp/aws\"]",
      "instances": [
        {
          "schema_version": 0,
          "attributes": {
            "capacity_providers": [
              "ec2-capacity-provider"
            ],
            "cluster_name": "cloud-design-cluster",
            "default_capacity_provider_strategy": [],
            "id": "cloud-design-cluster"
          },
          "sensitive_attributes": [],
          "identity_schema_version": 0,
          "private": "bnVsbA==",
          "dependencies": [
            "aws_autoscaling_group.ecs_asg",
            "aws_ecs_capacity_provider.ec2",
            "aws_ecs_cluster.main",
            "aws_iam_instance_profile.ecs_instance_profile",
            "aws_iam_role.ecs_instance_role",
            "aws_launch_template.ecs_lt",
            "aws_security_group.alb_sg",
            "aws_security_group.ecs_sg",
            "aws_subnet.private_1",
            "aws_subnet.private_2",
            "aws_vpc.main",
            "data.aws_ssm_parameter.ecs_ami"
          ]
        }
      ]
    },
    {
      "mode": "managed",
      "type": "aws_ecs_service",
      "name": "api_gateway_service",
      "provider": "provider[\"registry.terraform.io/hashicorp/aws\"]",
      "instances": [
        {
          "schema_version": 1,
          "attributes": {
            "alarms": [],
            "availability_zone_rebalancing": "DISABLED",
            "capacity_provider_strategy": [],
            "cluster": "arn:aws:ecs:eu-north-1:011237053542:cluster/cloud-design-cluster",
            "deployment_circuit_breaker": [
              {
                "enable": false,
                "rollback": false
              }
            ],
            "deployment_controller": [
              {
                "type": "ECS"
              }
            ],
            "deployment_maximum_percent": 100,
            "deployment_minimum_healthy_percent": 0,
            "desired_count": 1,
            "enable_ecs_managed_tags": false,
            "enable_execute_command": false,
            "force_delete": null,
            "force_new_deployment": null,
            "health_check_grace_period_seconds": 0,
            "iam_role": "/aws-service-role/ecs.amazonaws.com/AWSServiceRoleForECS",
            "id": "arn:aws:ecs:eu-north-1:011237053542:service/cloud-design-cluster/api-gateway-service",
            "launch_type": "EC2",
            "load_balancer": [
              {
                "container_name": "api-gateway",
                "container_port": 3000,
                "elb_name": "",
                "target_group_arn": "arn:aws:elasticloadbalancing:eu-north-1:011237053542:targetgroup/api-gateway-tg-final/ad1c1c73e53fbb12"
              }
            ],
            "name": "api-gateway-service",
            "network_configuration": [
              {
                "assign_public_ip": false,
                "security_groups": [
                  "sg-01a1caeb6ae236ff4"
                ],
                "subnets": [
                  "subnet-0d8370cbf103861b6",
                  "subnet-0fe706183805ce761"
                ]
              }
            ],
            "ordered_placement_strategy": [],
            "placement_constraints": [],
            "platform_version": "",
            "propagate_tags": "NONE",
            "scheduling_strategy": "REPLICA",
            "service_connect_configuration": [],
            "service_registries": [],
            "tags": {},
            "tags_all": {
              "Owner": "Team",
              "Project": "CloudDesign"
            },
            "task_definition": "arn:aws:ecs:eu-north-1:011237053542:task-definition/api-gateway-task:9",
            "timeouts": null,
            "triggers": {},
            "volume_configuration": [],
            "vpc_lattice_configurations": [],
            "wait_for_steady_state": false
          },
          "sensitive_attributes": [],
          "identity_schema_version": 0,
          "private": "eyJlMmJmYjczMC1lY2FhLTExZTYtOGY4OC0zNDM2M2JjN2M0YzAiOnsiY3JlYXRlIjoxMjAwMDAwMDAwMDAwLCJkZWxldGUiOjEyMDAwMDAwMDAwMDAsInVwZGF0ZSI6MTIwMDAwMDAwMDAwMH0sInNjaGVtYV92ZXJzaW9uIjoiMSJ9",
          "dependencies": [
            "aws_cloudwatch_log_group.ecs_logs",
            "aws_ecr_repository.api_gateway",
            "aws_ecs_cluster.main",
            "aws_ecs_task_definition.api_gateway",
            "aws_iam_role.ecs_execution_role",
            "aws_lb_target_group.api_gateway",
            "aws_security_group.alb_sg",
            "aws_security_group.ecs_sg",
            "aws_ssm_parameter.rabbitmq_password",
            "aws_subnet.private_1",
            "aws_subnet.private_2",
            "aws_vpc.main",
            "data.aws_region.current",
            "random_password.rabbitmq_password"
          ]
        }
      ]
    },
    {
      "mode": "managed",
      "type": "aws_ecs_service",
      "name": "billing_service",
      "provider": "provider[\"registry.terraform.io/hashicorp/aws\"]",
      "instances": [
        {
          "schema_version": 1,
          "attributes": {
            "alarms": [],
            "availability_zone_rebalancing": "DISABLED",
            "capacity_provider_strategy": [],
            "cluster": "arn:aws:ecs:eu-north-1:011237053542:cluster/cloud-design-cluster",
            "deployment_circuit_breaker": [
              {
                "enable": false,
                "rollback": false
              }
            ],
            "deployment_controller": [
              {
                "type": "ECS"
              }
            ],
            "deployment_maximum_percent": 100,
            "deployment_minimum_healthy_percent": 0,
            "desired_count": 1,
            "enable_ecs_managed_tags": false,
            "enable_execute_command": false,
            "force_delete": null,
            "force_new_deployment": null,
            "health_check_grace_period_seconds": 0,
            "iam_role": "/aws-service-role/ecs.amazonaws.com/AWSServiceRoleForECS",
            "id": "arn:aws:ecs:eu-north-1:011237053542:service/cloud-design-cluster/billing-service",
            "launch_type": "EC2",
            "load_balancer": [],
            "name": "billing-service",
            "network_configuration": [
              {
                "assign_public_ip": false,
                "security_groups": [
                  "sg-01a1caeb6ae236ff4"
                ],
                "subnets": [
                  "subnet-0d8370cbf103861b6",
                  "subnet-0fe706183805ce761"
                ]
              }
            ],
            "ordered_placement_strategy": [],
            "placement_constraints": [],
            "platform_version": "",
            "propagate_tags": "NONE",
            "scheduling_strategy": "REPLICA",
            "service_connect_configuration": [],
            "service_registries": [
              {
                "container_name": "",
                "container_port": 0,
                "port": 0,
                "registry_arn": "arn:aws:servicediscovery:eu-north-1:011237053542:service/srv-rpq2pqbmlonzz5kv"
              }
            ],
            "tags": {},
            "tags_all": {
              "Owner": "Team",
              "Project": "CloudDesign"
            },
            "task_definition": "arn:aws:ecs:eu-north-1:011237053542:task-definition/billing-stack-task:19",
            "timeouts": null,
            "triggers": {},
            "volume_configuration": [],
            "vpc_lattice_configurations": [],
            "wait_for_steady_state": false
          },
          "sensitive_attributes": [],
          "identity_schema_version": 0,
          "private": "eyJlMmJmYjczMC1lY2FhLTExZTYtOGY4OC0zNDM2M2JjN2M0YzAiOnsiY3JlYXRlIjoxMjAwMDAwMDAwMDAwLCJkZWxldGUiOjEyMDAwMDAwMDAwMDAsInVwZGF0ZSI6MTIwMDAwMDAwMDAwMH0sInNjaGVtYV92ZXJzaW9uIjoiMSJ9",
          "dependencies": [
            "aws_cloudwatch_log_group.ecs_logs",
            "aws_ecr_repository.billing_app",
            "aws_ecs_cluster.main",
            "aws_ecs_task_definition.billing_stack",
            "aws_efs_access_point.billing_db",
            "aws_efs_access_point.rabbitmq",
            "aws_efs_file_system.db_data",
            "aws_efs_mount_target.private_1",
            "aws_efs_mount_target.private_2",
            "aws_iam_role.ecs_execution_role",
            "aws_security_group.alb_sg",
            "aws_security_group.ecs_sg",
            "aws_security_group.efs_sg",
            "aws_service_discovery_private_dns_namespace.local",
            "aws_service_discovery_service.billing",
            "aws_ssm_parameter.billing_db_password",
            "aws_ssm_parameter.rabbitmq_password",
            "aws_subnet.private_1",
            "aws_subnet.private_2",
            "aws_vpc.main",
            "data.aws_region.current",
            "random_password.billing_db_password",
            "random_password.rabbitmq_password"
          ]
        }
      ]
    },
    {
      "mode": "managed",
      "type": "aws_ecs_service",
      "name": "inventory_service",
      "provider": "provider[\"registry.terraform.io/hashicorp/aws\"]",
      "instances": [
        {
          "schema_version": 1,
          "attributes": {
            "alarms": [],
            "availability_zone_rebalancing": "DISABLED",
            "capacity_provider_strategy": [],
            "cluster": "arn:aws:ecs:eu-north-1:011237053542:cluster/cloud-design-cluster",
            "deployment_circuit_breaker": [
              {
                "enable": false,
                "rollback": false
              }
            ],
            "deployment_controller": [
              {
                "type": "ECS"
              }
            ],
            "deployment_maximum_percent": 100,
            "deployment_minimum_healthy_percent": 0,
            "desired_count": 1,
            "enable_ecs_managed_tags": false,
            "enable_execute_command": false,
            "force_delete": null,
            "force_new_deployment": null,
            "health_check_grace_period_seconds": 0,
            "iam_role": "/aws-service-role/ecs.amazonaws.com/AWSServiceRoleForECS",
            "id": "arn:aws:ecs:eu-north-1:011237053542:service/cloud-design-cluster/inventory-service",
            "launch_type": "EC2",
            "load_balancer": [],
            "name": "inventory-service",
            "network_configuration": [
              {
                "assign_public_ip": false,
                "security_groups": [
                  "sg-01a1caeb6ae236ff4"
                ],
                "subnets": [
                  "subnet-0d8370cbf103861b6",
                  "subnet-0fe706183805ce761"
                ]
              }
            ],
            "ordered_placement_strategy": [],
            "placement_constraints": [],
            "platform_version": "",
            "propagate_tags": "NONE",
            "scheduling_strategy": "REPLICA",
            "service_connect_configuration": [],
            "service_registries": [
              {
                "container_name": "",
                "container_port": 0,
                "port": 0,
                "registry_arn": "arn:aws:servicediscovery:eu-north-1:011237053542:service/srv-ardp2bynxegbxajh"
              }
            ],
            "tags": {},
            "tags_all": {
              "Owner": "Team",
              "Project": "CloudDesign"
            },
            "task_definition": "arn:aws:ecs:eu-north-1:011237053542:task-definition/inventory-stack-task:17",
            "timeouts": null,
            "triggers": {},
            "volume_configuration": [],
            "vpc_lattice_configurations": [],
            "wait_for_steady_state": false
          },
          "sensitive_attributes": [],
          "identity_schema_version": 0,
          "private": "eyJlMmJmYjczMC1lY2FhLTExZTYtOGY4OC0zNDM2M2JjN2M0YzAiOnsiY3JlYXRlIjoxMjAwMDAwMDAwMDAwLCJkZWxldGUiOjEyMDAwMDAwMDAwMDAsInVwZGF0ZSI6MTIwMDAwMDAwMDAwMH0sInNjaGVtYV92ZXJzaW9uIjoiMSJ9",
          "dependencies": [
            "aws_cloudwatch_log_group.ecs_logs",
            "aws_ecr_repository.inventory_app",
            "aws_ecs_cluster.main",
            "aws_ecs_task_definition.inventory_stack",
            "aws_efs_access_point.inventory_db",
            "aws_efs_file_system.db_data",
            "aws_efs_mount_target.private_1",
            "aws_efs_mount_target.private_2",
            "aws_iam_role.ecs_execution_role",
            "aws_security_group.alb_sg",
            "aws_security_group.ecs_sg",
            "aws_security_group.efs_sg",
            "aws_service_discovery_private_dns_namespace.local",
            "aws_service_discovery_service.inventory",
            "aws_ssm_parameter.inventory_db_password",
            "aws_subnet.private_1",
            "aws_subnet.private_2",
            "aws_vpc.main",
            "data.aws_region.current",
            "random_password.inventory_db_password"
          ]
        }
      ]
    },
    {
      "mode": "managed",
      "type": "aws_ecs_task_definition",
      "name": "api_gateway",
      "provider": "provider[\"registry.terraform.io/hashicorp/aws\"]",
      "instances": [
        {
          "schema_version": 1,
          "attributes": {
            "arn": "arn:aws:ecs:eu-north-1:011237053542:task-definition/api-gateway-task:9",
            "arn_without_revision": "arn:aws:ecs:eu-north-1:011237053542:task-definition/api-gateway-task",
            "container_definitions": "[{\"environment\":[{\"name\":\"BILLING_SERVICE_URL\",\"value\":\"http://billing-app.local:8080\"},{\"name\":\"INVENTORY_SERVICE_URL\",\"value\":\"http://inventory-app.local:8080\"},{\"name\":\"PORT\",\"value\":\"3000\"},{\"name\":\"RABBITMQ_HOST\",\"value\":\"billing-app.local\"},{\"name\":\"RABBITMQ_PORT\",\"value\":\"5672\"},{\"name\":\"RABBITMQ_USER\",\"value\":\"rabbitmq_user\"}],\"essential\":true,\"image\":\"011237053542.dkr.ecr.eu-north-1.amazonaws.com/cloud-design-api-gateway:v1\",\"logConfiguration\":{\"logDriver\":\"awslogs\",\"options\":{\"awslogs-stream-prefix\":\"api-gateway\",\"awslogs-group\":\"/ecs/cloud-design\",\"awslogs-region\":\"eu-north-1\"}},\"memory\":512,\"mountPoints\":[],\"name\":\"api-gateway\",\"portMappings\":[{\"containerPort\":3000,\"hostPort\":3000,\"protocol\":\"tcp\"}],\"secrets\":[{\"name\":\"RABBITMQ_PASSWORD\",\"valueFrom\":\"arn:aws:ssm:eu-north-1:011237053542:parameter/cloud-design/rabbitmq/password\"}],\"systemControls\":[],\"volumesFrom\":[]}]",
            "cpu": "256",
            "enable_fault_injection": false,
            "ephemeral_storage": [],
            "execution_role_arn": "arn:aws:iam::011237053542:role/ecs_execution_role",
            "family": "api-gateway-task",
            "id": "api-gateway-task",
            "inference_accelerator": [],
            "ipc_mode": "",
            "memory": "512",
            "network_mode": "awsvpc",
            "pid_mode": "",
            "placement_constraints": [],
            "proxy_configuration": [],
            "requires_compatibilities": [
              "EC2"
            ],
            "revision": 9,
            "runtime_platform": [],
            "skip_destroy": false,
            "tags": {},
            "tags_all": {
              "Owner": "Team",
              "Project": "CloudDesign"
            },
            "task_role_arn": "",
            "track_latest": false,
            "volume": []
          },
          "sensitive_attributes": [],
          "identity_schema_version": 0,
          "private": "eyJzY2hlbWFfdmVyc2lvbiI6IjEifQ==",
          "dependencies": [
            "aws_cloudwatch_log_group.ecs_logs",
            "aws_ecr_repository.api_gateway",
            "aws_iam_role.ecs_execution_role",
            "aws_ssm_parameter.rabbitmq_password",
            "data.aws_region.current",
            "random_password.rabbitmq_password"
          ]
        }
      ]
    },
    {
      "mode": "managed",
      "type": "aws_ecs_task_definition",
      "name": "billing_stack",
      "provider": "provider[\"registry.terraform.io/hashicorp/aws\"]",
      "instances": [
        {
          "schema_version": 1,
          "attributes": {
            "arn": "arn:aws:ecs:eu-north-1:011237053542:task-definition/billing-stack-task:19",
            "arn_without_revision": "arn:aws:ecs:eu-north-1:011237053542:task-definition/billing-stack-task",
            "container_definitions": "[{\"environment\":[{\"name\":\"BILLING_DB_HOST\",\"value\":\"localhost\"},{\"name\":\"BILLING_DB_NAME\",\"value\":\"billing\"},{\"name\":\"BILLING_DB_PORT\",\"value\":\"5432\"},{\"name\":\"BILLING_DB_USER\",\"value\":\"billinguser\"},{\"name\":\"BILLING_PORT\",\"value\":\"8080\"},{\"name\":\"RABBITMQ_HOST\",\"value\":\"localhost\"},{\"name\":\"RABBITMQ_USER\",\"value\":\"rabbitmq_user\"}],\"essential\":true,\"image\":\"011237053542.dkr.ecr.eu-north-1.amazonaws.com/cloud-design-billing-app:v1\",\"logConfiguration\":{\"logDriver\":\"awslogs\",\"options\":{\"awslogs-group\":\"/ecs/cloud-design\",\"awslogs-region\":\"eu-north-1\",\"awslogs-stream-prefix\":\"billing-app\"}},\"memory\":896,\"mountPoints\":[],\"name\":\"billing-app\",\"portMappings\":[{\"containerPort\":8080,\"hostPort\":8080,\"protocol\":\"tcp\"}],\"secrets\":[{\"name\":\"BILLING_DB_PASSWORD\",\"valueFrom\":\"arn:aws:ssm:eu-north-1:011237053542:parameter/cloud-design/billing-db/password\"},{\"name\":\"RABBITMQ_PASSWORD\",\"valueFrom\":\"arn:aws:ssm:eu-north-1:011237053542:parameter/cloud-design/rabbitmq/password\"}],\"systemControls\":[],\"volumesFrom\":[]},{\"environment\":[{\"name\":\"PGDATA\",\"value\":\"/data/billing/pgdata\"},{\"name\":\"POSTGRES_DB\",\"value\":\"billing\"},{\"name\":\"POSTGRES_USER\",\"value\":\"billinguser\"}],\"essential\":true,\"image\":\"postgres:13-alpine\",\"logConfiguration\":{\"logDriver\":\"awslogs\",\"options\":{\"awslogs-group\":\"/ecs/cloud-design\",\"awslogs-region\":\"eu-north-1\",\"awslogs-stream-prefix\":\"billing-db\"}},\"memory\":640,\"mountPoints\":[{\"containerPath\":\"/data/billing\",\"readOnly\":false,\"sourceVolume\":\"billing-db-data\"}],\"name\":\"billing-database\",\"portMappings\":[],\"secrets\":[{\"name\":\"POSTGRES_PASSWORD\",\"valueFrom\":\"arn:aws:ssm:eu-north-1:011237053542:parameter/cloud-design/billing-db/password\"}],\"systemControls\":[],\"user\":\"70:70\",\"volumesFrom\":[]},{\"environment\":[{\"name\":\"RABBITMQ_DEFAULT_USER\",\"value\":\"rabbitmq_user\"},{\"name\":\"RABBITMQ_MNESIA_DIR\",\"value\":\"/data/rabbitmq/mnesia\"},{\"name\":\"RABBITMQ_VM_MEMORY_HIGH_WATERMARK\",\"value\":\"0.8\"}],\"essential\":true,\"image\":\"rabbitmq:3-management-alpine\",\"logConfiguration\":{\"logDriver\":\"awslogs\",\"options\":{\"awslogs-group\":\"/ecs/cloud-design\",\"awslogs-region\":\"eu-north-1\",\"awslogs-stream-prefix\":\"rabbitmq\"}},\"memory\":512,\"mountPoints\":[{\"containerPath\":\"/data/rabbitmq\",\"readOnly\":false,\"sourceVolume\":\"rabbitmq-data\"}],\"name\":\"rabbitmq\",\"portMappings\":[],\"secrets\":[{\"name\":\"RABBITMQ_DEFAULT_PASS\",\"valueFrom\":\"arn:aws:ssm:eu-north-1:011237053542:parameter/cloud-design/rabbitmq/password\"}],\"systemControls\":[],\"user\":\"100:101\",\"volumesFrom\":[]}]",
            "cpu": "512",
            "enable_fault_injection": false,
            "ephemeral_storage": [],
            "execution_role_arn": "arn:aws:iam::011237053542:role/ecs_execution_role",
            "family": "billing-stack-task",
            "id": "billing-stack-task",
            "inference_accelerator": [],
            "ipc_mode": "",
            "memory": "2048",
            "network_mode": "awsvpc",
            "pid_mode": "",
            "placement_constraints": [],
            "proxy_configuration": [],
            "requires_compatibilities": [
              "EC2"
            ],
            "revision": 19,
            "runtime_platform": [],
            "skip_destroy": false,
            "tags": null,
            "tags_all": {
              "Owner": "Team",
              "Project": "CloudDesign"
            },
            "task_role_arn": "",
            "track_latest": false,
            "volume": [
              {
                "configure_at_launch": false,
                "docker_volume_configuration": [],
                "efs_volume_configuration": [
                  {
                    "authorization_config": [
                      {
                        "access_point_id": "fsap-0acd36f2299736b7c",
                        "iam": "DISABLED"
                      }
                    ],
                    "file_system_id": "fs-01f1080a5619822a4",
                    "root_directory": "/",
                    "transit_encryption": "ENABLED",
                    "transit_encryption_port": 0
                  }
                ],
                "fsx_windows_file_server_volume_configuration": [],
                "host_path": "",
                "name": "rabbitmq-data"
              },
              {
                "configure_at_launch": false,
                "docker_volume_configuration": [],
                "efs_volume_configuration": [
                  {
                    "authorization_config": [
                      {
                        "access_point_id": "fsap-0b5569f9bb3de57bb",
                        "iam": "DISABLED"
                      }
                    ],
                    "file_system_id": "fs-01f1080a5619822a4",
                    "root_directory": "/",
                    "transit_encryption": "ENABLED",
                    "transit_encryption_port": 0
                  }
                ],
                "fsx_windows_file_server_volume_configuration": [],
                "host_path": "",
                "name": "billing-db-data"
              }
            ]
          },
          "sensitive_attributes": [],
          "identity_schema_version": 0,
          "private": "eyJzY2hlbWFfdmVyc2lvbiI6IjEifQ==",
          "dependencies": [
            "aws_cloudwatch_log_group.ecs_logs",
            "aws_ecr_repository.billing_app",
            "aws_efs_access_point.billing_db",
            "aws_efs_access_point.rabbitmq",
            "aws_efs_file_system.db_data",
            "aws_iam_role.ecs_execution_role",
            "aws_ssm_parameter.billing_db_password",
            "aws_ssm_parameter.rabbitmq_password",
            "data.aws_region.current",
            "random_password.billing_db_password",
            "random_password.rabbitmq_password"
          ]
        }
      ]
    },
    {
      "mode": "managed",
      "type": "aws_ecs_task_definition",
      "name": "inventory_stack",
      "provider": "provider[\"registry.terraform.io/hashicorp/aws\"]",
      "instances": [
        {
          "schema_version": 1,
          "attributes": {
            "arn": "arn:aws:ecs:eu-north-1:011237053542:task-definition/inventory-stack-task:17",
            "arn_without_revision": "arn:aws:ecs:eu-north-1:011237053542:task-definition/inventory-stack-task",
            "container_definitions": "[{\"environment\":[{\"name\":\"INVENTORY_DB_HOST\",\"value\":\"localhost\"},{\"name\":\"INVENTORY_DB_NAME\",\"value\":\"inventory\"},{\"name\":\"INVENTORY_DB_PORT\",\"value\":\"5432\"},{\"name\":\"INVENTORY_DB_USER\",\"value\":\"inventoryuser\"},{\"name\":\"INVENTORY_PORT\",\"value\":\"8080\"}],\"essential\":true,\"image\":\"011237053542.dkr.ecr.eu-north-1.amazonaws.com/cloud-design-inventory-app:v1\",\"logConfiguration\":{\"logDriver\":\"awslogs\",\"options\":{\"awslogs-region\":\"eu-north-1\",\"awslogs-stream-prefix\":\"inventory-app\",\"awslogs-group\":\"/ecs/cloud-design\"}},\"memory\":512,\"mountPoints\":[],\"name\":\"inventory-app\",\"portMappings\":[{\"containerPort\":8080,\"hostPort\":8080,\"protocol\":\"tcp\"}],\"secrets\":[{\"name\":\"INVENTORY_DB_PASSWORD\",\"valueFrom\":\"arn:aws:ssm:eu-north-1:011237053542:parameter/cloud-design/inventory-db/password\"}],\"systemControls\":[],\"volumesFrom\":[]},{\"environment\":[{\"name\":\"PGDATA\",\"value\":\"/data/inventory/pgdata\"},{\"name\":\"POSTGRES_DB\",\"value\":\"inventory\"},{\"name\":\"POSTGRES_USER\",\"value\":\"inventoryuser\"}],\"essential\":true,\"image\":\"postgres:13-alpine\",\"logConfiguration\":{\"logDriver\":\"awslogs\",\"options\":{\"awslogs-group\":\"/ecs/cloud-design\",\"awslogs-region\":\"eu-north-1\",\"awslogs-stream-prefix\":\"inventory-db\"}},\"memory\":512,\"mountPoints\":[{\"containerPath\":\"/data/inventory\",\"readOnly\":false,\"sourceVolume\":\"inventory-db-data\"}],\"name\":\"inventory-database\",\"portMappings\":[],\"secrets\":[{\"name\":\"POSTGRES_PASSWORD\",\"valueFrom\":\"arn:aws:ssm:eu-north-1:011237053542:parameter/cloud-design/inventory-db/password\"}],\"systemControls\":[],\"user\":\"70:70\",\"volumesFrom\":[]}]",
            "cpu": "512",
            "enable_fault_injection": false,
            "ephemeral_storage": [],
            "execution_role_arn": "arn:aws:iam::011237053542:role/ecs_execution_role",
            "family": "inventory-stack-task",
            "id": "inventory-stack-task",
            "inference_accelerator": [],
            "ipc_mode": "",
            "memory": "1024",
            "network_mode": "awsvpc",
            "pid_mode": "",
            "placement_constraints": [],
            "proxy_configuration": [],
            "requires_compatibilities": [
              "EC2"
            ],
            "revision": 17,
            "runtime_platform": [],
            "skip_destroy": false,
            "tags": {},
            "tags_all": {
              "Owner": "Team",
              "Project": "CloudDesign"
            },
            "task_role_arn": "",
            "track_latest": false,
            "volume": [
              {
                "configure_at_launch": false,
                "docker_volume_configuration": [],
                "efs_volume_configuration": [
                  {
                    "authorization_config": [
                      {
                        "access_point_id": "fsap-0b0eba4735cb6a210",
                        "iam": "DISABLED"
                      }
                    ],
                    "file_system_id": "fs-01f1080a5619822a4",
                    "root_directory": "/",
                    "transit_encryption": "ENABLED",
                    "transit_encryption_port": 0
                  }
                ],
                "fsx_windows_file_server_volume_configuration": [],
                "host_path": "",
                "name": "inventory-db-data"
              }
            ]
          },
          "sensitive_attributes": [],
          "identity_schema_version": 0,
          "private": "eyJzY2hlbWFfdmVyc2lvbiI6IjEifQ==",
          "dependencies": [
            "aws_cloudwatch_log_group.ecs_logs",
            "aws_ecr_repository.inventory_app",
            "aws_efs_access_point.inventory_db",
            "aws_efs_file_system.db_data",
            "aws_iam_role.ecs_execution_role",
            "aws_ssm_parameter.inventory_db_password",
            "data.aws_region.current",
            "random_password.inventory_db_password"
          ]
        }
      ]
    },
    {
      "mode": "managed",
      "type": "aws_efs_access_point",
      "name": "billing_db",
      "provider": "provider[\"registry.terraform.io/hashicorp/aws\"]",
      "instances": [
        {
          "schema_version": 0,
          "attributes": {
            "arn": "arn:aws:elasticfilesystem:eu-north-1:011237053542:access-point/fsap-0b5569f9bb3de57bb",
            "file_system_arn": "arn:aws:elasticfilesystem:eu-north-1:011237053542:file-system/fs-01f1080a5619822a4",
            "file_system_id": "fs-01f1080a5619822a4",
            "id": "fsap-0b5569f9bb3de57bb",
            "owner_id": "011237053542",
            "posix_user": [
              {
                "gid": 70,
                "secondary_gids": [],
                "uid": 70
              }
            ],
            "root_directory": [
              {
                "creation_info": [
                  {
                    "owner_gid": 70,
                    "owner_uid": 70,
                    "permissions": "0700"
                  }
                ],
                "path": "/billing-db-data-v3"
              }
            ],
            "tags": {
              "Name": "billing-db-access-point"
            },
            "tags_all": {
              "Name": "billing-db-access-point",
              "Owner": "Team",
              "Project": "CloudDesign"
            }
          },
          "sensitive_attributes": [],
          "identity_schema_version": 0,
          "private": "bnVsbA==",
          "dependencies": [
            "aws_efs_file_system.db_data"
          ]
        }
      ]
    },
    {
      "mode": "managed",
      "type": "aws_efs_access_point",
      "name": "inventory_db",
      "provider": "provider[\"registry.terraform.io/hashicorp/aws\"]",
      "instances": [
        {
          "schema_version": 0,
          "attributes": {
            "arn": "arn:aws:elasticfilesystem:eu-north-1:011237053542:access-point/fsap-0b0eba4735cb6a210",
            "file_system_arn": "arn:aws:elasticfilesystem:eu-north-1:011237053542:file-system/fs-01f1080a5619822a4",
            "file_system_id": "fs-01f1080a5619822a4",
            "id": "fsap-0b0eba4735cb6a210",
            "owner_id": "011237053542",
            "posix_user": [
              {
                "gid": 70,
                "secondary_gids": [],
                "uid": 70
              }
            ],
            "root_directory": [
              {
                "creation_info": [
                  {
                    "owner_gid": 70,
                    "owner_uid": 70,
                    "permissions": "0700"
                  }
                ],
                "path": "/inventory-db-data-v3"
              }
            ],
            "tags": {
              "Name": "inventory-db-access-point"
            },
            "tags_all": {
              "Name": "inventory-db-access-point",
              "Owner": "Team",
              "Project": "CloudDesign"
            }
          },
          "sensitive_attributes": [],
          "identity_schema_version": 0,
          "private": "bnVsbA==",
          "dependencies": [
            "aws_efs_file_system.db_data"
          ]
        }
      ]
    },
    {
      "mode": "managed",
      "type": "aws_efs_access_point",
      "name": "rabbitmq",
      "provider": "provider[\"registry.terraform.io/hashicorp/aws\"]",
      "instances": [
        {
          "schema_version": 0,
          "attributes": {
            "arn": "arn:aws:elasticfilesystem:eu-north-1:011237053542:access-point/fsap-0acd36f2299736b7c",
            "file_system_arn": "arn:aws:elasticfilesystem:eu-north-1:011237053542:file-system/fs-01f1080a5619822a4",
            "file_system_id": "fs-01f1080a5619822a4",
            "id": "fsap-0acd36f2299736b7c",
            "owner_id": "011237053542",
            "posix_user": [
              {
                "gid": 101,
                "secondary_gids": [],
                "uid": 100
              }
            ],
            "root_directory": [
              {
                "creation_info": [
                  {
                    "owner_gid": 101,
                    "owner_uid": 100,
                    "permissions": "0700"
                  }
                ],
                "path": "/rabbitmq-data-v3"
              }
            ],
            "tags": {
              "Name": "rabbitmq-access-point"
            },
            "tags_all": {
              "Name": "rabbitmq-access-point",
              "Owner": "Team",
              "Project": "CloudDesign"
            }
          },
          "sensitive_attributes": [],
          "identity_schema_version": 0,
          "private": "bnVsbA==",
          "dependencies": [
            "aws_efs_file_system.db_data"
          ]
        }
      ]
    },
    {
      "mode": "managed",
      "type": "aws_efs_file_system",
      "name": "db_data",
      "provider": "provider[\"registry.terraform.io/hashicorp/aws\"]",
      "instances": [
        {
          "schema_version": 0,
          "attributes": {
            "arn": "arn:aws:elasticfilesystem:eu-north-1:011237053542:file-system/fs-01f1080a5619822a4",
            "availability_zone_id": "",
            "availability_zone_name": "",
            "creation_token": "cloud-design-db-data",
            "dns_name": "fs-01f1080a5619822a4.efs.eu-north-1.amazonaws.com",
            "encrypted": true,
            "id": "fs-01f1080a5619822a4",
            "kms_key_id": "arn:aws:kms:eu-north-1:011237053542:key/582e756b-044b-4e85-b67e-ac7a303b150c",
            "lifecycle_policy": [],
            "name": "cloud-design-db-efs",
            "number_of_mount_targets": 2,
            "owner_id": "011237053542",
            "performance_mode": "generalPurpose",
            "protection": [
              {
                "replication_overwrite": "ENABLED"
              }
            ],
            "provisioned_throughput_in_mibps": 0,
            "size_in_bytes": [
              {
                "value": 218505216,
                "value_in_ia": 0,
                "value_in_standard": 218505216
              }
            ],
            "tags": {
              "Name": "cloud-design-db-efs"
            },
            "tags_all": {
              "Name": "cloud-design-db-efs",
              "Owner": "Team",
              "Project": "CloudDesign"
            },
            "throughput_mode": "bursting"
          },
          "sensitive_attributes": [],
          "identity_schema_version": 0,
          "private": "bnVsbA=="
        }
      ]
    },
    {
      "mode": "managed",
      "type": "aws_efs_mount_target",
      "name": "private_1",
      "provider": "provider[\"registry.terraform.io/hashicorp/aws\"]",
      "instances": [
        {
          "schema_version": 0,
          "attributes": {
            "availability_zone_id": "eun1-az1",
            "availability_zone_name": "eu-north-1a",
            "dns_name": "fs-01f1080a5619822a4.efs.eu-north-1.amazonaws.com",
            "file_system_arn": "arn:aws:elasticfilesystem:eu-north-1:011237053542:file-system/fs-01f1080a5619822a4",
            "file_system_id": "fs-01f1080a5619822a4",
            "id": "fsmt-03d9602d672c47bc4",
            "ip_address": "10.0.3.119",
            "mount_target_dns_name": "eu-north-1a.fs-01f1080a5619822a4.efs.eu-north-1.amazonaws.com",
            "network_interface_id": "eni-0de7d15bc5db1325b",
            "owner_id": "011237053542",
            "security_groups": [
              "sg-0d4be00c02a6aae5c"
            ],
            "subnet_id": "subnet-0d8370cbf103861b6",
            "timeouts": null
          },
          "sensitive_attributes": [],
          "identity_schema_version": 0,
          "private": "eyJlMmJmYjczMC1lY2FhLTExZTYtOGY4OC0zNDM2M2JjN2M0YzAiOnsiY3JlYXRlIjoxODAwMDAwMDAwMDAwLCJkZWxldGUiOjYwMDAwMDAwMDAwMH19",
          "dependencies": [
            "aws_efs_file_system.db_data",
            "aws_security_group.alb_sg",
            "aws_security_group.ecs_sg",
            "aws_security_group.efs_sg",
            "aws_subnet.private_1",
            "aws_vpc.main"
          ]
        }
      ]
    },
    {
      "mode": "managed",
      "type": "aws_efs_mount_target",
      "name": "private_2",
      "provider": "provider[\"registry.terraform.io/hashicorp/aws\"]",
      "instances": [
        {
          "schema_version": 0,
          "attributes": {
            "availability_zone_id": "eun1-az2",
            "availability_zone_name": "eu-north-1b",
            "dns_name": "fs-01f1080a5619822a4.efs.eu-north-1.amazonaws.com",
            "file_system_arn": "arn:aws:elasticfilesystem:eu-north-1:011237053542:file-system/fs-01f1080a5619822a4",
            "file_system_id": "fs-01f1080a5619822a4",
            "id": "fsmt-0b8de1c47b39376a2",
            "ip_address": "10.0.4.134",
            "mount_target_dns_name": "eu-north-1b.fs-01f1080a5619822a4.efs.eu-north-1.amazonaws.com",
            "network_interface_id": "eni-0f64a4a33c0905afa",
            "owner_id": "011237053542",
            "security_groups": [
              "sg-0d4be00c02a6aae5c"
            ],
            "subnet_id": "subnet-0fe706183805ce761",
            "timeouts": null
          },
          "sensitive_attributes": [],
          "identity_schema_version": 0,
          "private": "eyJlMmJmYjczMC1lY2FhLTExZTYtOGY4OC0zNDM2M2JjN2M0YzAiOnsiY3JlYXRlIjoxODAwMDAwMDAwMDAwLCJkZWxldGUiOjYwMDAwMDAwMDAwMH19",
          "dependencies": [
            "aws_efs_file_system.db_data",
            "aws_security_group.alb_sg",
            "aws_security_group.ecs_sg",
            "aws_security_group.efs_sg",
            "aws_subnet.private_2",
            "aws_vpc.main"
          ]
        }
      ]
    },
    {
      "mode": "managed",
      "type": "aws_eip",
      "name": "nat",
      "provider": "provider[\"registry.terraform.io/hashicorp/aws\"]",
      "instances": [
        {
          "schema_version": 0,
          "attributes": {
            "address": null,
            "allocation_id": "eipalloc-007e4db37a6dbc0ff",
            "arn": "arn:aws:ec2:eu-north-1:011237053542:elastic-ip/eipalloc-007e4db37a6dbc0ff",
            "associate_with_private_ip": null,
            "association_id": "eipassoc-016a1543bb952c678",
            "carrier_ip": "",
            "customer_owned_ip": "",
            "customer_owned_ipv4_pool": "",
            "domain": "vpc",
            "id": "eipalloc-007e4db37a6dbc0ff",
            "instance": "",
            "ipam_pool_id": null,
            "network_border_group": "eu-north-1",
            "network_interface": "eni-07db3bb60e9d864fd",
            "private_dns": "ip-10-0-1-218.eu-north-1.compute.internal",
            "private_ip": "10.0.1.218",
            "ptr_record": "",
            "public_dns": "ec2-13-63-183-229.eu-north-1.compute.amazonaws.com",
            "public_ip": "13.63.183.229",
            "public_ipv4_pool": "amazon",
            "tags": {},
            "tags_all": {
              "Owner": "Team",
              "Project": "CloudDesign"
            },
            "timeouts": null,
            "vpc": true
          },
          "sensitive_attributes": [],
          "identity_schema_version": 0,
          "private": "eyJlMmJmYjczMC1lY2FhLTExZTYtOGY4OC0zNDM2M2JjN2M0YzAiOnsiZGVsZXRlIjoxODAwMDAwMDAwMDAsInJlYWQiOjkwMDAwMDAwMDAwMCwidXBkYXRlIjozMDAwMDAwMDAwMDB9fQ=="
        }
      ]
    },
    {
      "mode": "managed",
      "type": "aws_iam_instance_profile",
      "name": "ecs_instance_profile",
      "provider": "provider[\"registry.terraform.io/hashicorp/aws\"]",
      "instances": [
        {
          "schema_version": 0,
          "attributes": {
            "arn": "arn:aws:iam::011237053542:instance-profile/ecs_instance_profile",
            "create_date": "2026-05-14T07:14:27Z",
            "id": "ecs_instance_profile",
            "name": "ecs_instance_profile",
            "name_prefix": "",
            "path": "/",
            "role": "ecs_instance_role",
            "tags": {},
            "tags_all": {
              "Owner": "Team",
              "Project": "CloudDesign"
            },
            "unique_id": "AIPAQFHOH2RTKBUYHK2AT"
          },
          "sensitive_attributes": [],
          "identity_schema_version": 0,
          "private": "bnVsbA==",
          "dependencies": [
            "aws_iam_role.ecs_instance_role"
          ]
        }
      ]
    },
    {
      "mode": "managed",
      "type": "aws_iam_role",
      "name": "ecs_execution_role",
      "provider": "provider[\"registry.terraform.io/hashicorp/aws\"]",
      "instances": [
        {
          "schema_version": 0,
          "attributes": {
            "arn": "arn:aws:iam::011237053542:role/ecs_execution_role",
            "assume_role_policy": "{\"Statement\":[{\"Action\":\"sts:AssumeRole\",\"Effect\":\"Allow\",\"Principal\":{\"Service\":\"ecs-tasks.amazonaws.com\"}}],\"Version\":\"2012-10-17\"}",
            "create_date": "2026-05-14T07:14:26Z",
            "description": "",
            "force_detach_policies": false,
            "id": "ecs_execution_role",
            "inline_policy": [
              {
                "name": "ecs_execution_secrets_policy",
                "policy": "{\"Version\":\"2012-10-17\",\"Statement\":[{\"Action\":[\"ssm:GetParameters\",\"ssm:GetParameter\"],\"Effect\":\"Allow\",\"Resource\":[\"arn:aws:ssm:eu-north-1:011237053542:parameter/cloud-design/rabbitmq/password\",\"arn:aws:ssm:eu-north-1:011237053542:parameter/cloud-design/billing-db/password\",\"arn:aws:ssm:eu-north-1:011237053542:parameter/cloud-design/inventory-db/password\"]}]}"
              }
            ],
            "managed_policy_arns": [
              "arn:aws:iam::aws:policy/service-role/AmazonECSTaskExecutionRolePolicy"
            ],
            "max_session_duration": 3600,
            "name": "ecs_execution_role",
            "name_prefix": "",
            "path": "/",
            "permissions_boundary": "",
            "tags": {},
            "tags_all": {
              "Owner": "Team",
              "Project": "CloudDesign"
            },
            "unique_id": "AROAQFHOH2RTHAUYTI4RX"
          },
          "sensitive_attributes": [],
          "identity_schema_version": 0,
          "private": "bnVsbA=="
        }
      ]
    },
    {
      "mode": "managed",
      "type": "aws_iam_role",
      "name": "ecs_instance_role",
      "provider": "provider[\"registry.terraform.io/hashicorp/aws\"]",
      "instances": [
        {
          "schema_version": 0,
          "attributes": {
            "arn": "arn:aws:iam::011237053542:role/ecs_instance_role",
            "assume_role_policy": "{\"Statement\":[{\"Action\":\"sts:AssumeRole\",\"Effect\":\"Allow\",\"Principal\":{\"Service\":\"ec2.amazonaws.com\"}}],\"Version\":\"2012-10-17\"}",
            "create_date": "2026-05-14T07:14:26Z",
            "description": "",
            "force_detach_policies": false,
            "id": "ecs_instance_role",
            "inline_policy": [],
            "managed_policy_arns": [
              "arn:aws:iam::aws:policy/AmazonElasticFileSystemClientReadWriteAccess",
              "arn:aws:iam::aws:policy/AmazonSSMManagedInstanceCore",
              "arn:aws:iam::aws:policy/service-role/AmazonEC2ContainerServiceforEC2Role"
            ],
            "max_session_duration": 3600,
            "name": "ecs_instance_role",
            "name_prefix": "",
            "path": "/",
            "permissions_boundary": "",
            "tags": {},
            "tags_all": {
              "Owner": "Team",
              "Project": "CloudDesign"
            },
            "unique_id": "AROAQFHOH2RTD2FXGUFN6"
          },
          "sensitive_attributes": [],
          "identity_schema_version": 0,
          "private": "bnVsbA=="
        }
      ]
    },
    {
      "mode": "managed",
      "type": "aws_iam_role_policy",
      "name": "ecs_execution_secrets",
      "provider": "provider[\"registry.terraform.io/hashicorp/aws\"]",
      "instances": [
        {
          "schema_version": 0,
          "attributes": {
            "id": "ecs_execution_role:ecs_execution_secrets_policy",
            "name": "ecs_execution_secrets_policy",
            "name_prefix": "",
            "policy": "{\"Version\":\"2012-10-17\",\"Statement\":[{\"Action\":[\"ssm:GetParameters\",\"ssm:GetParameter\"],\"Effect\":\"Allow\",\"Resource\":[\"arn:aws:ssm:eu-north-1:011237053542:parameter/cloud-design/rabbitmq/password\",\"arn:aws:ssm:eu-north-1:011237053542:parameter/cloud-design/billing-db/password\",\"arn:aws:ssm:eu-north-1:011237053542:parameter/cloud-design/inventory-db/password\"]}]}",
            "role": "ecs_execution_role"
          },
          "sensitive_attributes": [],
          "identity_schema_version": 0,
          "private": "bnVsbA==",
          "dependencies": [
            "aws_iam_role.ecs_execution_role",
            "aws_ssm_parameter.billing_db_password",
            "aws_ssm_parameter.inventory_db_password",
            "aws_ssm_parameter.rabbitmq_password",
            "random_password.billing_db_password",
            "random_password.inventory_db_password",
            "random_password.rabbitmq_password"
          ]
        }
      ]
    },
    {
      "mode": "managed",
      "type": "aws_iam_role_policy_attachment",
      "name": "ecs_execution_role_policy",
      "provider": "provider[\"registry.terraform.io/hashicorp/aws\"]",
      "instances": [
        {
          "schema_version": 0,
          "attributes": {
            "id": "ecs_execution_role-20260515075419513500000004",
            "policy_arn": "arn:aws:iam::aws:policy/service-role/AmazonECSTaskExecutionRolePolicy",
            "role": "ecs_execution_role"
          },
          "sensitive_attributes": [],
          "identity_schema_version": 0,
          "private": "bnVsbA==",
          "dependencies": [
            "aws_iam_role.ecs_execution_role"
          ]
        }
      ]
    },
    {
      "mode": "managed",
      "type": "aws_iam_role_policy_attachment",
      "name": "ecs_instance_efs_policy",
      "provider": "provider[\"registry.terraform.io/hashicorp/aws\"]",
      "instances": [
        {
          "schema_version": 0,
          "attributes": {
            "id": "ecs_instance_role-20260515082748815700000002",
            "policy_arn": "arn:aws:iam::aws:policy/AmazonElasticFileSystemClientReadWriteAccess",
            "role": "ecs_instance_role"
          },
          "sensitive_attributes": [],
          "identity_schema_version": 0,
          "private": "bnVsbA==",
          "dependencies": [
            "aws_iam_role.ecs_instance_role"
          ]
        }
      ]
    },
    {
      "mode": "managed",
      "type": "aws_iam_role_policy_attachment",
      "name": "ecs_instance_role_policy",
      "provider": "provider[\"registry.terraform.io/hashicorp/aws\"]",
      "instances": [
        {
          "schema_version": 0,
          "attributes": {
            "id": "ecs_instance_role-20260515075419465900000003",
            "policy_arn": "arn:aws:iam::aws:policy/service-role/AmazonEC2ContainerServiceforEC2Role",
            "role": "ecs_instance_role"
          },
          "sensitive_attributes": [],
          "identity_schema_version": 0,
          "private": "bnVsbA==",
          "dependencies": [
            "aws_iam_role.ecs_instance_role"
          ]
        }
      ]
    },
    {
      "mode": "managed",
      "type": "aws_iam_role_policy_attachment",
      "name": "ecs_instance_ssm_policy",
      "provider": "provider[\"registry.terraform.io/hashicorp/aws\"]",
      "instances": [
        {
          "schema_version": 0,
          "attributes": {
            "id": "ecs_instance_role-20260515090203685500000002",
            "policy_arn": "arn:aws:iam::aws:policy/AmazonSSMManagedInstanceCore",
            "role": "ecs_instance_role"
          },
          "sensitive_attributes": [],
          "identity_schema_version": 0,
          "private": "bnVsbA==",
          "dependencies": [
            "aws_iam_role.ecs_instance_role"
          ]
        }
      ]
    },
    {
      "mode": "managed",
      "type": "aws_internet_gateway",
      "name": "igw",
      "provider": "provider[\"registry.terraform.io/hashicorp/aws\"]",
      "instances": [
        {
          "schema_version": 0,
          "attributes": {
            "arn": "arn:aws:ec2:eu-north-1:011237053542:internet-gateway/igw-04161b91249fc4f72",
            "id": "igw-04161b91249fc4f72",
            "owner_id": "011237053542",
            "tags": {
              "Name": "cloud-design-igw"
            },
            "tags_all": {
              "Name": "cloud-design-igw",
              "Owner": "Team",
              "Project": "CloudDesign"
            },
            "timeouts": null,
            "vpc_id": "vpc-02bbe3ed51decb50e"
          },
          "sensitive_attributes": [],
          "identity_schema_version": 0,
          "private": "eyJlMmJmYjczMC1lY2FhLTExZTYtOGY4OC0zNDM2M2JjN2M0YzAiOnsiY3JlYXRlIjoxMjAwMDAwMDAwMDAwLCJkZWxldGUiOjEyMDAwMDAwMDAwMDAsInVwZGF0ZSI6MTIwMDAwMDAwMDAwMH19",
          "dependencies": [
            "aws_vpc.main"
          ]
        }
      ]
    },
    {
      "mode": "managed",
      "type": "aws_launch_template",
      "name": "ecs_lt",
      "provider": "provider[\"registry.terraform.io/hashicorp/aws\"]",
      "instances": [
        {
          "schema_version": 0,
          "attributes": {
            "arn": "arn:aws:ec2:eu-north-1:011237053542:launch-template/lt-0f53ff139c677a72a",
            "block_device_mappings": [],
            "capacity_reservation_specification": [],
            "cpu_options": [],
            "credit_specification": [],
            "default_version": 1,
            "description": "",
            "disable_api_stop": false,
            "disable_api_termination": false,
            "ebs_optimized": "",
            "elastic_gpu_specifications": [],
            "elastic_inference_accelerator": [],
            "enclave_options": [],
            "hibernation_options": [],
            "iam_instance_profile": [
              {
                "arn": "",
                "name": "ecs_instance_profile"
              }
            ],
            "id": "lt-0f53ff139c677a72a",
            "image_id": "ami-08a0272d3bdbbfd24",
            "instance_initiated_shutdown_behavior": "",
            "instance_market_options": [],
            "instance_requirements": [],
            "instance_type": "t3.small",
            "kernel_id": "",
            "key_name": "",
            "latest_version": 6,
            "license_specification": [],
            "maintenance_options": [],
            "metadata_options": [],
            "monitoring": [],
            "name": "ecs-template20260514071442896900000007",
            "name_prefix": "ecs-template",
            "network_interfaces": [],
            "placement": [],
            "private_dns_name_options": [],
            "ram_disk_id": "",
            "security_group_names": [],
            "tag_specifications": [],
            "tags": {},
            "tags_all": {
              "Owner": "Team",
              "Project": "CloudDesign"
            },
            "update_default_version": null,
            "user_data": "IyEvYmluL2Jhc2gKZWNobyBFQ1NfQ0xVU1RFUj1jbG91ZC1kZXNpZ24tY2x1c3RlciA+PiAvZXRjL2Vjcy9lY3MuY29uZmlnCnl1bSBpbnN0YWxsIC15IGFtYXpvbi1lZnMtdXRpbHMK",
            "vpc_security_group_ids": [
              "sg-01a1caeb6ae236ff4"
            ]
          },
          "sensitive_attributes": [
            [
              {
                "type": "get_attr",
                "value": "image_id"
              }
            ]
          ],
          "identity_schema_version": 0,
          "private": "bnVsbA==",
          "dependencies": [
            "aws_ecs_cluster.main",
            "aws_iam_instance_profile.ecs_instance_profile",
            "aws_iam_role.ecs_instance_role",
            "aws_security_group.alb_sg",
            "aws_security_group.ecs_sg",
            "aws_vpc.main",
            "data.aws_ssm_parameter.ecs_ami"
          ]
        }
      ]
    },
    {
      "mode": "managed",
      "type": "aws_lb",
      "name": "main",
      "provider": "provider[\"registry.terraform.io/hashicorp/aws\"]",
      "instances": [
        {
          "schema_version": 0,
          "attributes": {
            "access_logs": [
              {
                "bucket": "",
                "enabled": false,
                "prefix": ""
              }
            ],
            "arn": "arn:aws:elasticloadbalancing:eu-north-1:011237053542:loadbalancer/app/cloud-design-alb/bdda4178e328b7a3",
            "arn_suffix": "app/cloud-design-alb/bdda4178e328b7a3",
            "client_keep_alive": 3600,
            "connection_logs": [
              {
                "bucket": "",
                "enabled": false,
                "prefix": ""
              }
            ],
            "customer_owned_ipv4_pool": "",
            "desync_mitigation_mode": "defensive",
            "dns_name": "cloud-design-alb-433299173.eu-north-1.elb.amazonaws.com",
            "dns_record_client_routing_policy": null,
            "drop_invalid_header_fields": false,
            "enable_cross_zone_load_balancing": true,
            "enable_deletion_protection": false,
            "enable_http2": true,
            "enable_tls_version_and_cipher_suite_headers": false,
            "enable_waf_fail_open": false,
            "enable_xff_client_port": false,
            "enable_zonal_shift": false,
            "enforce_security_group_inbound_rules_on_private_link_traffic": "",
            "id": "arn:aws:elasticloadbalancing:eu-north-1:011237053542:loadbalancer/app/cloud-design-alb/bdda4178e328b7a3",
            "idle_timeout": 60,
            "internal": false,
            "ip_address_type": "ipv4",
            "ipam_pools": [],
            "load_balancer_type": "application",
            "minimum_load_balancer_capacity": [],
            "name": "cloud-design-alb",
            "name_prefix": "",
            "preserve_host_header": false,
            "security_groups": [
              "sg-0122700390f705ab3"
            ],
            "subnet_mapping": [
              {
                "allocation_id": "",
                "ipv6_address": "",
                "outpost_id": "",
                "private_ipv4_address": "",
                "subnet_id": "subnet-049719f0bea0f8fb2"
              },
              {
                "allocation_id": "",
                "ipv6_address": "",
                "outpost_id": "",
                "private_ipv4_address": "",
                "subnet_id": "subnet-0fc8b5a5b064d010d"
              }
            ],
            "subnets": [
              "subnet-049719f0bea0f8fb2",
              "subnet-0fc8b5a5b064d010d"
            ],
            "tags": {},
            "tags_all": {
              "Owner": "Team",
              "Project": "CloudDesign"
            },
            "timeouts": null,
            "vpc_id": "vpc-02bbe3ed51decb50e",
            "xff_header_processing_mode": "append",
            "zone_id": "Z23TAZ6LKFMNIO"
          },
          "sensitive_attributes": [],
          "identity_schema_version": 0,
          "private": "eyJlMmJmYjczMC1lY2FhLTExZTYtOGY4OC0zNDM2M2JjN2M0YzAiOnsiY3JlYXRlIjo2MDAwMDAwMDAwMDAsImRlbGV0ZSI6NjAwMDAwMDAwMDAwLCJ1cGRhdGUiOjYwMDAwMDAwMDAwMH19",
          "dependencies": [
            "aws_security_group.alb_sg",
            "aws_subnet.public_1",
            "aws_subnet.public_2",
            "aws_vpc.main"
          ]
        }
      ]
    },
    {
      "mode": "managed",
      "type": "aws_lb_listener",
      "name": "http",
      "provider": "provider[\"registry.terraform.io/hashicorp/aws\"]",
      "instances": [
        {
          "schema_version": 0,
          "attributes": {
            "alpn_policy": null,
            "arn": "arn:aws:elasticloadbalancing:eu-north-1:011237053542:listener/app/cloud-design-alb/bdda4178e328b7a3/53aabeeada6956bb",
            "certificate_arn": null,
            "default_action": [
              {
                "authenticate_cognito": [],
                "authenticate_oidc": [],
                "fixed_response": [],
                "forward": [],
                "order": 1,
                "redirect": [],
                "target_group_arn": "arn:aws:elasticloadbalancing:eu-north-1:011237053542:targetgroup/api-gateway-tg-final/ad1c1c73e53fbb12",
                "type": "forward"
              }
            ],
            "id": "arn:aws:elasticloadbalancing:eu-north-1:011237053542:listener/app/cloud-design-alb/bdda4178e328b7a3/53aabeeada6956bb",
            "load_balancer_arn": "arn:aws:elasticloadbalancing:eu-north-1:011237053542:loadbalancer/app/cloud-design-alb/bdda4178e328b7a3",
            "mutual_authentication": [],
            "port": 80,
            "protocol": "HTTP",
            "routing_http_request_x_amzn_mtls_clientcert_header_name": null,
            "routing_http_request_x_amzn_mtls_clientcert_issuer_header_name": null,
            "routing_http_request_x_amzn_mtls_clientcert_leaf_header_name": null,
            "routing_http_request_x_amzn_mtls_clientcert_serial_number_header_name": null,
            "routing_http_request_x_amzn_mtls_clientcert_subject_header_name": null,
            "routing_http_request_x_amzn_mtls_clientcert_validity_header_name": null,
            "routing_http_request_x_amzn_tls_cipher_suite_header_name": null,
            "routing_http_request_x_amzn_tls_version_header_name": null,
            "routing_http_response_access_control_allow_credentials_header_value": "",
            "routing_http_response_access_control_allow_headers_header_value": "",
            "routing_http_response_access_control_allow_methods_header_value": "",
            "routing_http_response_access_control_allow_origin_header_value": "",
            "routing_http_response_access_control_expose_headers_header_value": "",
            "routing_http_response_access_control_max_age_header_value": "",
            "routing_http_response_content_security_policy_header_value": "",
            "routing_http_response_server_enabled": true,
            "routing_http_response_strict_transport_security_header_value": "",
            "routing_http_response_x_content_type_options_header_value": "",
            "routing_http_response_x_frame_options_header_value": "",
            "ssl_policy": "",
            "tags": {},
            "tags_all": {
              "Owner": "Team",
              "Project": "CloudDesign"
            },
            "tcp_idle_timeout_seconds": null,
            "timeouts": null
          },
          "sensitive_attributes": [],
          "identity_schema_version": 0,
          "private": "eyJlMmJmYjczMC1lY2FhLTExZTYtOGY4OC0zNDM2M2JjN2M0YzAiOnsiY3JlYXRlIjozMDAwMDAwMDAwMDAsInVwZGF0ZSI6MzAwMDAwMDAwMDAwfX0=",
          "dependencies": [
            "aws_lb.main",
            "aws_lb_target_group.api_gateway",
            "aws_security_group.alb_sg",
            "aws_subnet.public_1",
            "aws_subnet.public_2",
            "aws_vpc.main"
          ]
        }
      ]
    },
    {
      "mode": "managed",
      "type": "aws_lb_listener",
      "name": "https",
      "provider": "provider[\"registry.terraform.io/hashicorp/aws\"]",
      "instances": [
        {
          "schema_version": 0,
          "attributes": {
            "alpn_policy": null,
            "arn": "arn:aws:elasticloadbalancing:eu-north-1:011237053542:listener/app/cloud-design-alb/bdda4178e328b7a3/d44f73968f099359",
            "certificate_arn": "arn:aws:acm:eu-north-1:011237053542:certificate/a09e9160-55b0-4588-b71e-2e9c71ebf686",
            "default_action": [
              {
                "authenticate_cognito": [
                  {
                    "authentication_request_extra_params": {},
                    "on_unauthenticated_request": "authenticate",
                    "scope": "openid",
                    "session_cookie_name": "AWSELBAuthSessionCookie",
                    "session_timeout": 604800,
                    "user_pool_arn": "arn:aws:cognito-idp:eu-north-1:011237053542:userpool/eu-north-1_pywSHzkPT",
                    "user_pool_client_id": "65re96pr8nod1176ufbfdef61a",
                    "user_pool_domain": "cloud-design-auth-domain-687640"
                  }
                ],
                "authenticate_oidc": [],
                "fixed_response": [],
                "forward": [],
                "order": 1,
                "redirect": [],
                "target_group_arn": "",
                "type": "authenticate-cognito"
              },
              {
                "authenticate_cognito": [],
                "authenticate_oidc": [],
                "fixed_response": [],
                "forward": [],
                "order": 2,
                "redirect": [],
                "target_group_arn": "arn:aws:elasticloadbalancing:eu-north-1:011237053542:targetgroup/api-gateway-tg-final/ad1c1c73e53fbb12",
                "type": "forward"
              }
            ],
            "id": "arn:aws:elasticloadbalancing:eu-north-1:011237053542:listener/app/cloud-design-alb/bdda4178e328b7a3/d44f73968f099359",
            "load_balancer_arn": "arn:aws:elasticloadbalancing:eu-north-1:011237053542:loadbalancer/app/cloud-design-alb/bdda4178e328b7a3",
            "mutual_authentication": [
              {
                "advertise_trust_store_ca_names": "",
                "ignore_client_certificate_expiry": false,
                "mode": "off",
                "trust_store_arn": ""
              }
            ],
            "port": 443,
            "protocol": "HTTPS",
            "routing_http_request_x_amzn_mtls_clientcert_header_name": "",
            "routing_http_request_x_amzn_mtls_clientcert_issuer_header_name": "",
            "routing_http_request_x_amzn_mtls_clientcert_leaf_header_name": "",
            "routing_http_request_x_amzn_mtls_clientcert_serial_number_header_name": "",
            "routing_http_request_x_amzn_mtls_clientcert_subject_header_name": "",
            "routing_http_request_x_amzn_mtls_clientcert_validity_header_name": "",
            "routing_http_request_x_amzn_tls_cipher_suite_header_name": "",
            "routing_http_request_x_amzn_tls_version_header_name": "",
            "routing_http_response_access_control_allow_credentials_header_value": "",
            "routing_http_response_access_control_allow_headers_header_value": "",
            "routing_http_response_access_control_allow_methods_header_value": "",
            "routing_http_response_access_control_allow_origin_header_value": "",
            "routing_http_response_access_control_expose_headers_header_value": "",
            "routing_http_response_access_control_max_age_header_value": "",
            "routing_http_response_content_security_policy_header_value": "",
            "routing_http_response_server_enabled": true,
            "routing_http_response_strict_transport_security_header_value": "",
            "routing_http_response_x_content_type_options_header_value": "",
            "routing_http_response_x_frame_options_header_value": "",
            "ssl_policy": "ELBSecurityPolicy-2016-08",
            "tags": {},
            "tags_all": {
              "Owner": "Team",
              "Project": "CloudDesign"
            },
            "tcp_idle_timeout_seconds": null,
            "timeouts": null
          },
          "sensitive_attributes": [],
          "identity_schema_version": 0,
          "private": "eyJlMmJmYjczMC1lY2FhLTExZTYtOGY4OC0zNDM2M2JjN2M0YzAiOnsiY3JlYXRlIjozMDAwMDAwMDAwMDAsInVwZGF0ZSI6MzAwMDAwMDAwMDAwfX0=",
          "dependencies": [
            "aws_acm_certificate.alb_cert",
            "aws_cognito_user_pool.main",
            "aws_cognito_user_pool_client.main",
            "aws_cognito_user_pool_domain.main",
            "aws_lb.main",
            "aws_lb_target_group.api_gateway",
            "aws_security_group.alb_sg",
            "aws_subnet.public_1",
            "aws_subnet.public_2",
            "aws_vpc.main",
            "random_integer.cognito_domain",
            "tls_private_key.alb_cert",
            "tls_self_signed_cert.alb_cert"
          ]
        }
      ]
    },
    {
      "mode": "managed",
      "type": "aws_lb_target_group",
      "name": "api_gateway",
      "provider": "provider[\"registry.terraform.io/hashicorp/aws\"]",
      "instances": [
        {
          "schema_version": 0,
          "attributes": {
            "arn": "arn:aws:elasticloadbalancing:eu-north-1:011237053542:targetgroup/api-gateway-tg-final/ad1c1c73e53fbb12",
            "arn_suffix": "targetgroup/api-gateway-tg-final/ad1c1c73e53fbb12",
            "connection_termination": null,
            "deregistration_delay": "300",
            "health_check": [
              {
                "enabled": true,
                "healthy_threshold": 3,
                "interval": 30,
                "matcher": "200",
                "path": "/health",
                "port": "traffic-port",
                "protocol": "HTTP",
                "timeout": 5,
                "unhealthy_threshold": 3
              }
            ],
            "id": "arn:aws:elasticloadbalancing:eu-north-1:011237053542:targetgroup/api-gateway-tg-final/ad1c1c73e53fbb12",
            "ip_address_type": "ipv4",
            "lambda_multi_value_headers_enabled": false,
            "load_balancer_arns": [
              "arn:aws:elasticloadbalancing:eu-north-1:011237053542:loadbalancer/app/cloud-design-alb/bdda4178e328b7a3"
            ],
            "load_balancing_algorithm_type": "round_robin",
            "load_balancing_anomaly_mitigation": "off",
            "load_balancing_cross_zone_enabled": "use_load_balancer_configuration",
            "name": "api-gateway-tg-final",
            "name_prefix": "",
            "port": 3000,
            "preserve_client_ip": null,
            "protocol": "HTTP",
            "protocol_version": "HTTP1",
            "proxy_protocol_v2": false,
            "slow_start": 0,
            "stickiness": [
              {
                "cookie_duration": 86400,
                "cookie_name": "",
                "enabled": false,
                "type": "lb_cookie"
              }
            ],
            "tags": {},
            "tags_all": {
              "Owner": "Team",
              "Project": "CloudDesign"
            },
            "target_failover": [
              {
                "on_deregistration": null,
                "on_unhealthy": null
              }
            ],
            "target_group_health": [
              {
                "dns_failover": [
                  {
                    "minimum_healthy_targets_count": "1",
                    "minimum_healthy_targets_percentage": "off"
                  }
                ],
                "unhealthy_state_routing": [
                  {
                    "minimum_healthy_targets_count": 1,
                    "minimum_healthy_targets_percentage": "off"
                  }
                ]
              }
            ],
            "target_health_state": [
              {
                "enable_unhealthy_connection_termination": null,
                "unhealthy_draining_interval": null
              }
            ],
            "target_type": "ip",
            "vpc_id": "vpc-02bbe3ed51decb50e"
          },
          "sensitive_attributes": [],
          "identity_schema_version": 0,
          "private": "bnVsbA==",
          "dependencies": [
            "aws_vpc.main"
          ],
          "create_before_destroy": true
        }
      ]
    },
    {
      "mode": "managed",
      "type": "aws_nat_gateway",
      "name": "nat",
      "provider": "provider[\"registry.terraform.io/hashicorp/aws\"]",
      "instances": [
        {
          "schema_version": 0,
          "attributes": {
            "allocation_id": "eipalloc-007e4db37a6dbc0ff",
            "association_id": "eipassoc-016a1543bb952c678",
            "connectivity_type": "public",
            "id": "nat-0437c664407d344c6",
            "network_interface_id": "eni-07db3bb60e9d864fd",
            "private_ip": "10.0.1.218",
            "public_ip": "13.63.183.229",
            "secondary_allocation_ids": [],
            "secondary_private_ip_address_count": 0,
            "secondary_private_ip_addresses": [],
            "subnet_id": "subnet-049719f0bea0f8fb2",
            "tags": {
              "Name": "gw-NAT"
            },
            "tags_all": {
              "Name": "gw-NAT",
              "Owner": "Team",
              "Project": "CloudDesign"
            },
            "timeouts": null
          },
          "sensitive_attributes": [],
          "identity_schema_version": 0,
          "private": "eyJlMmJmYjczMC1lY2FhLTExZTYtOGY4OC0zNDM2M2JjN2M0YzAiOnsiY3JlYXRlIjo2MDAwMDAwMDAwMDAsImRlbGV0ZSI6MTgwMDAwMDAwMDAwMCwidXBkYXRlIjo2MDAwMDAwMDAwMDB9fQ==",
          "dependencies": [
            "aws_eip.nat",
            "aws_internet_gateway.igw",
            "aws_subnet.public_1",
            "aws_vpc.main"
          ]
        }
      ]
    },
    {
      "mode": "managed",
      "type": "aws_route_table",
      "name": "private",
      "provider": "provider[\"registry.terraform.io/hashicorp/aws\"]",
      "instances": [
        {
          "schema_version": 0,
          "attributes": {
            "arn": "arn:aws:ec2:eu-north-1:011237053542:route-table/rtb-0ede5adff1f4f5ff0",
            "id": "rtb-0ede5adff1f4f5ff0",
            "owner_id": "011237053542",
            "propagating_vgws": [],
            "route": [
              {
                "carrier_gateway_id": "",
                "cidr_block": "0.0.0.0/0",
                "core_network_arn": "",
                "destination_prefix_list_id": "",
                "egress_only_gateway_id": "",
                "gateway_id": "",
                "ipv6_cidr_block": "",
                "local_gateway_id": "",
                "nat_gateway_id": "nat-0437c664407d344c6",
                "network_interface_id": "",
                "transit_gateway_id": "",
                "vpc_endpoint_id": "",
                "vpc_peering_connection_id": ""
              }
            ],
            "tags": {
              "Name": "private-route-table"
            },
            "tags_all": {
              "Name": "private-route-table",
              "Owner": "Team",
              "Project": "CloudDesign"
            },
            "timeouts": null,
            "vpc_id": "vpc-02bbe3ed51decb50e"
          },
          "sensitive_attributes": [],
          "identity_schema_version": 0,
          "private": "eyJlMmJmYjczMC1lY2FhLTExZTYtOGY4OC0zNDM2M2JjN2M0YzAiOnsiY3JlYXRlIjozMDAwMDAwMDAwMDAsImRlbGV0ZSI6MzAwMDAwMDAwMDAwLCJ1cGRhdGUiOjEyMDAwMDAwMDAwMH19",
          "dependencies": [
            "aws_eip.nat",
            "aws_internet_gateway.igw",
            "aws_nat_gateway.nat",
            "aws_subnet.public_1",
            "aws_vpc.main"
          ]
        }
      ]
    },
    {
      "mode": "managed",
      "type": "aws_route_table",
      "name": "public",
      "provider": "provider[\"registry.terraform.io/hashicorp/aws\"]",
      "instances": [
        {
          "schema_version": 0,
          "attributes": {
            "arn": "arn:aws:ec2:eu-north-1:011237053542:route-table/rtb-04ede4207adf4e837",
            "id": "rtb-04ede4207adf4e837",
            "owner_id": "011237053542",
            "propagating_vgws": [],
            "route": [
              {
                "carrier_gateway_id": "",
                "cidr_block": "0.0.0.0/0",
                "core_network_arn": "",
                "destination_prefix_list_id": "",
                "egress_only_gateway_id": "",
                "gateway_id": "igw-04161b91249fc4f72",
                "ipv6_cidr_block": "",
                "local_gateway_id": "",
                "nat_gateway_id": "",
                "network_interface_id": "",
                "transit_gateway_id": "",
                "vpc_endpoint_id": "",
                "vpc_peering_connection_id": ""
              }
            ],
            "tags": {
              "Name": "public-route-table"
            },
            "tags_all": {
              "Name": "public-route-table",
              "Owner": "Team",
              "Project": "CloudDesign"
            },
            "timeouts": null,
            "vpc_id": "vpc-02bbe3ed51decb50e"
          },
          "sensitive_attributes": [],
          "identity_schema_version": 0,
          "private": "eyJlMmJmYjczMC1lY2FhLTExZTYtOGY4OC0zNDM2M2JjN2M0YzAiOnsiY3JlYXRlIjozMDAwMDAwMDAwMDAsImRlbGV0ZSI6MzAwMDAwMDAwMDAwLCJ1cGRhdGUiOjEyMDAwMDAwMDAwMH19",
          "dependencies": [
            "aws_internet_gateway.igw",
            "aws_vpc.main"
          ]
        }
      ]
    },
    {
      "mode": "managed",
      "type": "aws_route_table_association",
      "name": "private_1",
      "provider": "provider[\"registry.terraform.io/hashicorp/aws\"]",
      "instances": [
        {
          "schema_version": 0,
          "attributes": {
            "gateway_id": "",
            "id": "rtbassoc-09bdde9ec17d2b4ed",
            "route_table_id": "rtb-0ede5adff1f4f5ff0",
            "subnet_id": "subnet-0d8370cbf103861b6",
            "timeouts": null
          },
          "sensitive_attributes": [],
          "identity_schema_version": 0,
          "private": "eyJlMmJmYjczMC1lY2FhLTExZTYtOGY4OC0zNDM2M2JjN2M0YzAiOnsiY3JlYXRlIjozMDAwMDAwMDAwMDAsImRlbGV0ZSI6MzAwMDAwMDAwMDAwLCJ1cGRhdGUiOjEyMDAwMDAwMDAwMH19",
          "dependencies": [
            "aws_eip.nat",
            "aws_internet_gateway.igw",
            "aws_nat_gateway.nat",
            "aws_route_table.private",
            "aws_subnet.private_1",
            "aws_subnet.public_1",
            "aws_vpc.main"
          ]
        }
      ]
    },
    {
      "mode": "managed",
      "type": "aws_route_table_association",
      "name": "private_2",
      "provider": "provider[\"registry.terraform.io/hashicorp/aws\"]",
      "instances": [
        {
          "schema_version": 0,
          "attributes": {
            "gateway_id": "",
            "id": "rtbassoc-0cdb15e4aec8d5d41",
            "route_table_id": "rtb-0ede5adff1f4f5ff0",
            "subnet_id": "subnet-0fe706183805ce761",
            "timeouts": null
          },
          "sensitive_attributes": [],
          "identity_schema_version": 0,
          "private": "eyJlMmJmYjczMC1lY2FhLTExZTYtOGY4OC0zNDM2M2JjN2M0YzAiOnsiY3JlYXRlIjozMDAwMDAwMDAwMDAsImRlbGV0ZSI6MzAwMDAwMDAwMDAwLCJ1cGRhdGUiOjEyMDAwMDAwMDAwMH19",
          "dependencies": [
            "aws_eip.nat",
            "aws_internet_gateway.igw",
            "aws_nat_gateway.nat",
            "aws_route_table.private",
            "aws_subnet.private_2",
            "aws_subnet.public_1",
            "aws_vpc.main"
          ]
        }
      ]
    },
    {
      "mode": "managed",
      "type": "aws_route_table_association",
      "name": "public_1",
      "provider": "provider[\"registry.terraform.io/hashicorp/aws\"]",
      "instances": [
        {
          "schema_version": 0,
          "attributes": {
            "gateway_id": "",
            "id": "rtbassoc-03aa4e4b8268823de",
            "route_table_id": "rtb-04ede4207adf4e837",
            "subnet_id": "subnet-049719f0bea0f8fb2",
            "timeouts": null
          },
          "sensitive_attributes": [],
          "identity_schema_version": 0,
          "private": "eyJlMmJmYjczMC1lY2FhLTExZTYtOGY4OC0zNDM2M2JjN2M0YzAiOnsiY3JlYXRlIjozMDAwMDAwMDAwMDAsImRlbGV0ZSI6MzAwMDAwMDAwMDAwLCJ1cGRhdGUiOjEyMDAwMDAwMDAwMH19",
          "dependencies": [
            "aws_internet_gateway.igw",
            "aws_route_table.public",
            "aws_subnet.public_1",
            "aws_vpc.main"
          ]
        }
      ]
    },
    {
      "mode": "managed",
      "type": "aws_route_table_association",
      "name": "public_2",
      "provider": "provider[\"registry.terraform.io/hashicorp/aws\"]",
      "instances": [
        {
          "schema_version": 0,
          "attributes": {
            "gateway_id": "",
            "id": "rtbassoc-07e5c314bc07087cd",
            "route_table_id": "rtb-04ede4207adf4e837",
            "subnet_id": "subnet-0fc8b5a5b064d010d",
            "timeouts": null
          },
          "sensitive_attributes": [],
          "identity_schema_version": 0,
          "private": "eyJlMmJmYjczMC1lY2FhLTExZTYtOGY4OC0zNDM2M2JjN2M0YzAiOnsiY3JlYXRlIjozMDAwMDAwMDAwMDAsImRlbGV0ZSI6MzAwMDAwMDAwMDAwLCJ1cGRhdGUiOjEyMDAwMDAwMDAwMH19",
          "dependencies": [
            "aws_internet_gateway.igw",
            "aws_route_table.public",
            "aws_subnet.public_2",
            "aws_vpc.main"
          ]
        }
      ]
    },
    {
      "mode": "managed",
      "type": "aws_security_group",
      "name": "alb_sg",
      "provider": "provider[\"registry.terraform.io/hashicorp/aws\"]",
      "instances": [
        {
          "schema_version": 1,
          "attributes": {
            "arn": "arn:aws:ec2:eu-north-1:011237053542:security-group/sg-0122700390f705ab3",
            "description": "Allow inbound HTTP traffic",
            "egress": [
              {
                "cidr_blocks": [
                  "0.0.0.0/0"
                ],
                "description": "",
                "from_port": 0,
                "ipv6_cidr_blocks": [],
                "prefix_list_ids": [],
                "protocol": "-1",
                "security_groups": [],
                "self": false,
                "to_port": 0
              }
            ],
            "id": "sg-0122700390f705ab3",
            "ingress": [
              {
                "cidr_blocks": [
                  "0.0.0.0/0"
                ],
                "description": "",
                "from_port": 443,
                "ipv6_cidr_blocks": [],
                "prefix_list_ids": [],
                "protocol": "tcp",
                "security_groups": [],
                "self": false,
                "to_port": 443
              },
              {
                "cidr_blocks": [
                  "0.0.0.0/0"
                ],
                "description": "",
                "from_port": 80,
                "ipv6_cidr_blocks": [],
                "prefix_list_ids": [],
                "protocol": "tcp",
                "security_groups": [],
                "self": false,
                "to_port": 80
              }
            ],
            "name": "alb-security-group",
            "name_prefix": "",
            "owner_id": "011237053542",
            "revoke_rules_on_delete": false,
            "tags": {},
            "tags_all": {
              "Owner": "Team",
              "Project": "CloudDesign"
            },
            "timeouts": null,
            "vpc_id": "vpc-02bbe3ed51decb50e"
          },
          "sensitive_attributes": [],
          "identity_schema_version": 0,
          "private": "eyJlMmJmYjczMC1lY2FhLTExZTYtOGY4OC0zNDM2M2JjN2M0YzAiOnsiY3JlYXRlIjo2MDAwMDAwMDAwMDAsImRlbGV0ZSI6OTAwMDAwMDAwMDAwfSwic2NoZW1hX3ZlcnNpb24iOiIxIn0=",
          "dependencies": [
            "aws_vpc.main"
          ]
        }
      ]
    },
    {
      "mode": "managed",
      "type": "aws_security_group",
      "name": "ecs_sg",
      "provider": "provider[\"registry.terraform.io/hashicorp/aws\"]",
      "instances": [
        {
          "schema_version": 1,
          "attributes": {
            "arn": "arn:aws:ec2:eu-north-1:011237053542:security-group/sg-01a1caeb6ae236ff4",
            "description": "Allow inbound traffic from ALB",
            "egress": [
              {
                "cidr_blocks": [
                  "0.0.0.0/0"
                ],
                "description": "",
                "from_port": 0,
                "ipv6_cidr_blocks": [],
                "prefix_list_ids": [],
                "protocol": "-1",
                "security_groups": [],
                "self": false,
                "to_port": 0
              }
            ],
            "id": "sg-01a1caeb6ae236ff4",
            "ingress": [
              {
                "cidr_blocks": [],
                "description": "",
                "from_port": 0,
                "ipv6_cidr_blocks": [],
                "prefix_list_ids": [],
                "protocol": "tcp",
                "security_groups": [
                  "sg-0122700390f705ab3"
                ],
                "self": false,
                "to_port": 65535
              },
              {
                "cidr_blocks": [],
                "description": "Allow internal east-west traffic between ECS tasks",
                "from_port": 0,
                "ipv6_cidr_blocks": [],
                "prefix_list_ids": [],
                "protocol": "tcp",
                "security_groups": [],
                "self": true,
                "to_port": 65535
              }
            ],
            "name": "ecs-security-group",
            "name_prefix": "",
            "owner_id": "011237053542",
            "revoke_rules_on_delete": false,
            "tags": {},
            "tags_all": {
              "Owner": "Team",
              "Project": "CloudDesign"
            },
            "timeouts": null,
            "vpc_id": "vpc-02bbe3ed51decb50e"
          },
          "sensitive_attributes": [],
          "identity_schema_version": 0,
          "private": "eyJlMmJmYjczMC1lY2FhLTExZTYtOGY4OC0zNDM2M2JjN2M0YzAiOnsiY3JlYXRlIjo2MDAwMDAwMDAwMDAsImRlbGV0ZSI6OTAwMDAwMDAwMDAwfSwic2NoZW1hX3ZlcnNpb24iOiIxIn0=",
          "dependencies": [
            "aws_security_group.alb_sg",
            "aws_vpc.main"
          ]
        }
      ]
    },
    {
      "mode": "managed",
      "type": "aws_security_group",
      "name": "efs_sg",
      "provider": "provider[\"registry.terraform.io/hashicorp/aws\"]",
      "instances": [
        {
          "schema_version": 1,
          "attributes": {
            "arn": "arn:aws:ec2:eu-north-1:011237053542:security-group/sg-0d4be00c02a6aae5c",
            "description": "Allow NFS traffic from ECS tasks",
            "egress": [
              {
                "cidr_blocks": [
                  "0.0.0.0/0"
                ],
                "description": "",
                "from_port": 0,
                "ipv6_cidr_blocks": [],
                "prefix_list_ids": [],
                "protocol": "-1",
                "security_groups": [],
                "self": false,
                "to_port": 0
              }
            ],
            "id": "sg-0d4be00c02a6aae5c",
            "ingress": [
              {
                "cidr_blocks": [],
                "description": "Allow NFS from ECS tasks",
                "from_port": 2049,
                "ipv6_cidr_blocks": [],
                "prefix_list_ids": [],
                "protocol": "tcp",
                "security_groups": [
                  "sg-01a1caeb6ae236ff4"
                ],
                "self": false,
                "to_port": 2049
              }
            ],
            "name": "efs-security-group",
            "name_prefix": "",
            "owner_id": "011237053542",
            "revoke_rules_on_delete": false,
            "tags": {},
            "tags_all": {
              "Owner": "Team",
              "Project": "CloudDesign"
            },
            "timeouts": null,
            "vpc_id": "vpc-02bbe3ed51decb50e"
          },
          "sensitive_attributes": [],
          "identity_schema_version": 0,
          "private": "eyJlMmJmYjczMC1lY2FhLTExZTYtOGY4OC0zNDM2M2JjN2M0YzAiOnsiY3JlYXRlIjo2MDAwMDAwMDAwMDAsImRlbGV0ZSI6OTAwMDAwMDAwMDAwfSwic2NoZW1hX3ZlcnNpb24iOiIxIn0=",
          "dependencies": [
            "aws_security_group.alb_sg",
            "aws_security_group.ecs_sg",
            "aws_vpc.main"
          ]
        }
      ]
    },
    {
      "mode": "managed",
      "type": "aws_service_discovery_private_dns_namespace",
      "name": "local",
      "provider": "provider[\"registry.terraform.io/hashicorp/aws\"]",
      "instances": [
        {
          "schema_version": 0,
          "attributes": {
            "arn": "arn:aws:servicediscovery:eu-north-1:011237053542:namespace/ns-6tkelbya3ebo7oip",
            "description": "Private DNS namespace for microservices",
            "hosted_zone": "Z1004896ZPHEIPBRZVYP",
            "id": "ns-6tkelbya3ebo7oip",
            "name": "local",
            "tags": {},
            "tags_all": {
              "Owner": "Team",
              "Project": "CloudDesign"
            },
            "vpc": "vpc-02bbe3ed51decb50e"
          },
          "sensitive_attributes": [],
          "identity_schema_version": 0,
          "private": "bnVsbA==",
          "dependencies": [
            "aws_vpc.main"
          ]
        }
      ]
    },
    {
      "mode": "managed",
      "type": "aws_service_discovery_service",
      "name": "billing",
      "provider": "provider[\"registry.terraform.io/hashicorp/aws\"]",
      "instances": [
        {
          "schema_version": 0,
          "attributes": {
            "arn": "arn:aws:servicediscovery:eu-north-1:011237053542:service/srv-rpq2pqbmlonzz5kv",
            "description": "",
            "dns_config": [
              {
                "dns_records": [
                  {
                    "ttl": 10,
                    "type": "A"
                  }
                ],
                "namespace_id": "ns-6tkelbya3ebo7oip",
                "routing_policy": "MULTIVALUE"
              }
            ],
            "force_destroy": false,
            "health_check_config": [],
            "health_check_custom_config": [
              {
                "failure_threshold": 1
              }
            ],
            "id": "srv-rpq2pqbmlonzz5kv",
            "name": "billing-app",
            "namespace_id": "ns-6tkelbya3ebo7oip",
            "tags": {},
            "tags_all": {
              "Owner": "Team",
              "Project": "CloudDesign"
            },
            "type": "DNS_HTTP"
          },
          "sensitive_attributes": [],
          "identity_schema_version": 0,
          "private": "bnVsbA==",
          "dependencies": [
            "aws_service_discovery_private_dns_namespace.local",
            "aws_vpc.main"
          ]
        }
      ]
    },
    {
      "mode": "managed",
      "type": "aws_service_discovery_service",
      "name": "inventory",
      "provider": "provider[\"registry.terraform.io/hashicorp/aws\"]",
      "instances": [
        {
          "schema_version": 0,
          "attributes": {
            "arn": "arn:aws:servicediscovery:eu-north-1:011237053542:service/srv-ardp2bynxegbxajh",
            "description": "",
            "dns_config": [
              {
                "dns_records": [
                  {
                    "ttl": 10,
                    "type": "A"
                  }
                ],
                "namespace_id": "ns-6tkelbya3ebo7oip",
                "routing_policy": "MULTIVALUE"
              }
            ],
            "force_destroy": false,
            "health_check_config": [],
            "health_check_custom_config": [
              {
                "failure_threshold": 1
              }
            ],
            "id": "srv-ardp2bynxegbxajh",
            "name": "inventory-app",
            "namespace_id": "ns-6tkelbya3ebo7oip",
            "tags": {},
            "tags_all": {
              "Owner": "Team",
              "Project": "CloudDesign"
            },
            "type": "DNS_HTTP"
          },
          "sensitive_attributes": [],
          "identity_schema_version": 0,
          "private": "bnVsbA==",
          "dependencies": [
            "aws_service_discovery_private_dns_namespace.local",
            "aws_vpc.main"
          ]
        }
      ]
    },
    {
      "mode": "managed",
      "type": "aws_ssm_parameter",
      "name": "billing_db_password",
      "provider": "provider[\"registry.terraform.io/hashicorp/aws\"]",
      "instances": [
        {
          "schema_version": 0,
          "attributes": {
            "allowed_pattern": "",
            "arn": "arn:aws:ssm:eu-north-1:011237053542:parameter/cloud-design/billing-db/password",
            "data_type": "text",
            "description": "",
            "has_value_wo": null,
            "id": "/cloud-design/billing-db/password",
            "insecure_value": null,
            "key_id": "alias/aws/ssm",
            "name": "/cloud-design/billing-db/password",
            "overwrite": null,
            "tags": {},
            "tags_all": {
              "Owner": "Team",
              "Project": "CloudDesign"
            },
            "tier": "Standard",
            "type": "SecureString",
            "value": "JPbjAe6d43kjV5q9",
            "value_wo": null,
            "value_wo_version": null,
            "version": 1
          },
          "sensitive_attributes": [
            [
              {
                "type": "get_attr",
                "value": "value"
              }
            ],
            [
              {
                "type": "get_attr",
                "value": "value_wo"
              }
            ]
          ],
          "identity_schema_version": 0,
          "private": "bnVsbA==",
          "dependencies": [
            "random_password.billing_db_password"
          ]
        }
      ]
    },
    {
      "mode": "managed",
      "type": "aws_ssm_parameter",
      "name": "inventory_db_password",
      "provider": "provider[\"registry.terraform.io/hashicorp/aws\"]",
      "instances": [
        {
          "schema_version": 0,
          "attributes": {
            "allowed_pattern": "",
            "arn": "arn:aws:ssm:eu-north-1:011237053542:parameter/cloud-design/inventory-db/password",
            "data_type": "text",
            "description": "",
            "has_value_wo": null,
            "id": "/cloud-design/inventory-db/password",
            "insecure_value": null,
            "key_id": "alias/aws/ssm",
            "name": "/cloud-design/inventory-db/password",
            "overwrite": null,
            "tags": {},
            "tags_all": {
              "Owner": "Team",
              "Project": "CloudDesign"
            },
            "tier": "Standard",
            "type": "SecureString",
            "value": "mal4lzsv1uve459A",
            "value_wo": null,
            "value_wo_version": null,
            "version": 1
          },
          "sensitive_attributes": [
            [
              {
                "type": "get_attr",
                "value": "value"
              }
            ],
            [
              {
                "type": "get_attr",
                "value": "value_wo"
              }
            ]
          ],
          "identity_schema_version": 0,
          "private": "bnVsbA==",
          "dependencies": [
            "random_password.inventory_db_password"
          ]
        }
      ]
    },
    {
      "mode": "managed",
      "type": "aws_ssm_parameter",
      "name": "rabbitmq_password",
      "provider": "provider[\"registry.terraform.io/hashicorp/aws\"]",
      "instances": [
        {
          "schema_version": 0,
          "attributes": {
            "allowed_pattern": "",
            "arn": "arn:aws:ssm:eu-north-1:011237053542:parameter/cloud-design/rabbitmq/password",
            "data_type": "text",
            "description": "",
            "has_value_wo": null,
            "id": "/cloud-design/rabbitmq/password",
            "insecure_value": null,
            "key_id": "alias/aws/ssm",
            "name": "/cloud-design/rabbitmq/password",
            "overwrite": null,
            "tags": {},
            "tags_all": {
              "Owner": "Team",
              "Project": "CloudDesign"
            },
            "tier": "Standard",
            "type": "SecureString",
            "value": "0UzVRNsDWZf0SSuH",
            "value_wo": null,
            "value_wo_version": null,
            "version": 1
          },
          "sensitive_attributes": [
            [
              {
                "type": "get_attr",
                "value": "value"
              }
            ],
            [
              {
                "type": "get_attr",
                "value": "value_wo"
              }
            ]
          ],
          "identity_schema_version": 0,
          "private": "bnVsbA==",
          "dependencies": [
            "random_password.rabbitmq_password"
          ]
        }
      ]
    },
    {
      "mode": "managed",
      "type": "aws_subnet",
      "name": "private_1",
      "provider": "provider[\"registry.terraform.io/hashicorp/aws\"]",
      "instances": [
        {
          "schema_version": 1,
          "attributes": {
            "arn": "arn:aws:ec2:eu-north-1:011237053542:subnet/subnet-0d8370cbf103861b6",
            "assign_ipv6_address_on_creation": false,
            "availability_zone": "eu-north-1a",
            "availability_zone_id": "eun1-az1",
            "cidr_block": "10.0.3.0/24",
            "customer_owned_ipv4_pool": "",
            "enable_dns64": false,
            "enable_lni_at_device_index": 0,
            "enable_resource_name_dns_a_record_on_launch": false,
            "enable_resource_name_dns_aaaa_record_on_launch": false,
            "id": "subnet-0d8370cbf103861b6",
            "ipv6_cidr_block": "",
            "ipv6_cidr_block_association_id": "",
            "ipv6_native": false,
            "map_customer_owned_ip_on_launch": false,
            "map_public_ip_on_launch": false,
            "outpost_arn": "",
            "owner_id": "011237053542",
            "private_dns_hostname_type_on_launch": "ip-name",
            "tags": {
              "Name": "private-subnet-1"
            },
            "tags_all": {
              "Name": "private-subnet-1",
              "Owner": "Team",
              "Project": "CloudDesign"
            },
            "timeouts": null,
            "vpc_id": "vpc-02bbe3ed51decb50e"
          },
          "sensitive_attributes": [],
          "identity_schema_version": 0,
          "private": "eyJlMmJmYjczMC1lY2FhLTExZTYtOGY4OC0zNDM2M2JjN2M0YzAiOnsiY3JlYXRlIjo2MDAwMDAwMDAwMDAsImRlbGV0ZSI6MTIwMDAwMDAwMDAwMH0sInNjaGVtYV92ZXJzaW9uIjoiMSJ9",
          "dependencies": [
            "aws_vpc.main"
          ]
        }
      ]
    },
    {
      "mode": "managed",
      "type": "aws_subnet",
      "name": "private_2",
      "provider": "provider[\"registry.terraform.io/hashicorp/aws\"]",
      "instances": [
        {
          "schema_version": 1,
          "attributes": {
            "arn": "arn:aws:ec2:eu-north-1:011237053542:subnet/subnet-0fe706183805ce761",
            "assign_ipv6_address_on_creation": false,
            "availability_zone": "eu-north-1b",
            "availability_zone_id": "eun1-az2",
            "cidr_block": "10.0.4.0/24",
            "customer_owned_ipv4_pool": "",
            "enable_dns64": false,
            "enable_lni_at_device_index": 0,
            "enable_resource_name_dns_a_record_on_launch": false,
            "enable_resource_name_dns_aaaa_record_on_launch": false,
            "id": "subnet-0fe706183805ce761",
            "ipv6_cidr_block": "",
            "ipv6_cidr_block_association_id": "",
            "ipv6_native": false,
            "map_customer_owned_ip_on_launch": false,
            "map_public_ip_on_launch": false,
            "outpost_arn": "",
            "owner_id": "011237053542",
            "private_dns_hostname_type_on_launch": "ip-name",
            "tags": {
              "Name": "private-subnet-2"
            },
            "tags_all": {
              "Name": "private-subnet-2",
              "Owner": "Team",
              "Project": "CloudDesign"
            },
            "timeouts": null,
            "vpc_id": "vpc-02bbe3ed51decb50e"
          },
          "sensitive_attributes": [],
          "identity_schema_version": 0,
          "private": "eyJlMmJmYjczMC1lY2FhLTExZTYtOGY4OC0zNDM2M2JjN2M0YzAiOnsiY3JlYXRlIjo2MDAwMDAwMDAwMDAsImRlbGV0ZSI6MTIwMDAwMDAwMDAwMH0sInNjaGVtYV92ZXJzaW9uIjoiMSJ9",
          "dependencies": [
            "aws_vpc.main"
          ]
        }
      ]
    },
    {
      "mode": "managed",
      "type": "aws_subnet",
      "name": "public_1",
      "provider": "provider[\"registry.terraform.io/hashicorp/aws\"]",
      "instances": [
        {
          "schema_version": 1,
          "attributes": {
            "arn": "arn:aws:ec2:eu-north-1:011237053542:subnet/subnet-049719f0bea0f8fb2",
            "assign_ipv6_address_on_creation": false,
            "availability_zone": "eu-north-1a",
            "availability_zone_id": "eun1-az1",
            "cidr_block": "10.0.1.0/24",
            "customer_owned_ipv4_pool": "",
            "enable_dns64": false,
            "enable_lni_at_device_index": 0,
            "enable_resource_name_dns_a_record_on_launch": false,
            "enable_resource_name_dns_aaaa_record_on_launch": false,
            "id": "subnet-049719f0bea0f8fb2",
            "ipv6_cidr_block": "",
            "ipv6_cidr_block_association_id": "",
            "ipv6_native": false,
            "map_customer_owned_ip_on_launch": false,
            "map_public_ip_on_launch": true,
            "outpost_arn": "",
            "owner_id": "011237053542",
            "private_dns_hostname_type_on_launch": "ip-name",
            "tags": {
              "Name": "public-subnet-1"
            },
            "tags_all": {
              "Name": "public-subnet-1",
              "Owner": "Team",
              "Project": "CloudDesign"
            },
            "timeouts": null,
            "vpc_id": "vpc-02bbe3ed51decb50e"
          },
          "sensitive_attributes": [],
          "identity_schema_version": 0,
          "private": "eyJlMmJmYjczMC1lY2FhLTExZTYtOGY4OC0zNDM2M2JjN2M0YzAiOnsiY3JlYXRlIjo2MDAwMDAwMDAwMDAsImRlbGV0ZSI6MTIwMDAwMDAwMDAwMH0sInNjaGVtYV92ZXJzaW9uIjoiMSJ9",
          "dependencies": [
            "aws_vpc.main"
          ]
        }
      ]
    },
    {
      "mode": "managed",
      "type": "aws_subnet",
      "name": "public_2",
      "provider": "provider[\"registry.terraform.io/hashicorp/aws\"]",
      "instances": [
        {
          "schema_version": 1,
          "attributes": {
            "arn": "arn:aws:ec2:eu-north-1:011237053542:subnet/subnet-0fc8b5a5b064d010d",
            "assign_ipv6_address_on_creation": false,
            "availability_zone": "eu-north-1b",
            "availability_zone_id": "eun1-az2",
            "cidr_block": "10.0.2.0/24",
            "customer_owned_ipv4_pool": "",
            "enable_dns64": false,
            "enable_lni_at_device_index": 0,
            "enable_resource_name_dns_a_record_on_launch": false,
            "enable_resource_name_dns_aaaa_record_on_launch": false,
            "id": "subnet-0fc8b5a5b064d010d",
            "ipv6_cidr_block": "",
            "ipv6_cidr_block_association_id": "",
            "ipv6_native": false,
            "map_customer_owned_ip_on_launch": false,
            "map_public_ip_on_launch": true,
            "outpost_arn": "",
            "owner_id": "011237053542",
            "private_dns_hostname_type_on_launch": "ip-name",
            "tags": {
              "Name": "public-subnet-2"
            },
            "tags_all": {
              "Name": "public-subnet-2",
              "Owner": "Team",
              "Project": "CloudDesign"
            },
            "timeouts": null,
            "vpc_id": "vpc-02bbe3ed51decb50e"
          },
          "sensitive_attributes": [],
          "identity_schema_version": 0,
          "private": "eyJlMmJmYjczMC1lY2FhLTExZTYtOGY4OC0zNDM2M2JjN2M0YzAiOnsiY3JlYXRlIjo2MDAwMDAwMDAwMDAsImRlbGV0ZSI6MTIwMDAwMDAwMDAwMH0sInNjaGVtYV92ZXJzaW9uIjoiMSJ9",
          "dependencies": [
            "aws_vpc.main"
          ]
        }
      ]
    },
    {
      "mode": "managed",
      "type": "aws_vpc",
      "name": "main",
      "provider": "provider[\"registry.terraform.io/hashicorp/aws\"]",
      "instances": [
        {
          "schema_version": 1,
          "attributes": {
            "arn": "arn:aws:ec2:eu-north-1:011237053542:vpc/vpc-02bbe3ed51decb50e",
            "assign_generated_ipv6_cidr_block": false,
            "cidr_block": "10.0.0.0/16",
            "default_network_acl_id": "acl-0f502160892f23d75",
            "default_route_table_id": "rtb-0ca3b61fc738388ed",
            "default_security_group_id": "sg-0fc886ad08697a580",
            "dhcp_options_id": "dopt-017dcbbb710eff3ca",
            "enable_dns_hostnames": true,
            "enable_dns_support": true,
            "enable_network_address_usage_metrics": false,
            "id": "vpc-02bbe3ed51decb50e",
            "instance_tenancy": "default",
            "ipv4_ipam_pool_id": null,
            "ipv4_netmask_length": null,
            "ipv6_association_id": "",
            "ipv6_cidr_block": "",
            "ipv6_cidr_block_network_border_group": "",
            "ipv6_ipam_pool_id": "",
            "ipv6_netmask_length": 0,
            "main_route_table_id": "rtb-0ca3b61fc738388ed",
            "owner_id": "011237053542",
            "tags": {
              "Name": "cloud-design-vpc"
            },
            "tags_all": {
              "Name": "cloud-design-vpc",
              "Owner": "Team",
              "Project": "CloudDesign"
            }
          },
          "sensitive_attributes": [],
          "identity_schema_version": 0,
          "private": "eyJzY2hlbWFfdmVyc2lvbiI6IjEifQ==",
          "create_before_destroy": true
        }
      ]
    },
    {
      "mode": "managed",
      "type": "random_integer",
      "name": "cognito_domain",
      "provider": "provider[\"registry.terraform.io/hashicorp/random\"]",
      "instances": [
        {
          "schema_version": 0,
          "attributes": {
            "id": "687640",
            "keepers": null,
            "max": 999999,
            "min": 100000,
            "result": 687640,
            "seed": null
          },
          "sensitive_attributes": [],
          "identity_schema_version": 0
        }
      ]
    },
    {
      "mode": "managed",
      "type": "random_password",
      "name": "billing_db_password",
      "provider": "provider[\"registry.terraform.io/hashicorp/random\"]",
      "instances": [
        {
          "schema_version": 3,
          "attributes": {
            "bcrypt_hash": "$2a$10$Pz1hQHZcQpkVyyujF9s9euhUR4BziKfY4FAtyVKUhIrzWOaAeJAFO",
            "id": "none",
            "keepers": null,
            "length": 16,
            "lower": true,
            "min_lower": 0,
            "min_numeric": 0,
            "min_special": 0,
            "min_upper": 0,
            "number": true,
            "numeric": true,
            "override_special": null,
            "result": "JPbjAe6d43kjV5q9",
            "special": false,
            "upper": true
          },
          "sensitive_attributes": [
            [
              {
                "type": "get_attr",
                "value": "bcrypt_hash"
              }
            ],
            [
              {
                "type": "get_attr",
                "value": "result"
              }
            ]
          ],
          "identity_schema_version": 0
        }
      ]
    },
    {
      "mode": "managed",
      "type": "random_password",
      "name": "inventory_db_password",
      "provider": "provider[\"registry.terraform.io/hashicorp/random\"]",
      "instances": [
        {
          "schema_version": 3,
          "attributes": {
            "bcrypt_hash": "$2a$10$kRxfJNz3PA8VGW0GN3B2cOlI7Zqe.XBfkDTG4pytaOc3qJPowa8OW",
            "id": "none",
            "keepers": null,
            "length": 16,
            "lower": true,
            "min_lower": 0,
            "min_numeric": 0,
            "min_special": 0,
            "min_upper": 0,
            "number": true,
            "numeric": true,
            "override_special": null,
            "result": "mal4lzsv1uve459A",
            "special": false,
            "upper": true
          },
          "sensitive_attributes": [
            [
              {
                "type": "get_attr",
                "value": "bcrypt_hash"
              }
            ],
            [
              {
                "type": "get_attr",
                "value": "result"
              }
            ]
          ],
          "identity_schema_version": 0
        }
      ]
    },
    {
      "mode": "managed",
      "type": "random_password",
      "name": "rabbitmq_password",
      "provider": "provider[\"registry.terraform.io/hashicorp/random\"]",
      "instances": [
        {
          "schema_version": 3,
          "attributes": {
            "bcrypt_hash": "$2a$10$qqJbJB0qd.wxSK2Py/vFOeSVM320HZSiGEOdKBB8Zvdz17hCam2Mi",
            "id": "none",
            "keepers": null,
            "length": 16,
            "lower": true,
            "min_lower": 0,
            "min_numeric": 0,
            "min_special": 0,
            "min_upper": 0,
            "number": true,
            "numeric": true,
            "override_special": null,
            "result": "0UzVRNsDWZf0SSuH",
            "special": false,
            "upper": true
          },
          "sensitive_attributes": [
            [
              {
                "type": "get_attr",
                "value": "bcrypt_hash"
              }
            ],
            [
              {
                "type": "get_attr",
                "value": "result"
              }
            ]
          ],
          "identity_schema_version": 0
        }
      ]
    },
    {
      "mode": "managed",
      "type": "tls_private_key",
      "name": "alb_cert",
      "provider": "provider[\"registry.terraform.io/hashicorp/tls\"]",
      "instances": [
        {
          "schema_version": 1,
          "attributes": {
            "algorithm": "RSA",
            "ecdsa_curve": "P224",
            "id": "2f8ae5cf316316d064326b09b27c68fbdbaed99a",
            "private_key_openssh": "-----BEGIN OPENSSH PRIVATE KEY-----\nb3BlbnNzaC1rZXktdjEAAAAABG5vbmUAAAAEbm9uZQAAAAAAAAABAAABFwAAAAdz\nc2gtcnNhAAAAAwEAAQAAAQEAxM9B0ze1ywuygQ6Ipb6kD7C02aaXf/+tCynAKV59\nWFTBhNWn3+Ay+C5le0LHp4BPxLmhQ32jlm/QAlN3GXn4lNFz7fa//zwDOI8oR3z9\nK4GzIBDcmY3pqFuZ5GHsiv2/KEsx1H0J3CTk2IF+f+R2wtl0lGYiulK8O397abM6\nPzXEDeAsUW20VZuO3VXq/jDCqnYbKTYpWb8hyZv/TWHy5hoZvyq1dRTmH1I9XfpW\nHE5bjA3aNx2JV/+nmzKJ2xqZRBjLKzp9k3CTDgAzornJ1gt5xAaqpAqJqF4I4+jw\npkWmENMR1gy8BfeEQhuCCurFFmiW1o2qCulGlZMfd95GDwAAA7jof8kS6H/JEgAA\nAAdzc2gtcnNhAAABAQDEz0HTN7XLC7KBDoilvqQPsLTZppd//60LKcApXn1YVMGE\n1aff4DL4LmV7QsengE/EuaFDfaOWb9ACU3cZefiU0XPt9r//PAM4jyhHfP0rgbMg\nENyZjemoW5nkYeyK/b8oSzHUfQncJOTYgX5/5HbC2XSUZiK6Urw7f3tpszo/NcQN\n4CxRbbRVm47dVer+MMKqdhspNilZvyHJm/9NYfLmGhm/KrV1FOYfUj1d+lYcTluM\nDdo3HYlX/6ebMonbGplEGMsrOn2TcJMOADOiucnWC3nEBqqkComoXgjj6PCmRaYQ\n0xHWDLwF94RCG4IK6sUWaJbWjaoK6UaVkx933kYPAAAAAwEAAQAAAQBZ8l8jKVLs\neWwbj4jkNzzD7v64emrDFRcBAxPP1F90/0dybjNLHiwtQQcgTmTxKLNMNYp+Te11\n06Q9a+gCvLvfR9qz5xHYlJTkRIkkIvuR5rT28r3fb/xZ9YNf3WE+JLo4sCUV+A+J\njVMJoCUwTjn402l0aTl17loY1yqQJFl6iUrjaFiXxNWhXlF5oYTzuMlrSyd2eGO7\nHrlAZJIlMmRumZXhrV28s8cm8sIeJltNHMrEt4S0gA0MjeH6ENpqrrJwc9KzeJmM\n5zD2OR2yF1V7i8Y5rFg4sh8OTHVwqK1ZITaPDFNNvO686TLdLRwvQ90zMQCSc0Bf\n9I4ws1SDdOgBAAAAgQCHgUqgw17y/q9MlChcC/xhhKYqJXylt3puAYMcgkhNkCVq\nKGqYzwyHW9e0QRHOfk98uqUk7wWXvPE0LOX3O4JBZEa79iJ+//2JfVRSD4WICTNz\nOl1Zct+wuDxYL84SiQQSmTHQS2Pv981iH20CBX/VwYzBU1yNBJEjEGzS9EspTwAA\nAIEA4in3hsLwHgmttkfhwXPC6QUL0vUeKHbTynns1gUxliiAi+3qh6Z8CTvLsJmK\nWgnhRc/2+q4+/mVHqKKWIj2Aw3Ua/FQPBIf3SoYMjjljkcI+Klo8ftois5DYgcgl\n6azWgfhsRHoi7VB7lD58Nbj4aEAHXwTWW9LhXtvbguBkyuUAAACBAN7F7rKvD0AW\n+OYN6CPjnF7Oz92F33AJMF0P+fFnVGHtwOZ5J5GMzm/OPopvTiBIGbxJMrCppjAJ\ndoEXWyK7D715VMFgX1PNG8NbSM8pbjkCj3uso7o9yHQse6ZQBGlromz7Yq3079rL\ntPcSHkLHR5blkxm0SBoWwgpqY1PrFhnjAAAAAAEC\n-----END OPENSSH PRIVATE KEY-----\n",
            "private_key_pem": "-----BEGIN RSA PRIVATE KEY-----\nMIIEowIBAAKCAQEAxM9B0ze1ywuygQ6Ipb6kD7C02aaXf/+tCynAKV59WFTBhNWn\n3+Ay+C5le0LHp4BPxLmhQ32jlm/QAlN3GXn4lNFz7fa//zwDOI8oR3z9K4GzIBDc\nmY3pqFuZ5GHsiv2/KEsx1H0J3CTk2IF+f+R2wtl0lGYiulK8O397abM6PzXEDeAs\nUW20VZuO3VXq/jDCqnYbKTYpWb8hyZv/TWHy5hoZvyq1dRTmH1I9XfpWHE5bjA3a\nNx2JV/+nmzKJ2xqZRBjLKzp9k3CTDgAzornJ1gt5xAaqpAqJqF4I4+jwpkWmENMR\n1gy8BfeEQhuCCurFFmiW1o2qCulGlZMfd95GDwIDAQABAoIBAFnyXyMpUux5bBuP\niOQ3PMPu/rh6asMVFwEDE8/UX3T/R3JuM0seLC1BByBOZPEos0w1in5N7XXTpD1r\n6AK8u99H2rPnEdiUlOREiSQi+5HmtPbyvd9v/Fn1g1/dYT4kujiwJRX4D4mNUwmg\nJTBOOfjTaXRpOXXuWhjXKpAkWXqJSuNoWJfE1aFeUXmhhPO4yWtLJ3Z4Y7seuUBk\nkiUyZG6ZleGtXbyzxybywh4mW00cysS3hLSADQyN4foQ2mqusnBz0rN4mYznMPY5\nHbIXVXuLxjmsWDiyHw5MdXCorVkhNo8MU0287rzpMt0tHC9D3TMxAJJzQF/0jjCz\nVIN06AECgYEA4in3hsLwHgmttkfhwXPC6QUL0vUeKHbTynns1gUxliiAi+3qh6Z8\nCTvLsJmKWgnhRc/2+q4+/mVHqKKWIj2Aw3Ua/FQPBIf3SoYMjjljkcI+Klo8ftoi\ns5DYgcgl6azWgfhsRHoi7VB7lD58Nbj4aEAHXwTWW9LhXtvbguBkyuUCgYEA3sXu\nsq8PQBb45g3oI+OcXs7P3YXfcAkwXQ/58WdUYe3A5nknkYzOb84+im9OIEgZvEky\nsKmmMAl2gRdbIrsPvXlUwWBfU80bw1tIzyluOQKPe6yjuj3IdCx7plAEaWuibPti\nrfTv2su09xIeQsdHluWTGbRIGhbCCmpjU+sWGeMCgYA6/YNIrTQAQboDn4As+0rN\niLlqzvCM0WGwoFi8AiLK7cmJtgbEVxJnPieE6qeBkK4njXT4MdbQeA5W2AGc8LnT\nQYpGYo6AOg6wa4J+3k0wSZ/5YAwDclY2zAMM5u2so55XzDpBKjJN//4bzqiLQrHY\nT0sc56AZ10ldeq8o1eq0WQKBgFOVNfrqvbERLW+7dgbJJmlX9RurV+sEN5YjIWcW\nms1nVAHlIRh2GRpP6p0sJ8bq5mUDnbY04LqTQlgq+DGut7giZs9rJjkd8rW4cTfw\n1n8jW8xOONvuxF/6NKZwzUb0cGutYhfcl4Wi+pHcxWfOtyiBmFCDmK3ZLhKUWhIp\nWRB7AoGBAIeBSqDDXvL+r0yUKFwL/GGEpiolfKW3em4BgxyCSE2QJWooapjPDIdb\n17RBEc5+T3y6pSTvBZe88TQs5fc7gkFkRrv2In7//Yl9VFIPhYgJM3M6XVly37C4\nPFgvzhKJBBKZMdBLY+/3zWIfbQIFf9XBjMFTXI0EkSMQbNL0SylP\n-----END RSA PRIVATE KEY-----\n",
            "private_key_pem_pkcs8": "-----BEGIN PRIVATE KEY-----\nMIIEvQIBADANBgkqhkiG9w0BAQEFAASCBKcwggSjAgEAAoIBAQDEz0HTN7XLC7KB\nDoilvqQPsLTZppd//60LKcApXn1YVMGE1aff4DL4LmV7QsengE/EuaFDfaOWb9AC\nU3cZefiU0XPt9r//PAM4jyhHfP0rgbMgENyZjemoW5nkYeyK/b8oSzHUfQncJOTY\ngX5/5HbC2XSUZiK6Urw7f3tpszo/NcQN4CxRbbRVm47dVer+MMKqdhspNilZvyHJ\nm/9NYfLmGhm/KrV1FOYfUj1d+lYcTluMDdo3HYlX/6ebMonbGplEGMsrOn2TcJMO\nADOiucnWC3nEBqqkComoXgjj6PCmRaYQ0xHWDLwF94RCG4IK6sUWaJbWjaoK6UaV\nkx933kYPAgMBAAECggEAWfJfIylS7HlsG4+I5Dc8w+7+uHpqwxUXAQMTz9RfdP9H\ncm4zSx4sLUEHIE5k8SizTDWKfk3tddOkPWvoAry730fas+cR2JSU5ESJJCL7kea0\n9vK932/8WfWDX91hPiS6OLAlFfgPiY1TCaAlME45+NNpdGk5de5aGNcqkCRZeolK\n42hYl8TVoV5ReaGE87jJa0sndnhjux65QGSSJTJkbpmV4a1dvLPHJvLCHiZbTRzK\nxLeEtIANDI3h+hDaaq6ycHPSs3iZjOcw9jkdshdVe4vGOaxYOLIfDkx1cKitWSE2\njwxTTbzuvOky3S0cL0PdMzEAknNAX/SOMLNUg3ToAQKBgQDiKfeGwvAeCa22R+HB\nc8LpBQvS9R4odtPKeezWBTGWKICL7eqHpnwJO8uwmYpaCeFFz/b6rj7+ZUeoopYi\nPYDDdRr8VA8Eh/dKhgyOOWORwj4qWjx+2iKzkNiByCXprNaB+GxEeiLtUHuUPnw1\nuPhoQAdfBNZb0uFe29uC4GTK5QKBgQDexe6yrw9AFvjmDegj45xezs/dhd9wCTBd\nD/nxZ1Rh7cDmeSeRjM5vzj6Kb04gSBm8STKwqaYwCXaBF1siuw+9eVTBYF9TzRvD\nW0jPKW45Ao97rKO6Pch0LHumUARpa6Js+2Kt9O/ay7T3Eh5Cx0eW5ZMZtEgaFsIK\namNT6xYZ4wKBgDr9g0itNABBugOfgCz7Ss2IuWrO8IzRYbCgWLwCIsrtyYm2BsRX\nEmc+J4Tqp4GQrieNdPgx1tB4DlbYAZzwudNBikZijoA6DrBrgn7eTTBJn/lgDANy\nVjbMAwzm7ayjnlfMOkEqMk3//hvOqItCsdhPSxznoBnXSV16ryjV6rRZAoGAU5U1\n+uq9sREtb7t2BskmaVf1G6tX6wQ3liMhZxaazWdUAeUhGHYZGk/qnSwnxurmZQOd\ntjTgupNCWCr4Ma63uCJmz2smOR3ytbhxN/DWfyNbzE442+7EX/o0pnDNRvRwa61i\nF9yXhaL6kdzFZ863KIGYUIOYrdkuEpRaEilZEHsCgYEAh4FKoMNe8v6vTJQoXAv8\nYYSmKiV8pbd6bgGDHIJITZAlaihqmM8Mh1vXtEERzn5PfLqlJO8Fl7zxNCzl9zuC\nQWRGu/Yifv/9iX1UUg+FiAkzczpdWXLfsLg8WC/OEokEEpkx0Etj7/fNYh9tAgV/\n1cGMwVNcjQSRIxBs0vRLKU8=\n-----END PRIVATE KEY-----\n",
            "public_key_fingerprint_md5": "7d:c8:19:41:6c:5d:11:52:d7:e1:02:87:65:15:06:24",
            "public_key_fingerprint_sha256": "SHA256:PXdVQScD0csiVbWARaULweXRVjvYFPpeiZ3cImMT9aE",
            "public_key_openssh": "ssh-rsa AAAAB3NzaC1yc2EAAAADAQABAAABAQDEz0HTN7XLC7KBDoilvqQPsLTZppd//60LKcApXn1YVMGE1aff4DL4LmV7QsengE/EuaFDfaOWb9ACU3cZefiU0XPt9r//PAM4jyhHfP0rgbMgENyZjemoW5nkYeyK/b8oSzHUfQncJOTYgX5/5HbC2XSUZiK6Urw7f3tpszo/NcQN4CxRbbRVm47dVer+MMKqdhspNilZvyHJm/9NYfLmGhm/KrV1FOYfUj1d+lYcTluMDdo3HYlX/6ebMonbGplEGMsrOn2TcJMOADOiucnWC3nEBqqkComoXgjj6PCmRaYQ0xHWDLwF94RCG4IK6sUWaJbWjaoK6UaVkx933kYP\n",
            "public_key_pem": "-----BEGIN PUBLIC KEY-----\nMIIBIjANBgkqhkiG9w0BAQEFAAOCAQ8AMIIBCgKCAQEAxM9B0ze1ywuygQ6Ipb6k\nD7C02aaXf/+tCynAKV59WFTBhNWn3+Ay+C5le0LHp4BPxLmhQ32jlm/QAlN3GXn4\nlNFz7fa//zwDOI8oR3z9K4GzIBDcmY3pqFuZ5GHsiv2/KEsx1H0J3CTk2IF+f+R2\nwtl0lGYiulK8O397abM6PzXEDeAsUW20VZuO3VXq/jDCqnYbKTYpWb8hyZv/TWHy\n5hoZvyq1dRTmH1I9XfpWHE5bjA3aNx2JV/+nmzKJ2xqZRBjLKzp9k3CTDgAzornJ\n1gt5xAaqpAqJqF4I4+jwpkWmENMR1gy8BfeEQhuCCurFFmiW1o2qCulGlZMfd95G\nDwIDAQAB\n-----END PUBLIC KEY-----\n",
            "rsa_bits": 2048
          },
          "sensitive_attributes": [
            [
              {
                "type": "get_attr",
                "value": "private_key_openssh"
              }
            ],
            [
              {
                "type": "get_attr",
                "value": "private_key_pem"
              }
            ],
            [
              {
                "type": "get_attr",
                "value": "private_key_pem_pkcs8"
              }
            ]
          ],
          "identity_schema_version": 0
        }
      ]
    },
    {
      "mode": "managed",
      "type": "tls_self_signed_cert",
      "name": "alb_cert",
      "provider": "provider[\"registry.terraform.io/hashicorp/tls\"]",
      "instances": [
        {
          "schema_version": 0,
          "attributes": {
            "allowed_uses": [
              "key_encipherment",
              "digital_signature",
              "server_auth"
            ],
            "cert_pem": "-----BEGIN CERTIFICATE-----\nMIIDNzCCAh+gAwIBAgIQARbkcvocdmAjMTVtTa6oFDANBgkqhkiG9w0BAQsFADA8\nMRkwFwYDVQQKExBDbG91ZCBEZXNpZ24gQXBwMR8wHQYDVQQDExZhcGkuY2xvdWQt\nZGVzaWduLmxvY2FsMB4XDTI2MDUxNTA3NTQxOFoXDTM2MDUxMjA3NTQxOFowPDEZ\nMBcGA1UEChMQQ2xvdWQgRGVzaWduIEFwcDEfMB0GA1UEAxMWYXBpLmNsb3VkLWRl\nc2lnbi5sb2NhbDCCASIwDQYJKoZIhvcNAQEBBQADggEPADCCAQoCggEBAMTPQdM3\ntcsLsoEOiKW+pA+wtNmml3//rQspwClefVhUwYTVp9/gMvguZXtCx6eAT8S5oUN9\no5Zv0AJTdxl5+JTRc+32v/88AziPKEd8/SuBsyAQ3JmN6ahbmeRh7Ir9vyhLMdR9\nCdwk5NiBfn/kdsLZdJRmIrpSvDt/e2mzOj81xA3gLFFttFWbjt1V6v4wwqp2Gyk2\nKVm/Icmb/01h8uYaGb8qtXUU5h9SPV36VhxOW4wN2jcdiVf/p5syidsamUQYyys6\nfZNwkw4AM6K5ydYLecQGqqQKiaheCOPo8KZFphDTEdYMvAX3hEIbggrqxRZoltaN\nqgrpRpWTH3feRg8CAwEAAaM1MDMwDgYDVR0PAQH/BAQDAgWgMBMGA1UdJQQMMAoG\nCCsGAQUFBwMBMAwGA1UdEwEB/wQCMAAwDQYJKoZIhvcNAQELBQADggEBACJezdpm\nCTlsQcrPI1Y3jPfz0Ykc+jnDrpF7GDv8Xbr7L3YHXhESssA61YPH95yGBLMh7S7E\nRegFscGWv7JjZNmLstwJMchq5vsd1dohFEPxB2xJlcKY+3FVISPTJ+ZqTjueWK9T\ndUg5HoMTMxKr3aiaDD3d9aWdNjz/mLQPTiqhdmFvoJeJw6otAdKBcqfkCzeihBd2\nVT04KmWV3KLAae5CsciTp9crDYIjF4hNm3e83GZl1QjINX8iXYMX42Im2Pa6JroE\nJbmqYMqLiKUlrhuzK3OKkB8t6GESbHrnZLinMihZavjHWfMjC15jKA/5EEXnkqxL\nSMHtzDwajJbh2Cs=\n-----END CERTIFICATE-----\n",
            "dns_names": null,
            "early_renewal_hours": 0,
            "id": "1448092025478502678676376917923244052",
            "ip_addresses": null,
            "is_ca_certificate": false,
            "key_algorithm": "RSA",
            "max_path_length": null,
            "private_key_pem": "-----BEGIN RSA PRIVATE KEY-----\nMIIEowIBAAKCAQEAxM9B0ze1ywuygQ6Ipb6kD7C02aaXf/+tCynAKV59WFTBhNWn\n3+Ay+C5le0LHp4BPxLmhQ32jlm/QAlN3GXn4lNFz7fa//zwDOI8oR3z9K4GzIBDc\nmY3pqFuZ5GHsiv2/KEsx1H0J3CTk2IF+f+R2wtl0lGYiulK8O397abM6PzXEDeAs\nUW20VZuO3VXq/jDCqnYbKTYpWb8hyZv/TWHy5hoZvyq1dRTmH1I9XfpWHE5bjA3a\nNx2JV/+nmzKJ2xqZRBjLKzp9k3CTDgAzornJ1gt5xAaqpAqJqF4I4+jwpkWmENMR\n1gy8BfeEQhuCCurFFmiW1o2qCulGlZMfd95GDwIDAQABAoIBAFnyXyMpUux5bBuP\niOQ3PMPu/rh6asMVFwEDE8/UX3T/R3JuM0seLC1BByBOZPEos0w1in5N7XXTpD1r\n6AK8u99H2rPnEdiUlOREiSQi+5HmtPbyvd9v/Fn1g1/dYT4kujiwJRX4D4mNUwmg\nJTBOOfjTaXRpOXXuWhjXKpAkWXqJSuNoWJfE1aFeUXmhhPO4yWtLJ3Z4Y7seuUBk\nkiUyZG6ZleGtXbyzxybywh4mW00cysS3hLSADQyN4foQ2mqusnBz0rN4mYznMPY5\nHbIXVXuLxjmsWDiyHw5MdXCorVkhNo8MU0287rzpMt0tHC9D3TMxAJJzQF/0jjCz\nVIN06AECgYEA4in3hsLwHgmttkfhwXPC6QUL0vUeKHbTynns1gUxliiAi+3qh6Z8\nCTvLsJmKWgnhRc/2+q4+/mVHqKKWIj2Aw3Ua/FQPBIf3SoYMjjljkcI+Klo8ftoi\ns5DYgcgl6azWgfhsRHoi7VB7lD58Nbj4aEAHXwTWW9LhXtvbguBkyuUCgYEA3sXu\nsq8PQBb45g3oI+OcXs7P3YXfcAkwXQ/58WdUYe3A5nknkYzOb84+im9OIEgZvEky\nsKmmMAl2gRdbIrsPvXlUwWBfU80bw1tIzyluOQKPe6yjuj3IdCx7plAEaWuibPti\nrfTv2su09xIeQsdHluWTGbRIGhbCCmpjU+sWGeMCgYA6/YNIrTQAQboDn4As+0rN\niLlqzvCM0WGwoFi8AiLK7cmJtgbEVxJnPieE6qeBkK4njXT4MdbQeA5W2AGc8LnT\nQYpGYo6AOg6wa4J+3k0wSZ/5YAwDclY2zAMM5u2so55XzDpBKjJN//4bzqiLQrHY\nT0sc56AZ10ldeq8o1eq0WQKBgFOVNfrqvbERLW+7dgbJJmlX9RurV+sEN5YjIWcW\nms1nVAHlIRh2GRpP6p0sJ8bq5mUDnbY04LqTQlgq+DGut7giZs9rJjkd8rW4cTfw\n1n8jW8xOONvuxF/6NKZwzUb0cGutYhfcl4Wi+pHcxWfOtyiBmFCDmK3ZLhKUWhIp\nWRB7AoGBAIeBSqDDXvL+r0yUKFwL/GGEpiolfKW3em4BgxyCSE2QJWooapjPDIdb\n17RBEc5+T3y6pSTvBZe88TQs5fc7gkFkRrv2In7//Yl9VFIPhYgJM3M6XVly37C4\nPFgvzhKJBBKZMdBLY+/3zWIfbQIFf9XBjMFTXI0EkSMQbNL0SylP\n-----END RSA PRIVATE KEY-----\n",
            "ready_for_renewal": false,
            "set_authority_key_id": false,
            "set_subject_key_id": false,
            "subject": [
              {
                "common_name": "api.cloud-design.local",
                "country": null,
                "email_address": null,
                "locality": null,
                "organization": "Cloud Design App",
                "organizational_unit": null,
                "postal_code": null,
                "province": null,
                "serial_number": null,
                "street_address": null
              }
            ],
            "uris": null,
            "validity_end_time": "2036-05-12T10:54:18.382341+03:00",
            "validity_period_hours": 87600,
            "validity_start_time": "2026-05-15T10:54:18.382341+03:00"
          },
          "sensitive_attributes": [
            [
              {
                "type": "get_attr",
                "value": "private_key_pem"
              }
            ]
          ],
          "identity_schema_version": 0,
          "dependencies": [
            "tls_private_key.alb_cert"
          ]
        }
      ]
    }
  ],
  "check_results": null
}
