{
  "version": 4,
  "terraform_version": "1.15.2",
  "serial": 1103,
  "lineage": "8e545170-3f9a-a8f5-7e55-ec1bb169ca45",
  "outputs": {
    "alb_url": {
      "value": "cloud-design-alb-1587781862.eu-north-1.elb.amazonaws.com",
      "type": "string"
    }
  },
  "resources": [
    {
      "mode": "data",
      "type": "aws_region",
      "name": "current",
      "provider": "provider[\"registry.terraform.io/hashicorp/aws\"]",
      "instances": [
        {
          "schema_version": 0,
          "attributes": {
            "description": "Europe (Stockholm)",
            "endpoint": "ec2.eu-north-1.amazonaws.com",
            "id": "eu-north-1",
            "name": "eu-north-1"
          },
          "sensitive_attributes": [],
          "identity_schema_version": 0
        }
      ]
    },
    {
      "mode": "data",
      "type": "aws_ssm_parameter",
      "name": "ecs_ami",
      "provider": "provider[\"registry.terraform.io/hashicorp/aws\"]",
      "instances": [
        {
          "schema_version": 0,
          "attributes": {
            "arn": "arn:aws:ssm:eu-north-1::parameter/aws/service/ecs/optimized-ami/amazon-linux-2/recommended/image_id",
            "id": "/aws/service/ecs/optimized-ami/amazon-linux-2/recommended/image_id",
            "insecure_value": "ami-04328eb9f011bf6d2",
            "name": "/aws/service/ecs/optimized-ami/amazon-linux-2/recommended/image_id",
            "type": "String",
            "value": "ami-04328eb9f011bf6d2",
            "version": 242,
            "with_decryption": true
          },
          "sensitive_attributes": [
            [
              {
                "type": "get_attr",
                "value": "value"
              }
            ]
          ],
          "identity_schema_version": 0
        }
      ]
    },
    {
      "mode": "managed",
      "type": "aws_acm_certificate",
      "name": "alb_cert",
      "provider": "provider[\"registry.terraform.io/hashicorp/aws\"]",
      "instances": [
        {
          "schema_version": 0,
          "attributes": {
            "arn": "arn:aws:acm:eu-north-1:011237053542:certificate/58273844-cf6a-4c94-a107-f8fda488fde9",
            "certificate_authority_arn": "",
            "certificate_body": "-----BEGIN CERTIFICATE-----\nMIIDODCCAiCgAwIBAgIRAJrN5GvG9KX0sNj/Ol3RdxYwDQYJKoZIhvcNAQELBQAw\nPDEZMBcGA1UEChMQQ2xvdWQgRGVzaWduIEFwcDEfMB0GA1UEAxMWYXBpLmNsb3Vk\nLWRlc2lnbi5sb2NhbDAeFw0yNjA1MTkwMzQ2NDNaFw0zNjA1MTYwMzQ2NDNaMDwx\nGTAXBgNVBAoTEENsb3VkIERlc2lnbiBBcHAxHzAdBgNVBAMTFmFwaS5jbG91ZC1k\nZXNpZ24ubG9jYWwwggEiMA0GCSqGSIb3DQEBAQUAA4IBDwAwggEKAoIBAQD7aKdv\nRishpwhya60k8fIZ6P+ZPvFry38wAFve9sCVLKnLYFjtq6ZytXtmTYc7wujqKbjM\nhmPdcKW+br17DIvCgsHUvF6G4gqIeiSlON86SXzbNl8inFVn6ThgmkhUoNcHWB7+\neigGZebmMtGSMR5/bstM1vrybJ8iZxjfepzz/oTsLLNV3MODGeQNh7K4nYqYjGO1\nD0THu5KbvrphcxKIkFT+lylxxOpI/flgMPq/u8cwru/RgdOhuB4j3OvX68RZz5pu\nmTwG+NxjnUwRr0mBlDbkyfIZxjcJLtTsIhPZmXrbrMO0WhXpxzjitAoWx5S7aXc/\ngsyrJq1pI+o/zax9AgMBAAGjNTAzMA4GA1UdDwEB/wQEAwIFoDATBgNVHSUEDDAK\nBggrBgEFBQcDATAMBgNVHRMBAf8EAjAAMA0GCSqGSIb3DQEBCwUAA4IBAQBao2xc\nNEWAWWR/wI1sG7VRHFtkKrIpmUcEIGyXGcWwdDvJwBF6zhq1mYS4VV1oXK/O2Pyn\nTgyPta0liDGawuoOn6rmFWAODw3viS6Z5im7fcx+60Km0QaxLwnCr+yfH5YVb5Qk\nSfwbx5cBgOxr4lg1QJJUf5JHUCwEMtQ53lPn7NQCK0QH/PIK7TEC69PWdJDZLz9v\nUW7hU51Z6ZYNILkv4V6bixpoorSewnXmIRoQBHsym44o8bvHQj96OTBi3UPkjuf9\nFtifQusgtcNeVo/5OSGqNKf5k+4YLLLMUtswfYcLrQsxrusy7fg5PfbtQlAHsLBb\nPkfc6uW2eVfiOaNG\n-----END CERTIFICATE-----\n",
            "certificate_chain": null,
            "domain_name": "api.cloud-design.local",
            "domain_validation_options": [],
            "early_renewal_duration": "",
            "id": "arn:aws:acm:eu-north-1:011237053542:certificate/58273844-cf6a-4c94-a107-f8fda488fde9",
            "key_algorithm": "RSA_2048",
            "not_after": "2036-05-16T03:46:43Z",
            "not_before": "2026-05-19T03:46:43Z",
            "options": [
              {
                "certificate_transparency_logging_preference": "DISABLED"
              }
            ],
            "pending_renewal": false,
            "private_key": "-----BEGIN RSA PRIVATE KEY-----\nMIIEowIBAAKCAQEA+2inb0YrIacIcmutJPHyGej/mT7xa8t/MABb3vbAlSypy2BY\n7aumcrV7Zk2HO8Lo6im4zIZj3XClvm69ewyLwoLB1LxehuIKiHokpTjfOkl82zZf\nIpxVZ+k4YJpIVKDXB1ge/nooBmXm5jLRkjEef27LTNb68myfImcY33qc8/6E7Cyz\nVdzDgxnkDYeyuJ2KmIxjtQ9Ex7uSm766YXMSiJBU/pcpccTqSP35YDD6v7vHMK7v\n0YHTobgeI9zr1+vEWc+abpk8BvjcY51MEa9JgZQ25MnyGcY3CS7U7CIT2Zl626zD\ntFoV6cc44rQKFseUu2l3P4LMqyataSPqP82sfQIDAQABAoIBAB1JoSJtYjOWvyfV\nM2PNFmRo/Z20n3CXUZxzQ5Xt2PGH38qO0Xfz5H1odupWuHJVz8cM+ozuUE6eWNtJ\nEKR3tFsB2zgVLviM91J+0tYMkgoQQDipVNvgqnJjJkDauE0OOlPjXXj3x2yMt8wJ\nZNtLAuqFgFmAkdYRTAM4pMUkBjTGLp9WQEKjh5sHQS0kjLHlMBgHpONw19BQo6hJ\nsDlTpermUjfrRZ29y6jSLdYmkkl68ivckzUz9GBQAp3TbAdapWmEI6Rs7j3vKXAc\nc4cctvUfj4Ff9NLPF5QkVEKNR2C0Ev9wEnQ+sMLh1+0rBvfb1FCrpw09h2/jc3wy\nxdaiVGECgYEA/t6F6/oc3OfUs12TK7ElQEn0n7OsUo1UXJH5C7CojTVU2r/N+S5p\nsqDzYwyu8PVWqrQRRO8aEQjILfooYyT8jp+zHDCAKY3RLtJUHnriK7HRbOOjxtRl\n1sr5oO+KAzUfgfalr+SCRHN8S1bv9In8Q5y2ilQlitxBQpVV9I2aEjsCgYEA/IYz\nWvSdT4pooxUpZoidJxSo26/TO95g0ZeWL1l64Difc93DdYbuK+ZZDPiaKoPwHwfK\nUVGUDtDxoNVckz8YRWoIBceDHs5d4rSWOQEcC/S9W7jrIABODgzO5ZsUBXGScA8K\nO6Lq3/v5BHhDdCU+yu7zlULWy91fzhd2Q1oe2KcCgYBTae64uaYCoplZjtGg5hxD\n+zBlqD9I0Vp/5YJ10f6IIKFB6q511Dvhq42cqEUFNbaEreRNBFgqpQ4nBg17zVof\nL6NGIZWAhBqnUU0YoK0vEcZx9drfMxqVft7OTjeELzm9pkS52XbNAmL2oWBtT0/R\nrRONGFclKErviMKWBFYdiwKBgF8kYO0ABNUXHN1096g+CJfU3NoIoNmJq4jMSDWG\nzRj1vH33K9F4CPxZSWvtrogeNbY7RSrmRZZfeupR+RMxTn+4t1UWGnzc29qyl3ba\nyCppB38raMsh0kbQ5JL1ntF+POIjiIN3mm7RjLz2YtO7xLDI3tV53VvqCFKp3FD7\n/2s5AoGBAIe+ZERLGGY0IYWDKM77N6TwgRIRxbMYwTE7ag42zPXIW78US48p8daE\nVXNFd4BPiT3m3e+uXs/sNsF4klJp5xI4y7u1ld18b8vfjC+1mG7gCJtU29z6C692\npihscaM6eKOfY43vc+R4ck1OFiSx4XHmLvcRZkw/ikcE0MfvDSyB\n-----END RSA PRIVATE KEY-----\n",
            "renewal_eligibility": "INELIGIBLE",
            "renewal_summary": [],
            "status": "ISSUED",
            "subject_alternative_names": [
              "api.cloud-design.local"
            ],
            "tags": {},
            "tags_all": {
              "Owner": "Team",
              "Project": "CloudDesign"
            },
            "type": "IMPORTED",
            "validation_emails": [],
            "validation_method": "NONE",
            "validation_option": []
          },
          "sensitive_attributes": [
            [
              {
                "type": "get_attr",
                "value": "private_key"
              }
            ]
          ],
          "identity_schema_version": 0,
          "private": "bnVsbA==",
          "dependencies": [
            "tls_private_key.alb_cert",
            "tls_self_signed_cert.alb_cert"
          ]
        }
      ]
    },
    {
      "mode": "managed",
      "type": "aws_appautoscaling_policy",
      "name": "api_gateway_cpu",
      "provider": "provider[\"registry.terraform.io/hashicorp/aws\"]",
      "instances": [
        {
          "schema_version": 0,
          "attributes": {
            "alarm_arns": [
              "arn:aws:cloudwatch:eu-north-1:011237053542:alarm:TargetTracking-service/cloud-design-cluster-v2/api-gateway-service-AlarmHigh-6cc435c7-ae61-4d1c-b881-c7f5e55f128c",
              "arn:aws:cloudwatch:eu-north-1:011237053542:alarm:TargetTracking-service/cloud-design-cluster-v2/api-gateway-service-AlarmLow-4485c264-6a5c-4d21-bb31-178b5add8c83"
            ],
            "arn": "arn:aws:autoscaling:eu-north-1:011237053542:scalingPolicy:402bfd54-83c7-49f3-bd76-001ddcc09562:resource/ecs/service/cloud-design-cluster-v2/api-gateway-service:policyName/api-gateway-cpu-scaling",
            "id": "api-gateway-cpu-scaling",
            "name": "api-gateway-cpu-scaling",
            "policy_type": "TargetTrackingScaling",
            "resource_id": "service/cloud-design-cluster-v2/api-gateway-service",
            "scalable_dimension": "ecs:service:DesiredCount",
            "service_namespace": "ecs",
            "step_scaling_policy_configuration": [],
            "target_tracking_scaling_policy_configuration": [
              {
                "customized_metric_specification": [],
                "disable_scale_in": false,
                "predefined_metric_specification": [
                  {
                    "predefined_metric_type": "ECSServiceAverageCPUUtilization",
                    "resource_label": ""
                  }
                ],
                "scale_in_cooldown": 300,
                "scale_out_cooldown": 60,
                "target_value": 70
              }
            ]
          },
          "sensitive_attributes": [],
          "identity_schema_version": 0,
          "private": "bnVsbA==",
          "dependencies": [
            "aws_acm_certificate.alb_cert",
            "aws_appautoscaling_target.api_gateway",
            "aws_cloudwatch_log_group.ecs_logs",
            "aws_ecr_repository.api_gateway",
            "aws_ecr_repository.billing_app",
            "aws_ecr_repository.inventory_app",
            "aws_ecs_cluster.main",
            "aws_ecs_service.api_gateway_service",
            "aws_ecs_service.billing_service",
            "aws_ecs_service.inventory_service",
            "aws_ecs_service.rabbitmq_service",
            "aws_ecs_task_definition.api_gateway",
            "aws_ecs_task_definition.billing_stack",
            "aws_ecs_task_definition.inventory_stack",
            "aws_ecs_task_definition.rabbitmq",
            "aws_efs_access_point.billing_db",
            "aws_efs_access_point.inventory_db",
            "aws_efs_file_system.db_data",
            "aws_efs_mount_target.private_1",
            "aws_efs_mount_target.private_2",
            "aws_iam_role.ecs_execution_role",
            "aws_lb.main",
            "aws_lb_listener.http",
            "aws_lb_listener.https",
            "aws_lb_target_group.api_gateway",
            "aws_security_group.alb_sg",
            "aws_security_group.ecs_sg",
            "aws_security_group.efs_sg",
            "aws_service_discovery_private_dns_namespace.local",
            "aws_service_discovery_service.billing",
            "aws_service_discovery_service.inventory",
            "aws_service_discovery_service.rabbitmq",
            "aws_ssm_parameter.billing_db_password",
            "aws_ssm_parameter.inventory_db_password",
            "aws_ssm_parameter.rabbitmq_password",
            "aws_subnet.private_1",
            "aws_subnet.private_2",
            "aws_subnet.public_1",
            "aws_subnet.public_2",
            "aws_vpc.main",
            "data.aws_region.current",
            "random_password.billing_db_password",
            "random_password.inventory_db_password",
            "random_password.rabbitmq_password",
            "tls_private_key.alb_cert",
            "tls_self_signed_cert.alb_cert"
          ]
        }
      ]
    },
    {
      "mode": "managed",
      "type": "aws_appautoscaling_policy",
      "name": "billing_cpu",
      "provider": "provider[\"registry.terraform.io/hashicorp/aws\"]",
      "instances": [
        {
          "schema_version": 0,
          "attributes": {
            "alarm_arns": [
              "arn:aws:cloudwatch:eu-north-1:011237053542:alarm:TargetTracking-service/cloud-design-cluster-v2/billing-service-AlarmHigh-ec91045c-6e07-4dfa-a736-d80afd7ebd25",
              "arn:aws:cloudwatch:eu-north-1:011237053542:alarm:TargetTracking-service/cloud-design-cluster-v2/billing-service-AlarmLow-ca56056f-7f4b-41ed-8bc6-1b4809a76bad"
            ],
            "arn": "arn:aws:autoscaling:eu-north-1:011237053542:scalingPolicy:33a0adb5-e478-4068-929b-9cd19958fe06:resource/ecs/service/cloud-design-cluster-v2/billing-service:policyName/billing-cpu-scaling",
            "id": "billing-cpu-scaling",
            "name": "billing-cpu-scaling",
            "policy_type": "TargetTrackingScaling",
            "resource_id": "service/cloud-design-cluster-v2/billing-service",
            "scalable_dimension": "ecs:service:DesiredCount",
            "service_namespace": "ecs",
            "step_scaling_policy_configuration": [],
            "target_tracking_scaling_policy_configuration": [
              {
                "customized_metric_specification": [],
                "disable_scale_in": false,
                "predefined_metric_specification": [
                  {
                    "predefined_metric_type": "ECSServiceAverageCPUUtilization",
                    "resource_label": ""
                  }
                ],
                "scale_in_cooldown": 300,
                "scale_out_cooldown": 60,
                "target_value": 70
              }
            ]
          },
          "sensitive_attributes": [],
          "identity_schema_version": 0,
          "private": "bnVsbA==",
          "dependencies": [
            "aws_appautoscaling_target.billing",
            "aws_cloudwatch_log_group.ecs_logs",
            "aws_ecr_repository.billing_app",
            "aws_ecs_cluster.main",
            "aws_ecs_service.billing_service",
            "aws_ecs_task_definition.billing_stack",
            "aws_efs_access_point.billing_db",
            "aws_efs_file_system.db_data",
            "aws_efs_mount_target.private_1",
            "aws_efs_mount_target.private_2",
            "aws_iam_role.ecs_execution_role",
            "aws_security_group.alb_sg",
            "aws_security_group.ecs_sg",
            "aws_security_group.efs_sg",
            "aws_service_discovery_private_dns_namespace.local",
            "aws_service_discovery_service.billing",
            "aws_ssm_parameter.billing_db_password",
            "aws_ssm_parameter.rabbitmq_password",
            "aws_subnet.private_1",
            "aws_subnet.private_2",
            "aws_vpc.main",
            "data.aws_region.current",
            "random_password.billing_db_password",
            "random_password.rabbitmq_password"
          ]
        }
      ]
    },
    {
      "mode": "managed",
      "type": "aws_appautoscaling_policy",
      "name": "inventory_cpu",
      "provider": "provider[\"registry.terraform.io/hashicorp/aws\"]",
      "instances": [
        {
          "schema_version": 0,
          "attributes": {
            "alarm_arns": [
              "arn:aws:cloudwatch:eu-north-1:011237053542:alarm:TargetTracking-service/cloud-design-cluster-v2/inventory-service-AlarmHigh-b32c2b8e-6735-4973-9cae-dc9f68e5faa3",
              "arn:aws:cloudwatch:eu-north-1:011237053542:alarm:TargetTracking-service/cloud-design-cluster-v2/inventory-service-AlarmLow-10009a35-6332-4841-a3c5-d05e13fa0b49"
            ],
            "arn": "arn:aws:autoscaling:eu-north-1:011237053542:scalingPolicy:074b85f8-79d5-49ba-af7f-20e5ff68389f:resource/ecs/service/cloud-design-cluster-v2/inventory-service:policyName/inventory-cpu-scaling",
            "id": "inventory-cpu-scaling",
            "name": "inventory-cpu-scaling",
            "policy_type": "TargetTrackingScaling",
            "resource_id": "service/cloud-design-cluster-v2/inventory-service",
            "scalable_dimension": "ecs:service:DesiredCount",
            "service_namespace": "ecs",
            "step_scaling_policy_configuration": [],
            "target_tracking_scaling_policy_configuration": [
              {
                "customized_metric_specification": [],
                "disable_scale_in": false,
                "predefined_metric_specification": [
                  {
                    "predefined_metric_type": "ECSServiceAverageCPUUtilization",
                    "resource_label": ""
                  }
                ],
                "scale_in_cooldown": 300,
                "scale_out_cooldown": 60,
                "target_value": 70
              }
            ]
          },
          "sensitive_attributes": [],
          "identity_schema_version": 0,
          "private": "bnVsbA==",
          "dependencies": [
            "aws_appautoscaling_target.inventory",
            "aws_cloudwatch_log_group.ecs_logs",
            "aws_ecr_repository.inventory_app",
            "aws_ecs_cluster.main",
            "aws_ecs_service.inventory_service",
            "aws_ecs_task_definition.inventory_stack",
            "aws_efs_access_point.inventory_db",
            "aws_efs_file_system.db_data",
            "aws_efs_mount_target.private_1",
            "aws_efs_mount_target.private_2",
            "aws_iam_role.ecs_execution_role",
            "aws_security_group.alb_sg",
            "aws_security_group.ecs_sg",
            "aws_security_group.efs_sg",
            "aws_service_discovery_private_dns_namespace.local",
            "aws_service_discovery_service.inventory",
            "aws_ssm_parameter.inventory_db_password",
            "aws_subnet.private_1",
            "aws_subnet.private_2",
            "aws_vpc.main",
            "data.aws_region.current",
            "random_password.inventory_db_password"
          ]
        }
      ]
    },
    {
      "mode": "managed",
      "type": "aws_appautoscaling_target",
      "name": "api_gateway",
      "provider": "provider[\"registry.terraform.io/hashicorp/aws\"]",
      "instances": [
        {
          "schema_version": 0,
          "attributes": {
            "arn": "arn:aws:application-autoscaling:eu-north-1:011237053542:scalable-target/0ec5402bfd5483c749f3bd76001ddcc09562",
            "id": "service/cloud-design-cluster-v2/api-gateway-service",
            "max_capacity": 5,
            "min_capacity": 1,
            "resource_id": "service/cloud-design-cluster-v2/api-gateway-service",
            "role_arn": "arn:aws:iam::011237053542:role/aws-service-role/ecs.application-autoscaling.amazonaws.com/AWSServiceRoleForApplicationAutoScaling_ECSService",
            "scalable_dimension": "ecs:service:DesiredCount",
            "service_namespace": "ecs",
            "suspended_state": [
              {
                "dynamic_scaling_in_suspended": false,
                "dynamic_scaling_out_suspended": false,
                "scheduled_scaling_suspended": false
              }
            ],
            "tags": null,
            "tags_all": {
              "Owner": "Team",
              "Project": "CloudDesign"
            }
          },
          "sensitive_attributes": [],
          "identity_schema_version": 0,
          "private": "bnVsbA==",
          "dependencies": [
            "aws_acm_certificate.alb_cert",
            "aws_cloudwatch_log_group.ecs_logs",
            "aws_ecr_repository.api_gateway",
            "aws_ecr_repository.billing_app",
            "aws_ecr_repository.inventory_app",
            "aws_ecs_cluster.main",
            "aws_ecs_service.api_gateway_service",
            "aws_ecs_service.billing_service",
            "aws_ecs_service.inventory_service",
            "aws_ecs_service.rabbitmq_service",
            "aws_ecs_task_definition.api_gateway",
            "aws_ecs_task_definition.billing_stack",
            "aws_ecs_task_definition.inventory_stack",
            "aws_ecs_task_definition.rabbitmq",
            "aws_efs_access_point.billing_db",
            "aws_efs_access_point.inventory_db",
            "aws_efs_file_system.db_data",
            "aws_efs_mount_target.private_1",
            "aws_efs_mount_target.private_2",
            "aws_iam_role.ecs_execution_role",
            "aws_lb.main",
            "aws_lb_listener.http",
            "aws_lb_listener.https",
            "aws_lb_target_group.api_gateway",
            "aws_security_group.alb_sg",
            "aws_security_group.ecs_sg",
            "aws_security_group.efs_sg",
            "aws_service_discovery_private_dns_namespace.local",
            "aws_service_discovery_service.billing",
            "aws_service_discovery_service.inventory",
            "aws_service_discovery_service.rabbitmq",
            "aws_ssm_parameter.billing_db_password",
            "aws_ssm_parameter.inventory_db_password",
            "aws_ssm_parameter.rabbitmq_password",
            "aws_subnet.private_1",
            "aws_subnet.private_2",
            "aws_subnet.public_1",
            "aws_subnet.public_2",
            "aws_vpc.main",
            "data.aws_region.current",
            "random_password.billing_db_password",
            "random_password.inventory_db_password",
            "random_password.rabbitmq_password",
            "tls_private_key.alb_cert",
            "tls_self_signed_cert.alb_cert"
          ]
        }
      ]
    },
    {
      "mode": "managed",
      "type": "aws_appautoscaling_target",
      "name": "billing",
      "provider": "provider[\"registry.terraform.io/hashicorp/aws\"]",
      "instances": [
        {
          "schema_version": 0,
          "attributes": {
            "arn": "arn:aws:application-autoscaling:eu-north-1:011237053542:scalable-target/0ec533a0adb5e4784068929b9cd19958fe06",
            "id": "service/cloud-design-cluster-v2/billing-service",
            "max_capacity": 5,
            "min_capacity": 1,
            "resource_id": "service/cloud-design-cluster-v2/billing-service",
            "role_arn": "arn:aws:iam::011237053542:role/aws-service-role/ecs.application-autoscaling.amazonaws.com/AWSServiceRoleForApplicationAutoScaling_ECSService",
            "scalable_dimension": "ecs:service:DesiredCount",
            "service_namespace": "ecs",
            "suspended_state": [
              {
                "dynamic_scaling_in_suspended": false,
                "dynamic_scaling_out_suspended": false,
                "scheduled_scaling_suspended": false
              }
            ],
            "tags": null,
            "tags_all": {
              "Owner": "Team",
              "Project": "CloudDesign"
            }
          },
          "sensitive_attributes": [],
          "identity_schema_version": 0,
          "private": "bnVsbA==",
          "dependencies": [
            "aws_cloudwatch_log_group.ecs_logs",
            "aws_ecr_repository.billing_app",
            "aws_ecs_cluster.main",
            "aws_ecs_service.billing_service",
            "aws_ecs_task_definition.billing_stack",
            "aws_efs_access_point.billing_db",
            "aws_efs_file_system.db_data",
            "aws_efs_mount_target.private_1",
            "aws_efs_mount_target.private_2",
            "aws_iam_role.ecs_execution_role",
            "aws_security_group.alb_sg",
            "aws_security_group.ecs_sg",
            "aws_security_group.efs_sg",
            "aws_service_discovery_private_dns_namespace.local",
            "aws_service_discovery_service.billing",
            "aws_ssm_parameter.billing_db_password",
            "aws_ssm_parameter.rabbitmq_password",
            "aws_subnet.private_1",
            "aws_subnet.private_2",
            "aws_vpc.main",
            "data.aws_region.current",
            "random_password.billing_db_password",
            "random_password.rabbitmq_password"
          ]
        }
      ]
    },
    {
      "mode": "managed",
      "type": "aws_appautoscaling_target",
      "name": "inventory",
      "provider": "provider[\"registry.terraform.io/hashicorp/aws\"]",
      "instances": [
        {
          "schema_version": 0,
          "attributes": {
            "arn": "arn:aws:application-autoscaling:eu-north-1:011237053542:scalable-target/0ec5074b85f879d549baaf7f20e5ff68389f",
            "id": "service/cloud-design-cluster-v2/inventory-service",
            "max_capacity": 5,
            "min_capacity": 1,
            "resource_id": "service/cloud-design-cluster-v2/inventory-service",
            "role_arn": "arn:aws:iam::011237053542:role/aws-service-role/ecs.application-autoscaling.amazonaws.com/AWSServiceRoleForApplicationAutoScaling_ECSService",
            "scalable_dimension": "ecs:service:DesiredCount",
            "service_namespace": "ecs",
            "suspended_state": [
              {
                "dynamic_scaling_in_suspended": false,
                "dynamic_scaling_out_suspended": false,
                "scheduled_scaling_suspended": false
              }
            ],
            "tags": null,
            "tags_all": {
              "Owner": "Team",
              "Project": "CloudDesign"
            }
          },
          "sensitive_attributes": [],
          "identity_schema_version": 0,
          "private": "bnVsbA==",
          "dependencies": [
            "aws_cloudwatch_log_group.ecs_logs",
            "aws_ecr_repository.inventory_app",
            "aws_ecs_cluster.main",
            "aws_ecs_service.inventory_service",
            "aws_ecs_task_definition.inventory_stack",
            "aws_efs_access_point.inventory_db",
            "aws_efs_file_system.db_data",
            "aws_efs_mount_target.private_1",
            "aws_efs_mount_target.private_2",
            "aws_iam_role.ecs_execution_role",
            "aws_security_group.alb_sg",
            "aws_security_group.ecs_sg",
            "aws_security_group.efs_sg",
            "aws_service_discovery_private_dns_namespace.local",
            "aws_service_discovery_service.inventory",
            "aws_ssm_parameter.inventory_db_password",
            "aws_subnet.private_1",
            "aws_subnet.private_2",
            "aws_vpc.main",
            "data.aws_region.current",
            "random_password.inventory_db_password"
          ]
        }
      ]
    },
    {
      "mode": "managed",
      "type": "aws_autoscaling_group",
      "name": "ecs_asg",
      "provider": "provider[\"registry.terraform.io/hashicorp/aws\"]",
      "instances": [
        {
          "schema_version": 1,
          "attributes": {
            "arn": "arn:aws:autoscaling:eu-north-1:011237053542:autoScalingGroup:13e50cb5-c0b0-4e76-8cbb-beb3145be149:autoScalingGroupName/terraform-20260522064507091200000008",
            "availability_zone_distribution": [
              {
                "capacity_distribution_strategy": "balanced-best-effort"
              }
            ],
            "availability_zones": [
              "eu-north-1a",
              "eu-north-1b"
            ],
            "capacity_rebalance": false,
            "capacity_reservation_specification": [
              {
                "capacity_reservation_preference": "default",
                "capacity_reservation_target": []
              }
            ],
            "context": "",
            "default_cooldown": 300,
            "default_instance_warmup": 0,
            "desired_capacity": 3,
            "desired_capacity_type": "",
            "enabled_metrics": null,
            "force_delete": false,
            "force_delete_warm_pool": false,
            "health_check_grace_period": 300,
            "health_check_type": "EC2",
            "id": "terraform-20260522064507091200000008",
            "ignore_failed_scaling_activities": false,
            "initial_lifecycle_hook": [],
            "instance_maintenance_policy": [],
            "instance_refresh": [],
            "launch_configuration": "",
            "launch_template": [
              {
                "id": "lt-0050470319b774f98",
                "name": "ecs-template20260519034700831500000008",
                "version": "$Latest"
              }
            ],
            "load_balancers": [],
            "max_instance_lifetime": 0,
            "max_size": 8,
            "metrics_granularity": "1Minute",
            "min_elb_capacity": null,
            "min_size": 3,
            "mixed_instances_policy": [],
            "name": "terraform-20260522064507091200000008",
            "name_prefix": "terraform-",
            "placement_group": "",
            "predicted_capacity": 0,
            "protect_from_scale_in": false,
            "service_linked_role_arn": "arn:aws:iam::011237053542:role/aws-service-role/autoscaling.amazonaws.com/AWSServiceRoleForAutoScaling",
            "suspended_processes": null,
            "tag": [
              {
                "key": "Name",
                "propagate_at_launch": true,
                "value": "ecs-instance"
              }
            ],
            "target_group_arns": [],
            "termination_policies": null,
            "timeouts": null,
            "traffic_source": [],
            "vpc_zone_identifier": [
              "subnet-030128f7274f45b9d",
              "subnet-0c66ad93264d4e685"
            ],
            "wait_for_capacity_timeout": "10m",
            "wait_for_elb_capacity": null,
            "warm_pool": [],
            "warm_pool_size": 0
          },
          "sensitive_attributes": [],
          "identity_schema_version": 0,
          "private": "eyJlMmJmYjczMC1lY2FhLTExZTYtOGY4OC0zNDM2M2JjN2M0YzAiOnsiZGVsZXRlIjo2MDAwMDAwMDAwMDAsInVwZGF0ZSI6NjAwMDAwMDAwMDAwfSwic2NoZW1hX3ZlcnNpb24iOiIxIn0=",
          "dependencies": [
            "aws_ecs_cluster.main",
            "aws_iam_instance_profile.ecs_instance_profile",
            "aws_iam_role.ecs_instance_role",
            "aws_launch_template.ecs_lt",
            "aws_security_group.alb_sg",
            "aws_security_group.ecs_sg",
            "aws_subnet.private_1",
            "aws_subnet.private_2",
            "aws_vpc.main",
            "data.aws_ssm_parameter.ecs_ami"
          ]
        }
      ]
    },
    {
      "mode": "managed",
      "type": "aws_cloudwatch_dashboard",
      "name": "main",
      "provider": "provider[\"registry.terraform.io/hashicorp/aws\"]",
      "instances": [
        {
          "schema_version": 0,
          "attributes": {
            "dashboard_arn": "arn:aws:cloudwatch::011237053542:dashboard/cloud-design-dashboard",
            "dashboard_body": "{\"widgets\":[{\"height\":6,\"properties\":{\"metrics\":[[\"AWS/ECS\",\"CPUUtilization\",\"ClusterName\",\"cloud-design-cluster-v2\"]],\"period\":300,\"region\":\"eu-north-1\",\"stat\":\"Average\",\"title\":\"ECS Cluster CPU Utilization\"},\"type\":\"metric\",\"width\":12,\"x\":0,\"y\":0},{\"height\":6,\"properties\":{\"metrics\":[[\"AWS/ECS\",\"MemoryUtilization\",\"ClusterName\",\"cloud-design-cluster-v2\"]],\"period\":300,\"region\":\"eu-north-1\",\"stat\":\"Average\",\"title\":\"ECS Cluster Memory Utilization\"},\"type\":\"metric\",\"width\":12,\"x\":12,\"y\":0},{\"height\":6,\"properties\":{\"metrics\":[[\"AWS/ECS\",\"CPUUtilization\",\"ServiceName\",\"api-gateway-service\",\"ClusterName\",\"cloud-design-cluster-v2\"],[\".\",\"CPUUtilization\",\"ServiceName\",\"billing-service\",\"ClusterName\",\"cloud-design-cluster-v2\"],[\".\",\"CPUUtilization\",\"ServiceName\",\"inventory-service\",\"ClusterName\",\"cloud-design-cluster-v2\"]],\"period\":300,\"region\":\"eu-north-1\",\"stat\":\"Average\",\"title\":\"ECS Services CPU Utilization\"},\"type\":\"metric\",\"width\":12,\"x\":0,\"y\":6},{\"height\":6,\"properties\":{\"metrics\":[[\"AWS/ECS\",\"MemoryUtilization\",\"ServiceName\",\"api-gateway-service\",\"ClusterName\",\"cloud-design-cluster-v2\"],[\".\",\"MemoryUtilization\",\"ServiceName\",\"billing-service\",\"ClusterName\",\"cloud-design-cluster-v2\"],[\".\",\"MemoryUtilization\",\"ServiceName\",\"inventory-service\",\"ClusterName\",\"cloud-design-cluster-v2\"]],\"period\":300,\"region\":\"eu-north-1\",\"stat\":\"Average\",\"title\":\"ECS Services Memory Utilization\"},\"type\":\"metric\",\"width\":12,\"x\":12,\"y\":6}]}",
            "dashboard_name": "cloud-design-dashboard",
            "id": "cloud-design-dashboard"
          },
          "sensitive_attributes": [],
          "identity_schema_version": 0,
          "private": "bnVsbA==",
          "dependencies": [
            "aws_ecs_cluster.main"
          ]
        }
      ]
    },
    {
      "mode": "managed",
      "type": "aws_cloudwatch_log_group",
      "name": "ecs_logs",
      "provider": "provider[\"registry.terraform.io/hashicorp/aws\"]",
      "instances": [
        {
          "schema_version": 0,
          "attributes": {
            "arn": "arn:aws:logs:eu-north-1:011237053542:log-group:/ecs/cloud-design",
            "id": "/ecs/cloud-design",
            "kms_key_id": "",
            "log_group_class": "STANDARD",
            "name": "/ecs/cloud-design",
            "name_prefix": "",
            "retention_in_days": 7,
            "skip_destroy": false,
            "tags": {},
            "tags_all": {
              "Owner": "Team",
              "Project": "CloudDesign"
            }
          },
          "sensitive_attributes": [],
          "identity_schema_version": 0,
          "private": "bnVsbA=="
        }
      ]
    },
    {
      "mode": "managed",
      "type": "aws_cognito_user",
      "name": "test_user",
      "provider": "provider[\"registry.terraform.io/hashicorp/aws\"]",
      "instances": [
        {
          "schema_version": 0,
          "attributes": {
            "attributes": {
              "email": "audit-user@example.com",
              "email_verified": "true",
              "sub": "c05c493c-20b1-70f7-c16a-262c77cfe61d"
            },
            "client_metadata": null,
            "creation_date": "2026-05-22T06:45:03Z",
            "desired_delivery_mediums": null,
            "enabled": true,
            "force_alias_creation": null,
            "id": "eu-north-1_Ose3rwrbE/audit-user@example.com",
            "last_modified_date": "2026-05-22T06:45:03Z",
            "message_action": "SUPPRESS",
            "mfa_setting_list": [],
            "password": null,
            "preferred_mfa_setting": "",
            "status": "FORCE_CHANGE_PASSWORD",
            "sub": "c05c493c-20b1-70f7-c16a-262c77cfe61d",
            "temporary_password": "TempPass123!",
            "user_pool_id": "eu-north-1_Ose3rwrbE",
            "username": "audit-user@example.com",
            "validation_data": null
          },
          "sensitive_attributes": [
            [
              {
                "type": "get_attr",
                "value": "password"
              }
            ],
            [
              {
                "type": "get_attr",
                "value": "temporary_password"
              }
            ]
          ],
          "identity_schema_version": 0,
          "private": "bnVsbA==",
          "dependencies": [
            "aws_cognito_user_pool.main"
          ]
        }
      ]
    },
    {
      "mode": "managed",
      "type": "aws_cognito_user_pool",
      "name": "main",
      "provider": "provider[\"registry.terraform.io/hashicorp/aws\"]",
      "instances": [
        {
          "schema_version": 0,
          "attributes": {
            "account_recovery_setting": [
              {
                "recovery_mechanism": [
                  {
                    "name": "verified_email",
                    "priority": 1
                  },
                  {
                    "name": "verified_phone_number",
                    "priority": 2
                  }
                ]
              }
            ],
            "admin_create_user_config": [
              {
                "allow_admin_create_user_only": false,
                "invite_message_template": []
              }
            ],
            "alias_attributes": null,
            "arn": "arn:aws:cognito-idp:eu-north-1:011237053542:userpool/eu-north-1_Ose3rwrbE",
            "auto_verified_attributes": [
              "email"
            ],
            "creation_date": "2026-05-22T06:45:02Z",
            "custom_domain": "",
            "deletion_protection": "INACTIVE",
            "device_configuration": [],
            "domain": "",
            "email_configuration": [
              {
                "configuration_set": "",
                "email_sending_account": "COGNITO_DEFAULT",
                "from_email_address": "",
                "reply_to_email_address": "",
                "source_arn": ""
              }
            ],
            "email_mfa_configuration": [],
            "email_verification_message": "",
            "email_verification_subject": "",
            "endpoint": "cognito-idp.eu-north-1.amazonaws.com/eu-north-1_Ose3rwrbE",
            "estimated_number_of_users": 0,
            "id": "eu-north-1_Ose3rwrbE",
            "lambda_config": [],
            "last_modified_date": "2026-05-22T06:45:02Z",
            "mfa_configuration": "OFF",
            "name": "cloud-design-user-pool",
            "password_policy": [
              {
                "minimum_length": 8,
                "password_history_size": 0,
                "require_lowercase": true,
                "require_numbers": true,
                "require_symbols": false,
                "require_uppercase": true,
                "temporary_password_validity_days": 7
              }
            ],
            "schema": [],
            "sign_in_policy": [
              {
                "allowed_first_auth_factors": [
                  "PASSWORD"
                ]
              }
            ],
            "sms_authentication_message": "",
            "sms_configuration": [],
            "sms_verification_message": "",
            "software_token_mfa_configuration": [],
            "tags": null,
            "tags_all": {
              "Owner": "Team",
              "Project": "CloudDesign"
            },
            "user_attribute_update_settings": [],
            "user_pool_add_ons": [],
            "user_pool_tier": "ESSENTIALS",
            "username_attributes": null,
            "username_configuration": [],
            "verification_message_template": [
              {
                "default_email_option": "CONFIRM_WITH_CODE",
                "email_message": "",
                "email_message_by_link": "",
                "email_subject": "",
                "email_subject_by_link": "",
                "sms_message": ""
              }
            ],
            "web_authn_configuration": []
          },
          "sensitive_attributes": [],
          "identity_schema_version": 0,
          "private": "bnVsbA=="
        }
      ]
    },
    {
      "mode": "managed",
      "type": "aws_cognito_user_pool_client",
      "name": "main",
      "provider": "provider[\"registry.terraform.io/hashicorp/aws\"]",
      "instances": [
        {
          "schema_version": 0,
          "attributes": {
            "access_token_validity": 0,
            "allowed_oauth_flows": [],
            "allowed_oauth_flows_user_pool_client": false,
            "allowed_oauth_scopes": [],
            "analytics_configuration": [],
            "auth_session_validity": 3,
            "callback_urls": [],
            "client_secret": "",
            "default_redirect_uri": "",
            "enable_propagate_additional_user_context_data": false,
            "enable_token_revocation": true,
            "explicit_auth_flows": [
              "ALLOW_REFRESH_TOKEN_AUTH",
              "ALLOW_USER_PASSWORD_AUTH",
              "ALLOW_USER_SRP_AUTH"
            ],
            "generate_secret": false,
            "id": "135qopq8797lovgt34ie0vh7p8",
            "id_token_validity": 0,
            "logout_urls": [],
            "name": "cloud-design-app-client",
            "prevent_user_existence_errors": "ENABLED",
            "read_attributes": [],
            "refresh_token_rotation": [],
            "refresh_token_validity": 30,
            "supported_identity_providers": [],
            "token_validity_units": [],
            "user_pool_id": "eu-north-1_Ose3rwrbE",
            "write_attributes": []
          },
          "sensitive_attributes": [
            [
              {
                "type": "get_attr",
                "value": "client_secret"
              }
            ]
          ],
          "identity_schema_version": 0,
          "dependencies": [
            "aws_cognito_user_pool.main"
          ]
        }
      ]
    },
    {
      "mode": "managed",
      "type": "aws_ecr_repository",
      "name": "api_gateway",
      "provider": "provider[\"registry.terraform.io/hashicorp/aws\"]",
      "instances": [
        {
          "schema_version": 0,
          "attributes": {
            "arn": "arn:aws:ecr:eu-north-1:011237053542:repository/cloud-design-api-gateway",
            "encryption_configuration": [
              {
                "encryption_type": "AES256",
                "kms_key": ""
              }
            ],
            "force_delete": true,
            "id": "cloud-design-api-gateway",
            "image_scanning_configuration": [
              {
                "scan_on_push": true
              }
            ],
            "image_tag_mutability": "MUTABLE",
            "name": "cloud-design-api-gateway",
            "registry_id": "011237053542",
            "repository_url": "011237053542.dkr.ecr.eu-north-1.amazonaws.com/cloud-design-api-gateway",
            "tags": {
              "Name": "api-gateway-repo"
            },
            "tags_all": {
              "Name": "api-gateway-repo",
              "Owner": "Team",
              "Project": "CloudDesign"
            },
            "timeouts": null
          },
          "sensitive_attributes": [],
          "identity_schema_version": 0,
          "private": "eyJlMmJmYjczMC1lY2FhLTExZTYtOGY4OC0zNDM2M2JjN2M0YzAiOnsiZGVsZXRlIjoxMjAwMDAwMDAwMDAwfX0="
        }
      ]
    },
    {
      "mode": "managed",
      "type": "aws_ecr_repository",
      "name": "billing_app",
      "provider": "provider[\"registry.terraform.io/hashicorp/aws\"]",
      "instances": [
        {
          "schema_version": 0,
          "attributes": {
            "arn": "arn:aws:ecr:eu-north-1:011237053542:repository/cloud-design-billing-app",
            "encryption_configuration": [
              {
                "encryption_type": "AES256",
                "kms_key": ""
              }
            ],
            "force_delete": true,
            "id": "cloud-design-billing-app",
            "image_scanning_configuration": [
              {
                "scan_on_push": true
              }
            ],
            "image_tag_mutability": "MUTABLE",
            "name": "cloud-design-billing-app",
            "registry_id": "011237053542",
            "repository_url": "011237053542.dkr.ecr.eu-north-1.amazonaws.com/cloud-design-billing-app",
            "tags": {
              "Name": "billing-app-repo"
            },
            "tags_all": {
              "Name": "billing-app-repo",
              "Owner": "Team",
              "Project": "CloudDesign"
            },
            "timeouts": null
          },
          "sensitive_attributes": [],
          "identity_schema_version": 0,
          "private": "eyJlMmJmYjczMC1lY2FhLTExZTYtOGY4OC0zNDM2M2JjN2M0YzAiOnsiZGVsZXRlIjoxMjAwMDAwMDAwMDAwfX0="
        }
      ]
    },
    {
      "mode": "managed",
      "type": "aws_ecr_repository",
      "name": "inventory_app",
      "provider": "provider[\"registry.terraform.io/hashicorp/aws\"]",
      "instances": [
        {
          "schema_version": 0,
          "attributes": {
            "arn": "arn:aws:ecr:eu-north-1:011237053542:repository/cloud-design-inventory-app",
            "encryption_configuration": [
              {
                "encryption_type": "AES256",
                "kms_key": ""
              }
            ],
            "force_delete": true,
            "id": "cloud-design-inventory-app",
            "image_scanning_configuration": [
              {
                "scan_on_push": true
              }
            ],
            "image_tag_mutability": "MUTABLE",
            "name": "cloud-design-inventory-app",
            "registry_id": "011237053542",
            "repository_url": "011237053542.dkr.ecr.eu-north-1.amazonaws.com/cloud-design-inventory-app",
            "tags": {
              "Name": "inventory-app-repo"
            },
            "tags_all": {
              "Name": "inventory-app-repo",
              "Owner": "Team",
              "Project": "CloudDesign"
            },
            "timeouts": null
          },
          "sensitive_attributes": [],
          "identity_schema_version": 0,
          "private": "eyJlMmJmYjczMC1lY2FhLTExZTYtOGY4OC0zNDM2M2JjN2M0YzAiOnsiZGVsZXRlIjoxMjAwMDAwMDAwMDAwfX0="
        }
      ]
    },
    {
      "mode": "managed",
      "type": "aws_ecs_capacity_provider",
      "name": "ec2",
      "provider": "provider[\"registry.terraform.io/hashicorp/aws\"]",
      "instances": [
        {
          "schema_version": 0,
          "attributes": {
            "arn": "arn:aws:ecs:eu-north-1:011237053542:capacity-provider/ec2-capacity-provider",
            "auto_scaling_group_provider": [
              {
                "auto_scaling_group_arn": "arn:aws:autoscaling:eu-north-1:011237053542:autoScalingGroup:13e50cb5-c0b0-4e76-8cbb-beb3145be149:autoScalingGroupName/terraform-20260522064507091200000008",
                "managed_draining": "ENABLED",
                "managed_scaling": [
                  {
                    "instance_warmup_period": 300,
                    "maximum_scaling_step_size": 10000,
                    "minimum_scaling_step_size": 1,
                    "status": "DISABLED",
                    "target_capacity": 100
                  }
                ],
                "managed_termination_protection": "DISABLED"
              }
            ],
            "id": "arn:aws:ecs:eu-north-1:011237053542:capacity-provider/ec2-capacity-provider",
            "name": "ec2-capacity-provider",
            "tags": null,
            "tags_all": {
              "Owner": "Team",
              "Project": "CloudDesign"
            }
          },
          "sensitive_attributes": [],
          "identity_schema_version": 0,
          "private": "bnVsbA==",
          "dependencies": [
            "aws_autoscaling_group.ecs_asg",
            "aws_ecs_cluster.main",
            "aws_iam_instance_profile.ecs_instance_profile",
            "aws_iam_role.ecs_instance_role",
            "aws_launch_template.ecs_lt",
            "aws_security_group.alb_sg",
            "aws_security_group.ecs_sg",
            "aws_subnet.private_1",
            "aws_subnet.private_2",
            "aws_vpc.main",
            "data.aws_ssm_parameter.ecs_ami"
          ]
        }
      ]
    },
    {
      "mode": "managed",
      "type": "aws_ecs_cluster",
      "name": "main",
      "provider": "provider[\"registry.terraform.io/hashicorp/aws\"]",
      "instances": [
        {
          "schema_version": 0,
          "attributes": {
            "arn": "arn:aws:ecs:eu-north-1:011237053542:cluster/cloud-design-cluster-v2",
            "configuration": [],
            "id": "arn:aws:ecs:eu-north-1:011237053542:cluster/cloud-design-cluster-v2",
            "name": "cloud-design-cluster-v2",
            "service_connect_defaults": [],
            "setting": [
              {
                "name": "containerInsights",
                "value": "disabled"
              }
            ],
            "tags": {},
            "tags_all": {
              "Owner": "Team",
              "Project": "CloudDesign"
            }
          },
          "sensitive_attributes": [],
          "identity_schema_version": 0,
          "private": "bnVsbA=="
        }
      ]
    },
    {
      "mode": "managed",
      "type": "aws_ecs_cluster_capacity_providers",
      "name": "main",
      "provider": "provider[\"registry.terraform.io/hashicorp/aws\"]",
      "instances": [
        {
          "schema_version": 0,
          "attributes": {
            "capacity_providers": [
              "ec2-capacity-provider"
            ],
            "cluster_name": "cloud-design-cluster-v2",
            "default_capacity_provider_strategy": [],
            "id": "cloud-design-cluster-v2"
          },
          "sensitive_attributes": [],
          "identity_schema_version": 0,
          "private": "bnVsbA==",
          "dependencies": [
            "aws_autoscaling_group.ecs_asg",
            "aws_ecs_capacity_provider.ec2",
            "aws_ecs_cluster.main",
            "aws_iam_instance_profile.ecs_instance_profile",
            "aws_iam_role.ecs_instance_role",
            "aws_launch_template.ecs_lt",
            "aws_security_group.alb_sg",
            "aws_security_group.ecs_sg",
            "aws_subnet.private_1",
            "aws_subnet.private_2",
            "aws_vpc.main",
            "data.aws_ssm_parameter.ecs_ami"
          ]
        }
      ]
    },
    {
      "mode": "managed",
      "type": "aws_ecs_service",
      "name": "api_gateway_service",
      "provider": "provider[\"registry.terraform.io/hashicorp/aws\"]",
      "instances": [
        {
          "schema_version": 1,
          "attributes": {
            "alarms": [],
            "availability_zone_rebalancing": "DISABLED",
            "capacity_provider_strategy": [],
            "cluster": "arn:aws:ecs:eu-north-1:011237053542:cluster/cloud-design-cluster-v2",
            "deployment_circuit_breaker": [
              {
                "enable": false,
                "rollback": false
              }
            ],
            "deployment_controller": [
              {
                "type": "ECS"
              }
            ],
            "deployment_maximum_percent": 100,
            "deployment_minimum_healthy_percent": 0,
            "desired_count": 1,
            "enable_ecs_managed_tags": false,
            "enable_execute_command": false,
            "force_delete": null,
            "force_new_deployment": null,
            "health_check_grace_period_seconds": 0,
            "iam_role": "/aws-service-role/ecs.amazonaws.com/AWSServiceRoleForECS",
            "id": "arn:aws:ecs:eu-north-1:011237053542:service/cloud-design-cluster-v2/api-gateway-service",
            "launch_type": "EC2",
            "load_balancer": [
              {
                "container_name": "api-gateway",
                "container_port": 3000,
                "elb_name": "",
                "target_group_arn": "arn:aws:elasticloadbalancing:eu-north-1:011237053542:targetgroup/api-gateway-tg-final/99bf2113130c63cf"
              }
            ],
            "name": "api-gateway-service",
            "network_configuration": [
              {
                "assign_public_ip": false,
                "security_groups": [
                  "sg-0a01b2aa12eafdd75"
                ],
                "subnets": [
                  "subnet-030128f7274f45b9d",
                  "subnet-0c66ad93264d4e685"
                ]
              }
            ],
            "ordered_placement_strategy": [],
            "placement_constraints": [],
            "platform_version": "",
            "propagate_tags": "NONE",
            "scheduling_strategy": "REPLICA",
            "service_connect_configuration": [],
            "service_registries": [],
            "tags": null,
            "tags_all": {
              "Owner": "Team",
              "Project": "CloudDesign"
            },
            "task_definition": "arn:aws:ecs:eu-north-1:011237053542:task-definition/api-gateway-task:19",
            "timeouts": null,
            "triggers": {},
            "volume_configuration": [],
            "vpc_lattice_configurations": [],
            "wait_for_steady_state": false
          },
          "sensitive_attributes": [],
          "identity_schema_version": 0,
          "private": "eyJlMmJmYjczMC1lY2FhLTExZTYtOGY4OC0zNDM2M2JjN2M0YzAiOnsiY3JlYXRlIjoxMjAwMDAwMDAwMDAwLCJkZWxldGUiOjEyMDAwMDAwMDAwMDAsInVwZGF0ZSI6MTIwMDAwMDAwMDAwMH0sInNjaGVtYV92ZXJzaW9uIjoiMSJ9",
          "dependencies": [
            "aws_acm_certificate.alb_cert",
            "aws_cloudwatch_log_group.ecs_logs",
            "aws_ecr_repository.api_gateway",
            "aws_ecr_repository.billing_app",
            "aws_ecr_repository.inventory_app",
            "aws_ecs_cluster.main",
            "aws_ecs_service.billing_service",
            "aws_ecs_service.inventory_service",
            "aws_ecs_service.rabbitmq_service",
            "aws_ecs_task_definition.api_gateway",
            "aws_ecs_task_definition.billing_stack",
            "aws_ecs_task_definition.inventory_stack",
            "aws_ecs_task_definition.rabbitmq",
            "aws_efs_access_point.billing_db",
            "aws_efs_access_point.inventory_db",
            "aws_efs_file_system.db_data",
            "aws_efs_mount_target.private_1",
            "aws_efs_mount_target.private_2",
            "aws_iam_role.ecs_execution_role",
            "aws_lb.main",
            "aws_lb_listener.http",
            "aws_lb_listener.https",
            "aws_lb_target_group.api_gateway",
            "aws_security_group.alb_sg",
            "aws_security_group.ecs_sg",
            "aws_security_group.efs_sg",
            "aws_service_discovery_private_dns_namespace.local",
            "aws_service_discovery_service.billing",
            "aws_service_discovery_service.inventory",
            "aws_service_discovery_service.rabbitmq",
            "aws_ssm_parameter.billing_db_password",
            "aws_ssm_parameter.inventory_db_password",
            "aws_ssm_parameter.rabbitmq_password",
            "aws_subnet.private_1",
            "aws_subnet.private_2",
            "aws_subnet.public_1",
            "aws_subnet.public_2",
            "aws_vpc.main",
            "data.aws_region.current",
            "random_password.billing_db_password",
            "random_password.inventory_db_password",
            "random_password.rabbitmq_password",
            "tls_private_key.alb_cert",
            "tls_self_signed_cert.alb_cert"
          ]
        }
      ]
    },
    {
      "mode": "managed",
      "type": "aws_ecs_service",
      "name": "billing_service",
      "provider": "provider[\"registry.terraform.io/hashicorp/aws\"]",
      "instances": [
        {
          "schema_version": 1,
          "attributes": {
            "alarms": [],
            "availability_zone_rebalancing": "DISABLED",
            "capacity_provider_strategy": [],
            "cluster": "arn:aws:ecs:eu-north-1:011237053542:cluster/cloud-design-cluster-v2",
            "deployment_circuit_breaker": [
              {
                "enable": false,
                "rollback": false
              }
            ],
            "deployment_controller": [
              {
                "type": "ECS"
              }
            ],
            "deployment_maximum_percent": 100,
            "deployment_minimum_healthy_percent": 0,
            "desired_count": 1,
            "enable_ecs_managed_tags": false,
            "enable_execute_command": false,
            "force_delete": null,
            "force_new_deployment": false,
            "health_check_grace_period_seconds": 0,
            "iam_role": "/aws-service-role/ecs.amazonaws.com/AWSServiceRoleForECS",
            "id": "arn:aws:ecs:eu-north-1:011237053542:service/cloud-design-cluster-v2/billing-service",
            "launch_type": "EC2",
            "load_balancer": [],
            "name": "billing-service",
            "network_configuration": [
              {
                "assign_public_ip": false,
                "security_groups": [
                  "sg-0a01b2aa12eafdd75"
                ],
                "subnets": [
                  "subnet-030128f7274f45b9d",
                  "subnet-0c66ad93264d4e685"
                ]
              }
            ],
            "ordered_placement_strategy": [],
            "placement_constraints": [],
            "platform_version": "",
            "propagate_tags": "NONE",
            "scheduling_strategy": "REPLICA",
            "service_connect_configuration": [],
            "service_registries": [
              {
                "container_name": "",
                "container_port": 0,
                "port": 0,
                "registry_arn": "arn:aws:servicediscovery:eu-north-1:011237053542:service/srv-rpq2pqbmlonzz5kv"
              }
            ],
            "tags": {},
            "tags_all": {
              "Owner": "Team",
              "Project": "CloudDesign"
            },
            "task_definition": "arn:aws:ecs:eu-north-1:011237053542:task-definition/billing-stack-task:36",
            "timeouts": null,
            "triggers": {},
            "volume_configuration": [],
            "vpc_lattice_configurations": [],
            "wait_for_steady_state": false
          },
          "sensitive_attributes": [],
          "identity_schema_version": 0,
          "private": "eyJlMmJmYjczMC1lY2FhLTExZTYtOGY4OC0zNDM2M2JjN2M0YzAiOnsiY3JlYXRlIjoxMjAwMDAwMDAwMDAwLCJkZWxldGUiOjEyMDAwMDAwMDAwMDAsInVwZGF0ZSI6MTIwMDAwMDAwMDAwMH0sInNjaGVtYV92ZXJzaW9uIjoiMSJ9",
          "dependencies": [
            "aws_cloudwatch_log_group.ecs_logs",
            "aws_ecr_repository.billing_app",
            "aws_ecs_cluster.main",
            "aws_ecs_task_definition.billing_stack",
            "aws_efs_access_point.billing_db",
            "aws_efs_file_system.db_data",
            "aws_efs_mount_target.private_1",
            "aws_efs_mount_target.private_2",
            "aws_iam_role.ecs_execution_role",
            "aws_security_group.alb_sg",
            "aws_security_group.ecs_sg",
            "aws_security_group.efs_sg",
            "aws_service_discovery_private_dns_namespace.local",
            "aws_service_discovery_service.billing",
            "aws_ssm_parameter.billing_db_password",
            "aws_ssm_parameter.rabbitmq_password",
            "aws_subnet.private_1",
            "aws_subnet.private_2",
            "aws_vpc.main",
            "data.aws_region.current",
            "random_password.billing_db_password",
            "random_password.rabbitmq_password"
          ]
        }
      ]
    },
    {
      "mode": "managed",
      "type": "aws_ecs_service",
      "name": "inventory_service",
      "provider": "provider[\"registry.terraform.io/hashicorp/aws\"]",
      "instances": [
        {
          "schema_version": 1,
          "attributes": {
            "alarms": [],
            "availability_zone_rebalancing": "DISABLED",
            "capacity_provider_strategy": [],
            "cluster": "arn:aws:ecs:eu-north-1:011237053542:cluster/cloud-design-cluster-v2",
            "deployment_circuit_breaker": [
              {
                "enable": false,
                "rollback": false
              }
            ],
            "deployment_controller": [
              {
                "type": "ECS"
              }
            ],
            "deployment_maximum_percent": 100,
            "deployment_minimum_healthy_percent": 0,
            "desired_count": 1,
            "enable_ecs_managed_tags": false,
            "enable_execute_command": false,
            "force_delete": null,
            "force_new_deployment": false,
            "health_check_grace_period_seconds": 0,
            "iam_role": "/aws-service-role/ecs.amazonaws.com/AWSServiceRoleForECS",
            "id": "arn:aws:ecs:eu-north-1:011237053542:service/cloud-design-cluster-v2/inventory-service",
            "launch_type": "EC2",
            "load_balancer": [],
            "name": "inventory-service",
            "network_configuration": [
              {
                "assign_public_ip": false,
                "security_groups": [
                  "sg-0a01b2aa12eafdd75"
                ],
                "subnets": [
                  "subnet-030128f7274f45b9d",
                  "subnet-0c66ad93264d4e685"
                ]
              }
            ],
            "ordered_placement_strategy": [],
            "placement_constraints": [],
            "platform_version": "",
            "propagate_tags": "NONE",
            "scheduling_strategy": "REPLICA",
            "service_connect_configuration": [],
            "service_registries": [
              {
                "container_name": "",
                "container_port": 0,
                "port": 0,
                "registry_arn": "arn:aws:servicediscovery:eu-north-1:011237053542:service/srv-ardp2bynxegbxajh"
              }
            ],
            "tags": {},
            "tags_all": {
              "Owner": "Team",
              "Project": "CloudDesign"
            },
            "task_definition": "arn:aws:ecs:eu-north-1:011237053542:task-definition/inventory-stack-task:30",
            "timeouts": null,
            "triggers": {},
            "volume_configuration": [],
            "vpc_lattice_configurations": [],
            "wait_for_steady_state": false
          },
          "sensitive_attributes": [],
          "identity_schema_version": 0,
          "private": "eyJlMmJmYjczMC1lY2FhLTExZTYtOGY4OC0zNDM2M2JjN2M0YzAiOnsiY3JlYXRlIjoxMjAwMDAwMDAwMDAwLCJkZWxldGUiOjEyMDAwMDAwMDAwMDAsInVwZGF0ZSI6MTIwMDAwMDAwMDAwMH0sInNjaGVtYV92ZXJzaW9uIjoiMSJ9",
          "dependencies": [
            "aws_cloudwatch_log_group.ecs_logs",
            "aws_ecr_repository.inventory_app",
            "aws_ecs_cluster.main",
            "aws_ecs_task_definition.inventory_stack",
            "aws_efs_access_point.inventory_db",
            "aws_efs_file_system.db_data",
            "aws_efs_mount_target.private_1",
            "aws_efs_mount_target.private_2",
            "aws_iam_role.ecs_execution_role",
            "aws_security_group.alb_sg",
            "aws_security_group.ecs_sg",
            "aws_security_group.efs_sg",
            "aws_service_discovery_private_dns_namespace.local",
            "aws_service_discovery_service.inventory",
            "aws_ssm_parameter.inventory_db_password",
            "aws_subnet.private_1",
            "aws_subnet.private_2",
            "aws_vpc.main",
            "data.aws_region.current",
            "random_password.inventory_db_password"
          ]
        }
      ]
    },
    {
      "mode": "managed",
      "type": "aws_ecs_service",
      "name": "rabbitmq_service",
      "provider": "provider[\"registry.terraform.io/hashicorp/aws\"]",
      "instances": [
        {
          "schema_version": 1,
          "attributes": {
            "alarms": [],
            "availability_zone_rebalancing": "DISABLED",
            "capacity_provider_strategy": [],
            "cluster": "arn:aws:ecs:eu-north-1:011237053542:cluster/cloud-design-cluster-v2",
            "deployment_circuit_breaker": [
              {
                "enable": false,
                "rollback": false
              }
            ],
            "deployment_controller": [
              {
                "type": "ECS"
              }
            ],
            "deployment_maximum_percent": 100,
            "deployment_minimum_healthy_percent": 0,
            "desired_count": 1,
            "enable_ecs_managed_tags": false,
            "enable_execute_command": false,
            "force_delete": null,
            "force_new_deployment": null,
            "health_check_grace_period_seconds": 0,
            "iam_role": "/aws-service-role/ecs.amazonaws.com/AWSServiceRoleForECS",
            "id": "arn:aws:ecs:eu-north-1:011237053542:service/cloud-design-cluster-v2/rabbitmq-service",
            "launch_type": "EC2",
            "load_balancer": [],
            "name": "rabbitmq-service",
            "network_configuration": [
              {
                "assign_public_ip": false,
                "security_groups": [
                  "sg-0a01b2aa12eafdd75"
                ],
                "subnets": [
                  "subnet-030128f7274f45b9d",
                  "subnet-0c66ad93264d4e685"
                ]
              }
            ],
            "ordered_placement_strategy": [],
            "placement_constraints": [],
            "platform_version": "",
            "propagate_tags": "NONE",
            "scheduling_strategy": "REPLICA",
            "service_connect_configuration": [],
            "service_registries": [
              {
                "container_name": "",
                "container_port": 0,
                "port": 0,
                "registry_arn": "arn:aws:servicediscovery:eu-north-1:011237053542:service/srv-7iacpp5ga7th4pds"
              }
            ],
            "tags": {},
            "tags_all": {
              "Owner": "Team",
              "Project": "CloudDesign"
            },
            "task_definition": "arn:aws:ecs:eu-north-1:011237053542:task-definition/rabbitmq-task:1",
            "timeouts": null,
            "triggers": {},
            "volume_configuration": [],
            "vpc_lattice_configurations": [],
            "wait_for_steady_state": false
          },
          "sensitive_attributes": [],
          "identity_schema_version": 0,
          "private": "eyJlMmJmYjczMC1lY2FhLTExZTYtOGY4OC0zNDM2M2JjN2M0YzAiOnsiY3JlYXRlIjoxMjAwMDAwMDAwMDAwLCJkZWxldGUiOjEyMDAwMDAwMDAwMDAsInVwZGF0ZSI6MTIwMDAwMDAwMDAwMH0sInNjaGVtYV92ZXJzaW9uIjoiMSJ9",
          "dependencies": [
            "aws_cloudwatch_log_group.ecs_logs",
            "aws_ecs_cluster.main",
            "aws_ecs_task_definition.rabbitmq",
            "aws_iam_role.ecs_execution_role",
            "aws_security_group.alb_sg",
            "aws_security_group.ecs_sg",
            "aws_service_discovery_private_dns_namespace.local",
            "aws_service_discovery_service.rabbitmq",
            "aws_ssm_parameter.rabbitmq_password",
            "aws_subnet.private_1",
            "aws_subnet.private_2",
            "aws_vpc.main",
            "data.aws_region.current",
            "random_password.rabbitmq_password"
          ]
        }
      ]
    },
    {
      "mode": "managed",
      "type": "aws_ecs_task_definition",
      "name": "api_gateway",
      "provider": "provider[\"registry.terraform.io/hashicorp/aws\"]",
      "instances": [
        {
          "schema_version": 1,
          "attributes": {
            "arn": "arn:aws:ecs:eu-north-1:011237053542:task-definition/api-gateway-task:19",
            "arn_without_revision": "arn:aws:ecs:eu-north-1:011237053542:task-definition/api-gateway-task",
            "container_definitions": "[{\"environment\":[{\"name\":\"BILLING_SERVICE_URL\",\"value\":\"http://billing-app.local:8080\"},{\"name\":\"GATEWAY_PORT\",\"value\":\"3000\"},{\"name\":\"INVENTORY_SERVICE_URL\",\"value\":\"http://inventory-app.local:8080\"},{\"name\":\"RABBITMQ_HOST\",\"value\":\"rabbitmq.local\"},{\"name\":\"RABBITMQ_PORT\",\"value\":\"5672\"},{\"name\":\"RABBITMQ_USER\",\"value\":\"rabbitmq_user\"}],\"essential\":true,\"healthCheck\":{\"command\":[\"CMD-SHELL\",\"curl -f http://localhost:3000/health || exit 1\"],\"interval\":15,\"retries\":3,\"startPeriod\":180,\"timeout\":5},\"image\":\"011237053542.dkr.ecr.eu-north-1.amazonaws.com/cloud-design-api-gateway:v1\",\"logConfiguration\":{\"logDriver\":\"awslogs\",\"options\":{\"awslogs-region\":\"eu-north-1\",\"awslogs-stream-prefix\":\"api-gateway\",\"awslogs-group\":\"/ecs/cloud-design\"}},\"memory\":1024,\"mountPoints\":[],\"name\":\"api-gateway\",\"portMappings\":[{\"containerPort\":3000,\"hostPort\":3000,\"protocol\":\"tcp\"}],\"secrets\":[{\"name\":\"RABBITMQ_PASSWORD\",\"valueFrom\":\"arn:aws:ssm:eu-north-1:011237053542:parameter/cloud-design/rabbitmq/password\"}],\"systemControls\":[],\"volumesFrom\":[]}]",
            "cpu": "256",
            "enable_fault_injection": false,
            "ephemeral_storage": [],
            "execution_role_arn": "arn:aws:iam::011237053542:role/ecs_execution_role",
            "family": "api-gateway-task",
            "id": "api-gateway-task",
            "inference_accelerator": [],
            "ipc_mode": "",
            "memory": "1024",
            "network_mode": "awsvpc",
            "pid_mode": "",
            "placement_constraints": [],
            "proxy_configuration": [],
            "requires_compatibilities": [
              "EC2"
            ],
            "revision": 19,
            "runtime_platform": [],
            "skip_destroy": false,
            "tags": {},
            "tags_all": {
              "Owner": "Team",
              "Project": "CloudDesign"
            },
            "task_role_arn": "",
            "track_latest": false,
            "volume": []
          },
          "sensitive_attributes": [],
          "identity_schema_version": 0,
          "private": "eyJzY2hlbWFfdmVyc2lvbiI6IjEifQ==",
          "dependencies": [
            "aws_cloudwatch_log_group.ecs_logs",
            "aws_ecr_repository.api_gateway",
            "aws_iam_role.ecs_execution_role",
            "aws_ssm_parameter.rabbitmq_password",
            "data.aws_region.current",
            "random_password.rabbitmq_password"
          ]
        }
      ]
    },
    {
      "mode": "managed",
      "type": "aws_ecs_task_definition",
      "name": "billing_stack",
      "provider": "provider[\"registry.terraform.io/hashicorp/aws\"]",
      "instances": [
        {
          "schema_version": 1,
          "attributes": {
            "arn": "arn:aws:ecs:eu-north-1:011237053542:task-definition/billing-stack-task:36",
            "arn_without_revision": "arn:aws:ecs:eu-north-1:011237053542:task-definition/billing-stack-task",
            "container_definitions": "[{\"dependsOn\":[{\"condition\":\"HEALTHY\",\"containerName\":\"billing-database\"}],\"environment\":[{\"name\":\"BILLING_DB_HOST\",\"value\":\"localhost\"},{\"name\":\"BILLING_DB_NAME\",\"value\":\"billing\"},{\"name\":\"BILLING_DB_PORT\",\"value\":\"5432\"},{\"name\":\"BILLING_DB_USER\",\"value\":\"billinguser\"},{\"name\":\"RABBITMQ_HOST\",\"value\":\"rabbitmq.local\"},{\"name\":\"RABBITMQ_PORT\",\"value\":\"5672\"},{\"name\":\"RABBITMQ_QUEUE\",\"value\":\"billing_queue\"},{\"name\":\"RABBITMQ_USER\",\"value\":\"rabbitmq_user\"}],\"essential\":true,\"image\":\"011237053542.dkr.ecr.eu-north-1.amazonaws.com/cloud-design-billing-app:v1\",\"logConfiguration\":{\"logDriver\":\"awslogs\",\"options\":{\"awslogs-stream-prefix\":\"billing-app\",\"awslogs-group\":\"/ecs/cloud-design\",\"awslogs-region\":\"eu-north-1\"}},\"memory\":256,\"mountPoints\":[],\"name\":\"billing-app\",\"portMappings\":[],\"secrets\":[{\"name\":\"BILLING_DB_PASSWORD\",\"valueFrom\":\"arn:aws:ssm:eu-north-1:011237053542:parameter/cloud-design/billing-db/password\"},{\"name\":\"RABBITMQ_PASSWORD\",\"valueFrom\":\"arn:aws:ssm:eu-north-1:011237053542:parameter/cloud-design/rabbitmq/password\"}],\"systemControls\":[],\"volumesFrom\":[]},{\"environment\":[{\"name\":\"PGDATA\",\"value\":\"/data/billing/pgdata\"},{\"name\":\"POSTGRES_DB\",\"value\":\"billing\"},{\"name\":\"POSTGRES_USER\",\"value\":\"billinguser\"}],\"essential\":true,\"healthCheck\":{\"command\":[\"CMD-SHELL\",\"pg_isready -U billinguser -d billing\"],\"interval\":10,\"retries\":5,\"startPeriod\":60,\"timeout\":5},\"image\":\"postgres:13-alpine\",\"logConfiguration\":{\"logDriver\":\"awslogs\",\"options\":{\"awslogs-stream-prefix\":\"billing-db\",\"awslogs-group\":\"/ecs/cloud-design\",\"awslogs-region\":\"eu-north-1\"}},\"memory\":256,\"mountPoints\":[{\"containerPath\":\"/data/billing\",\"readOnly\":false,\"sourceVolume\":\"billing-db-data\"}],\"name\":\"billing-database\",\"portMappings\":[],\"secrets\":[{\"name\":\"POSTGRES_PASSWORD\",\"valueFrom\":\"arn:aws:ssm:eu-north-1:011237053542:parameter/cloud-design/billing-db/password\"}],\"systemControls\":[],\"volumesFrom\":[]}]",
            "cpu": "512",
            "enable_fault_injection": false,
            "ephemeral_storage": [],
            "execution_role_arn": "arn:aws:iam::011237053542:role/ecs_execution_role",
            "family": "billing-stack-task",
            "id": "billing-stack-task",
            "inference_accelerator": [],
            "ipc_mode": "",
            "memory": "1024",
            "network_mode": "awsvpc",
            "pid_mode": "",
            "placement_constraints": [],
            "proxy_configuration": [],
            "requires_compatibilities": [
              "EC2"
            ],
            "revision": 36,
            "runtime_platform": [],
            "skip_destroy": false,
            "tags": {},
            "tags_all": {
              "Owner": "Team",
              "Project": "CloudDesign"
            },
            "task_role_arn": "",
            "track_latest": false,
            "volume": [
              {
                "configure_at_launch": false,
                "docker_volume_configuration": [],
                "efs_volume_configuration": [
                  {
                    "authorization_config": [
                      {
                        "access_point_id": "fsap-0770d30da226746e7",
                        "iam": "DISABLED"
                      }
                    ],
                    "file_system_id": "fs-00175138dac6f138e",
                    "root_directory": "/",
                    "transit_encryption": "ENABLED",
                    "transit_encryption_port": 0
                  }
                ],
                "fsx_windows_file_server_volume_configuration": [],
                "host_path": "",
                "name": "billing-db-data"
              }
            ]
          },
          "sensitive_attributes": [],
          "identity_schema_version": 0,
          "private": "eyJzY2hlbWFfdmVyc2lvbiI6IjEifQ==",
          "dependencies": [
            "aws_cloudwatch_log_group.ecs_logs",
            "aws_ecr_repository.billing_app",
            "aws_efs_access_point.billing_db",
            "aws_efs_file_system.db_data",
            "aws_iam_role.ecs_execution_role",
            "aws_ssm_parameter.billing_db_password",
            "aws_ssm_parameter.rabbitmq_password",
            "data.aws_region.current",
            "random_password.billing_db_password",
            "random_password.rabbitmq_password"
          ]
        }
      ]
    },
    {
      "mode": "managed",
      "type": "aws_ecs_task_definition",
      "name": "inventory_stack",
      "provider": "provider[\"registry.terraform.io/hashicorp/aws\"]",
      "instances": [
        {
          "schema_version": 1,
          "attributes": {
            "arn": "arn:aws:ecs:eu-north-1:011237053542:task-definition/inventory-stack-task:30",
            "arn_without_revision": "arn:aws:ecs:eu-north-1:011237053542:task-definition/inventory-stack-task",
            "container_definitions": "[{\"dependsOn\":[{\"condition\":\"HEALTHY\",\"containerName\":\"inventory-database\"}],\"environment\":[{\"name\":\"INVENTORY_DB_HOST\",\"value\":\"localhost\"},{\"name\":\"INVENTORY_DB_NAME\",\"value\":\"inventory\"},{\"name\":\"INVENTORY_DB_PORT\",\"value\":\"5432\"},{\"name\":\"INVENTORY_DB_USER\",\"value\":\"inventoryuser\"},{\"name\":\"INVENTORY_PORT\",\"value\":\"8080\"}],\"essential\":true,\"image\":\"011237053542.dkr.ecr.eu-north-1.amazonaws.com/cloud-design-inventory-app:v1\",\"logConfiguration\":{\"logDriver\":\"awslogs\",\"options\":{\"awslogs-group\":\"/ecs/cloud-design\",\"awslogs-region\":\"eu-north-1\",\"awslogs-stream-prefix\":\"inventory-app\"}},\"memory\":512,\"mountPoints\":[],\"name\":\"inventory-app\",\"portMappings\":[{\"containerPort\":8080,\"hostPort\":8080,\"protocol\":\"tcp\"}],\"secrets\":[{\"name\":\"INVENTORY_DB_PASSWORD\",\"valueFrom\":\"arn:aws:ssm:eu-north-1:011237053542:parameter/cloud-design/inventory-db/password\"}],\"systemControls\":[],\"volumesFrom\":[]},{\"environment\":[{\"name\":\"PGDATA\",\"value\":\"/data/inventory/pgdata\"},{\"name\":\"POSTGRES_DB\",\"value\":\"inventory\"},{\"name\":\"POSTGRES_USER\",\"value\":\"inventoryuser\"}],\"essential\":true,\"healthCheck\":{\"command\":[\"CMD-SHELL\",\"pg_isready -U inventoryuser -h localhost\"],\"interval\":10,\"retries\":10,\"startPeriod\":120,\"timeout\":5},\"image\":\"postgres:13-alpine\",\"logConfiguration\":{\"logDriver\":\"awslogs\",\"options\":{\"awslogs-region\":\"eu-north-1\",\"awslogs-stream-prefix\":\"inventory-db\",\"awslogs-group\":\"/ecs/cloud-design\"}},\"memory\":512,\"mountPoints\":[{\"containerPath\":\"/data/inventory\",\"readOnly\":false,\"sourceVolume\":\"inventory-db-data\"}],\"name\":\"inventory-database\",\"portMappings\":[],\"secrets\":[{\"name\":\"POSTGRES_PASSWORD\",\"valueFrom\":\"arn:aws:ssm:eu-north-1:011237053542:parameter/cloud-design/inventory-db/password\"}],\"systemControls\":[],\"volumesFrom\":[]}]",
            "cpu": "512",
            "enable_fault_injection": false,
            "ephemeral_storage": [],
            "execution_role_arn": "arn:aws:iam::011237053542:role/ecs_execution_role",
            "family": "inventory-stack-task",
            "id": "inventory-stack-task",
            "inference_accelerator": [],
            "ipc_mode": "",
            "memory": "1024",
            "network_mode": "awsvpc",
            "pid_mode": "",
            "placement_constraints": [],
            "proxy_configuration": [],
            "requires_compatibilities": [
              "EC2"
            ],
            "revision": 30,
            "runtime_platform": [],
            "skip_destroy": false,
            "tags": {},
            "tags_all": {
              "Owner": "Team",
              "Project": "CloudDesign"
            },
            "task_role_arn": "",
            "track_latest": false,
            "volume": [
              {
                "configure_at_launch": false,
                "docker_volume_configuration": [],
                "efs_volume_configuration": [
                  {
                    "authorization_config": [
                      {
                        "access_point_id": "fsap-01d3e09311532f76d",
                        "iam": "DISABLED"
                      }
                    ],
                    "file_system_id": "fs-00175138dac6f138e",
                    "root_directory": "/",
                    "transit_encryption": "ENABLED",
                    "transit_encryption_port": 0
                  }
                ],
                "fsx_windows_file_server_volume_configuration": [],
                "host_path": "",
                "name": "inventory-db-data"
              }
            ]
          },
          "sensitive_attributes": [],
          "identity_schema_version": 0,
          "private": "eyJzY2hlbWFfdmVyc2lvbiI6IjEifQ==",
          "dependencies": [
            "aws_cloudwatch_log_group.ecs_logs",
            "aws_ecr_repository.inventory_app",
            "aws_efs_access_point.inventory_db",
            "aws_efs_file_system.db_data",
            "aws_iam_role.ecs_execution_role",
            "aws_ssm_parameter.inventory_db_password",
            "data.aws_region.current",
            "random_password.inventory_db_password"
          ]
        }
      ]
    },
    {
      "mode": "managed",
      "type": "aws_ecs_task_definition",
      "name": "rabbitmq",
      "provider": "provider[\"registry.terraform.io/hashicorp/aws\"]",
      "instances": [
        {
          "schema_version": 1,
          "attributes": {
            "arn": "arn:aws:ecs:eu-north-1:011237053542:task-definition/rabbitmq-task:1",
            "arn_without_revision": "arn:aws:ecs:eu-north-1:011237053542:task-definition/rabbitmq-task",
            "container_definitions": "[{\"environment\":[{\"name\":\"RABBITMQ_DEFAULT_USER\",\"value\":\"rabbitmq_user\"}],\"essential\":true,\"healthCheck\":{\"command\":[\"CMD\",\"rabbitmq-diagnostics\",\"ping\"],\"interval\":15,\"retries\":5,\"startPeriod\":60,\"timeout\":10},\"image\":\"rabbitmq:3-management-alpine\",\"logConfiguration\":{\"logDriver\":\"awslogs\",\"options\":{\"awslogs-group\":\"/ecs/cloud-design\",\"awslogs-region\":\"eu-north-1\",\"awslogs-stream-prefix\":\"rabbitmq\"}},\"memory\":512,\"mountPoints\":[],\"name\":\"rabbitmq\",\"portMappings\":[{\"containerPort\":5672,\"hostPort\":5672,\"protocol\":\"tcp\"},{\"containerPort\":15672,\"hostPort\":15672,\"protocol\":\"tcp\"}],\"secrets\":[{\"name\":\"RABBITMQ_DEFAULT_PASS\",\"valueFrom\":\"arn:aws:ssm:eu-north-1:011237053542:parameter/cloud-design/rabbitmq/password\"}],\"systemControls\":[],\"volumesFrom\":[]}]",
            "cpu": "256",
            "enable_fault_injection": false,
            "ephemeral_storage": [],
            "execution_role_arn": "arn:aws:iam::011237053542:role/ecs_execution_role",
            "family": "rabbitmq-task",
            "id": "rabbitmq-task",
            "inference_accelerator": [],
            "ipc_mode": "",
            "memory": "512",
            "network_mode": "awsvpc",
            "pid_mode": "",
            "placement_constraints": [],
            "proxy_configuration": [],
            "requires_compatibilities": [
              "EC2"
            ],
            "revision": 1,
            "runtime_platform": [],
            "skip_destroy": false,
            "tags": {},
            "tags_all": {
              "Owner": "Team",
              "Project": "CloudDesign"
            },
            "task_role_arn": "",
            "track_latest": false,
            "volume": []
          },
          "sensitive_attributes": [],
          "identity_schema_version": 0,
          "private": "eyJzY2hlbWFfdmVyc2lvbiI6IjEifQ==",
          "dependencies": [
            "aws_cloudwatch_log_group.ecs_logs",
            "aws_iam_role.ecs_execution_role",
            "aws_ssm_parameter.rabbitmq_password",
            "data.aws_region.current",
            "random_password.rabbitmq_password"
          ]
        }
      ]
    },
    {
      "mode": "managed",
      "type": "aws_efs_access_point",
      "name": "billing_db",
      "provider": "provider[\"registry.terraform.io/hashicorp/aws\"]",
      "instances": [
        {
          "schema_version": 0,
          "attributes": {
            "arn": "arn:aws:elasticfilesystem:eu-north-1:011237053542:access-point/fsap-0770d30da226746e7",
            "file_system_arn": "arn:aws:elasticfilesystem:eu-north-1:011237053542:file-system/fs-00175138dac6f138e",
            "file_system_id": "fs-00175138dac6f138e",
            "id": "fsap-0770d30da226746e7",
            "owner_id": "011237053542",
            "posix_user": [
              {
                "gid": 70,
                "secondary_gids": [],
                "uid": 70
              }
            ],
            "root_directory": [
              {
                "creation_info": [
                  {
                    "owner_gid": 70,
                    "owner_uid": 70,
                    "permissions": "0755"
                  }
                ],
                "path": "/billing-db-data-v5"
              }
            ],
            "tags": {
              "Name": "billing-db-access-point"
            },
            "tags_all": {
              "Name": "billing-db-access-point",
              "Owner": "Team",
              "Project": "CloudDesign"
            }
          },
          "sensitive_attributes": [],
          "identity_schema_version": 0,
          "private": "bnVsbA==",
          "dependencies": [
            "aws_efs_file_system.db_data"
          ]
        }
      ]
    },
    {
      "mode": "managed",
      "type": "aws_efs_access_point",
      "name": "inventory_db",
      "provider": "provider[\"registry.terraform.io/hashicorp/aws\"]",
      "instances": [
        {
          "schema_version": 0,
          "attributes": {
            "arn": "arn:aws:elasticfilesystem:eu-north-1:011237053542:access-point/fsap-01d3e09311532f76d",
            "file_system_arn": "arn:aws:elasticfilesystem:eu-north-1:011237053542:file-system/fs-00175138dac6f138e",
            "file_system_id": "fs-00175138dac6f138e",
            "id": "fsap-01d3e09311532f76d",
            "owner_id": "011237053542",
            "posix_user": [
              {
                "gid": 70,
                "secondary_gids": [],
                "uid": 70
              }
            ],
            "root_directory": [
              {
                "creation_info": [
                  {
                    "owner_gid": 70,
                    "owner_uid": 70,
                    "permissions": "0755"
                  }
                ],
                "path": "/inventory-db-data-v5"
              }
            ],
            "tags": {
              "Name": "inventory-db-access-point"
            },
            "tags_all": {
              "Name": "inventory-db-access-point",
              "Owner": "Team",
              "Project": "CloudDesign"
            }
          },
          "sensitive_attributes": [],
          "identity_schema_version": 0,
          "private": "bnVsbA==",
          "dependencies": [
            "aws_efs_file_system.db_data"
          ]
        }
      ]
    },
    {
      "mode": "managed",
      "type": "aws_efs_file_system",
      "name": "db_data",
      "provider": "provider[\"registry.terraform.io/hashicorp/aws\"]",
      "instances": [
        {
          "schema_version": 0,
          "attributes": {
            "arn": "arn:aws:elasticfilesystem:eu-north-1:011237053542:file-system/fs-00175138dac6f138e",
            "availability_zone_id": "",
            "availability_zone_name": "",
            "creation_token": "cloud-design-db-data",
            "dns_name": "fs-00175138dac6f138e.efs.eu-north-1.amazonaws.com",
            "encrypted": true,
            "id": "fs-00175138dac6f138e",
            "kms_key_id": "arn:aws:kms:eu-north-1:011237053542:key/582e756b-044b-4e85-b67e-ac7a303b150c",
            "lifecycle_policy": [],
            "name": "cloud-design-db-efs",
            "number_of_mount_targets": 2,
            "owner_id": "011237053542",
            "performance_mode": "generalPurpose",
            "protection": [
              {
                "replication_overwrite": "ENABLED"
              }
            ],
            "provisioned_throughput_in_mibps": 0,
            "size_in_bytes": [
              {
                "value": 106606592,
                "value_in_ia": 0,
                "value_in_standard": 106606592
              }
            ],
            "tags": {
              "Name": "cloud-design-db-efs"
            },
            "tags_all": {
              "Name": "cloud-design-db-efs",
              "Owner": "Team",
              "Project": "CloudDesign"
            },
            "throughput_mode": "bursting"
          },
          "sensitive_attributes": [],
          "identity_schema_version": 0,
          "private": "bnVsbA=="
        }
      ]
    },
    {
      "mode": "managed",
      "type": "aws_efs_mount_target",
      "name": "private_1",
      "provider": "provider[\"registry.terraform.io/hashicorp/aws\"]",
      "instances": [
        {
          "schema_version": 0,
          "attributes": {
            "availability_zone_id": "eun1-az1",
            "availability_zone_name": "eu-north-1a",
            "dns_name": "fs-00175138dac6f138e.efs.eu-north-1.amazonaws.com",
            "file_system_arn": "arn:aws:elasticfilesystem:eu-north-1:011237053542:file-system/fs-00175138dac6f138e",
            "file_system_id": "fs-00175138dac6f138e",
            "id": "fsmt-0b68d3346ec6eae53",
            "ip_address": "10.0.3.35",
            "mount_target_dns_name": "eu-north-1a.fs-00175138dac6f138e.efs.eu-north-1.amazonaws.com",
            "network_interface_id": "eni-0aa68c17f2190ef6a",
            "owner_id": "011237053542",
            "security_groups": [
              "sg-0aa5646e7c1e94baf"
            ],
            "subnet_id": "subnet-0c66ad93264d4e685",
            "timeouts": null
          },
          "sensitive_attributes": [],
          "identity_schema_version": 0,
          "private": "eyJlMmJmYjczMC1lY2FhLTExZTYtOGY4OC0zNDM2M2JjN2M0YzAiOnsiY3JlYXRlIjoxODAwMDAwMDAwMDAwLCJkZWxldGUiOjYwMDAwMDAwMDAwMH19",
          "dependencies": [
            "aws_efs_file_system.db_data",
            "aws_security_group.alb_sg",
            "aws_security_group.ecs_sg",
            "aws_security_group.efs_sg",
            "aws_subnet.private_1",
            "aws_vpc.main"
          ]
        }
      ]
    },
    {
      "mode": "managed",
      "type": "aws_efs_mount_target",
      "name": "private_2",
      "provider": "provider[\"registry.terraform.io/hashicorp/aws\"]",
      "instances": [
        {
          "schema_version": 0,
          "attributes": {
            "availability_zone_id": "eun1-az2",
            "availability_zone_name": "eu-north-1b",
            "dns_name": "fs-00175138dac6f138e.efs.eu-north-1.amazonaws.com",
            "file_system_arn": "arn:aws:elasticfilesystem:eu-north-1:011237053542:file-system/fs-00175138dac6f138e",
            "file_system_id": "fs-00175138dac6f138e",
            "id": "fsmt-0e936cb0cdf97d4a1",
            "ip_address": "10.0.4.78",
            "mount_target_dns_name": "eu-north-1b.fs-00175138dac6f138e.efs.eu-north-1.amazonaws.com",
            "network_interface_id": "eni-0a455e3cc97ec3537",
            "owner_id": "011237053542",
            "security_groups": [
              "sg-0aa5646e7c1e94baf"
            ],
            "subnet_id": "subnet-030128f7274f45b9d",
            "timeouts": null
          },
          "sensitive_attributes": [],
          "identity_schema_version": 0,
          "private": "eyJlMmJmYjczMC1lY2FhLTExZTYtOGY4OC0zNDM2M2JjN2M0YzAiOnsiY3JlYXRlIjoxODAwMDAwMDAwMDAwLCJkZWxldGUiOjYwMDAwMDAwMDAwMH19",
          "dependencies": [
            "aws_efs_file_system.db_data",
            "aws_security_group.alb_sg",
            "aws_security_group.ecs_sg",
            "aws_security_group.efs_sg",
            "aws_subnet.private_2",
            "aws_vpc.main"
          ]
        }
      ]
    },
    {
      "mode": "managed",
      "type": "aws_eip",
      "name": "nat",
      "provider": "provider[\"registry.terraform.io/hashicorp/aws\"]",
      "instances": [
        {
          "schema_version": 0,
          "attributes": {
            "address": null,
            "allocation_id": "eipalloc-061cd485a4e39759e",
            "arn": "arn:aws:ec2:eu-north-1:011237053542:elastic-ip/eipalloc-061cd485a4e39759e",
            "associate_with_private_ip": null,
            "association_id": "",
            "carrier_ip": "",
            "customer_owned_ip": "",
            "customer_owned_ipv4_pool": "",
            "domain": "vpc",
            "id": "eipalloc-061cd485a4e39759e",
            "instance": "",
            "ipam_pool_id": null,
            "network_border_group": "eu-north-1",
            "network_interface": "",
            "private_dns": null,
            "private_ip": "",
            "ptr_record": "",
            "public_dns": "ec2-51-20-243-155.eu-north-1.compute.amazonaws.com",
            "public_ip": "51.20.243.155",
            "public_ipv4_pool": "amazon",
            "tags": null,
            "tags_all": {
              "Owner": "Team",
              "Project": "CloudDesign"
            },
            "timeouts": null,
            "vpc": true
          },
          "sensitive_attributes": [],
          "identity_schema_version": 0,
          "private": "eyJlMmJmYjczMC1lY2FhLTExZTYtOGY4OC0zNDM2M2JjN2M0YzAiOnsiZGVsZXRlIjoxODAwMDAwMDAwMDAsInJlYWQiOjkwMDAwMDAwMDAwMCwidXBkYXRlIjozMDAwMDAwMDAwMDB9fQ=="
        }
      ]
    },
    {
      "mode": "managed",
      "type": "aws_iam_instance_profile",
      "name": "ecs_instance_profile",
      "provider": "provider[\"registry.terraform.io/hashicorp/aws\"]",
      "instances": [
        {
          "schema_version": 0,
          "attributes": {
            "arn": "arn:aws:iam::011237053542:instance-profile/ecs_instance_profile",
            "create_date": "2026-05-19T03:46:45Z",
            "id": "ecs_instance_profile",
            "name": "ecs_instance_profile",
            "name_prefix": "",
            "path": "/",
            "role": "ecs_instance_role",
            "tags": {},
            "tags_all": {
              "Owner": "Team",
              "Project": "CloudDesign"
            },
            "unique_id": "AIPAQFHOH2RTFVTWKA7AT"
          },
          "sensitive_attributes": [],
          "identity_schema_version": 0,
          "private": "bnVsbA==",
          "dependencies": [
            "aws_iam_role.ecs_instance_role"
          ]
        }
      ]
    },
    {
      "mode": "managed",
      "type": "aws_iam_role",
      "name": "ecs_execution_role",
      "provider": "provider[\"registry.terraform.io/hashicorp/aws\"]",
      "instances": [
        {
          "schema_version": 0,
          "attributes": {
            "arn": "arn:aws:iam::011237053542:role/ecs_execution_role",
            "assume_role_policy": "{\"Statement\":[{\"Action\":\"sts:AssumeRole\",\"Effect\":\"Allow\",\"Principal\":{\"Service\":\"ecs-tasks.amazonaws.com\"}}],\"Version\":\"2012-10-17\"}",
            "create_date": "2026-05-19T03:46:44Z",
            "description": "",
            "force_detach_policies": false,
            "id": "ecs_execution_role",
            "inline_policy": [],
            "managed_policy_arns": [],
            "max_session_duration": 3600,
            "name": "ecs_execution_role",
            "name_prefix": "",
            "path": "/",
            "permissions_boundary": "",
            "tags": {},
            "tags_all": {
              "Owner": "Team",
              "Project": "CloudDesign"
            },
            "unique_id": "AROAQFHOH2RTPNAYF3GLI"
          },
          "sensitive_attributes": [],
          "identity_schema_version": 0,
          "private": "bnVsbA=="
        }
      ]
    },
    {
      "mode": "managed",
      "type": "aws_iam_role",
      "name": "ecs_instance_role",
      "provider": "provider[\"registry.terraform.io/hashicorp/aws\"]",
      "instances": [
        {
          "schema_version": 0,
          "attributes": {
            "arn": "arn:aws:iam::011237053542:role/ecs_instance_role",
            "assume_role_policy": "{\"Statement\":[{\"Action\":\"sts:AssumeRole\",\"Effect\":\"Allow\",\"Principal\":{\"Service\":\"ec2.amazonaws.com\"}}],\"Version\":\"2012-10-17\"}",
            "create_date": "2026-05-19T03:46:44Z",
            "description": "",
            "force_detach_policies": false,
            "id": "ecs_instance_role",
            "inline_policy": [],
            "managed_policy_arns": [],
            "max_session_duration": 3600,
            "name": "ecs_instance_role",
            "name_prefix": "",
            "path": "/",
            "permissions_boundary": "",
            "tags": {},
            "tags_all": {
              "Owner": "Team",
              "Project": "CloudDesign"
            },
            "unique_id": "AROAQFHOH2RTKUXWTUVOK"
          },
          "sensitive_attributes": [],
          "identity_schema_version": 0,
          "private": "bnVsbA=="
        }
      ]
    },
    {
      "mode": "managed",
      "type": "aws_iam_role_policy",
      "name": "ecs_execution_secrets",
      "provider": "provider[\"registry.terraform.io/hashicorp/aws\"]",
      "instances": [
        {
          "schema_version": 0,
          "attributes": {
            "id": "ecs_execution_role:ecs_execution_secrets_policy",
            "name": "ecs_execution_secrets_policy",
            "name_prefix": "",
            "policy": "{\"Version\":\"2012-10-17\",\"Statement\":[{\"Action\":[\"ssm:GetParameters\",\"ssm:GetParameter\"],\"Effect\":\"Allow\",\"Resource\":[\"arn:aws:ssm:eu-north-1:011237053542:parameter/cloud-design/rabbitmq/password\",\"arn:aws:ssm:eu-north-1:011237053542:parameter/cloud-design/billing-db/password\",\"arn:aws:ssm:eu-north-1:011237053542:parameter/cloud-design/inventory-db/password\"]}]}",
            "role": "ecs_execution_role"
          },
          "sensitive_attributes": [],
          "identity_schema_version": 0,
          "private": "bnVsbA==",
          "dependencies": [
            "aws_iam_role.ecs_execution_role",
            "aws_ssm_parameter.billing_db_password",
            "aws_ssm_parameter.inventory_db_password",
            "aws_ssm_parameter.rabbitmq_password",
            "random_password.billing_db_password",
            "random_password.inventory_db_password",
            "random_password.rabbitmq_password"
          ]
        }
      ]
    },
    {
      "mode": "managed",
      "type": "aws_iam_role_policy_attachment",
      "name": "ecs_execution_role_policy",
      "provider": "provider[\"registry.terraform.io/hashicorp/aws\"]",
      "instances": [
        {
          "schema_version": 0,
          "attributes": {
            "id": "ecs_execution_role-20260522064501747400000003",
            "policy_arn": "arn:aws:iam::aws:policy/service-role/AmazonECSTaskExecutionRolePolicy",
            "role": "ecs_execution_role"
          },
          "sensitive_attributes": [],
          "identity_schema_version": 0,
          "private": "bnVsbA==",
          "dependencies": [
            "aws_iam_role.ecs_execution_role"
          ]
        }
      ]
    },
    {
      "mode": "managed",
      "type": "aws_iam_role_policy_attachment",
      "name": "ecs_instance_efs_policy",
      "provider": "provider[\"registry.terraform.io/hashicorp/aws\"]",
      "instances": [
        {
          "schema_version": 0,
          "attributes": {
            "id": "ecs_instance_role-20260522064501775900000004",
            "policy_arn": "arn:aws:iam::aws:policy/AmazonElasticFileSystemClientReadWriteAccess",
            "role": "ecs_instance_role"
          },
          "sensitive_attributes": [],
          "identity_schema_version": 0,
          "private": "bnVsbA==",
          "dependencies": [
            "aws_iam_role.ecs_instance_role"
          ]
        }
      ]
    },
    {
      "mode": "managed",
      "type": "aws_iam_role_policy_attachment",
      "name": "ecs_instance_role_policy",
      "provider": "provider[\"registry.terraform.io/hashicorp/aws\"]",
      "instances": [
        {
          "schema_version": 0,
          "attributes": {
            "id": "ecs_instance_role-20260522064501804700000005",
            "policy_arn": "arn:aws:iam::aws:policy/service-role/AmazonEC2ContainerServiceforEC2Role",
            "role": "ecs_instance_role"
          },
          "sensitive_attributes": [],
          "identity_schema_version": 0,
          "private": "bnVsbA==",
          "dependencies": [
            "aws_iam_role.ecs_instance_role"
          ]
        }
      ]
    },
    {
      "mode": "managed",
      "type": "aws_iam_role_policy_attachment",
      "name": "ecs_instance_ssm_policy",
      "provider": "provider[\"registry.terraform.io/hashicorp/aws\"]",
      "instances": [
        {
          "schema_version": 0,
          "attributes": {
            "id": "ecs_instance_role-20260522064501720000000002",
            "policy_arn": "arn:aws:iam::aws:policy/AmazonSSMManagedInstanceCore",
            "role": "ecs_instance_role"
          },
          "sensitive_attributes": [],
          "identity_schema_version": 0,
          "private": "bnVsbA==",
          "dependencies": [
            "aws_iam_role.ecs_instance_role"
          ]
        }
      ]
    },
    {
      "mode": "managed",
      "type": "aws_internet_gateway",
      "name": "igw",
      "provider": "provider[\"registry.terraform.io/hashicorp/aws\"]",
      "instances": [
        {
          "schema_version": 0,
          "attributes": {
            "arn": "arn:aws:ec2:eu-north-1:011237053542:internet-gateway/igw-0dbc3f5235335c7bf",
            "id": "igw-0dbc3f5235335c7bf",
            "owner_id": "011237053542",
            "tags": {
              "Name": "cloud-design-igw"
            },
            "tags_all": {
              "Name": "cloud-design-igw",
              "Owner": "Team",
              "Project": "CloudDesign"
            },
            "timeouts": null,
            "vpc_id": "vpc-0d7bd7c8604b61dd6"
          },
          "sensitive_attributes": [],
          "identity_schema_version": 0,
          "private": "eyJlMmJmYjczMC1lY2FhLTExZTYtOGY4OC0zNDM2M2JjN2M0YzAiOnsiY3JlYXRlIjoxMjAwMDAwMDAwMDAwLCJkZWxldGUiOjEyMDAwMDAwMDAwMDAsInVwZGF0ZSI6MTIwMDAwMDAwMDAwMH19",
          "dependencies": [
            "aws_vpc.main"
          ]
        }
      ]
    },
    {
      "mode": "managed",
      "type": "aws_launch_template",
      "name": "ecs_lt",
      "provider": "provider[\"registry.terraform.io/hashicorp/aws\"]",
      "instances": [
        {
          "schema_version": 0,
          "attributes": {
            "arn": "arn:aws:ec2:eu-north-1:011237053542:launch-template/lt-0050470319b774f98",
            "block_device_mappings": [],
            "capacity_reservation_specification": [],
            "cpu_options": [],
            "credit_specification": [],
            "default_version": 1,
            "description": "",
            "disable_api_stop": false,
            "disable_api_termination": false,
            "ebs_optimized": "",
            "elastic_gpu_specifications": [],
            "elastic_inference_accelerator": [],
            "enclave_options": [],
            "hibernation_options": [],
            "iam_instance_profile": [
              {
                "arn": "",
                "name": "ecs_instance_profile"
              }
            ],
            "id": "lt-0050470319b774f98",
            "image_id": "ami-04328eb9f011bf6d2",
            "instance_initiated_shutdown_behavior": "",
            "instance_market_options": [],
            "instance_requirements": [],
            "instance_type": "t3.small",
            "kernel_id": "",
            "key_name": "",
            "latest_version": 2,
            "license_specification": [],
            "maintenance_options": [],
            "metadata_options": [],
            "monitoring": [],
            "name": "ecs-template20260519034700831500000008",
            "name_prefix": "ecs-template",
            "network_interfaces": [],
            "placement": [],
            "private_dns_name_options": [],
            "ram_disk_id": "",
            "security_group_names": [],
            "tag_specifications": [],
            "tags": {},
            "tags_all": {
              "Owner": "Team",
              "Project": "CloudDesign"
            },
            "update_default_version": null,
            "user_data": "IyEvYmluL2Jhc2gKZWNobyBFQ1NfQ0xVU1RFUj1jbG91ZC1kZXNpZ24tY2x1c3Rlci12MiA+PiAvZXRjL2Vjcy9lY3MuY29uZmlnCnl1bSBpbnN0YWxsIC15IGFtYXpvbi1lZnMtdXRpbHMK",
            "vpc_security_group_ids": [
              "sg-0a01b2aa12eafdd75"
            ]
          },
          "sensitive_attributes": [
            [
              {
                "type": "get_attr",
                "value": "image_id"
              }
            ]
          ],
          "identity_schema_version": 0,
          "private": "bnVsbA==",
          "dependencies": [
            "aws_ecs_cluster.main",
            "aws_iam_instance_profile.ecs_instance_profile",
            "aws_iam_role.ecs_instance_role",
            "aws_security_group.alb_sg",
            "aws_security_group.ecs_sg",
            "aws_vpc.main",
            "data.aws_ssm_parameter.ecs_ami"
          ]
        }
      ]
    },
    {
      "mode": "managed",
      "type": "aws_lb",
      "name": "main",
      "provider": "provider[\"registry.terraform.io/hashicorp/aws\"]",
      "instances": [
        {
          "schema_version": 0,
          "attributes": {
            "access_logs": [
              {
                "bucket": "",
                "enabled": false,
                "prefix": ""
              }
            ],
            "arn": "arn:aws:elasticloadbalancing:eu-north-1:011237053542:loadbalancer/app/cloud-design-alb/d2875748f57b2033",
            "arn_suffix": "app/cloud-design-alb/d2875748f57b2033",
            "client_keep_alive": 3600,
            "connection_logs": [
              {
                "bucket": "",
                "enabled": false,
                "prefix": ""
              }
            ],
            "customer_owned_ipv4_pool": "",
            "desync_mitigation_mode": "defensive",
            "dns_name": "cloud-design-alb-1587781862.eu-north-1.elb.amazonaws.com",
            "dns_record_client_routing_policy": null,
            "drop_invalid_header_fields": false,
            "enable_cross_zone_load_balancing": true,
            "enable_deletion_protection": false,
            "enable_http2": true,
            "enable_tls_version_and_cipher_suite_headers": false,
            "enable_waf_fail_open": false,
            "enable_xff_client_port": false,
            "enable_zonal_shift": false,
            "enforce_security_group_inbound_rules_on_private_link_traffic": "",
            "id": "arn:aws:elasticloadbalancing:eu-north-1:011237053542:loadbalancer/app/cloud-design-alb/d2875748f57b2033",
            "idle_timeout": 60,
            "internal": false,
            "ip_address_type": "ipv4",
            "ipam_pools": [],
            "load_balancer_type": "application",
            "minimum_load_balancer_capacity": [],
            "name": "cloud-design-alb",
            "name_prefix": "",
            "preserve_host_header": false,
            "security_groups": [
              "sg-0be85fe8c8e073638"
            ],
            "subnet_mapping": [
              {
                "allocation_id": "",
                "ipv6_address": "",
                "outpost_id": "",
                "private_ipv4_address": "",
                "subnet_id": "subnet-0c2ea863e58b6b16c"
              },
              {
                "allocation_id": "",
                "ipv6_address": "",
                "outpost_id": "",
                "private_ipv4_address": "",
                "subnet_id": "subnet-0c72c098649b47a9b"
              }
            ],
            "subnets": [
              "subnet-0c2ea863e58b6b16c",
              "subnet-0c72c098649b47a9b"
            ],
            "tags": null,
            "tags_all": {
              "Owner": "Team",
              "Project": "CloudDesign"
            },
            "timeouts": null,
            "vpc_id": "vpc-0d7bd7c8604b61dd6",
            "xff_header_processing_mode": "append",
            "zone_id": "Z23TAZ6LKFMNIO"
          },
          "sensitive_attributes": [],
          "identity_schema_version": 0,
          "private": "eyJlMmJmYjczMC1lY2FhLTExZTYtOGY4OC0zNDM2M2JjN2M0YzAiOnsiY3JlYXRlIjo2MDAwMDAwMDAwMDAsImRlbGV0ZSI6NjAwMDAwMDAwMDAwLCJ1cGRhdGUiOjYwMDAwMDAwMDAwMH19",
          "dependencies": [
            "aws_security_group.alb_sg",
            "aws_subnet.public_1",
            "aws_subnet.public_2",
            "aws_vpc.main"
          ]
        }
      ]
    },
    {
      "mode": "managed",
      "type": "aws_lb_listener",
      "name": "http",
      "provider": "provider[\"registry.terraform.io/hashicorp/aws\"]",
      "instances": [
        {
          "schema_version": 0,
          "attributes": {
            "alpn_policy": null,
            "arn": "arn:aws:elasticloadbalancing:eu-north-1:011237053542:listener/app/cloud-design-alb/d2875748f57b2033/03d8422e36b42319",
            "certificate_arn": null,
            "default_action": [
              {
                "authenticate_cognito": [],
                "authenticate_oidc": [],
                "fixed_response": [],
                "forward": [],
                "order": 1,
                "redirect": [],
                "target_group_arn": "arn:aws:elasticloadbalancing:eu-north-1:011237053542:targetgroup/api-gateway-tg-final/99bf2113130c63cf",
                "type": "forward"
              }
            ],
            "id": "arn:aws:elasticloadbalancing:eu-north-1:011237053542:listener/app/cloud-design-alb/d2875748f57b2033/03d8422e36b42319",
            "load_balancer_arn": "arn:aws:elasticloadbalancing:eu-north-1:011237053542:loadbalancer/app/cloud-design-alb/d2875748f57b2033",
            "mutual_authentication": [],
            "port": 80,
            "protocol": "HTTP",
            "routing_http_request_x_amzn_mtls_clientcert_header_name": null,
            "routing_http_request_x_amzn_mtls_clientcert_issuer_header_name": null,
            "routing_http_request_x_amzn_mtls_clientcert_leaf_header_name": null,
            "routing_http_request_x_amzn_mtls_clientcert_serial_number_header_name": null,
            "routing_http_request_x_amzn_mtls_clientcert_subject_header_name": null,
            "routing_http_request_x_amzn_mtls_clientcert_validity_header_name": null,
            "routing_http_request_x_amzn_tls_cipher_suite_header_name": null,
            "routing_http_request_x_amzn_tls_version_header_name": null,
            "routing_http_response_access_control_allow_credentials_header_value": "",
            "routing_http_response_access_control_allow_headers_header_value": "",
            "routing_http_response_access_control_allow_methods_header_value": "",
            "routing_http_response_access_control_allow_origin_header_value": "",
            "routing_http_response_access_control_expose_headers_header_value": "",
            "routing_http_response_access_control_max_age_header_value": "",
            "routing_http_response_content_security_policy_header_value": "",
            "routing_http_response_server_enabled": true,
            "routing_http_response_strict_transport_security_header_value": "",
            "routing_http_response_x_content_type_options_header_value": "",
            "routing_http_response_x_frame_options_header_value": "",
            "ssl_policy": "",
            "tags": null,
            "tags_all": {
              "Owner": "Team",
              "Project": "CloudDesign"
            },
            "tcp_idle_timeout_seconds": null,
            "timeouts": null
          },
          "sensitive_attributes": [],
          "identity_schema_version": 0,
          "private": "eyJlMmJmYjczMC1lY2FhLTExZTYtOGY4OC0zNDM2M2JjN2M0YzAiOnsiY3JlYXRlIjozMDAwMDAwMDAwMDAsInVwZGF0ZSI6MzAwMDAwMDAwMDAwfX0=",
          "dependencies": [
            "aws_lb.main",
            "aws_lb_target_group.api_gateway",
            "aws_security_group.alb_sg",
            "aws_subnet.public_1",
            "aws_subnet.public_2",
            "aws_vpc.main"
          ]
        }
      ]
    },
    {
      "mode": "managed",
      "type": "aws_lb_listener",
      "name": "https",
      "provider": "provider[\"registry.terraform.io/hashicorp/aws\"]",
      "instances": [
        {
          "schema_version": 0,
          "attributes": {
            "alpn_policy": null,
            "arn": "arn:aws:elasticloadbalancing:eu-north-1:011237053542:listener/app/cloud-design-alb/d2875748f57b2033/3cccf46889633814",
            "certificate_arn": "arn:aws:acm:eu-north-1:011237053542:certificate/58273844-cf6a-4c94-a107-f8fda488fde9",
            "default_action": [
              {
                "authenticate_cognito": [],
                "authenticate_oidc": [],
                "fixed_response": [],
                "forward": [],
                "order": 1,
                "redirect": [],
                "target_group_arn": "arn:aws:elasticloadbalancing:eu-north-1:011237053542:targetgroup/api-gateway-tg-final/99bf2113130c63cf",
                "type": "forward"
              }
            ],
            "id": "arn:aws:elasticloadbalancing:eu-north-1:011237053542:listener/app/cloud-design-alb/d2875748f57b2033/3cccf46889633814",
            "load_balancer_arn": "arn:aws:elasticloadbalancing:eu-north-1:011237053542:loadbalancer/app/cloud-design-alb/d2875748f57b2033",
            "mutual_authentication": [
              {
                "advertise_trust_store_ca_names": "",
                "ignore_client_certificate_expiry": false,
                "mode": "off",
                "trust_store_arn": ""
              }
            ],
            "port": 443,
            "protocol": "HTTPS",
            "routing_http_request_x_amzn_mtls_clientcert_header_name": "",
            "routing_http_request_x_amzn_mtls_clientcert_issuer_header_name": "",
            "routing_http_request_x_amzn_mtls_clientcert_leaf_header_name": "",
            "routing_http_request_x_amzn_mtls_clientcert_serial_number_header_name": "",
            "routing_http_request_x_amzn_mtls_clientcert_subject_header_name": "",
            "routing_http_request_x_amzn_mtls_clientcert_validity_header_name": "",
            "routing_http_request_x_amzn_tls_cipher_suite_header_name": "",
            "routing_http_request_x_amzn_tls_version_header_name": "",
            "routing_http_response_access_control_allow_credentials_header_value": "",
            "routing_http_response_access_control_allow_headers_header_value": "",
            "routing_http_response_access_control_allow_methods_header_value": "",
            "routing_http_response_access_control_allow_origin_header_value": "",
            "routing_http_response_access_control_expose_headers_header_value": "",
            "routing_http_response_access_control_max_age_header_value": "",
            "routing_http_response_content_security_policy_header_value": "",
            "routing_http_response_server_enabled": true,
            "routing_http_response_strict_transport_security_header_value": "",
            "routing_http_response_x_content_type_options_header_value": "",
            "routing_http_response_x_frame_options_header_value": "",
            "ssl_policy": "ELBSecurityPolicy-2016-08",
            "tags": null,
            "tags_all": {
              "Owner": "Team",
              "Project": "CloudDesign"
            },
            "tcp_idle_timeout_seconds": null,
            "timeouts": null
          },
          "sensitive_attributes": [],
          "identity_schema_version": 0,
          "private": "eyJlMmJmYjczMC1lY2FhLTExZTYtOGY4OC0zNDM2M2JjN2M0YzAiOnsiY3JlYXRlIjozMDAwMDAwMDAwMDAsInVwZGF0ZSI6MzAwMDAwMDAwMDAwfX0=",
          "dependencies": [
            "aws_acm_certificate.alb_cert",
            "aws_lb.main",
            "aws_lb_target_group.api_gateway",
            "aws_security_group.alb_sg",
            "aws_subnet.public_1",
            "aws_subnet.public_2",
            "aws_vpc.main",
            "tls_private_key.alb_cert",
            "tls_self_signed_cert.alb_cert"
          ]
        }
      ]
    },
    {
      "mode": "managed",
      "type": "aws_lb_target_group",
      "name": "api_gateway",
      "provider": "provider[\"registry.terraform.io/hashicorp/aws\"]",
      "instances": [
        {
          "schema_version": 0,
          "attributes": {
            "arn": "arn:aws:elasticloadbalancing:eu-north-1:011237053542:targetgroup/api-gateway-tg-final/99bf2113130c63cf",
            "arn_suffix": "targetgroup/api-gateway-tg-final/99bf2113130c63cf",
            "connection_termination": null,
            "deregistration_delay": "300",
            "health_check": [
              {
                "enabled": true,
                "healthy_threshold": 3,
                "interval": 30,
                "matcher": "200",
                "path": "/health",
                "port": "traffic-port",
                "protocol": "HTTP",
                "timeout": 5,
                "unhealthy_threshold": 3
              }
            ],
            "id": "arn:aws:elasticloadbalancing:eu-north-1:011237053542:targetgroup/api-gateway-tg-final/99bf2113130c63cf",
            "ip_address_type": "ipv4",
            "lambda_multi_value_headers_enabled": false,
            "load_balancer_arns": [],
            "load_balancing_algorithm_type": "round_robin",
            "load_balancing_anomaly_mitigation": "off",
            "load_balancing_cross_zone_enabled": "use_load_balancer_configuration",
            "name": "api-gateway-tg-final",
            "name_prefix": "",
            "port": 3000,
            "preserve_client_ip": null,
            "protocol": "HTTP",
            "protocol_version": "HTTP1",
            "proxy_protocol_v2": false,
            "slow_start": 0,
            "stickiness": [
              {
                "cookie_duration": 86400,
                "cookie_name": "",
                "enabled": false,
                "type": "lb_cookie"
              }
            ],
            "tags": {},
            "tags_all": {
              "Owner": "Team",
              "Project": "CloudDesign"
            },
            "target_failover": [
              {
                "on_deregistration": null,
                "on_unhealthy": null
              }
            ],
            "target_group_health": [
              {
                "dns_failover": [
                  {
                    "minimum_healthy_targets_count": "1",
                    "minimum_healthy_targets_percentage": "off"
                  }
                ],
                "unhealthy_state_routing": [
                  {
                    "minimum_healthy_targets_count": 1,
                    "minimum_healthy_targets_percentage": "off"
                  }
                ]
              }
            ],
            "target_health_state": [
              {
                "enable_unhealthy_connection_termination": null,
                "unhealthy_draining_interval": null
              }
            ],
            "target_type": "ip",
            "vpc_id": "vpc-0d7bd7c8604b61dd6"
          },
          "sensitive_attributes": [],
          "identity_schema_version": 0,
          "private": "bnVsbA==",
          "dependencies": [
            "aws_vpc.main"
          ],
          "create_before_destroy": true
        }
      ]
    },
    {
      "mode": "managed",
      "type": "aws_nat_gateway",
      "name": "nat",
      "provider": "provider[\"registry.terraform.io/hashicorp/aws\"]",
      "instances": [
        {
          "schema_version": 0,
          "attributes": {
            "allocation_id": "eipalloc-061cd485a4e39759e",
            "association_id": "eipassoc-045abde974e84a1db",
            "connectivity_type": "public",
            "id": "nat-0c1e04ab16a2fbb23",
            "network_interface_id": "eni-024074c1e4e130afc",
            "private_ip": "10.0.1.8",
            "public_ip": "51.20.243.155",
            "secondary_allocation_ids": null,
            "secondary_private_ip_address_count": 0,
            "secondary_private_ip_addresses": [],
            "subnet_id": "subnet-0c72c098649b47a9b",
            "tags": {
              "Name": "gw-NAT"
            },
            "tags_all": {
              "Name": "gw-NAT",
              "Owner": "Team",
              "Project": "CloudDesign"
            },
            "timeouts": null
          },
          "sensitive_attributes": [],
          "identity_schema_version": 0,
          "private": "eyJlMmJmYjczMC1lY2FhLTExZTYtOGY4OC0zNDM2M2JjN2M0YzAiOnsiY3JlYXRlIjo2MDAwMDAwMDAwMDAsImRlbGV0ZSI6MTgwMDAwMDAwMDAwMCwidXBkYXRlIjo2MDAwMDAwMDAwMDB9fQ==",
          "dependencies": [
            "aws_eip.nat",
            "aws_internet_gateway.igw",
            "aws_subnet.public_1",
            "aws_vpc.main"
          ]
        }
      ]
    },
    {
      "mode": "managed",
      "type": "aws_route_table",
      "name": "private",
      "provider": "provider[\"registry.terraform.io/hashicorp/aws\"]",
      "instances": [
        {
          "schema_version": 0,
          "attributes": {
            "arn": "arn:aws:ec2:eu-north-1:011237053542:route-table/rtb-0434755a58acbc3a5",
            "id": "rtb-0434755a58acbc3a5",
            "owner_id": "011237053542",
            "propagating_vgws": [],
            "route": [
              {
                "carrier_gateway_id": "",
                "cidr_block": "0.0.0.0/0",
                "core_network_arn": "",
                "destination_prefix_list_id": "",
                "egress_only_gateway_id": "",
                "gateway_id": "",
                "ipv6_cidr_block": "",
                "local_gateway_id": "",
                "nat_gateway_id": "nat-0c1e04ab16a2fbb23",
                "network_interface_id": "",
                "transit_gateway_id": "",
                "vpc_endpoint_id": "",
                "vpc_peering_connection_id": ""
              }
            ],
            "tags": {
              "Name": "private-route-table"
            },
            "tags_all": {
              "Name": "private-route-table",
              "Owner": "Team",
              "Project": "CloudDesign"
            },
            "timeouts": null,
            "vpc_id": "vpc-0d7bd7c8604b61dd6"
          },
          "sensitive_attributes": [],
          "identity_schema_version": 0,
          "private": "eyJlMmJmYjczMC1lY2FhLTExZTYtOGY4OC0zNDM2M2JjN2M0YzAiOnsiY3JlYXRlIjozMDAwMDAwMDAwMDAsImRlbGV0ZSI6MzAwMDAwMDAwMDAwLCJ1cGRhdGUiOjEyMDAwMDAwMDAwMH19",
          "dependencies": [
            "aws_eip.nat",
            "aws_internet_gateway.igw",
            "aws_nat_gateway.nat",
            "aws_subnet.public_1",
            "aws_vpc.main"
          ]
        }
      ]
    },
    {
      "mode": "managed",
      "type": "aws_route_table",
      "name": "public",
      "provider": "provider[\"registry.terraform.io/hashicorp/aws\"]",
      "instances": [
        {
          "schema_version": 0,
          "attributes": {
            "arn": "arn:aws:ec2:eu-north-1:011237053542:route-table/rtb-0705482812619ddf2",
            "id": "rtb-0705482812619ddf2",
            "owner_id": "011237053542",
            "propagating_vgws": [],
            "route": [
              {
                "carrier_gateway_id": "",
                "cidr_block": "0.0.0.0/0",
                "core_network_arn": "",
                "destination_prefix_list_id": "",
                "egress_only_gateway_id": "",
                "gateway_id": "igw-0dbc3f5235335c7bf",
                "ipv6_cidr_block": "",
                "local_gateway_id": "",
                "nat_gateway_id": "",
                "network_interface_id": "",
                "transit_gateway_id": "",
                "vpc_endpoint_id": "",
                "vpc_peering_connection_id": ""
              }
            ],
            "tags": {
              "Name": "public-route-table"
            },
            "tags_all": {
              "Name": "public-route-table",
              "Owner": "Team",
              "Project": "CloudDesign"
            },
            "timeouts": null,
            "vpc_id": "vpc-0d7bd7c8604b61dd6"
          },
          "sensitive_attributes": [],
          "identity_schema_version": 0,
          "private": "eyJlMmJmYjczMC1lY2FhLTExZTYtOGY4OC0zNDM2M2JjN2M0YzAiOnsiY3JlYXRlIjozMDAwMDAwMDAwMDAsImRlbGV0ZSI6MzAwMDAwMDAwMDAwLCJ1cGRhdGUiOjEyMDAwMDAwMDAwMH19",
          "dependencies": [
            "aws_internet_gateway.igw",
            "aws_vpc.main"
          ]
        }
      ]
    },
    {
      "mode": "managed",
      "type": "aws_route_table_association",
      "name": "private_1",
      "provider": "provider[\"registry.terraform.io/hashicorp/aws\"]",
      "instances": [
        {
          "schema_version": 0,
          "attributes": {
            "gateway_id": "",
            "id": "rtbassoc-05a626de9f2d1868b",
            "route_table_id": "rtb-0434755a58acbc3a5",
            "subnet_id": "subnet-0c66ad93264d4e685",
            "timeouts": null
          },
          "sensitive_attributes": [],
          "identity_schema_version": 0,
          "private": "eyJlMmJmYjczMC1lY2FhLTExZTYtOGY4OC0zNDM2M2JjN2M0YzAiOnsiY3JlYXRlIjozMDAwMDAwMDAwMDAsImRlbGV0ZSI6MzAwMDAwMDAwMDAwLCJ1cGRhdGUiOjEyMDAwMDAwMDAwMH19",
          "dependencies": [
            "aws_eip.nat",
            "aws_internet_gateway.igw",
            "aws_nat_gateway.nat",
            "aws_route_table.private",
            "aws_subnet.private_1",
            "aws_subnet.public_1",
            "aws_vpc.main"
          ]
        }
      ]
    },
    {
      "mode": "managed",
      "type": "aws_route_table_association",
      "name": "private_2",
      "provider": "provider[\"registry.terraform.io/hashicorp/aws\"]",
      "instances": [
        {
          "schema_version": 0,
          "attributes": {
            "gateway_id": "",
            "id": "rtbassoc-0520000e09c113c26",
            "route_table_id": "rtb-0434755a58acbc3a5",
            "subnet_id": "subnet-030128f7274f45b9d",
            "timeouts": null
          },
          "sensitive_attributes": [],
          "identity_schema_version": 0,
          "private": "eyJlMmJmYjczMC1lY2FhLTExZTYtOGY4OC0zNDM2M2JjN2M0YzAiOnsiY3JlYXRlIjozMDAwMDAwMDAwMDAsImRlbGV0ZSI6MzAwMDAwMDAwMDAwLCJ1cGRhdGUiOjEyMDAwMDAwMDAwMH19",
          "dependencies": [
            "aws_eip.nat",
            "aws_internet_gateway.igw",
            "aws_nat_gateway.nat",
            "aws_route_table.private",
            "aws_subnet.private_2",
            "aws_subnet.public_1",
            "aws_vpc.main"
          ]
        }
      ]
    },
    {
      "mode": "managed",
      "type": "aws_route_table_association",
      "name": "public_1",
      "provider": "provider[\"registry.terraform.io/hashicorp/aws\"]",
      "instances": [
        {
          "schema_version": 0,
          "attributes": {
            "gateway_id": "",
            "id": "rtbassoc-01359a300150797ad",
            "route_table_id": "rtb-0705482812619ddf2",
            "subnet_id": "subnet-0c72c098649b47a9b",
            "timeouts": null
          },
          "sensitive_attributes": [],
          "identity_schema_version": 0,
          "private": "eyJlMmJmYjczMC1lY2FhLTExZTYtOGY4OC0zNDM2M2JjN2M0YzAiOnsiY3JlYXRlIjozMDAwMDAwMDAwMDAsImRlbGV0ZSI6MzAwMDAwMDAwMDAwLCJ1cGRhdGUiOjEyMDAwMDAwMDAwMH19",
          "dependencies": [
            "aws_internet_gateway.igw",
            "aws_route_table.public",
            "aws_subnet.public_1",
            "aws_vpc.main"
          ]
        }
      ]
    },
    {
      "mode": "managed",
      "type": "aws_route_table_association",
      "name": "public_2",
      "provider": "provider[\"registry.terraform.io/hashicorp/aws\"]",
      "instances": [
        {
          "schema_version": 0,
          "attributes": {
            "gateway_id": "",
            "id": "rtbassoc-0ba4efc479db9280b",
            "route_table_id": "rtb-0705482812619ddf2",
            "subnet_id": "subnet-0c2ea863e58b6b16c",
            "timeouts": null
          },
          "sensitive_attributes": [],
          "identity_schema_version": 0,
          "private": "eyJlMmJmYjczMC1lY2FhLTExZTYtOGY4OC0zNDM2M2JjN2M0YzAiOnsiY3JlYXRlIjozMDAwMDAwMDAwMDAsImRlbGV0ZSI6MzAwMDAwMDAwMDAwLCJ1cGRhdGUiOjEyMDAwMDAwMDAwMH19",
          "dependencies": [
            "aws_internet_gateway.igw",
            "aws_route_table.public",
            "aws_subnet.public_2",
            "aws_vpc.main"
          ]
        }
      ]
    },
    {
      "mode": "managed",
      "type": "aws_security_group",
      "name": "alb_sg",
      "provider": "provider[\"registry.terraform.io/hashicorp/aws\"]",
      "instances": [
        {
          "schema_version": 1,
          "attributes": {
            "arn": "arn:aws:ec2:eu-north-1:011237053542:security-group/sg-0be85fe8c8e073638",
            "description": "Allow inbound HTTP traffic",
            "egress": [
              {
                "cidr_blocks": [
                  "0.0.0.0/0"
                ],
                "description": "",
                "from_port": 0,
                "ipv6_cidr_blocks": [],
                "prefix_list_ids": [],
                "protocol": "-1",
                "security_groups": [],
                "self": false,
                "to_port": 0
              }
            ],
            "id": "sg-0be85fe8c8e073638",
            "ingress": [
              {
                "cidr_blocks": [
                  "0.0.0.0/0"
                ],
                "description": "",
                "from_port": 443,
                "ipv6_cidr_blocks": [],
                "prefix_list_ids": [],
                "protocol": "tcp",
                "security_groups": [],
                "self": false,
                "to_port": 443
              },
              {
                "cidr_blocks": [
                  "0.0.0.0/0"
                ],
                "description": "",
                "from_port": 80,
                "ipv6_cidr_blocks": [],
                "prefix_list_ids": [],
                "protocol": "tcp",
                "security_groups": [],
                "self": false,
                "to_port": 80
              }
            ],
            "name": "alb-security-group",
            "name_prefix": "",
            "owner_id": "011237053542",
            "revoke_rules_on_delete": false,
            "tags": {},
            "tags_all": {
              "Owner": "Team",
              "Project": "CloudDesign"
            },
            "timeouts": null,
            "vpc_id": "vpc-0d7bd7c8604b61dd6"
          },
          "sensitive_attributes": [],
          "identity_schema_version": 0,
          "private": "eyJlMmJmYjczMC1lY2FhLTExZTYtOGY4OC0zNDM2M2JjN2M0YzAiOnsiY3JlYXRlIjo2MDAwMDAwMDAwMDAsImRlbGV0ZSI6OTAwMDAwMDAwMDAwfSwic2NoZW1hX3ZlcnNpb24iOiIxIn0=",
          "dependencies": [
            "aws_vpc.main"
          ]
        }
      ]
    },
    {
      "mode": "managed",
      "type": "aws_security_group",
      "name": "ecs_sg",
      "provider": "provider[\"registry.terraform.io/hashicorp/aws\"]",
      "instances": [
        {
          "schema_version": 1,
          "attributes": {
            "arn": "arn:aws:ec2:eu-north-1:011237053542:security-group/sg-0a01b2aa12eafdd75",
            "description": "Allow inbound traffic from ALB",
            "egress": [
              {
                "cidr_blocks": [
                  "0.0.0.0/0"
                ],
                "description": "",
                "from_port": 0,
                "ipv6_cidr_blocks": [],
                "prefix_list_ids": [],
                "protocol": "-1",
                "security_groups": [],
                "self": false,
                "to_port": 0
              }
            ],
            "id": "sg-0a01b2aa12eafdd75",
            "ingress": [
              {
                "cidr_blocks": [],
                "description": "",
                "from_port": 0,
                "ipv6_cidr_blocks": [],
                "prefix_list_ids": [],
                "protocol": "tcp",
                "security_groups": [
                  "sg-0be85fe8c8e073638"
                ],
                "self": false,
                "to_port": 65535
              },
              {
                "cidr_blocks": [],
                "description": "Allow internal east-west traffic between ECS tasks",
                "from_port": 0,
                "ipv6_cidr_blocks": [],
                "prefix_list_ids": [],
                "protocol": "tcp",
                "security_groups": [],
                "self": true,
                "to_port": 65535
              }
            ],
            "name": "ecs-security-group",
            "name_prefix": "",
            "owner_id": "011237053542",
            "revoke_rules_on_delete": false,
            "tags": {},
            "tags_all": {
              "Owner": "Team",
              "Project": "CloudDesign"
            },
            "timeouts": null,
            "vpc_id": "vpc-0d7bd7c8604b61dd6"
          },
          "sensitive_attributes": [],
          "identity_schema_version": 0,
          "private": "eyJlMmJmYjczMC1lY2FhLTExZTYtOGY4OC0zNDM2M2JjN2M0YzAiOnsiY3JlYXRlIjo2MDAwMDAwMDAwMDAsImRlbGV0ZSI6OTAwMDAwMDAwMDAwfSwic2NoZW1hX3ZlcnNpb24iOiIxIn0=",
          "dependencies": [
            "aws_security_group.alb_sg",
            "aws_vpc.main"
          ]
        }
      ]
    },
    {
      "mode": "managed",
      "type": "aws_security_group",
      "name": "efs_sg",
      "provider": "provider[\"registry.terraform.io/hashicorp/aws\"]",
      "instances": [
        {
          "schema_version": 1,
          "attributes": {
            "arn": "arn:aws:ec2:eu-north-1:011237053542:security-group/sg-0aa5646e7c1e94baf",
            "description": "Allow NFS traffic from ECS tasks",
            "egress": [
              {
                "cidr_blocks": [
                  "0.0.0.0/0"
                ],
                "description": "",
                "from_port": 0,
                "ipv6_cidr_blocks": [],
                "prefix_list_ids": [],
                "protocol": "-1",
                "security_groups": [],
                "self": false,
                "to_port": 0
              }
            ],
            "id": "sg-0aa5646e7c1e94baf",
            "ingress": [
              {
                "cidr_blocks": [],
                "description": "Allow NFS from ECS tasks",
                "from_port": 2049,
                "ipv6_cidr_blocks": [],
                "prefix_list_ids": [],
                "protocol": "tcp",
                "security_groups": [
                  "sg-0a01b2aa12eafdd75"
                ],
                "self": false,
                "to_port": 2049
              }
            ],
            "name": "efs-security-group",
            "name_prefix": "",
            "owner_id": "011237053542",
            "revoke_rules_on_delete": false,
            "tags": {},
            "tags_all": {
              "Owner": "Team",
              "Project": "CloudDesign"
            },
            "timeouts": null,
            "vpc_id": "vpc-0d7bd7c8604b61dd6"
          },
          "sensitive_attributes": [],
          "identity_schema_version": 0,
          "private": "eyJlMmJmYjczMC1lY2FhLTExZTYtOGY4OC0zNDM2M2JjN2M0YzAiOnsiY3JlYXRlIjo2MDAwMDAwMDAwMDAsImRlbGV0ZSI6OTAwMDAwMDAwMDAwfSwic2NoZW1hX3ZlcnNpb24iOiIxIn0=",
          "dependencies": [
            "aws_security_group.alb_sg",
            "aws_security_group.ecs_sg",
            "aws_vpc.main"
          ]
        }
      ]
    },
    {
      "mode": "managed",
      "type": "aws_service_discovery_private_dns_namespace",
      "name": "local",
      "provider": "provider[\"registry.terraform.io/hashicorp/aws\"]",
      "instances": [
        {
          "schema_version": 0,
          "attributes": {
            "arn": "arn:aws:servicediscovery:eu-north-1:011237053542:namespace/ns-6tkelbya3ebo7oip",
            "description": "Private DNS namespace for microservices",
            "hosted_zone": "Z06274923SP45KZBJMP1D",
            "id": "ns-6tkelbya3ebo7oip",
            "name": "local",
            "tags": {},
            "tags_all": {
              "Owner": "Team",
              "Project": "CloudDesign"
            },
            "vpc": "vpc-0d7bd7c8604b61dd6"
          },
          "sensitive_attributes": [],
          "identity_schema_version": 0,
          "private": "bnVsbA==",
          "dependencies": [
            "aws_vpc.main"
          ]
        }
      ]
    },
    {
      "mode": "managed",
      "type": "aws_service_discovery_service",
      "name": "billing",
      "provider": "provider[\"registry.terraform.io/hashicorp/aws\"]",
      "instances": [
        {
          "schema_version": 0,
          "attributes": {
            "arn": "arn:aws:servicediscovery:eu-north-1:011237053542:service/srv-rpq2pqbmlonzz5kv",
            "description": "",
            "dns_config": [
              {
                "dns_records": [
                  {
                    "ttl": 10,
                    "type": "A"
                  }
                ],
                "namespace_id": "ns-6tkelbya3ebo7oip",
                "routing_policy": "MULTIVALUE"
              }
            ],
            "force_destroy": false,
            "health_check_config": [],
            "health_check_custom_config": [
              {
                "failure_threshold": 1
              }
            ],
            "id": "srv-rpq2pqbmlonzz5kv",
            "name": "billing-app",
            "namespace_id": "ns-6tkelbya3ebo7oip",
            "tags": {},
            "tags_all": {
              "Owner": "Team",
              "Project": "CloudDesign"
            },
            "type": "DNS_HTTP"
          },
          "sensitive_attributes": [],
          "identity_schema_version": 0,
          "private": "bnVsbA==",
          "dependencies": [
            "aws_service_discovery_private_dns_namespace.local",
            "aws_vpc.main"
          ]
        }
      ]
    },
    {
      "mode": "managed",
      "type": "aws_service_discovery_service",
      "name": "inventory",
      "provider": "provider[\"registry.terraform.io/hashicorp/aws\"]",
      "instances": [
        {
          "schema_version": 0,
          "attributes": {
            "arn": "arn:aws:servicediscovery:eu-north-1:011237053542:service/srv-ardp2bynxegbxajh",
            "description": "",
            "dns_config": [
              {
                "dns_records": [
                  {
                    "ttl": 10,
                    "type": "A"
                  }
                ],
                "namespace_id": "ns-6tkelbya3ebo7oip",
                "routing_policy": "MULTIVALUE"
              }
            ],
            "force_destroy": false,
            "health_check_config": [],
            "health_check_custom_config": [
              {
                "failure_threshold": 1
              }
            ],
            "id": "srv-ardp2bynxegbxajh",
            "name": "inventory-app",
            "namespace_id": "ns-6tkelbya3ebo7oip",
            "tags": {},
            "tags_all": {
              "Owner": "Team",
              "Project": "CloudDesign"
            },
            "type": "DNS_HTTP"
          },
          "sensitive_attributes": [],
          "identity_schema_version": 0,
          "private": "bnVsbA==",
          "dependencies": [
            "aws_service_discovery_private_dns_namespace.local",
            "aws_vpc.main"
          ]
        }
      ]
    },
    {
      "mode": "managed",
      "type": "aws_service_discovery_service",
      "name": "rabbitmq",
      "provider": "provider[\"registry.terraform.io/hashicorp/aws\"]",
      "instances": [
        {
          "schema_version": 0,
          "attributes": {
            "arn": "arn:aws:servicediscovery:eu-north-1:011237053542:service/srv-7iacpp5ga7th4pds",
            "description": "",
            "dns_config": [
              {
                "dns_records": [
                  {
                    "ttl": 10,
                    "type": "A"
                  }
                ],
                "namespace_id": "ns-6tkelbya3ebo7oip",
                "routing_policy": "MULTIVALUE"
              }
            ],
            "force_destroy": false,
            "health_check_config": [],
            "health_check_custom_config": [
              {
                "failure_threshold": 1
              }
            ],
            "id": "srv-7iacpp5ga7th4pds",
            "name": "rabbitmq",
            "namespace_id": "ns-6tkelbya3ebo7oip",
            "tags": {},
            "tags_all": {
              "Owner": "Team",
              "Project": "CloudDesign"
            },
            "type": "DNS_HTTP"
          },
          "sensitive_attributes": [],
          "identity_schema_version": 0,
          "private": "bnVsbA==",
          "dependencies": [
            "aws_service_discovery_private_dns_namespace.local",
            "aws_vpc.main"
          ]
        }
      ]
    },
    {
      "mode": "managed",
      "type": "aws_ssm_parameter",
      "name": "billing_db_password",
      "provider": "provider[\"registry.terraform.io/hashicorp/aws\"]",
      "instances": [
        {
          "schema_version": 0,
          "attributes": {
            "allowed_pattern": "",
            "arn": "arn:aws:ssm:eu-north-1:011237053542:parameter/cloud-design/billing-db/password",
            "data_type": "text",
            "description": "",
            "has_value_wo": null,
            "id": "/cloud-design/billing-db/password",
            "insecure_value": null,
            "key_id": "alias/aws/ssm",
            "name": "/cloud-design/billing-db/password",
            "overwrite": null,
            "tags": {},
            "tags_all": {
              "Owner": "Team",
              "Project": "CloudDesign"
            },
            "tier": "Standard",
            "type": "SecureString",
            "value": "1bhntLDM8JAwMKfH",
            "value_wo": null,
            "value_wo_version": null,
            "version": 1
          },
          "sensitive_attributes": [
            [
              {
                "type": "get_attr",
                "value": "value"
              }
            ],
            [
              {
                "type": "get_attr",
                "value": "value_wo"
              }
            ]
          ],
          "identity_schema_version": 0,
          "private": "bnVsbA==",
          "dependencies": [
            "random_password.billing_db_password"
          ]
        }
      ]
    },
    {
      "mode": "managed",
      "type": "aws_ssm_parameter",
      "name": "inventory_db_password",
      "provider": "provider[\"registry.terraform.io/hashicorp/aws\"]",
      "instances": [
        {
          "schema_version": 0,
          "attributes": {
            "allowed_pattern": "",
            "arn": "arn:aws:ssm:eu-north-1:011237053542:parameter/cloud-design/inventory-db/password",
            "data_type": "text",
            "description": "",
            "has_value_wo": null,
            "id": "/cloud-design/inventory-db/password",
            "insecure_value": null,
            "key_id": "alias/aws/ssm",
            "name": "/cloud-design/inventory-db/password",
            "overwrite": null,
            "tags": {},
            "tags_all": {
              "Owner": "Team",
              "Project": "CloudDesign"
            },
            "tier": "Standard",
            "type": "SecureString",
            "value": "Vo3cVJkXpVkJvSZR",
            "value_wo": null,
            "value_wo_version": null,
            "version": 1
          },
          "sensitive_attributes": [
            [
              {
                "type": "get_attr",
                "value": "value"
              }
            ],
            [
              {
                "type": "get_attr",
                "value": "value_wo"
              }
            ]
          ],
          "identity_schema_version": 0,
          "private": "bnVsbA==",
          "dependencies": [
            "random_password.inventory_db_password"
          ]
        }
      ]
    },
    {
      "mode": "managed",
      "type": "aws_ssm_parameter",
      "name": "rabbitmq_password",
      "provider": "provider[\"registry.terraform.io/hashicorp/aws\"]",
      "instances": [
        {
          "schema_version": 0,
          "attributes": {
            "allowed_pattern": "",
            "arn": "arn:aws:ssm:eu-north-1:011237053542:parameter/cloud-design/rabbitmq/password",
            "data_type": "text",
            "description": "",
            "has_value_wo": null,
            "id": "/cloud-design/rabbitmq/password",
            "insecure_value": null,
            "key_id": "alias/aws/ssm",
            "name": "/cloud-design/rabbitmq/password",
            "overwrite": null,
            "tags": {},
            "tags_all": {
              "Owner": "Team",
              "Project": "CloudDesign"
            },
            "tier": "Standard",
            "type": "SecureString",
            "value": "XtscNqD2wGyIbVwj",
            "value_wo": null,
            "value_wo_version": null,
            "version": 1
          },
          "sensitive_attributes": [
            [
              {
                "type": "get_attr",
                "value": "value"
              }
            ],
            [
              {
                "type": "get_attr",
                "value": "value_wo"
              }
            ]
          ],
          "identity_schema_version": 0,
          "private": "bnVsbA==",
          "dependencies": [
            "random_password.rabbitmq_password"
          ]
        }
      ]
    },
    {
      "mode": "managed",
      "type": "aws_subnet",
      "name": "private_1",
      "provider": "provider[\"registry.terraform.io/hashicorp/aws\"]",
      "instances": [
        {
          "schema_version": 1,
          "attributes": {
            "arn": "arn:aws:ec2:eu-north-1:011237053542:subnet/subnet-0c66ad93264d4e685",
            "assign_ipv6_address_on_creation": false,
            "availability_zone": "eu-north-1a",
            "availability_zone_id": "eun1-az1",
            "cidr_block": "10.0.3.0/24",
            "customer_owned_ipv4_pool": "",
            "enable_dns64": false,
            "enable_lni_at_device_index": 0,
            "enable_resource_name_dns_a_record_on_launch": false,
            "enable_resource_name_dns_aaaa_record_on_launch": false,
            "id": "subnet-0c66ad93264d4e685",
            "ipv6_cidr_block": "",
            "ipv6_cidr_block_association_id": "",
            "ipv6_native": false,
            "map_customer_owned_ip_on_launch": false,
            "map_public_ip_on_launch": false,
            "outpost_arn": "",
            "owner_id": "011237053542",
            "private_dns_hostname_type_on_launch": "ip-name",
            "tags": {
              "Name": "private-subnet-1"
            },
            "tags_all": {
              "Name": "private-subnet-1",
              "Owner": "Team",
              "Project": "CloudDesign"
            },
            "timeouts": null,
            "vpc_id": "vpc-0d7bd7c8604b61dd6"
          },
          "sensitive_attributes": [],
          "identity_schema_version": 0,
          "private": "eyJlMmJmYjczMC1lY2FhLTExZTYtOGY4OC0zNDM2M2JjN2M0YzAiOnsiY3JlYXRlIjo2MDAwMDAwMDAwMDAsImRlbGV0ZSI6MTIwMDAwMDAwMDAwMH0sInNjaGVtYV92ZXJzaW9uIjoiMSJ9",
          "dependencies": [
            "aws_vpc.main"
          ]
        }
      ]
    },
    {
      "mode": "managed",
      "type": "aws_subnet",
      "name": "private_2",
      "provider": "provider[\"registry.terraform.io/hashicorp/aws\"]",
      "instances": [
        {
          "schema_version": 1,
          "attributes": {
            "arn": "arn:aws:ec2:eu-north-1:011237053542:subnet/subnet-030128f7274f45b9d",
            "assign_ipv6_address_on_creation": false,
            "availability_zone": "eu-north-1b",
            "availability_zone_id": "eun1-az2",
            "cidr_block": "10.0.4.0/24",
            "customer_owned_ipv4_pool": "",
            "enable_dns64": false,
            "enable_lni_at_device_index": 0,
            "enable_resource_name_dns_a_record_on_launch": false,
            "enable_resource_name_dns_aaaa_record_on_launch": false,
            "id": "subnet-030128f7274f45b9d",
            "ipv6_cidr_block": "",
            "ipv6_cidr_block_association_id": "",
            "ipv6_native": false,
            "map_customer_owned_ip_on_launch": false,
            "map_public_ip_on_launch": false,
            "outpost_arn": "",
            "owner_id": "011237053542",
            "private_dns_hostname_type_on_launch": "ip-name",
            "tags": {
              "Name": "private-subnet-2"
            },
            "tags_all": {
              "Name": "private-subnet-2",
              "Owner": "Team",
              "Project": "CloudDesign"
            },
            "timeouts": null,
            "vpc_id": "vpc-0d7bd7c8604b61dd6"
          },
          "sensitive_attributes": [],
          "identity_schema_version": 0,
          "private": "eyJlMmJmYjczMC1lY2FhLTExZTYtOGY4OC0zNDM2M2JjN2M0YzAiOnsiY3JlYXRlIjo2MDAwMDAwMDAwMDAsImRlbGV0ZSI6MTIwMDAwMDAwMDAwMH0sInNjaGVtYV92ZXJzaW9uIjoiMSJ9",
          "dependencies": [
            "aws_vpc.main"
          ]
        }
      ]
    },
    {
      "mode": "managed",
      "type": "aws_subnet",
      "name": "public_1",
      "provider": "provider[\"registry.terraform.io/hashicorp/aws\"]",
      "instances": [
        {
          "schema_version": 1,
          "attributes": {
            "arn": "arn:aws:ec2:eu-north-1:011237053542:subnet/subnet-0c72c098649b47a9b",
            "assign_ipv6_address_on_creation": false,
            "availability_zone": "eu-north-1a",
            "availability_zone_id": "eun1-az1",
            "cidr_block": "10.0.1.0/24",
            "customer_owned_ipv4_pool": "",
            "enable_dns64": false,
            "enable_lni_at_device_index": 0,
            "enable_resource_name_dns_a_record_on_launch": false,
            "enable_resource_name_dns_aaaa_record_on_launch": false,
            "id": "subnet-0c72c098649b47a9b",
            "ipv6_cidr_block": "",
            "ipv6_cidr_block_association_id": "",
            "ipv6_native": false,
            "map_customer_owned_ip_on_launch": false,
            "map_public_ip_on_launch": true,
            "outpost_arn": "",
            "owner_id": "011237053542",
            "private_dns_hostname_type_on_launch": "ip-name",
            "tags": {
              "Name": "public-subnet-1"
            },
            "tags_all": {
              "Name": "public-subnet-1",
              "Owner": "Team",
              "Project": "CloudDesign"
            },
            "timeouts": null,
            "vpc_id": "vpc-0d7bd7c8604b61dd6"
          },
          "sensitive_attributes": [],
          "identity_schema_version": 0,
          "private": "eyJlMmJmYjczMC1lY2FhLTExZTYtOGY4OC0zNDM2M2JjN2M0YzAiOnsiY3JlYXRlIjo2MDAwMDAwMDAwMDAsImRlbGV0ZSI6MTIwMDAwMDAwMDAwMH0sInNjaGVtYV92ZXJzaW9uIjoiMSJ9",
          "dependencies": [
            "aws_vpc.main"
          ]
        }
      ]
    },
    {
      "mode": "managed",
      "type": "aws_subnet",
      "name": "public_2",
      "provider": "provider[\"registry.terraform.io/hashicorp/aws\"]",
      "instances": [
        {
          "schema_version": 1,
          "attributes": {
            "arn": "arn:aws:ec2:eu-north-1:011237053542:subnet/subnet-0c2ea863e58b6b16c",
            "assign_ipv6_address_on_creation": false,
            "availability_zone": "eu-north-1b",
            "availability_zone_id": "eun1-az2",
            "cidr_block": "10.0.2.0/24",
            "customer_owned_ipv4_pool": "",
            "enable_dns64": false,
            "enable_lni_at_device_index": 0,
            "enable_resource_name_dns_a_record_on_launch": false,
            "enable_resource_name_dns_aaaa_record_on_launch": false,
            "id": "subnet-0c2ea863e58b6b16c",
            "ipv6_cidr_block": "",
            "ipv6_cidr_block_association_id": "",
            "ipv6_native": false,
            "map_customer_owned_ip_on_launch": false,
            "map_public_ip_on_launch": true,
            "outpost_arn": "",
            "owner_id": "011237053542",
            "private_dns_hostname_type_on_launch": "ip-name",
            "tags": {
              "Name": "public-subnet-2"
            },
            "tags_all": {
              "Name": "public-subnet-2",
              "Owner": "Team",
              "Project": "CloudDesign"
            },
            "timeouts": null,
            "vpc_id": "vpc-0d7bd7c8604b61dd6"
          },
          "sensitive_attributes": [],
          "identity_schema_version": 0,
          "private": "eyJlMmJmYjczMC1lY2FhLTExZTYtOGY4OC0zNDM2M2JjN2M0YzAiOnsiY3JlYXRlIjo2MDAwMDAwMDAwMDAsImRlbGV0ZSI6MTIwMDAwMDAwMDAwMH0sInNjaGVtYV92ZXJzaW9uIjoiMSJ9",
          "dependencies": [
            "aws_vpc.main"
          ]
        }
      ]
    },
    {
      "mode": "managed",
      "type": "aws_vpc",
      "name": "main",
      "provider": "provider[\"registry.terraform.io/hashicorp/aws\"]",
      "instances": [
        {
          "schema_version": 1,
          "attributes": {
            "arn": "arn:aws:ec2:eu-north-1:011237053542:vpc/vpc-0d7bd7c8604b61dd6",
            "assign_generated_ipv6_cidr_block": false,
            "cidr_block": "10.0.0.0/16",
            "default_network_acl_id": "acl-05668cad474db95ec",
            "default_route_table_id": "rtb-0153702ff4a7c5893",
            "default_security_group_id": "sg-0989cddbe9a227744",
            "dhcp_options_id": "dopt-017dcbbb710eff3ca",
            "enable_dns_hostnames": true,
            "enable_dns_support": true,
            "enable_network_address_usage_metrics": false,
            "id": "vpc-0d7bd7c8604b61dd6",
            "instance_tenancy": "default",
            "ipv4_ipam_pool_id": null,
            "ipv4_netmask_length": null,
            "ipv6_association_id": "",
            "ipv6_cidr_block": "",
            "ipv6_cidr_block_network_border_group": "",
            "ipv6_ipam_pool_id": "",
            "ipv6_netmask_length": 0,
            "main_route_table_id": "rtb-0153702ff4a7c5893",
            "owner_id": "011237053542",
            "tags": {
              "Name": "cloud-design-vpc"
            },
            "tags_all": {
              "Name": "cloud-design-vpc",
              "Owner": "Team",
              "Project": "CloudDesign"
            }
          },
          "sensitive_attributes": [],
          "identity_schema_version": 0,
          "private": "eyJzY2hlbWFfdmVyc2lvbiI6IjEifQ==",
          "create_before_destroy": true
        }
      ]
    },
    {
      "mode": "managed",
      "type": "random_password",
      "name": "billing_db_password",
      "provider": "provider[\"registry.terraform.io/hashicorp/random\"]",
      "instances": [
        {
          "schema_version": 3,
          "attributes": {
            "bcrypt_hash": "$2a$10$2KhMOWID7xWo.VLMAne.fOplaI.R61y/OQ.5tNwbLiiFoc8vpTluW",
            "id": "none",
            "keepers": null,
            "length": 16,
            "lower": true,
            "min_lower": 0,
            "min_numeric": 0,
            "min_special": 0,
            "min_upper": 0,
            "number": true,
            "numeric": true,
            "override_special": null,
            "result": "1bhntLDM8JAwMKfH",
            "special": false,
            "upper": true
          },
          "sensitive_attributes": [
            [
              {
                "type": "get_attr",
                "value": "bcrypt_hash"
              }
            ],
            [
              {
                "type": "get_attr",
                "value": "result"
              }
            ]
          ],
          "identity_schema_version": 0
        }
      ]
    },
    {
      "mode": "managed",
      "type": "random_password",
      "name": "inventory_db_password",
      "provider": "provider[\"registry.terraform.io/hashicorp/random\"]",
      "instances": [
        {
          "schema_version": 3,
          "attributes": {
            "bcrypt_hash": "$2a$10$vnFGlG8NpArc6Gtz1oqHJe8crI7yqVlELNwTgC3jaAdbuTtd65Ht.",
            "id": "none",
            "keepers": null,
            "length": 16,
            "lower": true,
            "min_lower": 0,
            "min_numeric": 0,
            "min_special": 0,
            "min_upper": 0,
            "number": true,
            "numeric": true,
            "override_special": null,
            "result": "Vo3cVJkXpVkJvSZR",
            "special": false,
            "upper": true
          },
          "sensitive_attributes": [
            [
              {
                "type": "get_attr",
                "value": "bcrypt_hash"
              }
            ],
            [
              {
                "type": "get_attr",
                "value": "result"
              }
            ]
          ],
          "identity_schema_version": 0
        }
      ]
    },
    {
      "mode": "managed",
      "type": "random_password",
      "name": "rabbitmq_password",
      "provider": "provider[\"registry.terraform.io/hashicorp/random\"]",
      "instances": [
        {
          "schema_version": 3,
          "attributes": {
            "bcrypt_hash": "$2a$10$bdoFH4QcV4qIbTBNQoCPsedKFCIPC/.Jn3kpl.l/TBEGsx6Y2BPDa",
            "id": "none",
            "keepers": null,
            "length": 16,
            "lower": true,
            "min_lower": 0,
            "min_numeric": 0,
            "min_special": 0,
            "min_upper": 0,
            "number": true,
            "numeric": true,
            "override_special": null,
            "result": "XtscNqD2wGyIbVwj",
            "special": false,
            "upper": true
          },
          "sensitive_attributes": [
            [
              {
                "type": "get_attr",
                "value": "bcrypt_hash"
              }
            ],
            [
              {
                "type": "get_attr",
                "value": "result"
              }
            ]
          ],
          "identity_schema_version": 0
        }
      ]
    },
    {
      "mode": "managed",
      "type": "tls_private_key",
      "name": "alb_cert",
      "provider": "provider[\"registry.terraform.io/hashicorp/tls\"]",
      "instances": [
        {
          "schema_version": 1,
          "attributes": {
            "algorithm": "RSA",
            "ecdsa_curve": "P224",
            "id": "b53c191213cc113c6ef8d1f93600ce0a60cc0e7e",
            "private_key_openssh": "-----BEGIN OPENSSH PRIVATE KEY-----\nb3BlbnNzaC1rZXktdjEAAAAABG5vbmUAAAAEbm9uZQAAAAAAAAABAAABFwAAAAdz\nc2gtcnNhAAAAAwEAAQAAAQEA+2inb0YrIacIcmutJPHyGej/mT7xa8t/MABb3vbA\nlSypy2BY7aumcrV7Zk2HO8Lo6im4zIZj3XClvm69ewyLwoLB1LxehuIKiHokpTjf\nOkl82zZfIpxVZ+k4YJpIVKDXB1ge/nooBmXm5jLRkjEef27LTNb68myfImcY33qc\n8/6E7CyzVdzDgxnkDYeyuJ2KmIxjtQ9Ex7uSm766YXMSiJBU/pcpccTqSP35YDD6\nv7vHMK7v0YHTobgeI9zr1+vEWc+abpk8BvjcY51MEa9JgZQ25MnyGcY3CS7U7CIT\n2Zl626zDtFoV6cc44rQKFseUu2l3P4LMqyataSPqP82sfQAAA7jbfIFy23yBcgAA\nAAdzc2gtcnNhAAABAQD7aKdvRishpwhya60k8fIZ6P+ZPvFry38wAFve9sCVLKnL\nYFjtq6ZytXtmTYc7wujqKbjMhmPdcKW+br17DIvCgsHUvF6G4gqIeiSlON86SXzb\nNl8inFVn6ThgmkhUoNcHWB7+eigGZebmMtGSMR5/bstM1vrybJ8iZxjfepzz/oTs\nLLNV3MODGeQNh7K4nYqYjGO1D0THu5KbvrphcxKIkFT+lylxxOpI/flgMPq/u8cw\nru/RgdOhuB4j3OvX68RZz5pumTwG+NxjnUwRr0mBlDbkyfIZxjcJLtTsIhPZmXrb\nrMO0WhXpxzjitAoWx5S7aXc/gsyrJq1pI+o/zax9AAAAAwEAAQAAAQAdSaEibWIz\nlr8n1TNjzRZkaP2dtJ9wl1Gcc0OV7djxh9/KjtF38+R9aHbqVrhyVc/HDPqM7lBO\nnljbSRCkd7RbAds4FS74jPdSftLWDJIKEEA4qVTb4KpyYyZA2rhNDjpT411498ds\njLfMCWTbSwLqhYBZgJHWEUwDOKTFJAY0xi6fVkBCo4ebB0EtJIyx5TAYB6TjcNfQ\nUKOoSbA5U6Xq5lI360Wdvcuo0i3WJpJJevIr3JM1M/RgUAKd02wHWqVphCOkbO49\n7ylwHHOHHLb1H4+BX/TSzxeUJFRCjUdgtBL/cBJ0PrDC4dftKwb329RQq6cNPYdv\n43N8MsXWolRhAAAAgQCHvmRESxhmNCGFgyjO+zek8IESEcWzGMExO2oONsz1yFu/\nFEuPKfHWhFVzRXeAT4k95t3vrl7P7DbBeJJSaecSOMu7tZXdfG/L34wvtZhu4Aib\nVNvc+guvdqYobHGjOnijn2ON73PkeHJNThYkseFx5i73EWZMP4pHBNDH7w0sgQAA\nAIEA/t6F6/oc3OfUs12TK7ElQEn0n7OsUo1UXJH5C7CojTVU2r/N+S5psqDzYwyu\n8PVWqrQRRO8aEQjILfooYyT8jp+zHDCAKY3RLtJUHnriK7HRbOOjxtRl1sr5oO+K\nAzUfgfalr+SCRHN8S1bv9In8Q5y2ilQlitxBQpVV9I2aEjsAAACBAPyGM1r0nU+K\naKMVKWaInScUqNuv0zveYNGXli9ZeuA4n3Pdw3WG7ivmWQz4miqD8B8HylFRlA7Q\n8aDVXJM/GEVqCAXHgx7OXeK0ljkBHAv0vVu46yAATg4MzuWbFAVxknAPCjui6t/7\n+QR4Q3QlPsru85VC1svdX84XdkNaHtinAAAAAAEC\n-----END OPENSSH PRIVATE KEY-----\n",
            "private_key_pem": "-----BEGIN RSA PRIVATE KEY-----\nMIIEowIBAAKCAQEA+2inb0YrIacIcmutJPHyGej/mT7xa8t/MABb3vbAlSypy2BY\n7aumcrV7Zk2HO8Lo6im4zIZj3XClvm69ewyLwoLB1LxehuIKiHokpTjfOkl82zZf\nIpxVZ+k4YJpIVKDXB1ge/nooBmXm5jLRkjEef27LTNb68myfImcY33qc8/6E7Cyz\nVdzDgxnkDYeyuJ2KmIxjtQ9Ex7uSm766YXMSiJBU/pcpccTqSP35YDD6v7vHMK7v\n0YHTobgeI9zr1+vEWc+abpk8BvjcY51MEa9JgZQ25MnyGcY3CS7U7CIT2Zl626zD\ntFoV6cc44rQKFseUu2l3P4LMqyataSPqP82sfQIDAQABAoIBAB1JoSJtYjOWvyfV\nM2PNFmRo/Z20n3CXUZxzQ5Xt2PGH38qO0Xfz5H1odupWuHJVz8cM+ozuUE6eWNtJ\nEKR3tFsB2zgVLviM91J+0tYMkgoQQDipVNvgqnJjJkDauE0OOlPjXXj3x2yMt8wJ\nZNtLAuqFgFmAkdYRTAM4pMUkBjTGLp9WQEKjh5sHQS0kjLHlMBgHpONw19BQo6hJ\nsDlTpermUjfrRZ29y6jSLdYmkkl68ivckzUz9GBQAp3TbAdapWmEI6Rs7j3vKXAc\nc4cctvUfj4Ff9NLPF5QkVEKNR2C0Ev9wEnQ+sMLh1+0rBvfb1FCrpw09h2/jc3wy\nxdaiVGECgYEA/t6F6/oc3OfUs12TK7ElQEn0n7OsUo1UXJH5C7CojTVU2r/N+S5p\nsqDzYwyu8PVWqrQRRO8aEQjILfooYyT8jp+zHDCAKY3RLtJUHnriK7HRbOOjxtRl\n1sr5oO+KAzUfgfalr+SCRHN8S1bv9In8Q5y2ilQlitxBQpVV9I2aEjsCgYEA/IYz\nWvSdT4pooxUpZoidJxSo26/TO95g0ZeWL1l64Difc93DdYbuK+ZZDPiaKoPwHwfK\nUVGUDtDxoNVckz8YRWoIBceDHs5d4rSWOQEcC/S9W7jrIABODgzO5ZsUBXGScA8K\nO6Lq3/v5BHhDdCU+yu7zlULWy91fzhd2Q1oe2KcCgYBTae64uaYCoplZjtGg5hxD\n+zBlqD9I0Vp/5YJ10f6IIKFB6q511Dvhq42cqEUFNbaEreRNBFgqpQ4nBg17zVof\nL6NGIZWAhBqnUU0YoK0vEcZx9drfMxqVft7OTjeELzm9pkS52XbNAmL2oWBtT0/R\nrRONGFclKErviMKWBFYdiwKBgF8kYO0ABNUXHN1096g+CJfU3NoIoNmJq4jMSDWG\nzRj1vH33K9F4CPxZSWvtrogeNbY7RSrmRZZfeupR+RMxTn+4t1UWGnzc29qyl3ba\nyCppB38raMsh0kbQ5JL1ntF+POIjiIN3mm7RjLz2YtO7xLDI3tV53VvqCFKp3FD7\n/2s5AoGBAIe+ZERLGGY0IYWDKM77N6TwgRIRxbMYwTE7ag42zPXIW78US48p8daE\nVXNFd4BPiT3m3e+uXs/sNsF4klJp5xI4y7u1ld18b8vfjC+1mG7gCJtU29z6C692\npihscaM6eKOfY43vc+R4ck1OFiSx4XHmLvcRZkw/ikcE0MfvDSyB\n-----END RSA PRIVATE KEY-----\n",
            "private_key_pem_pkcs8": "-----BEGIN PRIVATE KEY-----\nMIIEvQIBADANBgkqhkiG9w0BAQEFAASCBKcwggSjAgEAAoIBAQD7aKdvRishpwhy\na60k8fIZ6P+ZPvFry38wAFve9sCVLKnLYFjtq6ZytXtmTYc7wujqKbjMhmPdcKW+\nbr17DIvCgsHUvF6G4gqIeiSlON86SXzbNl8inFVn6ThgmkhUoNcHWB7+eigGZebm\nMtGSMR5/bstM1vrybJ8iZxjfepzz/oTsLLNV3MODGeQNh7K4nYqYjGO1D0THu5Kb\nvrphcxKIkFT+lylxxOpI/flgMPq/u8cwru/RgdOhuB4j3OvX68RZz5pumTwG+Nxj\nnUwRr0mBlDbkyfIZxjcJLtTsIhPZmXrbrMO0WhXpxzjitAoWx5S7aXc/gsyrJq1p\nI+o/zax9AgMBAAECggEAHUmhIm1iM5a/J9UzY80WZGj9nbSfcJdRnHNDle3Y8Yff\nyo7Rd/PkfWh26la4clXPxwz6jO5QTp5Y20kQpHe0WwHbOBUu+Iz3Un7S1gySChBA\nOKlU2+CqcmMmQNq4TQ46U+NdePfHbIy3zAlk20sC6oWAWYCR1hFMAzikxSQGNMYu\nn1ZAQqOHmwdBLSSMseUwGAek43DX0FCjqEmwOVOl6uZSN+tFnb3LqNIt1iaSSXry\nK9yTNTP0YFACndNsB1qlaYQjpGzuPe8pcBxzhxy29R+PgV/00s8XlCRUQo1HYLQS\n/3ASdD6wwuHX7SsG99vUUKunDT2Hb+NzfDLF1qJUYQKBgQD+3oXr+hzc59SzXZMr\nsSVASfSfs6xSjVRckfkLsKiNNVTav835LmmyoPNjDK7w9VaqtBFE7xoRCMgt+ihj\nJPyOn7McMIApjdEu0lQeeuIrsdFs46PG1GXWyvmg74oDNR+B9qWv5IJEc3xLVu/0\nifxDnLaKVCWK3EFClVX0jZoSOwKBgQD8hjNa9J1PimijFSlmiJ0nFKjbr9M73mDR\nl5YvWXrgOJ9z3cN1hu4r5lkM+Joqg/AfB8pRUZQO0PGg1VyTPxhFaggFx4Mezl3i\ntJY5ARwL9L1buOsgAE4ODM7lmxQFcZJwDwo7ourf+/kEeEN0JT7K7vOVQtbL3V/O\nF3ZDWh7YpwKBgFNp7ri5pgKimVmO0aDmHEP7MGWoP0jRWn/lgnXR/oggoUHqrnXU\nO+GrjZyoRQU1toSt5E0EWCqlDicGDXvNWh8vo0YhlYCEGqdRTRigrS8RxnH12t8z\nGpV+3s5ON4QvOb2mRLnZds0CYvahYG1PT9GtE40YVyUoSu+IwpYEVh2LAoGAXyRg\n7QAE1Rcc3XT3qD4Il9Tc2gig2YmriMxINYbNGPW8ffcr0XgI/FlJa+2uiB41tjtF\nKuZFll966lH5EzFOf7i3VRYafNzb2rKXdtrIKmkHfytoyyHSRtDkkvWe0X484iOI\ng3eabtGMvPZi07vEsMje1XndW+oIUqncUPv/azkCgYEAh75kREsYZjQhhYMozvs3\npPCBEhHFsxjBMTtqDjbM9chbvxRLjynx1oRVc0V3gE+JPebd765ez+w2wXiSUmnn\nEjjLu7WV3Xxvy9+ML7WYbuAIm1Tb3PoLr3amKGxxozp4o59jje9z5HhyTU4WJLHh\nceYu9xFmTD+KRwTQx+8NLIE=\n-----END PRIVATE KEY-----\n",
            "public_key_fingerprint_md5": "c4:8f:26:94:cc:73:5d:31:f4:0d:98:ad:47:d6:34:07",
            "public_key_fingerprint_sha256": "SHA256:VJmo+aTOx6xX1KsbB1JmVKLR4pDpm9t6GCXMbKE0lkA",
            "public_key_openssh": "ssh-rsa AAAAB3NzaC1yc2EAAAADAQABAAABAQD7aKdvRishpwhya60k8fIZ6P+ZPvFry38wAFve9sCVLKnLYFjtq6ZytXtmTYc7wujqKbjMhmPdcKW+br17DIvCgsHUvF6G4gqIeiSlON86SXzbNl8inFVn6ThgmkhUoNcHWB7+eigGZebmMtGSMR5/bstM1vrybJ8iZxjfepzz/oTsLLNV3MODGeQNh7K4nYqYjGO1D0THu5KbvrphcxKIkFT+lylxxOpI/flgMPq/u8cwru/RgdOhuB4j3OvX68RZz5pumTwG+NxjnUwRr0mBlDbkyfIZxjcJLtTsIhPZmXrbrMO0WhXpxzjitAoWx5S7aXc/gsyrJq1pI+o/zax9\n",
            "public_key_pem": "-----BEGIN PUBLIC KEY-----\nMIIBIjANBgkqhkiG9w0BAQEFAAOCAQ8AMIIBCgKCAQEA+2inb0YrIacIcmutJPHy\nGej/mT7xa8t/MABb3vbAlSypy2BY7aumcrV7Zk2HO8Lo6im4zIZj3XClvm69ewyL\nwoLB1LxehuIKiHokpTjfOkl82zZfIpxVZ+k4YJpIVKDXB1ge/nooBmXm5jLRkjEe\nf27LTNb68myfImcY33qc8/6E7CyzVdzDgxnkDYeyuJ2KmIxjtQ9Ex7uSm766YXMS\niJBU/pcpccTqSP35YDD6v7vHMK7v0YHTobgeI9zr1+vEWc+abpk8BvjcY51MEa9J\ngZQ25MnyGcY3CS7U7CIT2Zl626zDtFoV6cc44rQKFseUu2l3P4LMqyataSPqP82s\nfQIDAQAB\n-----END PUBLIC KEY-----\n",
            "rsa_bits": 2048
          },
          "sensitive_attributes": [
            [
              {
                "type": "get_attr",
                "value": "private_key_openssh"
              }
            ],
            [
              {
                "type": "get_attr",
                "value": "private_key_pem"
              }
            ],
            [
              {
                "type": "get_attr",
                "value": "private_key_pem_pkcs8"
              }
            ]
          ],
          "identity_schema_version": 0
        }
      ]
    },
    {
      "mode": "managed",
      "type": "tls_self_signed_cert",
      "name": "alb_cert",
      "provider": "provider[\"registry.terraform.io/hashicorp/tls\"]",
      "instances": [
        {
          "schema_version": 0,
          "attributes": {
            "allowed_uses": [
              "key_encipherment",
              "digital_signature",
              "server_auth"
            ],
            "cert_pem": "-----BEGIN CERTIFICATE-----\nMIIDODCCAiCgAwIBAgIRAJrN5GvG9KX0sNj/Ol3RdxYwDQYJKoZIhvcNAQELBQAw\nPDEZMBcGA1UEChMQQ2xvdWQgRGVzaWduIEFwcDEfMB0GA1UEAxMWYXBpLmNsb3Vk\nLWRlc2lnbi5sb2NhbDAeFw0yNjA1MTkwMzQ2NDNaFw0zNjA1MTYwMzQ2NDNaMDwx\nGTAXBgNVBAoTEENsb3VkIERlc2lnbiBBcHAxHzAdBgNVBAMTFmFwaS5jbG91ZC1k\nZXNpZ24ubG9jYWwwggEiMA0GCSqGSIb3DQEBAQUAA4IBDwAwggEKAoIBAQD7aKdv\nRishpwhya60k8fIZ6P+ZPvFry38wAFve9sCVLKnLYFjtq6ZytXtmTYc7wujqKbjM\nhmPdcKW+br17DIvCgsHUvF6G4gqIeiSlON86SXzbNl8inFVn6ThgmkhUoNcHWB7+\neigGZebmMtGSMR5/bstM1vrybJ8iZxjfepzz/oTsLLNV3MODGeQNh7K4nYqYjGO1\nD0THu5KbvrphcxKIkFT+lylxxOpI/flgMPq/u8cwru/RgdOhuB4j3OvX68RZz5pu\nmTwG+NxjnUwRr0mBlDbkyfIZxjcJLtTsIhPZmXrbrMO0WhXpxzjitAoWx5S7aXc/\ngsyrJq1pI+o/zax9AgMBAAGjNTAzMA4GA1UdDwEB/wQEAwIFoDATBgNVHSUEDDAK\nBggrBgEFBQcDATAMBgNVHRMBAf8EAjAAMA0GCSqGSIb3DQEBCwUAA4IBAQBao2xc\nNEWAWWR/wI1sG7VRHFtkKrIpmUcEIGyXGcWwdDvJwBF6zhq1mYS4VV1oXK/O2Pyn\nTgyPta0liDGawuoOn6rmFWAODw3viS6Z5im7fcx+60Km0QaxLwnCr+yfH5YVb5Qk\nSfwbx5cBgOxr4lg1QJJUf5JHUCwEMtQ53lPn7NQCK0QH/PIK7TEC69PWdJDZLz9v\nUW7hU51Z6ZYNILkv4V6bixpoorSewnXmIRoQBHsym44o8bvHQj96OTBi3UPkjuf9\nFtifQusgtcNeVo/5OSGqNKf5k+4YLLLMUtswfYcLrQsxrusy7fg5PfbtQlAHsLBb\nPkfc6uW2eVfiOaNG\n-----END CERTIFICATE-----\n",
            "dns_names": null,
            "early_renewal_hours": 0,
            "id": "205770165135253499247006557887676905238",
            "ip_addresses": null,
            "is_ca_certificate": false,
            "key_algorithm": "RSA",
            "max_path_length": null,
            "private_key_pem": "-----BEGIN RSA PRIVATE KEY-----\nMIIEowIBAAKCAQEA+2inb0YrIacIcmutJPHyGej/mT7xa8t/MABb3vbAlSypy2BY\n7aumcrV7Zk2HO8Lo6im4zIZj3XClvm69ewyLwoLB1LxehuIKiHokpTjfOkl82zZf\nIpxVZ+k4YJpIVKDXB1ge/nooBmXm5jLRkjEef27LTNb68myfImcY33qc8/6E7Cyz\nVdzDgxnkDYeyuJ2KmIxjtQ9Ex7uSm766YXMSiJBU/pcpccTqSP35YDD6v7vHMK7v\n0YHTobgeI9zr1+vEWc+abpk8BvjcY51MEa9JgZQ25MnyGcY3CS7U7CIT2Zl626zD\ntFoV6cc44rQKFseUu2l3P4LMqyataSPqP82sfQIDAQABAoIBAB1JoSJtYjOWvyfV\nM2PNFmRo/Z20n3CXUZxzQ5Xt2PGH38qO0Xfz5H1odupWuHJVz8cM+ozuUE6eWNtJ\nEKR3tFsB2zgVLviM91J+0tYMkgoQQDipVNvgqnJjJkDauE0OOlPjXXj3x2yMt8wJ\nZNtLAuqFgFmAkdYRTAM4pMUkBjTGLp9WQEKjh5sHQS0kjLHlMBgHpONw19BQo6hJ\nsDlTpermUjfrRZ29y6jSLdYmkkl68ivckzUz9GBQAp3TbAdapWmEI6Rs7j3vKXAc\nc4cctvUfj4Ff9NLPF5QkVEKNR2C0Ev9wEnQ+sMLh1+0rBvfb1FCrpw09h2/jc3wy\nxdaiVGECgYEA/t6F6/oc3OfUs12TK7ElQEn0n7OsUo1UXJH5C7CojTVU2r/N+S5p\nsqDzYwyu8PVWqrQRRO8aEQjILfooYyT8jp+zHDCAKY3RLtJUHnriK7HRbOOjxtRl\n1sr5oO+KAzUfgfalr+SCRHN8S1bv9In8Q5y2ilQlitxBQpVV9I2aEjsCgYEA/IYz\nWvSdT4pooxUpZoidJxSo26/TO95g0ZeWL1l64Difc93DdYbuK+ZZDPiaKoPwHwfK\nUVGUDtDxoNVckz8YRWoIBceDHs5d4rSWOQEcC/S9W7jrIABODgzO5ZsUBXGScA8K\nO6Lq3/v5BHhDdCU+yu7zlULWy91fzhd2Q1oe2KcCgYBTae64uaYCoplZjtGg5hxD\n+zBlqD9I0Vp/5YJ10f6IIKFB6q511Dvhq42cqEUFNbaEreRNBFgqpQ4nBg17zVof\nL6NGIZWAhBqnUU0YoK0vEcZx9drfMxqVft7OTjeELzm9pkS52XbNAmL2oWBtT0/R\nrRONGFclKErviMKWBFYdiwKBgF8kYO0ABNUXHN1096g+CJfU3NoIoNmJq4jMSDWG\nzRj1vH33K9F4CPxZSWvtrogeNbY7RSrmRZZfeupR+RMxTn+4t1UWGnzc29qyl3ba\nyCppB38raMsh0kbQ5JL1ntF+POIjiIN3mm7RjLz2YtO7xLDI3tV53VvqCFKp3FD7\n/2s5AoGBAIe+ZERLGGY0IYWDKM77N6TwgRIRxbMYwTE7ag42zPXIW78US48p8daE\nVXNFd4BPiT3m3e+uXs/sNsF4klJp5xI4y7u1ld18b8vfjC+1mG7gCJtU29z6C692\npihscaM6eKOfY43vc+R4ck1OFiSx4XHmLvcRZkw/ikcE0MfvDSyB\n-----END RSA PRIVATE KEY-----\n",
            "ready_for_renewal": false,
            "set_authority_key_id": false,
            "set_subject_key_id": false,
            "subject": [
              {
                "common_name": "api.cloud-design.local",
                "country": null,
                "email_address": null,
                "locality": null,
                "organization": "Cloud Design App",
                "organizational_unit": null,
                "postal_code": null,
                "province": null,
                "serial_number": null,
                "street_address": null
              }
            ],
            "uris": null,
            "validity_end_time": "2036-05-16T06:46:43.542389+03:00",
            "validity_period_hours": 87600,
            "validity_start_time": "2026-05-19T06:46:43.542389+03:00"
          },
          "sensitive_attributes": [
            [
              {
                "type": "get_attr",
                "value": "private_key_pem"
              }
            ]
          ],
          "identity_schema_version": 0,
          "dependencies": [
            "tls_private_key.alb_cert"
          ]
        }
      ]
    }
  ],
  "check_results": null
}
